{
  "version": 4,
  "terraform_version": "0.12.24",
  "serial": 29,
  "lineage": "cd10bd24-5274-040a-d9ed-21bb6cf4d1e4",
  "outputs": {},
  "resources": [
    {
      "mode": "managed",
      "type": "lovi_address",
      "name": "bastion100-team037",
      "provider": "provider.lovi",
      "instances": [
        {
          "schema_version": 0,
          "attributes": {
            "fixed_ip": "10.160.37.100",
            "id": "dd112e91-4d84-44af-9fdf-cbdfc5ec6e73",
            "ip": "10.160.37.100",
            "subnet_id": "fc04ee1c-2561-40b9-8fc7-5d44699cea2c",
            "timeouts": null
          },
          "private": "eyJlMmJmYjczMC1lY2FhLTExZTYtOGY4OC0zNDM2M2JjN2M0YzAiOnsiY3JlYXRlIjo2MDAwMDAwMDAwMCwiZGVmYXVsdCI6NjAwMDAwMDAwMDAsImRlbGV0ZSI6NjAwMDAwMDAwMDAsInJlYWQiOjYwMDAwMDAwMDAwLCJ1cGRhdGUiOjYwMDAwMDAwMDAwfX0=",
          "dependencies": [
            "lovi_subnet.team037"
          ]
        }
      ]
    },
    {
      "mode": "managed",
      "type": "lovi_address",
      "name": "bastion200-team037",
      "provider": "provider.lovi",
      "instances": [
        {
          "schema_version": 0,
          "attributes": {
            "fixed_ip": "10.160.37.200",
            "id": "eee85a13-ce52-41bd-b8ff-f28e5654cb54",
            "ip": "10.160.37.200",
            "subnet_id": "fc04ee1c-2561-40b9-8fc7-5d44699cea2c",
            "timeouts": null
          },
          "private": "eyJlMmJmYjczMC1lY2FhLTExZTYtOGY4OC0zNDM2M2JjN2M0YzAiOnsiY3JlYXRlIjo2MDAwMDAwMDAwMCwiZGVmYXVsdCI6NjAwMDAwMDAwMDAsImRlbGV0ZSI6NjAwMDAwMDAwMDAsInJlYWQiOjYwMDAwMDAwMDAwLCJ1cGRhdGUiOjYwMDAwMDAwMDAwfX0=",
          "dependencies": [
            "lovi_subnet.team037"
          ]
        }
      ]
    },
    {
      "mode": "managed",
      "type": "lovi_address",
      "name": "bench-team037",
      "provider": "provider.lovi",
      "instances": [
        {
          "schema_version": 0,
          "attributes": {
            "fixed_ip": "10.160.37.104",
            "id": "de7fa8b8-6f55-46ee-a41d-892ddec1d2d4",
            "ip": "10.160.37.104",
            "subnet_id": "fc04ee1c-2561-40b9-8fc7-5d44699cea2c",
            "timeouts": null
          },
          "private": "eyJlMmJmYjczMC1lY2FhLTExZTYtOGY4OC0zNDM2M2JjN2M0YzAiOnsiY3JlYXRlIjo2MDAwMDAwMDAwMCwiZGVmYXVsdCI6NjAwMDAwMDAwMDAsImRlbGV0ZSI6NjAwMDAwMDAwMDAsInJlYWQiOjYwMDAwMDAwMDAwLCJ1cGRhdGUiOjYwMDAwMDAwMDAwfX0=",
          "dependencies": [
            "lovi_subnet.team037"
          ]
        }
      ]
    },
    {
      "mode": "managed",
      "type": "lovi_address",
      "name": "problem-team037",
      "each": "list",
      "provider": "provider.lovi",
      "instances": [
        {
          "index_key": 0,
          "schema_version": 0,
          "attributes": {
            "fixed_ip": "10.160.37.101",
            "id": "9236efcf-f4c2-42c0-a15c-714706fd46b3",
            "ip": "10.160.37.101",
            "subnet_id": "fc04ee1c-2561-40b9-8fc7-5d44699cea2c",
            "timeouts": null
          },
          "private": "eyJlMmJmYjczMC1lY2FhLTExZTYtOGY4OC0zNDM2M2JjN2M0YzAiOnsiY3JlYXRlIjo2MDAwMDAwMDAwMCwiZGVmYXVsdCI6NjAwMDAwMDAwMDAsImRlbGV0ZSI6NjAwMDAwMDAwMDAsInJlYWQiOjYwMDAwMDAwMDAwLCJ1cGRhdGUiOjYwMDAwMDAwMDAwfX0=",
          "dependencies": [
            "lovi_subnet.team037"
          ]
        },
        {
          "index_key": 1,
          "schema_version": 0,
          "attributes": {
            "fixed_ip": "10.160.37.102",
            "id": "c59d2988-3b33-44c8-be07-e01c75868e62",
            "ip": "10.160.37.102",
            "subnet_id": "fc04ee1c-2561-40b9-8fc7-5d44699cea2c",
            "timeouts": null
          },
          "private": "eyJlMmJmYjczMC1lY2FhLTExZTYtOGY4OC0zNDM2M2JjN2M0YzAiOnsiY3JlYXRlIjo2MDAwMDAwMDAwMCwiZGVmYXVsdCI6NjAwMDAwMDAwMDAsImRlbGV0ZSI6NjAwMDAwMDAwMDAsInJlYWQiOjYwMDAwMDAwMDAwLCJ1cGRhdGUiOjYwMDAwMDAwMDAwfX0=",
          "dependencies": [
            "lovi_subnet.team037"
          ]
        },
        {
          "index_key": 2,
          "schema_version": 0,
          "attributes": {
            "fixed_ip": "10.160.37.103",
            "id": "899c99ad-e29c-484b-b1d0-0a07c7c48b36",
            "ip": "10.160.37.103",
            "subnet_id": "fc04ee1c-2561-40b9-8fc7-5d44699cea2c",
            "timeouts": null
          },
          "private": "eyJlMmJmYjczMC1lY2FhLTExZTYtOGY4OC0zNDM2M2JjN2M0YzAiOnsiY3JlYXRlIjo2MDAwMDAwMDAwMCwiZGVmYXVsdCI6NjAwMDAwMDAwMDAsImRlbGV0ZSI6NjAwMDAwMDAwMDAsInJlYWQiOjYwMDAwMDAwMDAwLCJ1cGRhdGUiOjYwMDAwMDAwMDAwfX0=",
          "dependencies": [
            "lovi_subnet.team037"
          ]
        }
      ]
    },
    {
      "mode": "managed",
      "type": "lovi_bridge",
      "name": "team037",
      "provider": "provider.lovi",
      "instances": [
        {
          "schema_version": 0,
          "attributes": {
            "id": "0d932ffd-eca6-41bf-8640-8b6fc3348340",
            "name": "team037",
            "timeouts": null,
            "vlan_id": 1037
          },
          "private": "eyJlMmJmYjczMC1lY2FhLTExZTYtOGY4OC0zNDM2M2JjN2M0YzAiOnsiY3JlYXRlIjo2MDAwMDAwMDAwMCwiZGVmYXVsdCI6NjAwMDAwMDAwMDAsImRlbGV0ZSI6NjAwMDAwMDAwMDAsInJlYWQiOjYwMDAwMDAwMDAwLCJ1cGRhdGUiOjYwMDAwMDAwMDAwfX0=",
          "dependencies": [
            "lovi_subnet.team037"
          ]
        }
      ]
    },
    {
      "mode": "managed",
      "type": "lovi_cpu_pinning_group",
      "name": "team037",
      "provider": "provider.lovi",
      "instances": [
        {
          "schema_version": 0,
          "attributes": {
            "count_of_core": 4,
            "hypervisor_name": "isucn0002",
            "id": "594c4be2-6464-4de1-9654-89702744f6b2",
            "name": "team037"
          },
          "private": "bnVsbA=="
        }
      ]
    },
    {
      "mode": "managed",
      "type": "lovi_interface_attachment",
      "name": "bastion100-team037",
      "provider": "provider.lovi",
      "instances": [
        {
          "schema_version": 0,
          "attributes": {
            "average": 125000,
            "bridge_id": "0d932ffd-eca6-41bf-8640-8b6fc3348340",
            "id": "6c87a546-5cee-423f-b046-7e2babc47dc6",
            "lease_id": "8411521c-6053-4b72-a53e-8dd76cbd9bf0",
            "name": "t037-ba100",
            "timeouts": null,
            "virtual_machine_id": "9a9cc498-6f15-4dc4-9415-ae0f7109afa4"
          },
          "private": "eyJlMmJmYjczMC1lY2FhLTExZTYtOGY4OC0zNDM2M2JjN2M0YzAiOnsiY3JlYXRlIjo2MDAwMDAwMDAwMCwiZGVmYXVsdCI6NjAwMDAwMDAwMDAsImRlbGV0ZSI6NjAwMDAwMDAwMDAsInJlYWQiOjYwMDAwMDAwMDAwLCJ1cGRhdGUiOjYwMDAwMDAwMDAwfX0=",
          "dependencies": [
            "lovi_address.bastion100-team037",
            "lovi_bridge.team037",
            "lovi_cpu_pinning_group.team037",
            "lovi_lease.bastion100-team037",
            "lovi_subnet.team037",
            "lovi_virtual_machine.bastion100-team037",
            "lovi_virtual_machine.problem-team037"
          ]
        }
      ]
    },
    {
      "mode": "managed",
      "type": "lovi_interface_attachment",
      "name": "bastion200-team037",
      "provider": "provider.lovi",
      "instances": [
        {
          "schema_version": 0,
          "attributes": {
            "average": 125000,
            "bridge_id": "0d932ffd-eca6-41bf-8640-8b6fc3348340",
            "id": "86adf055-c89b-44d5-9819-932aaecafb26",
            "lease_id": "128e4318-71ac-46ff-b666-994cf6ad6703",
            "name": "t037-ba200",
            "timeouts": null,
            "virtual_machine_id": "1ccebb95-275e-44ac-b481-6736de9bf8fd"
          },
          "private": "eyJlMmJmYjczMC1lY2FhLTExZTYtOGY4OC0zNDM2M2JjN2M0YzAiOnsiY3JlYXRlIjo2MDAwMDAwMDAwMCwiZGVmYXVsdCI6NjAwMDAwMDAwMDAsImRlbGV0ZSI6NjAwMDAwMDAwMDAsInJlYWQiOjYwMDAwMDAwMDAwLCJ1cGRhdGUiOjYwMDAwMDAwMDAwfX0=",
          "dependencies": [
            "lovi_address.bastion200-team037",
            "lovi_bridge.team037",
            "lovi_cpu_pinning_group.team037",
            "lovi_lease.bastion200-team037",
            "lovi_subnet.team037",
            "lovi_virtual_machine.bastion200-team037",
            "lovi_virtual_machine.problem-team037"
          ]
        }
      ]
    },
    {
      "mode": "managed",
      "type": "lovi_interface_attachment",
      "name": "bench-team037",
      "provider": "provider.lovi",
      "instances": [
        {
          "schema_version": 0,
          "attributes": {
            "average": 12500,
            "bridge_id": "0d932ffd-eca6-41bf-8640-8b6fc3348340",
            "id": "89ece658-f75b-4b90-853f-09c9c8e8bb68",
            "lease_id": "c5030f64-caf4-48ec-9661-80954c810721",
            "name": "t037-be",
            "timeouts": null,
            "virtual_machine_id": "5da4ba81-35f6-4e51-a7fd-b3579dde6d41"
          },
          "private": "eyJlMmJmYjczMC1lY2FhLTExZTYtOGY4OC0zNDM2M2JjN2M0YzAiOnsiY3JlYXRlIjo2MDAwMDAwMDAwMCwiZGVmYXVsdCI6NjAwMDAwMDAwMDAsImRlbGV0ZSI6NjAwMDAwMDAwMDAsInJlYWQiOjYwMDAwMDAwMDAwLCJ1cGRhdGUiOjYwMDAwMDAwMDAwfX0=",
          "dependencies": [
            "lovi_address.bench-team037",
            "lovi_bridge.team037",
            "lovi_cpu_pinning_group.team037",
            "lovi_lease.bench-team037",
            "lovi_subnet.team037",
            "lovi_virtual_machine.bench-team037",
            "lovi_virtual_machine.problem-team037"
          ]
        }
      ]
    },
    {
      "mode": "managed",
      "type": "lovi_interface_attachment",
      "name": "problem-team037",
      "each": "list",
      "provider": "provider.lovi",
      "instances": [
        {
          "index_key": 0,
          "schema_version": 0,
          "attributes": {
            "average": 125000,
            "bridge_id": "0d932ffd-eca6-41bf-8640-8b6fc3348340",
            "id": "c69ea4e2-c543-42f9-aecf-95d96b3ba133",
            "lease_id": "3677ccb1-5723-4fa9-aeb8-31a1a1092ab5",
            "name": "t037-001",
            "timeouts": null,
            "virtual_machine_id": "73dd714f-a4cd-482d-aa3d-535fe753be4c"
          },
          "private": "eyJlMmJmYjczMC1lY2FhLTExZTYtOGY4OC0zNDM2M2JjN2M0YzAiOnsiY3JlYXRlIjo2MDAwMDAwMDAwMCwiZGVmYXVsdCI6NjAwMDAwMDAwMDAsImRlbGV0ZSI6NjAwMDAwMDAwMDAsInJlYWQiOjYwMDAwMDAwMDAwLCJ1cGRhdGUiOjYwMDAwMDAwMDAwfX0=",
          "dependencies": [
            "lovi_address.problem-team037",
            "lovi_bridge.team037",
            "lovi_cpu_pinning_group.team037",
            "lovi_lease.problem-team037",
            "lovi_subnet.team037",
            "lovi_virtual_machine.problem-team037"
          ]
        },
        {
          "index_key": 1,
          "schema_version": 0,
          "attributes": {
            "average": 125000,
            "bridge_id": "0d932ffd-eca6-41bf-8640-8b6fc3348340",
            "id": "72d98d77-7b71-43e8-96ff-ce1e74d47225",
            "lease_id": "0ad068ac-d016-4347-bb5a-3ce5c3c5a589",
            "name": "t037-002",
            "timeouts": null,
            "virtual_machine_id": "0d28edac-4bd6-4b8c-ae23-35d81c6c351b"
          },
          "private": "eyJlMmJmYjczMC1lY2FhLTExZTYtOGY4OC0zNDM2M2JjN2M0YzAiOnsiY3JlYXRlIjo2MDAwMDAwMDAwMCwiZGVmYXVsdCI6NjAwMDAwMDAwMDAsImRlbGV0ZSI6NjAwMDAwMDAwMDAsInJlYWQiOjYwMDAwMDAwMDAwLCJ1cGRhdGUiOjYwMDAwMDAwMDAwfX0=",
          "dependencies": [
            "lovi_address.problem-team037",
            "lovi_bridge.team037",
            "lovi_cpu_pinning_group.team037",
            "lovi_lease.problem-team037",
            "lovi_subnet.team037",
            "lovi_virtual_machine.problem-team037"
          ]
        },
        {
          "index_key": 2,
          "schema_version": 0,
          "attributes": {
            "average": 125000,
            "bridge_id": "0d932ffd-eca6-41bf-8640-8b6fc3348340",
            "id": "5af17769-7667-4e61-bd9d-9511fca29ae2",
            "lease_id": "724908f1-7140-4dee-a7d2-0cb8e51d8aaf",
            "name": "t037-003",
            "timeouts": null,
            "virtual_machine_id": "8e4ddbfb-3121-472e-9fc5-b7b51fb0e1e5"
          },
          "private": "eyJlMmJmYjczMC1lY2FhLTExZTYtOGY4OC0zNDM2M2JjN2M0YzAiOnsiY3JlYXRlIjo2MDAwMDAwMDAwMCwiZGVmYXVsdCI6NjAwMDAwMDAwMDAsImRlbGV0ZSI6NjAwMDAwMDAwMDAsInJlYWQiOjYwMDAwMDAwMDAwLCJ1cGRhdGUiOjYwMDAwMDAwMDAwfX0=",
          "dependencies": [
            "lovi_address.problem-team037",
            "lovi_bridge.team037",
            "lovi_cpu_pinning_group.team037",
            "lovi_lease.problem-team037",
            "lovi_subnet.team037",
            "lovi_virtual_machine.problem-team037"
          ]
        }
      ]
    },
    {
      "mode": "managed",
      "type": "lovi_internal_bridge",
      "name": "team037",
      "provider": "provider.lovi",
      "instances": [
        {
          "schema_version": 0,
          "attributes": {
            "id": "84c16572-791c-4968-b905-ae1d9eb90f0c",
            "name": "team037-in",
            "timeouts": null
          },
          "private": "eyJlMmJmYjczMC1lY2FhLTExZTYtOGY4OC0zNDM2M2JjN2M0YzAiOnsiY3JlYXRlIjo2MDAwMDAwMDAwMCwiZGVmYXVsdCI6NjAwMDAwMDAwMDAsImRlbGV0ZSI6NjAwMDAwMDAwMDAsInJlYWQiOjYwMDAwMDAwMDAwLCJ1cGRhdGUiOjYwMDAwMDAwMDAwfX0="
        }
      ]
    },
    {
      "mode": "managed",
      "type": "lovi_lease",
      "name": "bastion100-team037",
      "provider": "provider.lovi",
      "instances": [
        {
          "schema_version": 0,
          "attributes": {
            "address_id": "dd112e91-4d84-44af-9fdf-cbdfc5ec6e73",
            "id": "8411521c-6053-4b72-a53e-8dd76cbd9bf0",
            "mac_address": "ca:03:18:10:c8:d9",
            "timeouts": null
          },
          "private": "eyJlMmJmYjczMC1lY2FhLTExZTYtOGY4OC0zNDM2M2JjN2M0YzAiOnsiY3JlYXRlIjo2MDAwMDAwMDAwMCwiZGVmYXVsdCI6NjAwMDAwMDAwMDAsImRlbGV0ZSI6NjAwMDAwMDAwMDAsInJlYWQiOjYwMDAwMDAwMDAwLCJ1cGRhdGUiOjYwMDAwMDAwMDAwfX0=",
          "dependencies": [
            "lovi_address.bastion100-team037",
            "lovi_subnet.team037"
          ]
        }
      ]
    },
    {
      "mode": "managed",
      "type": "lovi_lease",
      "name": "bastion200-team037",
      "provider": "provider.lovi",
      "instances": [
        {
          "schema_version": 0,
          "attributes": {
            "address_id": "eee85a13-ce52-41bd-b8ff-f28e5654cb54",
            "id": "128e4318-71ac-46ff-b666-994cf6ad6703",
            "mac_address": "ca:03:18:3f:5f:8d",
            "timeouts": null
          },
          "private": "eyJlMmJmYjczMC1lY2FhLTExZTYtOGY4OC0zNDM2M2JjN2M0YzAiOnsiY3JlYXRlIjo2MDAwMDAwMDAwMCwiZGVmYXVsdCI6NjAwMDAwMDAwMDAsImRlbGV0ZSI6NjAwMDAwMDAwMDAsInJlYWQiOjYwMDAwMDAwMDAwLCJ1cGRhdGUiOjYwMDAwMDAwMDAwfX0=",
          "dependencies": [
            "lovi_address.bastion200-team037",
            "lovi_subnet.team037"
          ]
        }
      ]
    },
    {
      "mode": "managed",
      "type": "lovi_lease",
      "name": "bench-team037",
      "provider": "provider.lovi",
      "instances": [
        {
          "schema_version": 0,
          "attributes": {
            "address_id": "de7fa8b8-6f55-46ee-a41d-892ddec1d2d4",
            "id": "c5030f64-caf4-48ec-9661-80954c810721",
            "mac_address": "ca:03:18:3c:de:69",
            "timeouts": null
          },
          "private": "eyJlMmJmYjczMC1lY2FhLTExZTYtOGY4OC0zNDM2M2JjN2M0YzAiOnsiY3JlYXRlIjo2MDAwMDAwMDAwMCwiZGVmYXVsdCI6NjAwMDAwMDAwMDAsImRlbGV0ZSI6NjAwMDAwMDAwMDAsInJlYWQiOjYwMDAwMDAwMDAwLCJ1cGRhdGUiOjYwMDAwMDAwMDAwfX0=",
          "dependencies": [
            "lovi_address.bench-team037",
            "lovi_subnet.team037"
          ]
        }
      ]
    },
    {
      "mode": "managed",
      "type": "lovi_lease",
      "name": "problem-team037",
      "each": "list",
      "provider": "provider.lovi",
      "instances": [
        {
          "index_key": 0,
          "schema_version": 0,
          "attributes": {
            "address_id": "9236efcf-f4c2-42c0-a15c-714706fd46b3",
            "id": "3677ccb1-5723-4fa9-aeb8-31a1a1092ab5",
            "mac_address": "ca:03:18:dc:12:ad",
            "timeouts": null
          },
          "private": "eyJlMmJmYjczMC1lY2FhLTExZTYtOGY4OC0zNDM2M2JjN2M0YzAiOnsiY3JlYXRlIjo2MDAwMDAwMDAwMCwiZGVmYXVsdCI6NjAwMDAwMDAwMDAsImRlbGV0ZSI6NjAwMDAwMDAwMDAsInJlYWQiOjYwMDAwMDAwMDAwLCJ1cGRhdGUiOjYwMDAwMDAwMDAwfX0=",
          "dependencies": [
            "lovi_address.problem-team037",
            "lovi_subnet.team037"
          ]
        },
        {
          "index_key": 1,
          "schema_version": 0,
          "attributes": {
            "address_id": "c59d2988-3b33-44c8-be07-e01c75868e62",
            "id": "0ad068ac-d016-4347-bb5a-3ce5c3c5a589",
            "mac_address": "ca:03:18:74:0c:89",
            "timeouts": null
          },
          "private": "eyJlMmJmYjczMC1lY2FhLTExZTYtOGY4OC0zNDM2M2JjN2M0YzAiOnsiY3JlYXRlIjo2MDAwMDAwMDAwMCwiZGVmYXVsdCI6NjAwMDAwMDAwMDAsImRlbGV0ZSI6NjAwMDAwMDAwMDAsInJlYWQiOjYwMDAwMDAwMDAwLCJ1cGRhdGUiOjYwMDAwMDAwMDAwfX0=",
          "dependencies": [
            "lovi_address.problem-team037",
            "lovi_subnet.team037"
          ]
        },
        {
          "index_key": 2,
          "schema_version": 0,
          "attributes": {
            "address_id": "899c99ad-e29c-484b-b1d0-0a07c7c48b36",
            "id": "724908f1-7140-4dee-a7d2-0cb8e51d8aaf",
            "mac_address": "ca:03:18:53:2f:b5",
            "timeouts": null
          },
          "private": "eyJlMmJmYjczMC1lY2FhLTExZTYtOGY4OC0zNDM2M2JjN2M0YzAiOnsiY3JlYXRlIjo2MDAwMDAwMDAwMCwiZGVmYXVsdCI6NjAwMDAwMDAwMDAsImRlbGV0ZSI6NjAwMDAwMDAwMDAsInJlYWQiOjYwMDAwMDAwMDAwLCJ1cGRhdGUiOjYwMDAwMDAwMDAwfX0=",
          "dependencies": [
            "lovi_address.problem-team037",
            "lovi_subnet.team037"
          ]
        }
      ]
    },
    {
      "mode": "managed",
      "type": "lovi_subnet",
      "name": "team037",
      "provider": "provider.lovi",
      "instances": [
        {
          "schema_version": 0,
          "attributes": {
            "dns_server": "8.8.8.8",
            "end": "10.160.37.200",
            "gateway": "10.160.37.254",
            "id": "fc04ee1c-2561-40b9-8fc7-5d44699cea2c",
            "metadata_server": "10.160.37.1",
            "name": "team037",
            "network": "10.160.37.0/24",
            "start": "10.160.37.100",
            "timeouts": null,
            "vlan_id": 1037
          },
          "private": "eyJlMmJmYjczMC1lY2FhLTExZTYtOGY4OC0zNDM2M2JjN2M0YzAiOnsiY3JlYXRlIjo2MDAwMDAwMDAwMCwiZGVmYXVsdCI6NjAwMDAwMDAwMDAsImRlbGV0ZSI6NjAwMDAwMDAwMDAsInJlYWQiOjYwMDAwMDAwMDAwLCJ1cGRhdGUiOjYwMDAwMDAwMDAwfX0="
        }
      ]
    },
    {
      "mode": "managed",
      "type": "lovi_virtual_machine",
      "name": "bastion100-team037",
      "provider": "provider.lovi",
      "instances": [
        {
          "schema_version": 0,
          "attributes": {
            "cpu_pinning_group_name": "",
            "europa_backend_name": "dorado001",
            "hypervisor_name": "isuadm0002",
            "id": "9a9cc498-6f15-4dc4-9415-ae0f7109afa4",
            "memory_kib": 2097152,
            "name": "team037-bastion100",
            "read_bytes_sec": 0,
            "read_iops_sec": 0,
            "root_volume_gb": 10,
            "source_image_id": "5138fee8-59a1-407a-bb84-2937d9705143",
            "vcpus": 1,
            "write_bytes_sec": 0,
            "write_iops_sec": 0
          },
          "private": "bnVsbA==",
          "dependencies": [
            "lovi_cpu_pinning_group.team037",
            "lovi_virtual_machine.problem-team037"
          ]
        }
      ]
    },
    {
      "mode": "managed",
      "type": "lovi_virtual_machine",
      "name": "bastion200-team037",
      "provider": "provider.lovi",
      "instances": [
        {
          "schema_version": 0,
          "attributes": {
            "cpu_pinning_group_name": "",
            "europa_backend_name": "dorado001",
            "hypervisor_name": "isuadm0006",
            "id": "1ccebb95-275e-44ac-b481-6736de9bf8fd",
            "memory_kib": 2097152,
            "name": "team037-bastion200",
            "read_bytes_sec": 0,
            "read_iops_sec": 0,
            "root_volume_gb": 10,
            "source_image_id": "5138fee8-59a1-407a-bb84-2937d9705143",
            "vcpus": 1,
            "write_bytes_sec": 0,
            "write_iops_sec": 0
          },
          "private": "bnVsbA==",
          "dependencies": [
            "lovi_cpu_pinning_group.team037",
            "lovi_virtual_machine.problem-team037"
          ]
        }
      ]
    },
    {
      "mode": "managed",
      "type": "lovi_virtual_machine",
      "name": "bench-team037",
      "provider": "provider.lovi",
      "instances": [
        {
          "schema_version": 0,
          "attributes": {
            "cpu_pinning_group_name": "team037",
            "europa_backend_name": "dorado001",
            "hypervisor_name": "isucn0002",
            "id": "5da4ba81-35f6-4e51-a7fd-b3579dde6d41",
            "memory_kib": 16777216,
            "name": "team037-bench",
            "read_bytes_sec": 100000000,
            "read_iops_sec": 200,
            "root_volume_gb": 10,
            "source_image_id": "10eee589-725b-4686-a424-1df5e161b031",
            "vcpus": 1,
            "write_bytes_sec": 100000000,
            "write_iops_sec": 200
          },
          "private": "bnVsbA==",
          "dependencies": [
            "lovi_cpu_pinning_group.team037",
            "lovi_virtual_machine.problem-team037"
          ]
        }
      ]
    },
    {
      "mode": "managed",
      "type": "lovi_virtual_machine",
      "name": "problem-team037",
      "each": "list",
      "provider": "provider.lovi",
      "instances": [
        {
          "index_key": 0,
          "schema_version": 0,
          "attributes": {
            "cpu_pinning_group_name": "team037",
            "europa_backend_name": "dorado001",
            "hypervisor_name": "isucn0002",
            "id": "73dd714f-a4cd-482d-aa3d-535fe753be4c",
            "memory_kib": 2097152,
            "name": "team037-001",
            "read_bytes_sec": 100000000,
            "read_iops_sec": 200,
            "root_volume_gb": 10,
            "source_image_id": "1ab68dff-7d0d-40b5-abff-3ef0db2618b1",
            "vcpus": 1,
            "write_bytes_sec": 100000000,
            "write_iops_sec": 200
          },
          "private": "bnVsbA==",
          "dependencies": [
            "lovi_cpu_pinning_group.team037"
          ]
        },
        {
          "index_key": 1,
          "schema_version": 0,
          "attributes": {
            "cpu_pinning_group_name": "team037",
            "europa_backend_name": "dorado001",
            "hypervisor_name": "isucn0002",
            "id": "0d28edac-4bd6-4b8c-ae23-35d81c6c351b",
            "memory_kib": 2097152,
            "name": "team037-002",
            "read_bytes_sec": 100000000,
            "read_iops_sec": 200,
            "root_volume_gb": 10,
            "source_image_id": "1ab68dff-7d0d-40b5-abff-3ef0db2618b1",
            "vcpus": 1,
            "write_bytes_sec": 100000000,
            "write_iops_sec": 200
          },
          "private": "bnVsbA==",
          "dependencies": [
            "lovi_cpu_pinning_group.team037"
          ]
        },
        {
          "index_key": 2,
          "schema_version": 0,
          "attributes": {
            "cpu_pinning_group_name": "team037",
            "europa_backend_name": "dorado001",
            "hypervisor_name": "isucn0002",
            "id": "8e4ddbfb-3121-472e-9fc5-b7b51fb0e1e5",
            "memory_kib": 2097152,
            "name": "team037-003",
            "read_bytes_sec": 100000000,
            "read_iops_sec": 200,
            "root_volume_gb": 10,
            "source_image_id": "1ab68dff-7d0d-40b5-abff-3ef0db2618b1",
            "vcpus": 1,
            "write_bytes_sec": 100000000,
            "write_iops_sec": 200
          },
          "private": "bnVsbA==",
          "dependencies": [
            "lovi_cpu_pinning_group.team037"
          ]
        }
      ]
    }
  ]
}
