{
  "version": 4,
  "terraform_version": "0.12.24",
  "serial": 29,
  "lineage": "af4ab4ab-13e5-9d31-a478-59212f6603cc",
  "outputs": {},
  "resources": [
    {
      "mode": "managed",
      "type": "lovi_address",
      "name": "bastion100-team395",
      "provider": "provider.lovi",
      "instances": [
        {
          "schema_version": 0,
          "attributes": {
            "fixed_ip": "10.163.95.100",
            "id": "953d00df-891e-4c46-beb6-b1d209e6206d",
            "ip": "10.163.95.100",
            "subnet_id": "28f14928-c42d-407f-a261-1cbcbdad1a70",
            "timeouts": null
          },
          "private": "eyJlMmJmYjczMC1lY2FhLTExZTYtOGY4OC0zNDM2M2JjN2M0YzAiOnsiY3JlYXRlIjo2MDAwMDAwMDAwMCwiZGVmYXVsdCI6NjAwMDAwMDAwMDAsImRlbGV0ZSI6NjAwMDAwMDAwMDAsInJlYWQiOjYwMDAwMDAwMDAwLCJ1cGRhdGUiOjYwMDAwMDAwMDAwfX0=",
          "dependencies": [
            "lovi_subnet.team395"
          ]
        }
      ]
    },
    {
      "mode": "managed",
      "type": "lovi_address",
      "name": "bastion200-team395",
      "provider": "provider.lovi",
      "instances": [
        {
          "schema_version": 0,
          "attributes": {
            "fixed_ip": "10.163.95.200",
            "id": "045299cf-f595-40ec-94e5-b74588341f30",
            "ip": "10.163.95.200",
            "subnet_id": "28f14928-c42d-407f-a261-1cbcbdad1a70",
            "timeouts": null
          },
          "private": "eyJlMmJmYjczMC1lY2FhLTExZTYtOGY4OC0zNDM2M2JjN2M0YzAiOnsiY3JlYXRlIjo2MDAwMDAwMDAwMCwiZGVmYXVsdCI6NjAwMDAwMDAwMDAsImRlbGV0ZSI6NjAwMDAwMDAwMDAsInJlYWQiOjYwMDAwMDAwMDAwLCJ1cGRhdGUiOjYwMDAwMDAwMDAwfX0=",
          "dependencies": [
            "lovi_subnet.team395"
          ]
        }
      ]
    },
    {
      "mode": "managed",
      "type": "lovi_address",
      "name": "bench-team395",
      "provider": "provider.lovi",
      "instances": [
        {
          "schema_version": 0,
          "attributes": {
            "fixed_ip": "10.163.95.104",
            "id": "0d1ec424-1c0f-4b9e-ac62-84e100486884",
            "ip": "10.163.95.104",
            "subnet_id": "28f14928-c42d-407f-a261-1cbcbdad1a70",
            "timeouts": null
          },
          "private": "eyJlMmJmYjczMC1lY2FhLTExZTYtOGY4OC0zNDM2M2JjN2M0YzAiOnsiY3JlYXRlIjo2MDAwMDAwMDAwMCwiZGVmYXVsdCI6NjAwMDAwMDAwMDAsImRlbGV0ZSI6NjAwMDAwMDAwMDAsInJlYWQiOjYwMDAwMDAwMDAwLCJ1cGRhdGUiOjYwMDAwMDAwMDAwfX0=",
          "dependencies": [
            "lovi_subnet.team395"
          ]
        }
      ]
    },
    {
      "mode": "managed",
      "type": "lovi_address",
      "name": "problem-team395",
      "each": "list",
      "provider": "provider.lovi",
      "instances": [
        {
          "index_key": 0,
          "schema_version": 0,
          "attributes": {
            "fixed_ip": "10.163.95.101",
            "id": "86f65a25-f991-48cd-9499-058b18b2532b",
            "ip": "10.163.95.101",
            "subnet_id": "28f14928-c42d-407f-a261-1cbcbdad1a70",
            "timeouts": null
          },
          "private": "eyJlMmJmYjczMC1lY2FhLTExZTYtOGY4OC0zNDM2M2JjN2M0YzAiOnsiY3JlYXRlIjo2MDAwMDAwMDAwMCwiZGVmYXVsdCI6NjAwMDAwMDAwMDAsImRlbGV0ZSI6NjAwMDAwMDAwMDAsInJlYWQiOjYwMDAwMDAwMDAwLCJ1cGRhdGUiOjYwMDAwMDAwMDAwfX0=",
          "dependencies": [
            "lovi_subnet.team395"
          ]
        },
        {
          "index_key": 1,
          "schema_version": 0,
          "attributes": {
            "fixed_ip": "10.163.95.102",
            "id": "2b93bce5-71be-4045-8637-1405979a3158",
            "ip": "10.163.95.102",
            "subnet_id": "28f14928-c42d-407f-a261-1cbcbdad1a70",
            "timeouts": null
          },
          "private": "eyJlMmJmYjczMC1lY2FhLTExZTYtOGY4OC0zNDM2M2JjN2M0YzAiOnsiY3JlYXRlIjo2MDAwMDAwMDAwMCwiZGVmYXVsdCI6NjAwMDAwMDAwMDAsImRlbGV0ZSI6NjAwMDAwMDAwMDAsInJlYWQiOjYwMDAwMDAwMDAwLCJ1cGRhdGUiOjYwMDAwMDAwMDAwfX0=",
          "dependencies": [
            "lovi_subnet.team395"
          ]
        },
        {
          "index_key": 2,
          "schema_version": 0,
          "attributes": {
            "fixed_ip": "10.163.95.103",
            "id": "1b14a802-542b-4bf5-8151-2eb5d49df204",
            "ip": "10.163.95.103",
            "subnet_id": "28f14928-c42d-407f-a261-1cbcbdad1a70",
            "timeouts": null
          },
          "private": "eyJlMmJmYjczMC1lY2FhLTExZTYtOGY4OC0zNDM2M2JjN2M0YzAiOnsiY3JlYXRlIjo2MDAwMDAwMDAwMCwiZGVmYXVsdCI6NjAwMDAwMDAwMDAsImRlbGV0ZSI6NjAwMDAwMDAwMDAsInJlYWQiOjYwMDAwMDAwMDAwLCJ1cGRhdGUiOjYwMDAwMDAwMDAwfX0=",
          "dependencies": [
            "lovi_subnet.team395"
          ]
        }
      ]
    },
    {
      "mode": "managed",
      "type": "lovi_bridge",
      "name": "team395",
      "provider": "provider.lovi",
      "instances": [
        {
          "schema_version": 0,
          "attributes": {
            "id": "2314235d-abdc-4296-b239-4ef256d651a3",
            "name": "team395",
            "timeouts": null,
            "vlan_id": 1395
          },
          "private": "eyJlMmJmYjczMC1lY2FhLTExZTYtOGY4OC0zNDM2M2JjN2M0YzAiOnsiY3JlYXRlIjo2MDAwMDAwMDAwMCwiZGVmYXVsdCI6NjAwMDAwMDAwMDAsImRlbGV0ZSI6NjAwMDAwMDAwMDAsInJlYWQiOjYwMDAwMDAwMDAwLCJ1cGRhdGUiOjYwMDAwMDAwMDAwfX0=",
          "dependencies": [
            "lovi_subnet.team395"
          ]
        }
      ]
    },
    {
      "mode": "managed",
      "type": "lovi_cpu_pinning_group",
      "name": "team395",
      "provider": "provider.lovi",
      "instances": [
        {
          "schema_version": 0,
          "attributes": {
            "count_of_core": 4,
            "hypervisor_name": "isucn0018",
            "id": "f808af97-221d-437a-ad55-a9718ede5500",
            "name": "team395"
          },
          "private": "bnVsbA=="
        }
      ]
    },
    {
      "mode": "managed",
      "type": "lovi_interface_attachment",
      "name": "bastion100-team395",
      "provider": "provider.lovi",
      "instances": [
        {
          "schema_version": 0,
          "attributes": {
            "average": 125000,
            "bridge_id": "2314235d-abdc-4296-b239-4ef256d651a3",
            "id": "348bdd27-73f4-4013-b296-eec1412b509c",
            "lease_id": "d30c9815-9c0d-4d6e-b27f-a6b42148bad8",
            "name": "t395-ba100",
            "timeouts": null,
            "virtual_machine_id": "4563ba1f-b895-494c-a33c-ff0b0f018081"
          },
          "private": "eyJlMmJmYjczMC1lY2FhLTExZTYtOGY4OC0zNDM2M2JjN2M0YzAiOnsiY3JlYXRlIjo2MDAwMDAwMDAwMCwiZGVmYXVsdCI6NjAwMDAwMDAwMDAsImRlbGV0ZSI6NjAwMDAwMDAwMDAsInJlYWQiOjYwMDAwMDAwMDAwLCJ1cGRhdGUiOjYwMDAwMDAwMDAwfX0=",
          "dependencies": [
            "lovi_address.bastion100-team395",
            "lovi_bridge.team395",
            "lovi_cpu_pinning_group.team395",
            "lovi_lease.bastion100-team395",
            "lovi_subnet.team395",
            "lovi_virtual_machine.bastion100-team395",
            "lovi_virtual_machine.problem-team395"
          ]
        }
      ]
    },
    {
      "mode": "managed",
      "type": "lovi_interface_attachment",
      "name": "bastion200-team395",
      "provider": "provider.lovi",
      "instances": [
        {
          "schema_version": 0,
          "attributes": {
            "average": 125000,
            "bridge_id": "2314235d-abdc-4296-b239-4ef256d651a3",
            "id": "fa508316-1c38-445f-96ce-a2a797d92152",
            "lease_id": "3e9093be-6560-4bb7-8815-15176449da33",
            "name": "t395-ba200",
            "timeouts": null,
            "virtual_machine_id": "cd2d36f6-88c0-4719-897e-6e8e64155876"
          },
          "private": "eyJlMmJmYjczMC1lY2FhLTExZTYtOGY4OC0zNDM2M2JjN2M0YzAiOnsiY3JlYXRlIjo2MDAwMDAwMDAwMCwiZGVmYXVsdCI6NjAwMDAwMDAwMDAsImRlbGV0ZSI6NjAwMDAwMDAwMDAsInJlYWQiOjYwMDAwMDAwMDAwLCJ1cGRhdGUiOjYwMDAwMDAwMDAwfX0=",
          "dependencies": [
            "lovi_address.bastion200-team395",
            "lovi_bridge.team395",
            "lovi_cpu_pinning_group.team395",
            "lovi_lease.bastion200-team395",
            "lovi_subnet.team395",
            "lovi_virtual_machine.bastion200-team395",
            "lovi_virtual_machine.problem-team395"
          ]
        }
      ]
    },
    {
      "mode": "managed",
      "type": "lovi_interface_attachment",
      "name": "bench-team395",
      "provider": "provider.lovi",
      "instances": [
        {
          "schema_version": 0,
          "attributes": {
            "average": 12500,
            "bridge_id": "2314235d-abdc-4296-b239-4ef256d651a3",
            "id": "0cfb9429-7cf3-428b-987c-08b3ee7c3d0c",
            "lease_id": "895c8c75-98f4-4a6c-9912-a515f217e4fa",
            "name": "t395-be",
            "timeouts": null,
            "virtual_machine_id": "5fb9cb66-8025-40a6-b2cf-41c522e11abe"
          },
          "private": "eyJlMmJmYjczMC1lY2FhLTExZTYtOGY4OC0zNDM2M2JjN2M0YzAiOnsiY3JlYXRlIjo2MDAwMDAwMDAwMCwiZGVmYXVsdCI6NjAwMDAwMDAwMDAsImRlbGV0ZSI6NjAwMDAwMDAwMDAsInJlYWQiOjYwMDAwMDAwMDAwLCJ1cGRhdGUiOjYwMDAwMDAwMDAwfX0=",
          "dependencies": [
            "lovi_address.bench-team395",
            "lovi_bridge.team395",
            "lovi_cpu_pinning_group.team395",
            "lovi_lease.bench-team395",
            "lovi_subnet.team395",
            "lovi_virtual_machine.bench-team395",
            "lovi_virtual_machine.problem-team395"
          ]
        }
      ]
    },
    {
      "mode": "managed",
      "type": "lovi_interface_attachment",
      "name": "problem-team395",
      "each": "list",
      "provider": "provider.lovi",
      "instances": [
        {
          "index_key": 0,
          "schema_version": 0,
          "attributes": {
            "average": 125000,
            "bridge_id": "2314235d-abdc-4296-b239-4ef256d651a3",
            "id": "6514de6f-219b-4f47-8a4b-5c527af03c5e",
            "lease_id": "eb959085-894e-4d27-9719-2f24a187a300",
            "name": "t395-001",
            "timeouts": null,
            "virtual_machine_id": "927d8251-1d5d-41b6-9ece-bbe18a8f833b"
          },
          "private": "eyJlMmJmYjczMC1lY2FhLTExZTYtOGY4OC0zNDM2M2JjN2M0YzAiOnsiY3JlYXRlIjo2MDAwMDAwMDAwMCwiZGVmYXVsdCI6NjAwMDAwMDAwMDAsImRlbGV0ZSI6NjAwMDAwMDAwMDAsInJlYWQiOjYwMDAwMDAwMDAwLCJ1cGRhdGUiOjYwMDAwMDAwMDAwfX0=",
          "dependencies": [
            "lovi_address.problem-team395",
            "lovi_bridge.team395",
            "lovi_cpu_pinning_group.team395",
            "lovi_lease.problem-team395",
            "lovi_subnet.team395",
            "lovi_virtual_machine.problem-team395"
          ]
        },
        {
          "index_key": 1,
          "schema_version": 0,
          "attributes": {
            "average": 125000,
            "bridge_id": "2314235d-abdc-4296-b239-4ef256d651a3",
            "id": "92964914-bff7-4362-8f22-4263c4c01b6f",
            "lease_id": "d5f823fe-dca4-4b35-b322-08a221ce9313",
            "name": "t395-002",
            "timeouts": null,
            "virtual_machine_id": "61703603-621d-40c4-8569-7daf43b5c21e"
          },
          "private": "eyJlMmJmYjczMC1lY2FhLTExZTYtOGY4OC0zNDM2M2JjN2M0YzAiOnsiY3JlYXRlIjo2MDAwMDAwMDAwMCwiZGVmYXVsdCI6NjAwMDAwMDAwMDAsImRlbGV0ZSI6NjAwMDAwMDAwMDAsInJlYWQiOjYwMDAwMDAwMDAwLCJ1cGRhdGUiOjYwMDAwMDAwMDAwfX0=",
          "dependencies": [
            "lovi_address.problem-team395",
            "lovi_bridge.team395",
            "lovi_cpu_pinning_group.team395",
            "lovi_lease.problem-team395",
            "lovi_subnet.team395",
            "lovi_virtual_machine.problem-team395"
          ]
        },
        {
          "index_key": 2,
          "schema_version": 0,
          "attributes": {
            "average": 125000,
            "bridge_id": "2314235d-abdc-4296-b239-4ef256d651a3",
            "id": "770324ff-f5f6-4ad6-97a9-f8b46fae1b5f",
            "lease_id": "8c23f1fb-6b27-49b4-9e7e-e0d57e6c5576",
            "name": "t395-003",
            "timeouts": null,
            "virtual_machine_id": "644e7713-1c01-4b16-b613-7fdcb1ab5ea8"
          },
          "private": "eyJlMmJmYjczMC1lY2FhLTExZTYtOGY4OC0zNDM2M2JjN2M0YzAiOnsiY3JlYXRlIjo2MDAwMDAwMDAwMCwiZGVmYXVsdCI6NjAwMDAwMDAwMDAsImRlbGV0ZSI6NjAwMDAwMDAwMDAsInJlYWQiOjYwMDAwMDAwMDAwLCJ1cGRhdGUiOjYwMDAwMDAwMDAwfX0=",
          "dependencies": [
            "lovi_address.problem-team395",
            "lovi_bridge.team395",
            "lovi_cpu_pinning_group.team395",
            "lovi_lease.problem-team395",
            "lovi_subnet.team395",
            "lovi_virtual_machine.problem-team395"
          ]
        }
      ]
    },
    {
      "mode": "managed",
      "type": "lovi_internal_bridge",
      "name": "team395",
      "provider": "provider.lovi",
      "instances": [
        {
          "schema_version": 0,
          "attributes": {
            "id": "1ab19d84-83cb-4c38-9688-06b2ce14d95b",
            "name": "team395-in",
            "timeouts": null
          },
          "private": "eyJlMmJmYjczMC1lY2FhLTExZTYtOGY4OC0zNDM2M2JjN2M0YzAiOnsiY3JlYXRlIjo2MDAwMDAwMDAwMCwiZGVmYXVsdCI6NjAwMDAwMDAwMDAsImRlbGV0ZSI6NjAwMDAwMDAwMDAsInJlYWQiOjYwMDAwMDAwMDAwLCJ1cGRhdGUiOjYwMDAwMDAwMDAwfX0="
        }
      ]
    },
    {
      "mode": "managed",
      "type": "lovi_lease",
      "name": "bastion100-team395",
      "provider": "provider.lovi",
      "instances": [
        {
          "schema_version": 0,
          "attributes": {
            "address_id": "953d00df-891e-4c46-beb6-b1d209e6206d",
            "id": "d30c9815-9c0d-4d6e-b27f-a6b42148bad8",
            "mac_address": "ca:03:18:ce:f3:fe",
            "timeouts": null
          },
          "private": "eyJlMmJmYjczMC1lY2FhLTExZTYtOGY4OC0zNDM2M2JjN2M0YzAiOnsiY3JlYXRlIjo2MDAwMDAwMDAwMCwiZGVmYXVsdCI6NjAwMDAwMDAwMDAsImRlbGV0ZSI6NjAwMDAwMDAwMDAsInJlYWQiOjYwMDAwMDAwMDAwLCJ1cGRhdGUiOjYwMDAwMDAwMDAwfX0=",
          "dependencies": [
            "lovi_address.bastion100-team395",
            "lovi_subnet.team395"
          ]
        }
      ]
    },
    {
      "mode": "managed",
      "type": "lovi_lease",
      "name": "bastion200-team395",
      "provider": "provider.lovi",
      "instances": [
        {
          "schema_version": 0,
          "attributes": {
            "address_id": "045299cf-f595-40ec-94e5-b74588341f30",
            "id": "3e9093be-6560-4bb7-8815-15176449da33",
            "mac_address": "ca:03:18:4a:0f:ba",
            "timeouts": null
          },
          "private": "eyJlMmJmYjczMC1lY2FhLTExZTYtOGY4OC0zNDM2M2JjN2M0YzAiOnsiY3JlYXRlIjo2MDAwMDAwMDAwMCwiZGVmYXVsdCI6NjAwMDAwMDAwMDAsImRlbGV0ZSI6NjAwMDAwMDAwMDAsInJlYWQiOjYwMDAwMDAwMDAwLCJ1cGRhdGUiOjYwMDAwMDAwMDAwfX0=",
          "dependencies": [
            "lovi_address.bastion200-team395",
            "lovi_subnet.team395"
          ]
        }
      ]
    },
    {
      "mode": "managed",
      "type": "lovi_lease",
      "name": "bench-team395",
      "provider": "provider.lovi",
      "instances": [
        {
          "schema_version": 0,
          "attributes": {
            "address_id": "0d1ec424-1c0f-4b9e-ac62-84e100486884",
            "id": "895c8c75-98f4-4a6c-9912-a515f217e4fa",
            "mac_address": "ca:03:18:ae:3e:3c",
            "timeouts": null
          },
          "private": "eyJlMmJmYjczMC1lY2FhLTExZTYtOGY4OC0zNDM2M2JjN2M0YzAiOnsiY3JlYXRlIjo2MDAwMDAwMDAwMCwiZGVmYXVsdCI6NjAwMDAwMDAwMDAsImRlbGV0ZSI6NjAwMDAwMDAwMDAsInJlYWQiOjYwMDAwMDAwMDAwLCJ1cGRhdGUiOjYwMDAwMDAwMDAwfX0=",
          "dependencies": [
            "lovi_address.bench-team395",
            "lovi_subnet.team395"
          ]
        }
      ]
    },
    {
      "mode": "managed",
      "type": "lovi_lease",
      "name": "problem-team395",
      "each": "list",
      "provider": "provider.lovi",
      "instances": [
        {
          "index_key": 0,
          "schema_version": 0,
          "attributes": {
            "address_id": "86f65a25-f991-48cd-9499-058b18b2532b",
            "id": "eb959085-894e-4d27-9719-2f24a187a300",
            "mac_address": "ca:03:18:b8:4e:0b",
            "timeouts": null
          },
          "private": "eyJlMmJmYjczMC1lY2FhLTExZTYtOGY4OC0zNDM2M2JjN2M0YzAiOnsiY3JlYXRlIjo2MDAwMDAwMDAwMCwiZGVmYXVsdCI6NjAwMDAwMDAwMDAsImRlbGV0ZSI6NjAwMDAwMDAwMDAsInJlYWQiOjYwMDAwMDAwMDAwLCJ1cGRhdGUiOjYwMDAwMDAwMDAwfX0=",
          "dependencies": [
            "lovi_address.problem-team395",
            "lovi_subnet.team395"
          ]
        },
        {
          "index_key": 1,
          "schema_version": 0,
          "attributes": {
            "address_id": "2b93bce5-71be-4045-8637-1405979a3158",
            "id": "d5f823fe-dca4-4b35-b322-08a221ce9313",
            "mac_address": "ca:03:18:0c:d8:ea",
            "timeouts": null
          },
          "private": "eyJlMmJmYjczMC1lY2FhLTExZTYtOGY4OC0zNDM2M2JjN2M0YzAiOnsiY3JlYXRlIjo2MDAwMDAwMDAwMCwiZGVmYXVsdCI6NjAwMDAwMDAwMDAsImRlbGV0ZSI6NjAwMDAwMDAwMDAsInJlYWQiOjYwMDAwMDAwMDAwLCJ1cGRhdGUiOjYwMDAwMDAwMDAwfX0=",
          "dependencies": [
            "lovi_address.problem-team395",
            "lovi_subnet.team395"
          ]
        },
        {
          "index_key": 2,
          "schema_version": 0,
          "attributes": {
            "address_id": "1b14a802-542b-4bf5-8151-2eb5d49df204",
            "id": "8c23f1fb-6b27-49b4-9e7e-e0d57e6c5576",
            "mac_address": "ca:03:18:a0:e4:8e",
            "timeouts": null
          },
          "private": "eyJlMmJmYjczMC1lY2FhLTExZTYtOGY4OC0zNDM2M2JjN2M0YzAiOnsiY3JlYXRlIjo2MDAwMDAwMDAwMCwiZGVmYXVsdCI6NjAwMDAwMDAwMDAsImRlbGV0ZSI6NjAwMDAwMDAwMDAsInJlYWQiOjYwMDAwMDAwMDAwLCJ1cGRhdGUiOjYwMDAwMDAwMDAwfX0=",
          "dependencies": [
            "lovi_address.problem-team395",
            "lovi_subnet.team395"
          ]
        }
      ]
    },
    {
      "mode": "managed",
      "type": "lovi_subnet",
      "name": "team395",
      "provider": "provider.lovi",
      "instances": [
        {
          "schema_version": 0,
          "attributes": {
            "dns_server": "8.8.8.8",
            "end": "10.163.95.200",
            "gateway": "10.163.95.254",
            "id": "28f14928-c42d-407f-a261-1cbcbdad1a70",
            "metadata_server": "10.163.95.1",
            "name": "team395",
            "network": "10.163.95.0/24",
            "start": "10.163.95.100",
            "timeouts": null,
            "vlan_id": 1395
          },
          "private": "eyJlMmJmYjczMC1lY2FhLTExZTYtOGY4OC0zNDM2M2JjN2M0YzAiOnsiY3JlYXRlIjo2MDAwMDAwMDAwMCwiZGVmYXVsdCI6NjAwMDAwMDAwMDAsImRlbGV0ZSI6NjAwMDAwMDAwMDAsInJlYWQiOjYwMDAwMDAwMDAwLCJ1cGRhdGUiOjYwMDAwMDAwMDAwfX0="
        }
      ]
    },
    {
      "mode": "managed",
      "type": "lovi_virtual_machine",
      "name": "bastion100-team395",
      "provider": "provider.lovi",
      "instances": [
        {
          "schema_version": 0,
          "attributes": {
            "cpu_pinning_group_name": "",
            "europa_backend_name": "dorado002",
            "hypervisor_name": "isuadm0002",
            "id": "4563ba1f-b895-494c-a33c-ff0b0f018081",
            "memory_kib": 2097152,
            "name": "team395-bastion100",
            "read_bytes_sec": 0,
            "read_iops_sec": 0,
            "root_volume_gb": 10,
            "source_image_id": "c453a2ef-9865-4b14-bff2-0a78416ebea5",
            "vcpus": 1,
            "write_bytes_sec": 0,
            "write_iops_sec": 0
          },
          "private": "bnVsbA==",
          "dependencies": [
            "lovi_cpu_pinning_group.team395",
            "lovi_virtual_machine.problem-team395"
          ]
        }
      ]
    },
    {
      "mode": "managed",
      "type": "lovi_virtual_machine",
      "name": "bastion200-team395",
      "provider": "provider.lovi",
      "instances": [
        {
          "schema_version": 0,
          "attributes": {
            "cpu_pinning_group_name": "",
            "europa_backend_name": "dorado002",
            "hypervisor_name": "isuadm0006",
            "id": "cd2d36f6-88c0-4719-897e-6e8e64155876",
            "memory_kib": 2097152,
            "name": "team395-bastion200",
            "read_bytes_sec": 0,
            "read_iops_sec": 0,
            "root_volume_gb": 10,
            "source_image_id": "c453a2ef-9865-4b14-bff2-0a78416ebea5",
            "vcpus": 1,
            "write_bytes_sec": 0,
            "write_iops_sec": 0
          },
          "private": "bnVsbA==",
          "dependencies": [
            "lovi_cpu_pinning_group.team395",
            "lovi_virtual_machine.problem-team395"
          ]
        }
      ]
    },
    {
      "mode": "managed",
      "type": "lovi_virtual_machine",
      "name": "bench-team395",
      "provider": "provider.lovi",
      "instances": [
        {
          "schema_version": 0,
          "attributes": {
            "cpu_pinning_group_name": "team395",
            "europa_backend_name": "dorado002",
            "hypervisor_name": "isucn0018",
            "id": "5fb9cb66-8025-40a6-b2cf-41c522e11abe",
            "memory_kib": 16777216,
            "name": "team395-bench",
            "read_bytes_sec": 100000000,
            "read_iops_sec": 200,
            "root_volume_gb": 10,
            "source_image_id": "8dea495b-373e-49ca-9b79-caa63e842c7f",
            "vcpus": 1,
            "write_bytes_sec": 100000000,
            "write_iops_sec": 200
          },
          "private": "bnVsbA==",
          "dependencies": [
            "lovi_cpu_pinning_group.team395",
            "lovi_virtual_machine.problem-team395"
          ]
        }
      ]
    },
    {
      "mode": "managed",
      "type": "lovi_virtual_machine",
      "name": "problem-team395",
      "each": "list",
      "provider": "provider.lovi",
      "instances": [
        {
          "index_key": 0,
          "schema_version": 0,
          "attributes": {
            "cpu_pinning_group_name": "team395",
            "europa_backend_name": "dorado002",
            "hypervisor_name": "isucn0018",
            "id": "927d8251-1d5d-41b6-9ece-bbe18a8f833b",
            "memory_kib": 2097152,
            "name": "team395-001",
            "read_bytes_sec": 100000000,
            "read_iops_sec": 200,
            "root_volume_gb": 10,
            "source_image_id": "23e33fcd-1951-4185-ba47-0a6fb1dcf50e",
            "vcpus": 1,
            "write_bytes_sec": 100000000,
            "write_iops_sec": 200
          },
          "private": "bnVsbA==",
          "dependencies": [
            "lovi_cpu_pinning_group.team395"
          ]
        },
        {
          "index_key": 1,
          "schema_version": 0,
          "attributes": {
            "cpu_pinning_group_name": "team395",
            "europa_backend_name": "dorado002",
            "hypervisor_name": "isucn0018",
            "id": "61703603-621d-40c4-8569-7daf43b5c21e",
            "memory_kib": 2097152,
            "name": "team395-002",
            "read_bytes_sec": 100000000,
            "read_iops_sec": 200,
            "root_volume_gb": 10,
            "source_image_id": "23e33fcd-1951-4185-ba47-0a6fb1dcf50e",
            "vcpus": 1,
            "write_bytes_sec": 100000000,
            "write_iops_sec": 200
          },
          "private": "bnVsbA==",
          "dependencies": [
            "lovi_cpu_pinning_group.team395"
          ]
        },
        {
          "index_key": 2,
          "schema_version": 0,
          "attributes": {
            "cpu_pinning_group_name": "team395",
            "europa_backend_name": "dorado002",
            "hypervisor_name": "isucn0018",
            "id": "644e7713-1c01-4b16-b613-7fdcb1ab5ea8",
            "memory_kib": 2097152,
            "name": "team395-003",
            "read_bytes_sec": 100000000,
            "read_iops_sec": 200,
            "root_volume_gb": 10,
            "source_image_id": "23e33fcd-1951-4185-ba47-0a6fb1dcf50e",
            "vcpus": 1,
            "write_bytes_sec": 100000000,
            "write_iops_sec": 200
          },
          "private": "bnVsbA==",
          "dependencies": [
            "lovi_cpu_pinning_group.team395"
          ]
        }
      ]
    }
  ]
}
