{
  "version": 4,
  "terraform_version": "0.12.24",
  "serial": 25,
  "lineage": "810285a8-ccba-80af-bd21-4c87ab918634",
  "outputs": {},
  "resources": [
    {
      "mode": "managed",
      "type": "lovi_address",
      "name": "bastion-team047",
      "provider": "provider.lovi",
      "instances": [
        {
          "schema_version": 0,
          "attributes": {
            "fixed_ip": "10.160.47.100",
            "id": "64aa3802-66ab-4d16-ae6a-939d8a06c15c",
            "ip": "10.160.47.100",
            "subnet_id": "9f428df3-1495-4e71-81c7-dd9bb6ca16f3",
            "timeouts": null
          },
          "private": "eyJlMmJmYjczMC1lY2FhLTExZTYtOGY4OC0zNDM2M2JjN2M0YzAiOnsiY3JlYXRlIjo2MDAwMDAwMDAwMCwiZGVmYXVsdCI6NjAwMDAwMDAwMDAsImRlbGV0ZSI6NjAwMDAwMDAwMDAsInJlYWQiOjYwMDAwMDAwMDAwLCJ1cGRhdGUiOjYwMDAwMDAwMDAwfX0=",
          "dependencies": [
            "lovi_subnet.team047"
          ]
        }
      ]
    },
    {
      "mode": "managed",
      "type": "lovi_address",
      "name": "bench-team047",
      "provider": "provider.lovi",
      "instances": [
        {
          "schema_version": 0,
          "attributes": {
            "fixed_ip": "10.160.47.104",
            "id": "fa2d89ef-659f-4c5a-9909-555aaef115f9",
            "ip": "10.160.47.104",
            "subnet_id": "9f428df3-1495-4e71-81c7-dd9bb6ca16f3",
            "timeouts": null
          },
          "private": "eyJlMmJmYjczMC1lY2FhLTExZTYtOGY4OC0zNDM2M2JjN2M0YzAiOnsiY3JlYXRlIjo2MDAwMDAwMDAwMCwiZGVmYXVsdCI6NjAwMDAwMDAwMDAsImRlbGV0ZSI6NjAwMDAwMDAwMDAsInJlYWQiOjYwMDAwMDAwMDAwLCJ1cGRhdGUiOjYwMDAwMDAwMDAwfX0=",
          "dependencies": [
            "lovi_subnet.team047"
          ]
        }
      ]
    },
    {
      "mode": "managed",
      "type": "lovi_address",
      "name": "problem-team047",
      "each": "list",
      "provider": "provider.lovi",
      "instances": [
        {
          "index_key": 0,
          "schema_version": 0,
          "attributes": {
            "fixed_ip": "10.160.47.101",
            "id": "5e46e113-6060-4d52-af7e-72ca797a1752",
            "ip": "10.160.47.101",
            "subnet_id": "9f428df3-1495-4e71-81c7-dd9bb6ca16f3",
            "timeouts": null
          },
          "private": "eyJlMmJmYjczMC1lY2FhLTExZTYtOGY4OC0zNDM2M2JjN2M0YzAiOnsiY3JlYXRlIjo2MDAwMDAwMDAwMCwiZGVmYXVsdCI6NjAwMDAwMDAwMDAsImRlbGV0ZSI6NjAwMDAwMDAwMDAsInJlYWQiOjYwMDAwMDAwMDAwLCJ1cGRhdGUiOjYwMDAwMDAwMDAwfX0=",
          "dependencies": [
            "lovi_subnet.team047"
          ]
        },
        {
          "index_key": 1,
          "schema_version": 0,
          "attributes": {
            "fixed_ip": "10.160.47.102",
            "id": "fa2596b9-4427-4a20-9e60-ae84dbb3276c",
            "ip": "10.160.47.102",
            "subnet_id": "9f428df3-1495-4e71-81c7-dd9bb6ca16f3",
            "timeouts": null
          },
          "private": "eyJlMmJmYjczMC1lY2FhLTExZTYtOGY4OC0zNDM2M2JjN2M0YzAiOnsiY3JlYXRlIjo2MDAwMDAwMDAwMCwiZGVmYXVsdCI6NjAwMDAwMDAwMDAsImRlbGV0ZSI6NjAwMDAwMDAwMDAsInJlYWQiOjYwMDAwMDAwMDAwLCJ1cGRhdGUiOjYwMDAwMDAwMDAwfX0=",
          "dependencies": [
            "lovi_subnet.team047"
          ]
        },
        {
          "index_key": 2,
          "schema_version": 0,
          "attributes": {
            "fixed_ip": "10.160.47.103",
            "id": "21ccd93b-c262-4727-8ab5-6ba91efbb04e",
            "ip": "10.160.47.103",
            "subnet_id": "9f428df3-1495-4e71-81c7-dd9bb6ca16f3",
            "timeouts": null
          },
          "private": "eyJlMmJmYjczMC1lY2FhLTExZTYtOGY4OC0zNDM2M2JjN2M0YzAiOnsiY3JlYXRlIjo2MDAwMDAwMDAwMCwiZGVmYXVsdCI6NjAwMDAwMDAwMDAsImRlbGV0ZSI6NjAwMDAwMDAwMDAsInJlYWQiOjYwMDAwMDAwMDAwLCJ1cGRhdGUiOjYwMDAwMDAwMDAwfX0=",
          "dependencies": [
            "lovi_subnet.team047"
          ]
        }
      ]
    },
    {
      "mode": "managed",
      "type": "lovi_bridge",
      "name": "team047",
      "provider": "provider.lovi",
      "instances": [
        {
          "schema_version": 0,
          "attributes": {
            "id": "88ac59c8-cd9e-4c0e-b59c-72e980c3061c",
            "name": "team047",
            "timeouts": null,
            "vlan_id": 1047
          },
          "private": "eyJlMmJmYjczMC1lY2FhLTExZTYtOGY4OC0zNDM2M2JjN2M0YzAiOnsiY3JlYXRlIjo2MDAwMDAwMDAwMCwiZGVmYXVsdCI6NjAwMDAwMDAwMDAsImRlbGV0ZSI6NjAwMDAwMDAwMDAsInJlYWQiOjYwMDAwMDAwMDAwLCJ1cGRhdGUiOjYwMDAwMDAwMDAwfX0=",
          "dependencies": [
            "lovi_subnet.team047"
          ]
        }
      ]
    },
    {
      "mode": "managed",
      "type": "lovi_cpu_pinning_group",
      "name": "team047",
      "provider": "provider.lovi",
      "instances": [
        {
          "schema_version": 0,
          "attributes": {
            "count_of_core": 4,
            "hypervisor_name": "isucn0003",
            "id": "5d4ee74f-7e89-44cf-8716-94efc0ace4ec",
            "name": "team047"
          },
          "private": "bnVsbA=="
        }
      ]
    },
    {
      "mode": "managed",
      "type": "lovi_interface_attachment",
      "name": "bastion-team047",
      "provider": "provider.lovi",
      "instances": [
        {
          "schema_version": 0,
          "attributes": {
            "average": 125000,
            "bridge_id": "88ac59c8-cd9e-4c0e-b59c-72e980c3061c",
            "id": "52f284b4-c81e-4d88-aa90-84c649a14f93",
            "lease_id": "5e98071b-0278-422a-b642-095207cdeaf1",
            "name": "t047-ba",
            "timeouts": null,
            "virtual_machine_id": "abfadd66-52a9-4efe-b7cd-cfb4ae4777e0"
          },
          "private": "eyJlMmJmYjczMC1lY2FhLTExZTYtOGY4OC0zNDM2M2JjN2M0YzAiOnsiY3JlYXRlIjo2MDAwMDAwMDAwMCwiZGVmYXVsdCI6NjAwMDAwMDAwMDAsImRlbGV0ZSI6NjAwMDAwMDAwMDAsInJlYWQiOjYwMDAwMDAwMDAwLCJ1cGRhdGUiOjYwMDAwMDAwMDAwfX0=",
          "dependencies": [
            "lovi_address.bastion-team047",
            "lovi_bridge.team047",
            "lovi_cpu_pinning_group.team047",
            "lovi_lease.bastion-team047",
            "lovi_subnet.team047",
            "lovi_virtual_machine.bastion-team047",
            "lovi_virtual_machine.problem-team047"
          ]
        }
      ]
    },
    {
      "mode": "managed",
      "type": "lovi_interface_attachment",
      "name": "bench-team047",
      "provider": "provider.lovi",
      "instances": [
        {
          "schema_version": 0,
          "attributes": {
            "average": 12500,
            "bridge_id": "88ac59c8-cd9e-4c0e-b59c-72e980c3061c",
            "id": "a4a129fe-0486-4491-b130-5ba45fc55929",
            "lease_id": "c2e598cf-1e09-41b4-afe4-e409b6587d52",
            "name": "t047-be",
            "timeouts": null,
            "virtual_machine_id": "54ded976-937f-46fb-a957-7b3ffe7e63c3"
          },
          "private": "eyJlMmJmYjczMC1lY2FhLTExZTYtOGY4OC0zNDM2M2JjN2M0YzAiOnsiY3JlYXRlIjo2MDAwMDAwMDAwMCwiZGVmYXVsdCI6NjAwMDAwMDAwMDAsImRlbGV0ZSI6NjAwMDAwMDAwMDAsInJlYWQiOjYwMDAwMDAwMDAwLCJ1cGRhdGUiOjYwMDAwMDAwMDAwfX0=",
          "dependencies": [
            "lovi_address.bench-team047",
            "lovi_bridge.team047",
            "lovi_cpu_pinning_group.team047",
            "lovi_lease.bench-team047",
            "lovi_subnet.team047",
            "lovi_virtual_machine.bench-team047",
            "lovi_virtual_machine.problem-team047"
          ]
        }
      ]
    },
    {
      "mode": "managed",
      "type": "lovi_interface_attachment",
      "name": "problem-team047",
      "each": "list",
      "provider": "provider.lovi",
      "instances": [
        {
          "index_key": 0,
          "schema_version": 0,
          "attributes": {
            "average": 125000,
            "bridge_id": "88ac59c8-cd9e-4c0e-b59c-72e980c3061c",
            "id": "c70570a4-8fde-4fe2-8a13-38d37337e1b6",
            "lease_id": "be2a3e51-707a-4940-99d0-c65dd488c75d",
            "name": "t047-001",
            "timeouts": null,
            "virtual_machine_id": "3c1e3ea1-4f97-4dfd-ae16-d8337ac905a2"
          },
          "private": "eyJlMmJmYjczMC1lY2FhLTExZTYtOGY4OC0zNDM2M2JjN2M0YzAiOnsiY3JlYXRlIjo2MDAwMDAwMDAwMCwiZGVmYXVsdCI6NjAwMDAwMDAwMDAsImRlbGV0ZSI6NjAwMDAwMDAwMDAsInJlYWQiOjYwMDAwMDAwMDAwLCJ1cGRhdGUiOjYwMDAwMDAwMDAwfX0=",
          "dependencies": [
            "lovi_address.problem-team047",
            "lovi_bridge.team047",
            "lovi_cpu_pinning_group.team047",
            "lovi_lease.problem-team047",
            "lovi_subnet.team047",
            "lovi_virtual_machine.problem-team047"
          ]
        },
        {
          "index_key": 1,
          "schema_version": 0,
          "attributes": {
            "average": 125000,
            "bridge_id": "88ac59c8-cd9e-4c0e-b59c-72e980c3061c",
            "id": "f3b7d334-dafc-4d09-9d63-0fc10d8838e5",
            "lease_id": "87a3d510-528d-4603-a970-7fbd98530f7a",
            "name": "t047-002",
            "timeouts": null,
            "virtual_machine_id": "2f33f4c7-50d4-49ed-8f8c-9031b0bb4117"
          },
          "private": "eyJlMmJmYjczMC1lY2FhLTExZTYtOGY4OC0zNDM2M2JjN2M0YzAiOnsiY3JlYXRlIjo2MDAwMDAwMDAwMCwiZGVmYXVsdCI6NjAwMDAwMDAwMDAsImRlbGV0ZSI6NjAwMDAwMDAwMDAsInJlYWQiOjYwMDAwMDAwMDAwLCJ1cGRhdGUiOjYwMDAwMDAwMDAwfX0=",
          "dependencies": [
            "lovi_address.problem-team047",
            "lovi_bridge.team047",
            "lovi_cpu_pinning_group.team047",
            "lovi_lease.problem-team047",
            "lovi_subnet.team047",
            "lovi_virtual_machine.problem-team047"
          ]
        },
        {
          "index_key": 2,
          "schema_version": 0,
          "attributes": {
            "average": 125000,
            "bridge_id": "88ac59c8-cd9e-4c0e-b59c-72e980c3061c",
            "id": "68aa68be-abe0-428c-84f4-6c116e61df44",
            "lease_id": "774dbc3d-20b7-4b76-9a77-84369d7682a5",
            "name": "t047-003",
            "timeouts": null,
            "virtual_machine_id": "d5231c3b-66cc-470c-9d0f-dc046663095d"
          },
          "private": "eyJlMmJmYjczMC1lY2FhLTExZTYtOGY4OC0zNDM2M2JjN2M0YzAiOnsiY3JlYXRlIjo2MDAwMDAwMDAwMCwiZGVmYXVsdCI6NjAwMDAwMDAwMDAsImRlbGV0ZSI6NjAwMDAwMDAwMDAsInJlYWQiOjYwMDAwMDAwMDAwLCJ1cGRhdGUiOjYwMDAwMDAwMDAwfX0=",
          "dependencies": [
            "lovi_address.problem-team047",
            "lovi_bridge.team047",
            "lovi_cpu_pinning_group.team047",
            "lovi_lease.problem-team047",
            "lovi_subnet.team047",
            "lovi_virtual_machine.problem-team047"
          ]
        }
      ]
    },
    {
      "mode": "managed",
      "type": "lovi_internal_bridge",
      "name": "team047",
      "provider": "provider.lovi",
      "instances": [
        {
          "schema_version": 0,
          "attributes": {
            "id": "1d9fc387-16ee-4d75-a80a-4ca7776a3e6c",
            "name": "team047-in",
            "timeouts": null
          },
          "private": "eyJlMmJmYjczMC1lY2FhLTExZTYtOGY4OC0zNDM2M2JjN2M0YzAiOnsiY3JlYXRlIjo2MDAwMDAwMDAwMCwiZGVmYXVsdCI6NjAwMDAwMDAwMDAsImRlbGV0ZSI6NjAwMDAwMDAwMDAsInJlYWQiOjYwMDAwMDAwMDAwLCJ1cGRhdGUiOjYwMDAwMDAwMDAwfX0="
        }
      ]
    },
    {
      "mode": "managed",
      "type": "lovi_lease",
      "name": "bastion-team047",
      "provider": "provider.lovi",
      "instances": [
        {
          "schema_version": 0,
          "attributes": {
            "address_id": "64aa3802-66ab-4d16-ae6a-939d8a06c15c",
            "id": "5e98071b-0278-422a-b642-095207cdeaf1",
            "mac_address": "ca:03:18:b5:e4:54",
            "timeouts": null
          },
          "private": "eyJlMmJmYjczMC1lY2FhLTExZTYtOGY4OC0zNDM2M2JjN2M0YzAiOnsiY3JlYXRlIjo2MDAwMDAwMDAwMCwiZGVmYXVsdCI6NjAwMDAwMDAwMDAsImRlbGV0ZSI6NjAwMDAwMDAwMDAsInJlYWQiOjYwMDAwMDAwMDAwLCJ1cGRhdGUiOjYwMDAwMDAwMDAwfX0=",
          "dependencies": [
            "lovi_address.bastion-team047",
            "lovi_subnet.team047"
          ]
        }
      ]
    },
    {
      "mode": "managed",
      "type": "lovi_lease",
      "name": "bench-team047",
      "provider": "provider.lovi",
      "instances": [
        {
          "schema_version": 0,
          "attributes": {
            "address_id": "fa2d89ef-659f-4c5a-9909-555aaef115f9",
            "id": "c2e598cf-1e09-41b4-afe4-e409b6587d52",
            "mac_address": "ca:03:18:31:05:cb",
            "timeouts": null
          },
          "private": "eyJlMmJmYjczMC1lY2FhLTExZTYtOGY4OC0zNDM2M2JjN2M0YzAiOnsiY3JlYXRlIjo2MDAwMDAwMDAwMCwiZGVmYXVsdCI6NjAwMDAwMDAwMDAsImRlbGV0ZSI6NjAwMDAwMDAwMDAsInJlYWQiOjYwMDAwMDAwMDAwLCJ1cGRhdGUiOjYwMDAwMDAwMDAwfX0=",
          "dependencies": [
            "lovi_address.bench-team047",
            "lovi_subnet.team047"
          ]
        }
      ]
    },
    {
      "mode": "managed",
      "type": "lovi_lease",
      "name": "problem-team047",
      "each": "list",
      "provider": "provider.lovi",
      "instances": [
        {
          "index_key": 0,
          "schema_version": 0,
          "attributes": {
            "address_id": "5e46e113-6060-4d52-af7e-72ca797a1752",
            "id": "be2a3e51-707a-4940-99d0-c65dd488c75d",
            "mac_address": "ca:03:18:c0:e6:6e",
            "timeouts": null
          },
          "private": "eyJlMmJmYjczMC1lY2FhLTExZTYtOGY4OC0zNDM2M2JjN2M0YzAiOnsiY3JlYXRlIjo2MDAwMDAwMDAwMCwiZGVmYXVsdCI6NjAwMDAwMDAwMDAsImRlbGV0ZSI6NjAwMDAwMDAwMDAsInJlYWQiOjYwMDAwMDAwMDAwLCJ1cGRhdGUiOjYwMDAwMDAwMDAwfX0=",
          "dependencies": [
            "lovi_address.problem-team047",
            "lovi_subnet.team047"
          ]
        },
        {
          "index_key": 1,
          "schema_version": 0,
          "attributes": {
            "address_id": "fa2596b9-4427-4a20-9e60-ae84dbb3276c",
            "id": "87a3d510-528d-4603-a970-7fbd98530f7a",
            "mac_address": "ca:03:18:d0:4d:2a",
            "timeouts": null
          },
          "private": "eyJlMmJmYjczMC1lY2FhLTExZTYtOGY4OC0zNDM2M2JjN2M0YzAiOnsiY3JlYXRlIjo2MDAwMDAwMDAwMCwiZGVmYXVsdCI6NjAwMDAwMDAwMDAsImRlbGV0ZSI6NjAwMDAwMDAwMDAsInJlYWQiOjYwMDAwMDAwMDAwLCJ1cGRhdGUiOjYwMDAwMDAwMDAwfX0=",
          "dependencies": [
            "lovi_address.problem-team047",
            "lovi_subnet.team047"
          ]
        },
        {
          "index_key": 2,
          "schema_version": 0,
          "attributes": {
            "address_id": "21ccd93b-c262-4727-8ab5-6ba91efbb04e",
            "id": "774dbc3d-20b7-4b76-9a77-84369d7682a5",
            "mac_address": "ca:03:18:74:3e:53",
            "timeouts": null
          },
          "private": "eyJlMmJmYjczMC1lY2FhLTExZTYtOGY4OC0zNDM2M2JjN2M0YzAiOnsiY3JlYXRlIjo2MDAwMDAwMDAwMCwiZGVmYXVsdCI6NjAwMDAwMDAwMDAsImRlbGV0ZSI6NjAwMDAwMDAwMDAsInJlYWQiOjYwMDAwMDAwMDAwLCJ1cGRhdGUiOjYwMDAwMDAwMDAwfX0=",
          "dependencies": [
            "lovi_address.problem-team047",
            "lovi_subnet.team047"
          ]
        }
      ]
    },
    {
      "mode": "managed",
      "type": "lovi_subnet",
      "name": "team047",
      "provider": "provider.lovi",
      "instances": [
        {
          "schema_version": 0,
          "attributes": {
            "dns_server": "8.8.8.8",
            "end": "10.160.47.200",
            "gateway": "10.160.47.254",
            "id": "9f428df3-1495-4e71-81c7-dd9bb6ca16f3",
            "metadata_server": "10.160.47.1",
            "name": "team047",
            "network": "10.160.47.0/24",
            "start": "10.160.47.100",
            "timeouts": null,
            "vlan_id": 1047
          },
          "private": "eyJlMmJmYjczMC1lY2FhLTExZTYtOGY4OC0zNDM2M2JjN2M0YzAiOnsiY3JlYXRlIjo2MDAwMDAwMDAwMCwiZGVmYXVsdCI6NjAwMDAwMDAwMDAsImRlbGV0ZSI6NjAwMDAwMDAwMDAsInJlYWQiOjYwMDAwMDAwMDAwLCJ1cGRhdGUiOjYwMDAwMDAwMDAwfX0="
        }
      ]
    },
    {
      "mode": "managed",
      "type": "lovi_virtual_machine",
      "name": "bastion-team047",
      "provider": "provider.lovi",
      "instances": [
        {
          "schema_version": 0,
          "attributes": {
            "cpu_pinning_group_name": "",
            "hypervisor_name": "isuadm0002",
            "id": "abfadd66-52a9-4efe-b7cd-cfb4ae4777e0",
            "memory_kib": 2097152,
            "name": "team047-bastion",
            "read_bytes_sec": 0,
            "read_iops_sec": 0,
            "root_volume_gb": 10,
            "source_image_id": "bab847e2-b14f-4463-80ee-8cfb36392ea9",
            "vcpus": 1,
            "write_bytes_sec": 0,
            "write_iops_sec": 0
          },
          "private": "bnVsbA==",
          "dependencies": [
            "lovi_cpu_pinning_group.team047",
            "lovi_virtual_machine.problem-team047"
          ]
        }
      ]
    },
    {
      "mode": "managed",
      "type": "lovi_virtual_machine",
      "name": "bench-team047",
      "provider": "provider.lovi",
      "instances": [
        {
          "schema_version": 0,
          "attributes": {
            "cpu_pinning_group_name": "team047",
            "hypervisor_name": "isucn0003",
            "id": "54ded976-937f-46fb-a957-7b3ffe7e63c3",
            "memory_kib": 16777216,
            "name": "team047-bench",
            "read_bytes_sec": 100000000,
            "read_iops_sec": 200,
            "root_volume_gb": 10,
            "source_image_id": "2c56bd7b-f594-43f7-baa0-6863d9eb4348",
            "vcpus": 1,
            "write_bytes_sec": 100000000,
            "write_iops_sec": 200
          },
          "private": "bnVsbA==",
          "dependencies": [
            "lovi_cpu_pinning_group.team047",
            "lovi_virtual_machine.problem-team047"
          ]
        }
      ]
    },
    {
      "mode": "managed",
      "type": "lovi_virtual_machine",
      "name": "problem-team047",
      "each": "list",
      "provider": "provider.lovi",
      "instances": [
        {
          "index_key": 0,
          "schema_version": 0,
          "attributes": {
            "cpu_pinning_group_name": "team047",
            "hypervisor_name": "isucn0003",
            "id": "3c1e3ea1-4f97-4dfd-ae16-d8337ac905a2",
            "memory_kib": 2097152,
            "name": "team047-001",
            "read_bytes_sec": 100000000,
            "read_iops_sec": 200,
            "root_volume_gb": 10,
            "source_image_id": "30afbf08-a9d2-4245-ab7f-a4c1a83bf062",
            "vcpus": 1,
            "write_bytes_sec": 100000000,
            "write_iops_sec": 200
          },
          "private": "bnVsbA==",
          "dependencies": [
            "lovi_cpu_pinning_group.team047"
          ]
        },
        {
          "index_key": 1,
          "schema_version": 0,
          "attributes": {
            "cpu_pinning_group_name": "team047",
            "hypervisor_name": "isucn0003",
            "id": "2f33f4c7-50d4-49ed-8f8c-9031b0bb4117",
            "memory_kib": 2097152,
            "name": "team047-002",
            "read_bytes_sec": 100000000,
            "read_iops_sec": 200,
            "root_volume_gb": 10,
            "source_image_id": "30afbf08-a9d2-4245-ab7f-a4c1a83bf062",
            "vcpus": 1,
            "write_bytes_sec": 100000000,
            "write_iops_sec": 200
          },
          "private": "bnVsbA==",
          "dependencies": [
            "lovi_cpu_pinning_group.team047"
          ]
        },
        {
          "index_key": 2,
          "schema_version": 0,
          "attributes": {
            "cpu_pinning_group_name": "team047",
            "hypervisor_name": "isucn0003",
            "id": "d5231c3b-66cc-470c-9d0f-dc046663095d",
            "memory_kib": 2097152,
            "name": "team047-003",
            "read_bytes_sec": 100000000,
            "read_iops_sec": 200,
            "root_volume_gb": 10,
            "source_image_id": "30afbf08-a9d2-4245-ab7f-a4c1a83bf062",
            "vcpus": 1,
            "write_bytes_sec": 100000000,
            "write_iops_sec": 200
          },
          "private": "bnVsbA==",
          "dependencies": [
            "lovi_cpu_pinning_group.team047"
          ]
        }
      ]
    }
  ]
}
