{
  "version": 4,
  "terraform_version": "0.12.24",
  "serial": 29,
  "lineage": "46c9be0c-c780-7460-0efa-6978b896054c",
  "outputs": {},
  "resources": [
    {
      "mode": "managed",
      "type": "lovi_address",
      "name": "bastion100-team468",
      "provider": "provider.lovi",
      "instances": [
        {
          "schema_version": 0,
          "attributes": {
            "fixed_ip": "10.164.68.100",
            "id": "bf126494-53e1-45e4-a9af-52bae9c8bdd0",
            "ip": "10.164.68.100",
            "subnet_id": "3ddd4dac-10ee-4fad-9f87-65230335b343",
            "timeouts": null
          },
          "private": "eyJlMmJmYjczMC1lY2FhLTExZTYtOGY4OC0zNDM2M2JjN2M0YzAiOnsiY3JlYXRlIjo2MDAwMDAwMDAwMCwiZGVmYXVsdCI6NjAwMDAwMDAwMDAsImRlbGV0ZSI6NjAwMDAwMDAwMDAsInJlYWQiOjYwMDAwMDAwMDAwLCJ1cGRhdGUiOjYwMDAwMDAwMDAwfX0=",
          "dependencies": [
            "lovi_subnet.team468"
          ]
        }
      ]
    },
    {
      "mode": "managed",
      "type": "lovi_address",
      "name": "bastion200-team468",
      "provider": "provider.lovi",
      "instances": [
        {
          "schema_version": 0,
          "attributes": {
            "fixed_ip": "10.164.68.200",
            "id": "679851bc-e4b5-4b27-8a76-d85c4fb142d9",
            "ip": "10.164.68.200",
            "subnet_id": "3ddd4dac-10ee-4fad-9f87-65230335b343",
            "timeouts": null
          },
          "private": "eyJlMmJmYjczMC1lY2FhLTExZTYtOGY4OC0zNDM2M2JjN2M0YzAiOnsiY3JlYXRlIjo2MDAwMDAwMDAwMCwiZGVmYXVsdCI6NjAwMDAwMDAwMDAsImRlbGV0ZSI6NjAwMDAwMDAwMDAsInJlYWQiOjYwMDAwMDAwMDAwLCJ1cGRhdGUiOjYwMDAwMDAwMDAwfX0=",
          "dependencies": [
            "lovi_subnet.team468"
          ]
        }
      ]
    },
    {
      "mode": "managed",
      "type": "lovi_address",
      "name": "bench-team468",
      "provider": "provider.lovi",
      "instances": [
        {
          "schema_version": 0,
          "attributes": {
            "fixed_ip": "10.164.68.104",
            "id": "514221d4-9519-4461-98a2-f29d5ee66d43",
            "ip": "10.164.68.104",
            "subnet_id": "3ddd4dac-10ee-4fad-9f87-65230335b343",
            "timeouts": null
          },
          "private": "eyJlMmJmYjczMC1lY2FhLTExZTYtOGY4OC0zNDM2M2JjN2M0YzAiOnsiY3JlYXRlIjo2MDAwMDAwMDAwMCwiZGVmYXVsdCI6NjAwMDAwMDAwMDAsImRlbGV0ZSI6NjAwMDAwMDAwMDAsInJlYWQiOjYwMDAwMDAwMDAwLCJ1cGRhdGUiOjYwMDAwMDAwMDAwfX0=",
          "dependencies": [
            "lovi_subnet.team468"
          ]
        }
      ]
    },
    {
      "mode": "managed",
      "type": "lovi_address",
      "name": "problem-team468",
      "each": "list",
      "provider": "provider.lovi",
      "instances": [
        {
          "index_key": 0,
          "schema_version": 0,
          "attributes": {
            "fixed_ip": "10.164.68.101",
            "id": "1d50acdc-7947-4d6c-b510-e148cf0b64e4",
            "ip": "10.164.68.101",
            "subnet_id": "3ddd4dac-10ee-4fad-9f87-65230335b343",
            "timeouts": null
          },
          "private": "eyJlMmJmYjczMC1lY2FhLTExZTYtOGY4OC0zNDM2M2JjN2M0YzAiOnsiY3JlYXRlIjo2MDAwMDAwMDAwMCwiZGVmYXVsdCI6NjAwMDAwMDAwMDAsImRlbGV0ZSI6NjAwMDAwMDAwMDAsInJlYWQiOjYwMDAwMDAwMDAwLCJ1cGRhdGUiOjYwMDAwMDAwMDAwfX0=",
          "dependencies": [
            "lovi_subnet.team468"
          ]
        },
        {
          "index_key": 1,
          "schema_version": 0,
          "attributes": {
            "fixed_ip": "10.164.68.102",
            "id": "5ca91451-83b2-474e-b353-86f2733b6d1c",
            "ip": "10.164.68.102",
            "subnet_id": "3ddd4dac-10ee-4fad-9f87-65230335b343",
            "timeouts": null
          },
          "private": "eyJlMmJmYjczMC1lY2FhLTExZTYtOGY4OC0zNDM2M2JjN2M0YzAiOnsiY3JlYXRlIjo2MDAwMDAwMDAwMCwiZGVmYXVsdCI6NjAwMDAwMDAwMDAsImRlbGV0ZSI6NjAwMDAwMDAwMDAsInJlYWQiOjYwMDAwMDAwMDAwLCJ1cGRhdGUiOjYwMDAwMDAwMDAwfX0=",
          "dependencies": [
            "lovi_subnet.team468"
          ]
        },
        {
          "index_key": 2,
          "schema_version": 0,
          "attributes": {
            "fixed_ip": "10.164.68.103",
            "id": "250afc3f-b429-47db-946b-e857953df5a4",
            "ip": "10.164.68.103",
            "subnet_id": "3ddd4dac-10ee-4fad-9f87-65230335b343",
            "timeouts": null
          },
          "private": "eyJlMmJmYjczMC1lY2FhLTExZTYtOGY4OC0zNDM2M2JjN2M0YzAiOnsiY3JlYXRlIjo2MDAwMDAwMDAwMCwiZGVmYXVsdCI6NjAwMDAwMDAwMDAsImRlbGV0ZSI6NjAwMDAwMDAwMDAsInJlYWQiOjYwMDAwMDAwMDAwLCJ1cGRhdGUiOjYwMDAwMDAwMDAwfX0=",
          "dependencies": [
            "lovi_subnet.team468"
          ]
        }
      ]
    },
    {
      "mode": "managed",
      "type": "lovi_bridge",
      "name": "team468",
      "provider": "provider.lovi",
      "instances": [
        {
          "schema_version": 0,
          "attributes": {
            "id": "868ed407-8021-4257-bcf4-caf59f80d031",
            "name": "team468",
            "timeouts": null,
            "vlan_id": 1468
          },
          "private": "eyJlMmJmYjczMC1lY2FhLTExZTYtOGY4OC0zNDM2M2JjN2M0YzAiOnsiY3JlYXRlIjo2MDAwMDAwMDAwMCwiZGVmYXVsdCI6NjAwMDAwMDAwMDAsImRlbGV0ZSI6NjAwMDAwMDAwMDAsInJlYWQiOjYwMDAwMDAwMDAwLCJ1cGRhdGUiOjYwMDAwMDAwMDAwfX0=",
          "dependencies": [
            "lovi_subnet.team468"
          ]
        }
      ]
    },
    {
      "mode": "managed",
      "type": "lovi_cpu_pinning_group",
      "name": "team468",
      "provider": "provider.lovi",
      "instances": [
        {
          "schema_version": 0,
          "attributes": {
            "count_of_core": 4,
            "hypervisor_name": "isucn0021",
            "id": "1a964577-ff62-41ed-ac8e-78295a6a3948",
            "name": "team468"
          },
          "private": "bnVsbA=="
        }
      ]
    },
    {
      "mode": "managed",
      "type": "lovi_interface_attachment",
      "name": "bastion100-team468",
      "provider": "provider.lovi",
      "instances": [
        {
          "schema_version": 0,
          "attributes": {
            "average": 125000,
            "bridge_id": "868ed407-8021-4257-bcf4-caf59f80d031",
            "id": "2cadea2b-d878-4a87-a225-cf8f7a6ec7b3",
            "lease_id": "1a8059c1-18e4-40aa-aee7-c18a81d4f041",
            "name": "t468-ba100",
            "timeouts": null,
            "virtual_machine_id": "5eda524d-761c-43df-8656-5063ef47e112"
          },
          "private": "eyJlMmJmYjczMC1lY2FhLTExZTYtOGY4OC0zNDM2M2JjN2M0YzAiOnsiY3JlYXRlIjo2MDAwMDAwMDAwMCwiZGVmYXVsdCI6NjAwMDAwMDAwMDAsImRlbGV0ZSI6NjAwMDAwMDAwMDAsInJlYWQiOjYwMDAwMDAwMDAwLCJ1cGRhdGUiOjYwMDAwMDAwMDAwfX0=",
          "dependencies": [
            "lovi_address.bastion100-team468",
            "lovi_bridge.team468",
            "lovi_cpu_pinning_group.team468",
            "lovi_lease.bastion100-team468",
            "lovi_subnet.team468",
            "lovi_virtual_machine.bastion100-team468",
            "lovi_virtual_machine.problem-team468"
          ]
        }
      ]
    },
    {
      "mode": "managed",
      "type": "lovi_interface_attachment",
      "name": "bastion200-team468",
      "provider": "provider.lovi",
      "instances": [
        {
          "schema_version": 0,
          "attributes": {
            "average": 125000,
            "bridge_id": "868ed407-8021-4257-bcf4-caf59f80d031",
            "id": "223b934f-1c02-466d-88ac-b1835d843c46",
            "lease_id": "d8676833-934e-4e18-bd76-724a0b115926",
            "name": "t468-ba200",
            "timeouts": null,
            "virtual_machine_id": "41253396-8169-4892-9f5e-68587b9828ef"
          },
          "private": "eyJlMmJmYjczMC1lY2FhLTExZTYtOGY4OC0zNDM2M2JjN2M0YzAiOnsiY3JlYXRlIjo2MDAwMDAwMDAwMCwiZGVmYXVsdCI6NjAwMDAwMDAwMDAsImRlbGV0ZSI6NjAwMDAwMDAwMDAsInJlYWQiOjYwMDAwMDAwMDAwLCJ1cGRhdGUiOjYwMDAwMDAwMDAwfX0=",
          "dependencies": [
            "lovi_address.bastion200-team468",
            "lovi_bridge.team468",
            "lovi_cpu_pinning_group.team468",
            "lovi_lease.bastion200-team468",
            "lovi_subnet.team468",
            "lovi_virtual_machine.bastion200-team468",
            "lovi_virtual_machine.problem-team468"
          ]
        }
      ]
    },
    {
      "mode": "managed",
      "type": "lovi_interface_attachment",
      "name": "bench-team468",
      "provider": "provider.lovi",
      "instances": [
        {
          "schema_version": 0,
          "attributes": {
            "average": 12500,
            "bridge_id": "868ed407-8021-4257-bcf4-caf59f80d031",
            "id": "f322a944-c7c3-4335-8992-5fd3151fe264",
            "lease_id": "047bdbb4-2190-41c5-be27-fca3b92e3142",
            "name": "t468-be",
            "timeouts": null,
            "virtual_machine_id": "1bb1c427-13ad-460e-9fd7-9d77509d6ef3"
          },
          "private": "eyJlMmJmYjczMC1lY2FhLTExZTYtOGY4OC0zNDM2M2JjN2M0YzAiOnsiY3JlYXRlIjo2MDAwMDAwMDAwMCwiZGVmYXVsdCI6NjAwMDAwMDAwMDAsImRlbGV0ZSI6NjAwMDAwMDAwMDAsInJlYWQiOjYwMDAwMDAwMDAwLCJ1cGRhdGUiOjYwMDAwMDAwMDAwfX0=",
          "dependencies": [
            "lovi_address.bench-team468",
            "lovi_bridge.team468",
            "lovi_cpu_pinning_group.team468",
            "lovi_lease.bench-team468",
            "lovi_subnet.team468",
            "lovi_virtual_machine.bench-team468",
            "lovi_virtual_machine.problem-team468"
          ]
        }
      ]
    },
    {
      "mode": "managed",
      "type": "lovi_interface_attachment",
      "name": "problem-team468",
      "each": "list",
      "provider": "provider.lovi",
      "instances": [
        {
          "index_key": 0,
          "schema_version": 0,
          "attributes": {
            "average": 125000,
            "bridge_id": "868ed407-8021-4257-bcf4-caf59f80d031",
            "id": "1e7392b4-f09b-4ad6-88a9-fa6a28da6e79",
            "lease_id": "9d2ad8fa-b0a7-487c-947d-1963c37e7a3b",
            "name": "t468-001",
            "timeouts": null,
            "virtual_machine_id": "5771c6a2-1b52-49bd-acbd-cf405883e0c5"
          },
          "private": "eyJlMmJmYjczMC1lY2FhLTExZTYtOGY4OC0zNDM2M2JjN2M0YzAiOnsiY3JlYXRlIjo2MDAwMDAwMDAwMCwiZGVmYXVsdCI6NjAwMDAwMDAwMDAsImRlbGV0ZSI6NjAwMDAwMDAwMDAsInJlYWQiOjYwMDAwMDAwMDAwLCJ1cGRhdGUiOjYwMDAwMDAwMDAwfX0=",
          "dependencies": [
            "lovi_address.problem-team468",
            "lovi_bridge.team468",
            "lovi_cpu_pinning_group.team468",
            "lovi_lease.problem-team468",
            "lovi_subnet.team468",
            "lovi_virtual_machine.problem-team468"
          ]
        },
        {
          "index_key": 1,
          "schema_version": 0,
          "attributes": {
            "average": 125000,
            "bridge_id": "868ed407-8021-4257-bcf4-caf59f80d031",
            "id": "0033328b-4ea1-43fa-91a0-077c81913951",
            "lease_id": "69e6b365-60e5-47cb-aa52-cdfeb08b6a52",
            "name": "t468-002",
            "timeouts": null,
            "virtual_machine_id": "52ab1e39-86bd-40bc-a995-4f39985be25e"
          },
          "private": "eyJlMmJmYjczMC1lY2FhLTExZTYtOGY4OC0zNDM2M2JjN2M0YzAiOnsiY3JlYXRlIjo2MDAwMDAwMDAwMCwiZGVmYXVsdCI6NjAwMDAwMDAwMDAsImRlbGV0ZSI6NjAwMDAwMDAwMDAsInJlYWQiOjYwMDAwMDAwMDAwLCJ1cGRhdGUiOjYwMDAwMDAwMDAwfX0=",
          "dependencies": [
            "lovi_address.problem-team468",
            "lovi_bridge.team468",
            "lovi_cpu_pinning_group.team468",
            "lovi_lease.problem-team468",
            "lovi_subnet.team468",
            "lovi_virtual_machine.problem-team468"
          ]
        },
        {
          "index_key": 2,
          "schema_version": 0,
          "attributes": {
            "average": 125000,
            "bridge_id": "868ed407-8021-4257-bcf4-caf59f80d031",
            "id": "3ea4094e-6a32-4785-96dc-9afbddd96f30",
            "lease_id": "111b0c5c-00ae-4d7f-8384-0180ec2a845d",
            "name": "t468-003",
            "timeouts": null,
            "virtual_machine_id": "a296fe76-a73a-4a0b-85c4-ef8d603e4c54"
          },
          "private": "eyJlMmJmYjczMC1lY2FhLTExZTYtOGY4OC0zNDM2M2JjN2M0YzAiOnsiY3JlYXRlIjo2MDAwMDAwMDAwMCwiZGVmYXVsdCI6NjAwMDAwMDAwMDAsImRlbGV0ZSI6NjAwMDAwMDAwMDAsInJlYWQiOjYwMDAwMDAwMDAwLCJ1cGRhdGUiOjYwMDAwMDAwMDAwfX0=",
          "dependencies": [
            "lovi_address.problem-team468",
            "lovi_bridge.team468",
            "lovi_cpu_pinning_group.team468",
            "lovi_lease.problem-team468",
            "lovi_subnet.team468",
            "lovi_virtual_machine.problem-team468"
          ]
        }
      ]
    },
    {
      "mode": "managed",
      "type": "lovi_internal_bridge",
      "name": "team468",
      "provider": "provider.lovi",
      "instances": [
        {
          "schema_version": 0,
          "attributes": {
            "id": "34050ef5-b9f9-471a-a21d-068fba38d42b",
            "name": "team468-in",
            "timeouts": null
          },
          "private": "eyJlMmJmYjczMC1lY2FhLTExZTYtOGY4OC0zNDM2M2JjN2M0YzAiOnsiY3JlYXRlIjo2MDAwMDAwMDAwMCwiZGVmYXVsdCI6NjAwMDAwMDAwMDAsImRlbGV0ZSI6NjAwMDAwMDAwMDAsInJlYWQiOjYwMDAwMDAwMDAwLCJ1cGRhdGUiOjYwMDAwMDAwMDAwfX0="
        }
      ]
    },
    {
      "mode": "managed",
      "type": "lovi_lease",
      "name": "bastion100-team468",
      "provider": "provider.lovi",
      "instances": [
        {
          "schema_version": 0,
          "attributes": {
            "address_id": "bf126494-53e1-45e4-a9af-52bae9c8bdd0",
            "id": "1a8059c1-18e4-40aa-aee7-c18a81d4f041",
            "mac_address": "ca:03:18:6d:52:17",
            "timeouts": null
          },
          "private": "eyJlMmJmYjczMC1lY2FhLTExZTYtOGY4OC0zNDM2M2JjN2M0YzAiOnsiY3JlYXRlIjo2MDAwMDAwMDAwMCwiZGVmYXVsdCI6NjAwMDAwMDAwMDAsImRlbGV0ZSI6NjAwMDAwMDAwMDAsInJlYWQiOjYwMDAwMDAwMDAwLCJ1cGRhdGUiOjYwMDAwMDAwMDAwfX0=",
          "dependencies": [
            "lovi_address.bastion100-team468",
            "lovi_subnet.team468"
          ]
        }
      ]
    },
    {
      "mode": "managed",
      "type": "lovi_lease",
      "name": "bastion200-team468",
      "provider": "provider.lovi",
      "instances": [
        {
          "schema_version": 0,
          "attributes": {
            "address_id": "679851bc-e4b5-4b27-8a76-d85c4fb142d9",
            "id": "d8676833-934e-4e18-bd76-724a0b115926",
            "mac_address": "ca:03:18:d5:df:81",
            "timeouts": null
          },
          "private": "eyJlMmJmYjczMC1lY2FhLTExZTYtOGY4OC0zNDM2M2JjN2M0YzAiOnsiY3JlYXRlIjo2MDAwMDAwMDAwMCwiZGVmYXVsdCI6NjAwMDAwMDAwMDAsImRlbGV0ZSI6NjAwMDAwMDAwMDAsInJlYWQiOjYwMDAwMDAwMDAwLCJ1cGRhdGUiOjYwMDAwMDAwMDAwfX0=",
          "dependencies": [
            "lovi_address.bastion200-team468",
            "lovi_subnet.team468"
          ]
        }
      ]
    },
    {
      "mode": "managed",
      "type": "lovi_lease",
      "name": "bench-team468",
      "provider": "provider.lovi",
      "instances": [
        {
          "schema_version": 0,
          "attributes": {
            "address_id": "514221d4-9519-4461-98a2-f29d5ee66d43",
            "id": "047bdbb4-2190-41c5-be27-fca3b92e3142",
            "mac_address": "ca:03:18:71:71:ed",
            "timeouts": null
          },
          "private": "eyJlMmJmYjczMC1lY2FhLTExZTYtOGY4OC0zNDM2M2JjN2M0YzAiOnsiY3JlYXRlIjo2MDAwMDAwMDAwMCwiZGVmYXVsdCI6NjAwMDAwMDAwMDAsImRlbGV0ZSI6NjAwMDAwMDAwMDAsInJlYWQiOjYwMDAwMDAwMDAwLCJ1cGRhdGUiOjYwMDAwMDAwMDAwfX0=",
          "dependencies": [
            "lovi_address.bench-team468",
            "lovi_subnet.team468"
          ]
        }
      ]
    },
    {
      "mode": "managed",
      "type": "lovi_lease",
      "name": "problem-team468",
      "each": "list",
      "provider": "provider.lovi",
      "instances": [
        {
          "index_key": 0,
          "schema_version": 0,
          "attributes": {
            "address_id": "1d50acdc-7947-4d6c-b510-e148cf0b64e4",
            "id": "9d2ad8fa-b0a7-487c-947d-1963c37e7a3b",
            "mac_address": "ca:03:18:88:3a:fa",
            "timeouts": null
          },
          "private": "eyJlMmJmYjczMC1lY2FhLTExZTYtOGY4OC0zNDM2M2JjN2M0YzAiOnsiY3JlYXRlIjo2MDAwMDAwMDAwMCwiZGVmYXVsdCI6NjAwMDAwMDAwMDAsImRlbGV0ZSI6NjAwMDAwMDAwMDAsInJlYWQiOjYwMDAwMDAwMDAwLCJ1cGRhdGUiOjYwMDAwMDAwMDAwfX0=",
          "dependencies": [
            "lovi_address.problem-team468",
            "lovi_subnet.team468"
          ]
        },
        {
          "index_key": 1,
          "schema_version": 0,
          "attributes": {
            "address_id": "5ca91451-83b2-474e-b353-86f2733b6d1c",
            "id": "69e6b365-60e5-47cb-aa52-cdfeb08b6a52",
            "mac_address": "ca:03:18:0f:1f:92",
            "timeouts": null
          },
          "private": "eyJlMmJmYjczMC1lY2FhLTExZTYtOGY4OC0zNDM2M2JjN2M0YzAiOnsiY3JlYXRlIjo2MDAwMDAwMDAwMCwiZGVmYXVsdCI6NjAwMDAwMDAwMDAsImRlbGV0ZSI6NjAwMDAwMDAwMDAsInJlYWQiOjYwMDAwMDAwMDAwLCJ1cGRhdGUiOjYwMDAwMDAwMDAwfX0=",
          "dependencies": [
            "lovi_address.problem-team468",
            "lovi_subnet.team468"
          ]
        },
        {
          "index_key": 2,
          "schema_version": 0,
          "attributes": {
            "address_id": "250afc3f-b429-47db-946b-e857953df5a4",
            "id": "111b0c5c-00ae-4d7f-8384-0180ec2a845d",
            "mac_address": "ca:03:18:94:c2:a0",
            "timeouts": null
          },
          "private": "eyJlMmJmYjczMC1lY2FhLTExZTYtOGY4OC0zNDM2M2JjN2M0YzAiOnsiY3JlYXRlIjo2MDAwMDAwMDAwMCwiZGVmYXVsdCI6NjAwMDAwMDAwMDAsImRlbGV0ZSI6NjAwMDAwMDAwMDAsInJlYWQiOjYwMDAwMDAwMDAwLCJ1cGRhdGUiOjYwMDAwMDAwMDAwfX0=",
          "dependencies": [
            "lovi_address.problem-team468",
            "lovi_subnet.team468"
          ]
        }
      ]
    },
    {
      "mode": "managed",
      "type": "lovi_subnet",
      "name": "team468",
      "provider": "provider.lovi",
      "instances": [
        {
          "schema_version": 0,
          "attributes": {
            "dns_server": "8.8.8.8",
            "end": "10.164.68.200",
            "gateway": "10.164.68.254",
            "id": "3ddd4dac-10ee-4fad-9f87-65230335b343",
            "metadata_server": "10.164.68.1",
            "name": "team468",
            "network": "10.164.68.0/24",
            "start": "10.164.68.100",
            "timeouts": null,
            "vlan_id": 1468
          },
          "private": "eyJlMmJmYjczMC1lY2FhLTExZTYtOGY4OC0zNDM2M2JjN2M0YzAiOnsiY3JlYXRlIjo2MDAwMDAwMDAwMCwiZGVmYXVsdCI6NjAwMDAwMDAwMDAsImRlbGV0ZSI6NjAwMDAwMDAwMDAsInJlYWQiOjYwMDAwMDAwMDAwLCJ1cGRhdGUiOjYwMDAwMDAwMDAwfX0="
        }
      ]
    },
    {
      "mode": "managed",
      "type": "lovi_virtual_machine",
      "name": "bastion100-team468",
      "provider": "provider.lovi",
      "instances": [
        {
          "schema_version": 0,
          "attributes": {
            "cpu_pinning_group_name": "",
            "europa_backend_name": "dorado002",
            "hypervisor_name": "isuadm0002",
            "id": "5eda524d-761c-43df-8656-5063ef47e112",
            "memory_kib": 2097152,
            "name": "team468-bastion100",
            "read_bytes_sec": 0,
            "read_iops_sec": 0,
            "root_volume_gb": 10,
            "source_image_id": "c453a2ef-9865-4b14-bff2-0a78416ebea5",
            "vcpus": 1,
            "write_bytes_sec": 0,
            "write_iops_sec": 0
          },
          "private": "bnVsbA==",
          "dependencies": [
            "lovi_cpu_pinning_group.team468",
            "lovi_virtual_machine.problem-team468"
          ]
        }
      ]
    },
    {
      "mode": "managed",
      "type": "lovi_virtual_machine",
      "name": "bastion200-team468",
      "provider": "provider.lovi",
      "instances": [
        {
          "schema_version": 0,
          "attributes": {
            "cpu_pinning_group_name": "",
            "europa_backend_name": "dorado002",
            "hypervisor_name": "isuadm0006",
            "id": "41253396-8169-4892-9f5e-68587b9828ef",
            "memory_kib": 2097152,
            "name": "team468-bastion200",
            "read_bytes_sec": 0,
            "read_iops_sec": 0,
            "root_volume_gb": 10,
            "source_image_id": "c453a2ef-9865-4b14-bff2-0a78416ebea5",
            "vcpus": 1,
            "write_bytes_sec": 0,
            "write_iops_sec": 0
          },
          "private": "bnVsbA==",
          "dependencies": [
            "lovi_cpu_pinning_group.team468",
            "lovi_virtual_machine.problem-team468"
          ]
        }
      ]
    },
    {
      "mode": "managed",
      "type": "lovi_virtual_machine",
      "name": "bench-team468",
      "provider": "provider.lovi",
      "instances": [
        {
          "schema_version": 0,
          "attributes": {
            "cpu_pinning_group_name": "team468",
            "europa_backend_name": "dorado002",
            "hypervisor_name": "isucn0021",
            "id": "1bb1c427-13ad-460e-9fd7-9d77509d6ef3",
            "memory_kib": 16777216,
            "name": "team468-bench",
            "read_bytes_sec": 100000000,
            "read_iops_sec": 200,
            "root_volume_gb": 10,
            "source_image_id": "8dea495b-373e-49ca-9b79-caa63e842c7f",
            "vcpus": 1,
            "write_bytes_sec": 100000000,
            "write_iops_sec": 200
          },
          "private": "bnVsbA==",
          "dependencies": [
            "lovi_cpu_pinning_group.team468",
            "lovi_virtual_machine.problem-team468"
          ]
        }
      ]
    },
    {
      "mode": "managed",
      "type": "lovi_virtual_machine",
      "name": "problem-team468",
      "each": "list",
      "provider": "provider.lovi",
      "instances": [
        {
          "index_key": 0,
          "schema_version": 0,
          "attributes": {
            "cpu_pinning_group_name": "team468",
            "europa_backend_name": "dorado002",
            "hypervisor_name": "isucn0021",
            "id": "5771c6a2-1b52-49bd-acbd-cf405883e0c5",
            "memory_kib": 2097152,
            "name": "team468-001",
            "read_bytes_sec": 100000000,
            "read_iops_sec": 200,
            "root_volume_gb": 10,
            "source_image_id": "23e33fcd-1951-4185-ba47-0a6fb1dcf50e",
            "vcpus": 1,
            "write_bytes_sec": 100000000,
            "write_iops_sec": 200
          },
          "private": "bnVsbA==",
          "dependencies": [
            "lovi_cpu_pinning_group.team468"
          ]
        },
        {
          "index_key": 1,
          "schema_version": 0,
          "attributes": {
            "cpu_pinning_group_name": "team468",
            "europa_backend_name": "dorado002",
            "hypervisor_name": "isucn0021",
            "id": "52ab1e39-86bd-40bc-a995-4f39985be25e",
            "memory_kib": 2097152,
            "name": "team468-002",
            "read_bytes_sec": 100000000,
            "read_iops_sec": 200,
            "root_volume_gb": 10,
            "source_image_id": "23e33fcd-1951-4185-ba47-0a6fb1dcf50e",
            "vcpus": 1,
            "write_bytes_sec": 100000000,
            "write_iops_sec": 200
          },
          "private": "bnVsbA==",
          "dependencies": [
            "lovi_cpu_pinning_group.team468"
          ]
        },
        {
          "index_key": 2,
          "schema_version": 0,
          "attributes": {
            "cpu_pinning_group_name": "team468",
            "europa_backend_name": "dorado002",
            "hypervisor_name": "isucn0021",
            "id": "a296fe76-a73a-4a0b-85c4-ef8d603e4c54",
            "memory_kib": 2097152,
            "name": "team468-003",
            "read_bytes_sec": 100000000,
            "read_iops_sec": 200,
            "root_volume_gb": 10,
            "source_image_id": "23e33fcd-1951-4185-ba47-0a6fb1dcf50e",
            "vcpus": 1,
            "write_bytes_sec": 100000000,
            "write_iops_sec": 200
          },
          "private": "bnVsbA==",
          "dependencies": [
            "lovi_cpu_pinning_group.team468"
          ]
        }
      ]
    }
  ]
}
