{
  "version": 4,
  "terraform_version": "0.12.24",
  "serial": 29,
  "lineage": "7252f48c-7b2d-0591-e530-083ea29a32e2",
  "outputs": {},
  "resources": [
    {
      "mode": "managed",
      "type": "lovi_address",
      "name": "bastion100-team075",
      "provider": "provider.lovi",
      "instances": [
        {
          "schema_version": 0,
          "attributes": {
            "fixed_ip": "10.160.75.100",
            "id": "5798b9fb-85ee-44a9-97d4-901bb380750b",
            "ip": "10.160.75.100",
            "subnet_id": "e31fd18e-ffb7-4221-81cd-3007a6c00bad",
            "timeouts": null
          },
          "private": "eyJlMmJmYjczMC1lY2FhLTExZTYtOGY4OC0zNDM2M2JjN2M0YzAiOnsiY3JlYXRlIjo2MDAwMDAwMDAwMCwiZGVmYXVsdCI6NjAwMDAwMDAwMDAsImRlbGV0ZSI6NjAwMDAwMDAwMDAsInJlYWQiOjYwMDAwMDAwMDAwLCJ1cGRhdGUiOjYwMDAwMDAwMDAwfX0=",
          "dependencies": [
            "lovi_subnet.team075"
          ]
        }
      ]
    },
    {
      "mode": "managed",
      "type": "lovi_address",
      "name": "bastion200-team075",
      "provider": "provider.lovi",
      "instances": [
        {
          "schema_version": 0,
          "attributes": {
            "fixed_ip": "10.160.75.200",
            "id": "75965a77-2010-4f60-b0f3-419ef5a09d91",
            "ip": "10.160.75.200",
            "subnet_id": "e31fd18e-ffb7-4221-81cd-3007a6c00bad",
            "timeouts": null
          },
          "private": "eyJlMmJmYjczMC1lY2FhLTExZTYtOGY4OC0zNDM2M2JjN2M0YzAiOnsiY3JlYXRlIjo2MDAwMDAwMDAwMCwiZGVmYXVsdCI6NjAwMDAwMDAwMDAsImRlbGV0ZSI6NjAwMDAwMDAwMDAsInJlYWQiOjYwMDAwMDAwMDAwLCJ1cGRhdGUiOjYwMDAwMDAwMDAwfX0=",
          "dependencies": [
            "lovi_subnet.team075"
          ]
        }
      ]
    },
    {
      "mode": "managed",
      "type": "lovi_address",
      "name": "bench-team075",
      "provider": "provider.lovi",
      "instances": [
        {
          "schema_version": 0,
          "attributes": {
            "fixed_ip": "10.160.75.104",
            "id": "a45b0293-806f-4e60-92eb-1f5261ae8bd6",
            "ip": "10.160.75.104",
            "subnet_id": "e31fd18e-ffb7-4221-81cd-3007a6c00bad",
            "timeouts": null
          },
          "private": "eyJlMmJmYjczMC1lY2FhLTExZTYtOGY4OC0zNDM2M2JjN2M0YzAiOnsiY3JlYXRlIjo2MDAwMDAwMDAwMCwiZGVmYXVsdCI6NjAwMDAwMDAwMDAsImRlbGV0ZSI6NjAwMDAwMDAwMDAsInJlYWQiOjYwMDAwMDAwMDAwLCJ1cGRhdGUiOjYwMDAwMDAwMDAwfX0=",
          "dependencies": [
            "lovi_subnet.team075"
          ]
        }
      ]
    },
    {
      "mode": "managed",
      "type": "lovi_address",
      "name": "problem-team075",
      "each": "list",
      "provider": "provider.lovi",
      "instances": [
        {
          "index_key": 0,
          "schema_version": 0,
          "attributes": {
            "fixed_ip": "10.160.75.101",
            "id": "dc01d904-bc04-4c18-89c2-ae5fa046d9ca",
            "ip": "10.160.75.101",
            "subnet_id": "e31fd18e-ffb7-4221-81cd-3007a6c00bad",
            "timeouts": null
          },
          "private": "eyJlMmJmYjczMC1lY2FhLTExZTYtOGY4OC0zNDM2M2JjN2M0YzAiOnsiY3JlYXRlIjo2MDAwMDAwMDAwMCwiZGVmYXVsdCI6NjAwMDAwMDAwMDAsImRlbGV0ZSI6NjAwMDAwMDAwMDAsInJlYWQiOjYwMDAwMDAwMDAwLCJ1cGRhdGUiOjYwMDAwMDAwMDAwfX0=",
          "dependencies": [
            "lovi_subnet.team075"
          ]
        },
        {
          "index_key": 1,
          "schema_version": 0,
          "attributes": {
            "fixed_ip": "10.160.75.102",
            "id": "cd899af8-e910-4236-8d65-1a4016aa1453",
            "ip": "10.160.75.102",
            "subnet_id": "e31fd18e-ffb7-4221-81cd-3007a6c00bad",
            "timeouts": null
          },
          "private": "eyJlMmJmYjczMC1lY2FhLTExZTYtOGY4OC0zNDM2M2JjN2M0YzAiOnsiY3JlYXRlIjo2MDAwMDAwMDAwMCwiZGVmYXVsdCI6NjAwMDAwMDAwMDAsImRlbGV0ZSI6NjAwMDAwMDAwMDAsInJlYWQiOjYwMDAwMDAwMDAwLCJ1cGRhdGUiOjYwMDAwMDAwMDAwfX0=",
          "dependencies": [
            "lovi_subnet.team075"
          ]
        },
        {
          "index_key": 2,
          "schema_version": 0,
          "attributes": {
            "fixed_ip": "10.160.75.103",
            "id": "b8c25cc7-c2be-4721-baec-0acf5019c373",
            "ip": "10.160.75.103",
            "subnet_id": "e31fd18e-ffb7-4221-81cd-3007a6c00bad",
            "timeouts": null
          },
          "private": "eyJlMmJmYjczMC1lY2FhLTExZTYtOGY4OC0zNDM2M2JjN2M0YzAiOnsiY3JlYXRlIjo2MDAwMDAwMDAwMCwiZGVmYXVsdCI6NjAwMDAwMDAwMDAsImRlbGV0ZSI6NjAwMDAwMDAwMDAsInJlYWQiOjYwMDAwMDAwMDAwLCJ1cGRhdGUiOjYwMDAwMDAwMDAwfX0=",
          "dependencies": [
            "lovi_subnet.team075"
          ]
        }
      ]
    },
    {
      "mode": "managed",
      "type": "lovi_bridge",
      "name": "team075",
      "provider": "provider.lovi",
      "instances": [
        {
          "schema_version": 0,
          "attributes": {
            "id": "2f89f439-9c9c-45bc-a08a-c65581ddd23f",
            "name": "team075",
            "timeouts": null,
            "vlan_id": 1075
          },
          "private": "eyJlMmJmYjczMC1lY2FhLTExZTYtOGY4OC0zNDM2M2JjN2M0YzAiOnsiY3JlYXRlIjo2MDAwMDAwMDAwMCwiZGVmYXVsdCI6NjAwMDAwMDAwMDAsImRlbGV0ZSI6NjAwMDAwMDAwMDAsInJlYWQiOjYwMDAwMDAwMDAwLCJ1cGRhdGUiOjYwMDAwMDAwMDAwfX0=",
          "dependencies": [
            "lovi_subnet.team075"
          ]
        }
      ]
    },
    {
      "mode": "managed",
      "type": "lovi_cpu_pinning_group",
      "name": "team075",
      "provider": "provider.lovi",
      "instances": [
        {
          "schema_version": 0,
          "attributes": {
            "count_of_core": 4,
            "hypervisor_name": "isucn0004",
            "id": "3b0fe7cb-b1dc-4e2f-8e29-b7d456d6286a",
            "name": "team075"
          },
          "private": "bnVsbA=="
        }
      ]
    },
    {
      "mode": "managed",
      "type": "lovi_interface_attachment",
      "name": "bastion100-team075",
      "provider": "provider.lovi",
      "instances": [
        {
          "schema_version": 0,
          "attributes": {
            "average": 125000,
            "bridge_id": "2f89f439-9c9c-45bc-a08a-c65581ddd23f",
            "id": "da6642c0-cd88-4589-901f-9be906c76696",
            "lease_id": "a7aa0f9c-9bb0-4859-808e-7d3bf2150495",
            "name": "t075-ba100",
            "timeouts": null,
            "virtual_machine_id": "9f976543-cdec-4591-b4f5-05a3c86955da"
          },
          "private": "eyJlMmJmYjczMC1lY2FhLTExZTYtOGY4OC0zNDM2M2JjN2M0YzAiOnsiY3JlYXRlIjo2MDAwMDAwMDAwMCwiZGVmYXVsdCI6NjAwMDAwMDAwMDAsImRlbGV0ZSI6NjAwMDAwMDAwMDAsInJlYWQiOjYwMDAwMDAwMDAwLCJ1cGRhdGUiOjYwMDAwMDAwMDAwfX0=",
          "dependencies": [
            "lovi_address.bastion100-team075",
            "lovi_bridge.team075",
            "lovi_cpu_pinning_group.team075",
            "lovi_lease.bastion100-team075",
            "lovi_subnet.team075",
            "lovi_virtual_machine.bastion100-team075",
            "lovi_virtual_machine.problem-team075"
          ]
        }
      ]
    },
    {
      "mode": "managed",
      "type": "lovi_interface_attachment",
      "name": "bastion200-team075",
      "provider": "provider.lovi",
      "instances": [
        {
          "schema_version": 0,
          "attributes": {
            "average": 125000,
            "bridge_id": "2f89f439-9c9c-45bc-a08a-c65581ddd23f",
            "id": "c5bd9299-6fe5-46ca-8411-1976e2a036f1",
            "lease_id": "9bf5bc07-442f-4d04-aacf-6658ce072d0d",
            "name": "t075-ba200",
            "timeouts": null,
            "virtual_machine_id": "3f4b14aa-1247-4d52-9060-2b5d3bd1c239"
          },
          "private": "eyJlMmJmYjczMC1lY2FhLTExZTYtOGY4OC0zNDM2M2JjN2M0YzAiOnsiY3JlYXRlIjo2MDAwMDAwMDAwMCwiZGVmYXVsdCI6NjAwMDAwMDAwMDAsImRlbGV0ZSI6NjAwMDAwMDAwMDAsInJlYWQiOjYwMDAwMDAwMDAwLCJ1cGRhdGUiOjYwMDAwMDAwMDAwfX0=",
          "dependencies": [
            "lovi_address.bastion200-team075",
            "lovi_bridge.team075",
            "lovi_cpu_pinning_group.team075",
            "lovi_lease.bastion200-team075",
            "lovi_subnet.team075",
            "lovi_virtual_machine.bastion200-team075",
            "lovi_virtual_machine.problem-team075"
          ]
        }
      ]
    },
    {
      "mode": "managed",
      "type": "lovi_interface_attachment",
      "name": "bench-team075",
      "provider": "provider.lovi",
      "instances": [
        {
          "schema_version": 0,
          "attributes": {
            "average": 12500,
            "bridge_id": "2f89f439-9c9c-45bc-a08a-c65581ddd23f",
            "id": "4a0e0d44-33f2-488e-adcf-7b64af39f735",
            "lease_id": "8c33e57d-1910-4511-acd0-be4c7267f64b",
            "name": "t075-be",
            "timeouts": null,
            "virtual_machine_id": "e1db1126-6c8b-46c2-b2d3-7a0797806d68"
          },
          "private": "eyJlMmJmYjczMC1lY2FhLTExZTYtOGY4OC0zNDM2M2JjN2M0YzAiOnsiY3JlYXRlIjo2MDAwMDAwMDAwMCwiZGVmYXVsdCI6NjAwMDAwMDAwMDAsImRlbGV0ZSI6NjAwMDAwMDAwMDAsInJlYWQiOjYwMDAwMDAwMDAwLCJ1cGRhdGUiOjYwMDAwMDAwMDAwfX0=",
          "dependencies": [
            "lovi_address.bench-team075",
            "lovi_bridge.team075",
            "lovi_cpu_pinning_group.team075",
            "lovi_lease.bench-team075",
            "lovi_subnet.team075",
            "lovi_virtual_machine.bench-team075",
            "lovi_virtual_machine.problem-team075"
          ]
        }
      ]
    },
    {
      "mode": "managed",
      "type": "lovi_interface_attachment",
      "name": "problem-team075",
      "each": "list",
      "provider": "provider.lovi",
      "instances": [
        {
          "index_key": 0,
          "schema_version": 0,
          "attributes": {
            "average": 125000,
            "bridge_id": "2f89f439-9c9c-45bc-a08a-c65581ddd23f",
            "id": "72803ae9-2835-4564-9ed1-1169e9568cbc",
            "lease_id": "89f7b2e5-5355-4c28-b78b-22e20958991c",
            "name": "t075-001",
            "timeouts": null,
            "virtual_machine_id": "406696a2-6c7c-4b50-b8f6-6683ed6c3600"
          },
          "private": "eyJlMmJmYjczMC1lY2FhLTExZTYtOGY4OC0zNDM2M2JjN2M0YzAiOnsiY3JlYXRlIjo2MDAwMDAwMDAwMCwiZGVmYXVsdCI6NjAwMDAwMDAwMDAsImRlbGV0ZSI6NjAwMDAwMDAwMDAsInJlYWQiOjYwMDAwMDAwMDAwLCJ1cGRhdGUiOjYwMDAwMDAwMDAwfX0=",
          "dependencies": [
            "lovi_address.problem-team075",
            "lovi_bridge.team075",
            "lovi_cpu_pinning_group.team075",
            "lovi_lease.problem-team075",
            "lovi_subnet.team075",
            "lovi_virtual_machine.problem-team075"
          ]
        },
        {
          "index_key": 1,
          "schema_version": 0,
          "attributes": {
            "average": 125000,
            "bridge_id": "2f89f439-9c9c-45bc-a08a-c65581ddd23f",
            "id": "49098a35-5349-4ed8-960e-25daab7b6173",
            "lease_id": "0290b77b-7b08-4c9f-ab90-fd20c6062f64",
            "name": "t075-002",
            "timeouts": null,
            "virtual_machine_id": "3d8abf0c-3475-45b9-be5b-e5c5e25824a3"
          },
          "private": "eyJlMmJmYjczMC1lY2FhLTExZTYtOGY4OC0zNDM2M2JjN2M0YzAiOnsiY3JlYXRlIjo2MDAwMDAwMDAwMCwiZGVmYXVsdCI6NjAwMDAwMDAwMDAsImRlbGV0ZSI6NjAwMDAwMDAwMDAsInJlYWQiOjYwMDAwMDAwMDAwLCJ1cGRhdGUiOjYwMDAwMDAwMDAwfX0=",
          "dependencies": [
            "lovi_address.problem-team075",
            "lovi_bridge.team075",
            "lovi_cpu_pinning_group.team075",
            "lovi_lease.problem-team075",
            "lovi_subnet.team075",
            "lovi_virtual_machine.problem-team075"
          ]
        },
        {
          "index_key": 2,
          "schema_version": 0,
          "attributes": {
            "average": 125000,
            "bridge_id": "2f89f439-9c9c-45bc-a08a-c65581ddd23f",
            "id": "710e958d-9090-4652-99cd-b7a067ca6f09",
            "lease_id": "b3d4d192-9fa1-4989-870f-ea9ceac31682",
            "name": "t075-003",
            "timeouts": null,
            "virtual_machine_id": "c7f59d21-1f1e-4f44-9232-a607c8da9a1a"
          },
          "private": "eyJlMmJmYjczMC1lY2FhLTExZTYtOGY4OC0zNDM2M2JjN2M0YzAiOnsiY3JlYXRlIjo2MDAwMDAwMDAwMCwiZGVmYXVsdCI6NjAwMDAwMDAwMDAsImRlbGV0ZSI6NjAwMDAwMDAwMDAsInJlYWQiOjYwMDAwMDAwMDAwLCJ1cGRhdGUiOjYwMDAwMDAwMDAwfX0=",
          "dependencies": [
            "lovi_address.problem-team075",
            "lovi_bridge.team075",
            "lovi_cpu_pinning_group.team075",
            "lovi_lease.problem-team075",
            "lovi_subnet.team075",
            "lovi_virtual_machine.problem-team075"
          ]
        }
      ]
    },
    {
      "mode": "managed",
      "type": "lovi_internal_bridge",
      "name": "team075",
      "provider": "provider.lovi",
      "instances": [
        {
          "schema_version": 0,
          "attributes": {
            "id": "16e1f2fe-b5ba-4278-b91f-1ea4b2581eed",
            "name": "team075-in",
            "timeouts": null
          },
          "private": "eyJlMmJmYjczMC1lY2FhLTExZTYtOGY4OC0zNDM2M2JjN2M0YzAiOnsiY3JlYXRlIjo2MDAwMDAwMDAwMCwiZGVmYXVsdCI6NjAwMDAwMDAwMDAsImRlbGV0ZSI6NjAwMDAwMDAwMDAsInJlYWQiOjYwMDAwMDAwMDAwLCJ1cGRhdGUiOjYwMDAwMDAwMDAwfX0="
        }
      ]
    },
    {
      "mode": "managed",
      "type": "lovi_lease",
      "name": "bastion100-team075",
      "provider": "provider.lovi",
      "instances": [
        {
          "schema_version": 0,
          "attributes": {
            "address_id": "5798b9fb-85ee-44a9-97d4-901bb380750b",
            "id": "a7aa0f9c-9bb0-4859-808e-7d3bf2150495",
            "mac_address": "ca:03:18:a4:cd:05",
            "timeouts": null
          },
          "private": "eyJlMmJmYjczMC1lY2FhLTExZTYtOGY4OC0zNDM2M2JjN2M0YzAiOnsiY3JlYXRlIjo2MDAwMDAwMDAwMCwiZGVmYXVsdCI6NjAwMDAwMDAwMDAsImRlbGV0ZSI6NjAwMDAwMDAwMDAsInJlYWQiOjYwMDAwMDAwMDAwLCJ1cGRhdGUiOjYwMDAwMDAwMDAwfX0=",
          "dependencies": [
            "lovi_address.bastion100-team075",
            "lovi_subnet.team075"
          ]
        }
      ]
    },
    {
      "mode": "managed",
      "type": "lovi_lease",
      "name": "bastion200-team075",
      "provider": "provider.lovi",
      "instances": [
        {
          "schema_version": 0,
          "attributes": {
            "address_id": "75965a77-2010-4f60-b0f3-419ef5a09d91",
            "id": "9bf5bc07-442f-4d04-aacf-6658ce072d0d",
            "mac_address": "ca:03:18:f0:f6:0f",
            "timeouts": null
          },
          "private": "eyJlMmJmYjczMC1lY2FhLTExZTYtOGY4OC0zNDM2M2JjN2M0YzAiOnsiY3JlYXRlIjo2MDAwMDAwMDAwMCwiZGVmYXVsdCI6NjAwMDAwMDAwMDAsImRlbGV0ZSI6NjAwMDAwMDAwMDAsInJlYWQiOjYwMDAwMDAwMDAwLCJ1cGRhdGUiOjYwMDAwMDAwMDAwfX0=",
          "dependencies": [
            "lovi_address.bastion200-team075",
            "lovi_subnet.team075"
          ]
        }
      ]
    },
    {
      "mode": "managed",
      "type": "lovi_lease",
      "name": "bench-team075",
      "provider": "provider.lovi",
      "instances": [
        {
          "schema_version": 0,
          "attributes": {
            "address_id": "a45b0293-806f-4e60-92eb-1f5261ae8bd6",
            "id": "8c33e57d-1910-4511-acd0-be4c7267f64b",
            "mac_address": "ca:03:18:6a:b1:e7",
            "timeouts": null
          },
          "private": "eyJlMmJmYjczMC1lY2FhLTExZTYtOGY4OC0zNDM2M2JjN2M0YzAiOnsiY3JlYXRlIjo2MDAwMDAwMDAwMCwiZGVmYXVsdCI6NjAwMDAwMDAwMDAsImRlbGV0ZSI6NjAwMDAwMDAwMDAsInJlYWQiOjYwMDAwMDAwMDAwLCJ1cGRhdGUiOjYwMDAwMDAwMDAwfX0=",
          "dependencies": [
            "lovi_address.bench-team075",
            "lovi_subnet.team075"
          ]
        }
      ]
    },
    {
      "mode": "managed",
      "type": "lovi_lease",
      "name": "problem-team075",
      "each": "list",
      "provider": "provider.lovi",
      "instances": [
        {
          "index_key": 0,
          "schema_version": 0,
          "attributes": {
            "address_id": "dc01d904-bc04-4c18-89c2-ae5fa046d9ca",
            "id": "89f7b2e5-5355-4c28-b78b-22e20958991c",
            "mac_address": "ca:03:18:0d:ec:30",
            "timeouts": null
          },
          "private": "eyJlMmJmYjczMC1lY2FhLTExZTYtOGY4OC0zNDM2M2JjN2M0YzAiOnsiY3JlYXRlIjo2MDAwMDAwMDAwMCwiZGVmYXVsdCI6NjAwMDAwMDAwMDAsImRlbGV0ZSI6NjAwMDAwMDAwMDAsInJlYWQiOjYwMDAwMDAwMDAwLCJ1cGRhdGUiOjYwMDAwMDAwMDAwfX0=",
          "dependencies": [
            "lovi_address.problem-team075",
            "lovi_subnet.team075"
          ]
        },
        {
          "index_key": 1,
          "schema_version": 0,
          "attributes": {
            "address_id": "cd899af8-e910-4236-8d65-1a4016aa1453",
            "id": "0290b77b-7b08-4c9f-ab90-fd20c6062f64",
            "mac_address": "ca:03:18:50:7c:de",
            "timeouts": null
          },
          "private": "eyJlMmJmYjczMC1lY2FhLTExZTYtOGY4OC0zNDM2M2JjN2M0YzAiOnsiY3JlYXRlIjo2MDAwMDAwMDAwMCwiZGVmYXVsdCI6NjAwMDAwMDAwMDAsImRlbGV0ZSI6NjAwMDAwMDAwMDAsInJlYWQiOjYwMDAwMDAwMDAwLCJ1cGRhdGUiOjYwMDAwMDAwMDAwfX0=",
          "dependencies": [
            "lovi_address.problem-team075",
            "lovi_subnet.team075"
          ]
        },
        {
          "index_key": 2,
          "schema_version": 0,
          "attributes": {
            "address_id": "b8c25cc7-c2be-4721-baec-0acf5019c373",
            "id": "b3d4d192-9fa1-4989-870f-ea9ceac31682",
            "mac_address": "ca:03:18:1b:04:55",
            "timeouts": null
          },
          "private": "eyJlMmJmYjczMC1lY2FhLTExZTYtOGY4OC0zNDM2M2JjN2M0YzAiOnsiY3JlYXRlIjo2MDAwMDAwMDAwMCwiZGVmYXVsdCI6NjAwMDAwMDAwMDAsImRlbGV0ZSI6NjAwMDAwMDAwMDAsInJlYWQiOjYwMDAwMDAwMDAwLCJ1cGRhdGUiOjYwMDAwMDAwMDAwfX0=",
          "dependencies": [
            "lovi_address.problem-team075",
            "lovi_subnet.team075"
          ]
        }
      ]
    },
    {
      "mode": "managed",
      "type": "lovi_subnet",
      "name": "team075",
      "provider": "provider.lovi",
      "instances": [
        {
          "schema_version": 0,
          "attributes": {
            "dns_server": "8.8.8.8",
            "end": "10.160.75.200",
            "gateway": "10.160.75.254",
            "id": "e31fd18e-ffb7-4221-81cd-3007a6c00bad",
            "metadata_server": "10.160.75.1",
            "name": "team075",
            "network": "10.160.75.0/24",
            "start": "10.160.75.100",
            "timeouts": null,
            "vlan_id": 1075
          },
          "private": "eyJlMmJmYjczMC1lY2FhLTExZTYtOGY4OC0zNDM2M2JjN2M0YzAiOnsiY3JlYXRlIjo2MDAwMDAwMDAwMCwiZGVmYXVsdCI6NjAwMDAwMDAwMDAsImRlbGV0ZSI6NjAwMDAwMDAwMDAsInJlYWQiOjYwMDAwMDAwMDAwLCJ1cGRhdGUiOjYwMDAwMDAwMDAwfX0="
        }
      ]
    },
    {
      "mode": "managed",
      "type": "lovi_virtual_machine",
      "name": "bastion100-team075",
      "provider": "provider.lovi",
      "instances": [
        {
          "schema_version": 0,
          "attributes": {
            "cpu_pinning_group_name": "",
            "europa_backend_name": "dorado001",
            "hypervisor_name": "isuadm0002",
            "id": "9f976543-cdec-4591-b4f5-05a3c86955da",
            "memory_kib": 2097152,
            "name": "team075-bastion100",
            "read_bytes_sec": 0,
            "read_iops_sec": 0,
            "root_volume_gb": 10,
            "source_image_id": "5138fee8-59a1-407a-bb84-2937d9705143",
            "vcpus": 1,
            "write_bytes_sec": 0,
            "write_iops_sec": 0
          },
          "private": "bnVsbA==",
          "dependencies": [
            "lovi_cpu_pinning_group.team075",
            "lovi_virtual_machine.problem-team075"
          ]
        }
      ]
    },
    {
      "mode": "managed",
      "type": "lovi_virtual_machine",
      "name": "bastion200-team075",
      "provider": "provider.lovi",
      "instances": [
        {
          "schema_version": 0,
          "attributes": {
            "cpu_pinning_group_name": "",
            "europa_backend_name": "dorado001",
            "hypervisor_name": "isuadm0006",
            "id": "3f4b14aa-1247-4d52-9060-2b5d3bd1c239",
            "memory_kib": 2097152,
            "name": "team075-bastion200",
            "read_bytes_sec": 0,
            "read_iops_sec": 0,
            "root_volume_gb": 10,
            "source_image_id": "5138fee8-59a1-407a-bb84-2937d9705143",
            "vcpus": 1,
            "write_bytes_sec": 0,
            "write_iops_sec": 0
          },
          "private": "bnVsbA==",
          "dependencies": [
            "lovi_cpu_pinning_group.team075",
            "lovi_virtual_machine.problem-team075"
          ]
        }
      ]
    },
    {
      "mode": "managed",
      "type": "lovi_virtual_machine",
      "name": "bench-team075",
      "provider": "provider.lovi",
      "instances": [
        {
          "schema_version": 0,
          "attributes": {
            "cpu_pinning_group_name": "team075",
            "europa_backend_name": "dorado001",
            "hypervisor_name": "isucn0004",
            "id": "e1db1126-6c8b-46c2-b2d3-7a0797806d68",
            "memory_kib": 16777216,
            "name": "team075-bench",
            "read_bytes_sec": 100000000,
            "read_iops_sec": 200,
            "root_volume_gb": 10,
            "source_image_id": "10eee589-725b-4686-a424-1df5e161b031",
            "vcpus": 1,
            "write_bytes_sec": 100000000,
            "write_iops_sec": 200
          },
          "private": "bnVsbA==",
          "dependencies": [
            "lovi_cpu_pinning_group.team075",
            "lovi_virtual_machine.problem-team075"
          ]
        }
      ]
    },
    {
      "mode": "managed",
      "type": "lovi_virtual_machine",
      "name": "problem-team075",
      "each": "list",
      "provider": "provider.lovi",
      "instances": [
        {
          "index_key": 0,
          "schema_version": 0,
          "attributes": {
            "cpu_pinning_group_name": "team075",
            "europa_backend_name": "dorado001",
            "hypervisor_name": "isucn0004",
            "id": "406696a2-6c7c-4b50-b8f6-6683ed6c3600",
            "memory_kib": 2097152,
            "name": "team075-001",
            "read_bytes_sec": 100000000,
            "read_iops_sec": 200,
            "root_volume_gb": 10,
            "source_image_id": "1ab68dff-7d0d-40b5-abff-3ef0db2618b1",
            "vcpus": 1,
            "write_bytes_sec": 100000000,
            "write_iops_sec": 200
          },
          "private": "bnVsbA==",
          "dependencies": [
            "lovi_cpu_pinning_group.team075"
          ]
        },
        {
          "index_key": 1,
          "schema_version": 0,
          "attributes": {
            "cpu_pinning_group_name": "team075",
            "europa_backend_name": "dorado001",
            "hypervisor_name": "isucn0004",
            "id": "3d8abf0c-3475-45b9-be5b-e5c5e25824a3",
            "memory_kib": 2097152,
            "name": "team075-002",
            "read_bytes_sec": 100000000,
            "read_iops_sec": 200,
            "root_volume_gb": 10,
            "source_image_id": "1ab68dff-7d0d-40b5-abff-3ef0db2618b1",
            "vcpus": 1,
            "write_bytes_sec": 100000000,
            "write_iops_sec": 200
          },
          "private": "bnVsbA==",
          "dependencies": [
            "lovi_cpu_pinning_group.team075"
          ]
        },
        {
          "index_key": 2,
          "schema_version": 0,
          "attributes": {
            "cpu_pinning_group_name": "team075",
            "europa_backend_name": "dorado001",
            "hypervisor_name": "isucn0004",
            "id": "c7f59d21-1f1e-4f44-9232-a607c8da9a1a",
            "memory_kib": 2097152,
            "name": "team075-003",
            "read_bytes_sec": 100000000,
            "read_iops_sec": 200,
            "root_volume_gb": 10,
            "source_image_id": "1ab68dff-7d0d-40b5-abff-3ef0db2618b1",
            "vcpus": 1,
            "write_bytes_sec": 100000000,
            "write_iops_sec": 200
          },
          "private": "bnVsbA==",
          "dependencies": [
            "lovi_cpu_pinning_group.team075"
          ]
        }
      ]
    }
  ]
}
