{
  "version": 4,
  "terraform_version": "0.12.24",
  "serial": 29,
  "lineage": "e9e6605e-abe4-d035-6160-5076326bfc81",
  "outputs": {},
  "resources": [
    {
      "mode": "managed",
      "type": "lovi_address",
      "name": "bastion100-team159",
      "provider": "provider.lovi",
      "instances": [
        {
          "schema_version": 0,
          "attributes": {
            "fixed_ip": "10.161.59.100",
            "id": "51a7cd95-585b-4baf-aa76-c4711daeda69",
            "ip": "10.161.59.100",
            "subnet_id": "2972c252-79f5-4548-b82d-3219237c6df1",
            "timeouts": null
          },
          "private": "eyJlMmJmYjczMC1lY2FhLTExZTYtOGY4OC0zNDM2M2JjN2M0YzAiOnsiY3JlYXRlIjo2MDAwMDAwMDAwMCwiZGVmYXVsdCI6NjAwMDAwMDAwMDAsImRlbGV0ZSI6NjAwMDAwMDAwMDAsInJlYWQiOjYwMDAwMDAwMDAwLCJ1cGRhdGUiOjYwMDAwMDAwMDAwfX0=",
          "dependencies": [
            "lovi_subnet.team159"
          ]
        }
      ]
    },
    {
      "mode": "managed",
      "type": "lovi_address",
      "name": "bastion200-team159",
      "provider": "provider.lovi",
      "instances": [
        {
          "schema_version": 0,
          "attributes": {
            "fixed_ip": "10.161.59.200",
            "id": "8ffdf2ae-77be-4736-8f61-4e11da068c86",
            "ip": "10.161.59.200",
            "subnet_id": "2972c252-79f5-4548-b82d-3219237c6df1",
            "timeouts": null
          },
          "private": "eyJlMmJmYjczMC1lY2FhLTExZTYtOGY4OC0zNDM2M2JjN2M0YzAiOnsiY3JlYXRlIjo2MDAwMDAwMDAwMCwiZGVmYXVsdCI6NjAwMDAwMDAwMDAsImRlbGV0ZSI6NjAwMDAwMDAwMDAsInJlYWQiOjYwMDAwMDAwMDAwLCJ1cGRhdGUiOjYwMDAwMDAwMDAwfX0=",
          "dependencies": [
            "lovi_subnet.team159"
          ]
        }
      ]
    },
    {
      "mode": "managed",
      "type": "lovi_address",
      "name": "bench-team159",
      "provider": "provider.lovi",
      "instances": [
        {
          "schema_version": 0,
          "attributes": {
            "fixed_ip": "10.161.59.104",
            "id": "d7c0a4b3-672c-48fd-a3e8-0dd560c09fb1",
            "ip": "10.161.59.104",
            "subnet_id": "2972c252-79f5-4548-b82d-3219237c6df1",
            "timeouts": null
          },
          "private": "eyJlMmJmYjczMC1lY2FhLTExZTYtOGY4OC0zNDM2M2JjN2M0YzAiOnsiY3JlYXRlIjo2MDAwMDAwMDAwMCwiZGVmYXVsdCI6NjAwMDAwMDAwMDAsImRlbGV0ZSI6NjAwMDAwMDAwMDAsInJlYWQiOjYwMDAwMDAwMDAwLCJ1cGRhdGUiOjYwMDAwMDAwMDAwfX0=",
          "dependencies": [
            "lovi_subnet.team159"
          ]
        }
      ]
    },
    {
      "mode": "managed",
      "type": "lovi_address",
      "name": "problem-team159-1",
      "provider": "provider.lovi",
      "instances": [
        {
          "schema_version": 0,
          "attributes": {
            "fixed_ip": "10.161.59.101",
            "id": "ada88cef-1906-4cce-8f5d-a5b07f7fef37",
            "ip": "10.161.59.101",
            "subnet_id": "2972c252-79f5-4548-b82d-3219237c6df1",
            "timeouts": null
          },
          "private": "eyJlMmJmYjczMC1lY2FhLTExZTYtOGY4OC0zNDM2M2JjN2M0YzAiOnsiY3JlYXRlIjo2MDAwMDAwMDAwMCwiZGVmYXVsdCI6NjAwMDAwMDAwMDAsImRlbGV0ZSI6NjAwMDAwMDAwMDAsInJlYWQiOjYwMDAwMDAwMDAwLCJ1cGRhdGUiOjYwMDAwMDAwMDAwfX0=",
          "dependencies": [
            "lovi_subnet.team159"
          ]
        }
      ]
    },
    {
      "mode": "managed",
      "type": "lovi_address",
      "name": "problem-team159-2",
      "provider": "provider.lovi",
      "instances": [
        {
          "schema_version": 0,
          "attributes": {
            "fixed_ip": "10.161.59.102",
            "id": "25e0f68a-1e95-459d-ad1e-b9100175478f",
            "ip": "10.161.59.102",
            "subnet_id": "2972c252-79f5-4548-b82d-3219237c6df1",
            "timeouts": null
          },
          "private": "eyJlMmJmYjczMC1lY2FhLTExZTYtOGY4OC0zNDM2M2JjN2M0YzAiOnsiY3JlYXRlIjo2MDAwMDAwMDAwMCwiZGVmYXVsdCI6NjAwMDAwMDAwMDAsImRlbGV0ZSI6NjAwMDAwMDAwMDAsInJlYWQiOjYwMDAwMDAwMDAwLCJ1cGRhdGUiOjYwMDAwMDAwMDAwfX0=",
          "dependencies": [
            "lovi_subnet.team159"
          ]
        }
      ]
    },
    {
      "mode": "managed",
      "type": "lovi_address",
      "name": "problem-team159-3",
      "provider": "provider.lovi",
      "instances": [
        {
          "schema_version": 0,
          "attributes": {
            "fixed_ip": "10.161.59.103",
            "id": "1f8829b5-7d35-45f9-b360-3ee349ae41a5",
            "ip": "10.161.59.103",
            "subnet_id": "2972c252-79f5-4548-b82d-3219237c6df1",
            "timeouts": null
          },
          "private": "eyJlMmJmYjczMC1lY2FhLTExZTYtOGY4OC0zNDM2M2JjN2M0YzAiOnsiY3JlYXRlIjo2MDAwMDAwMDAwMCwiZGVmYXVsdCI6NjAwMDAwMDAwMDAsImRlbGV0ZSI6NjAwMDAwMDAwMDAsInJlYWQiOjYwMDAwMDAwMDAwLCJ1cGRhdGUiOjYwMDAwMDAwMDAwfX0=",
          "dependencies": [
            "lovi_subnet.team159"
          ]
        }
      ]
    },
    {
      "mode": "managed",
      "type": "lovi_bridge",
      "name": "team159",
      "provider": "provider.lovi",
      "instances": [
        {
          "schema_version": 0,
          "attributes": {
            "id": "98c0ea4c-650a-4176-a765-c6d81d423fdd",
            "name": "team159",
            "timeouts": null,
            "vlan_id": 1159
          },
          "private": "eyJlMmJmYjczMC1lY2FhLTExZTYtOGY4OC0zNDM2M2JjN2M0YzAiOnsiY3JlYXRlIjo2MDAwMDAwMDAwMCwiZGVmYXVsdCI6NjAwMDAwMDAwMDAsImRlbGV0ZSI6NjAwMDAwMDAwMDAsInJlYWQiOjYwMDAwMDAwMDAwLCJ1cGRhdGUiOjYwMDAwMDAwMDAwfX0=",
          "dependencies": [
            "lovi_subnet.team159"
          ]
        }
      ]
    },
    {
      "mode": "managed",
      "type": "lovi_cpu_pinning_group",
      "name": "team159",
      "provider": "provider.lovi",
      "instances": [
        {
          "schema_version": 0,
          "attributes": {
            "count_of_core": 12,
            "hypervisor_name": "isucn0005",
            "id": "1d0c7aab-bab0-4ee8-a308-949a4fa70ec2",
            "name": "team159"
          },
          "private": "bnVsbA=="
        }
      ]
    },
    {
      "mode": "managed",
      "type": "lovi_interface_attachment",
      "name": "bastion100-team159",
      "provider": "provider.lovi",
      "instances": [
        {
          "schema_version": 0,
          "attributes": {
            "average": 125000,
            "bridge_id": "98c0ea4c-650a-4176-a765-c6d81d423fdd",
            "id": "c0631c5b-5172-4be4-81b3-21ce57850aa7",
            "lease_id": "451ee8f5-8ad3-4844-b608-b5812f91c104",
            "name": "t159-ba100",
            "timeouts": null,
            "virtual_machine_id": "3966b0dc-b1a8-45ec-8770-58008a5ce5b3"
          },
          "private": "eyJlMmJmYjczMC1lY2FhLTExZTYtOGY4OC0zNDM2M2JjN2M0YzAiOnsiY3JlYXRlIjo2MDAwMDAwMDAwMCwiZGVmYXVsdCI6NjAwMDAwMDAwMDAsImRlbGV0ZSI6NjAwMDAwMDAwMDAsInJlYWQiOjYwMDAwMDAwMDAwLCJ1cGRhdGUiOjYwMDAwMDAwMDAwfX0=",
          "dependencies": [
            "lovi_address.bastion100-team159",
            "lovi_bridge.team159",
            "lovi_cpu_pinning_group.team159",
            "lovi_lease.bastion100-team159",
            "lovi_subnet.team159",
            "lovi_virtual_machine.bastion100-team159"
          ]
        }
      ]
    },
    {
      "mode": "managed",
      "type": "lovi_interface_attachment",
      "name": "bastion200-team159",
      "provider": "provider.lovi",
      "instances": [
        {
          "schema_version": 0,
          "attributes": {
            "average": 125000,
            "bridge_id": "98c0ea4c-650a-4176-a765-c6d81d423fdd",
            "id": "80bb2c0e-df0c-4cbe-98bc-afceca9a8511",
            "lease_id": "62ee9a0f-2ed5-4b37-aa39-e08c072800ee",
            "name": "t159-ba200",
            "timeouts": null,
            "virtual_machine_id": "2b92cb14-91d3-4c91-b1d0-74a79258f36e"
          },
          "private": "eyJlMmJmYjczMC1lY2FhLTExZTYtOGY4OC0zNDM2M2JjN2M0YzAiOnsiY3JlYXRlIjo2MDAwMDAwMDAwMCwiZGVmYXVsdCI6NjAwMDAwMDAwMDAsImRlbGV0ZSI6NjAwMDAwMDAwMDAsInJlYWQiOjYwMDAwMDAwMDAwLCJ1cGRhdGUiOjYwMDAwMDAwMDAwfX0=",
          "dependencies": [
            "lovi_address.bastion200-team159",
            "lovi_bridge.team159",
            "lovi_cpu_pinning_group.team159",
            "lovi_lease.bastion200-team159",
            "lovi_subnet.team159",
            "lovi_virtual_machine.bastion200-team159"
          ]
        }
      ]
    },
    {
      "mode": "managed",
      "type": "lovi_interface_attachment",
      "name": "bench-team159",
      "provider": "provider.lovi",
      "instances": [
        {
          "schema_version": 0,
          "attributes": {
            "average": 125000,
            "bridge_id": "98c0ea4c-650a-4176-a765-c6d81d423fdd",
            "id": "eaba961d-748a-44c0-86da-5d3a77ebe6bb",
            "lease_id": "7a7e637f-9f70-4227-aa21-e6d57976a289",
            "name": "t159-be",
            "timeouts": null,
            "virtual_machine_id": "46484f44-2fcb-424f-833a-7306d0776a6a"
          },
          "private": "eyJlMmJmYjczMC1lY2FhLTExZTYtOGY4OC0zNDM2M2JjN2M0YzAiOnsiY3JlYXRlIjo2MDAwMDAwMDAwMCwiZGVmYXVsdCI6NjAwMDAwMDAwMDAsImRlbGV0ZSI6NjAwMDAwMDAwMDAsInJlYWQiOjYwMDAwMDAwMDAwLCJ1cGRhdGUiOjYwMDAwMDAwMDAwfX0=",
          "dependencies": [
            "lovi_address.bench-team159",
            "lovi_bridge.team159",
            "lovi_cpu_pinning_group.team159",
            "lovi_lease.bench-team159",
            "lovi_subnet.team159",
            "lovi_virtual_machine.bench-team159"
          ]
        }
      ]
    },
    {
      "mode": "managed",
      "type": "lovi_interface_attachment",
      "name": "problem-team159-1",
      "provider": "provider.lovi",
      "instances": [
        {
          "schema_version": 0,
          "attributes": {
            "average": 125000,
            "bridge_id": "98c0ea4c-650a-4176-a765-c6d81d423fdd",
            "id": "143269b2-6018-4660-99c1-730f57afa3c3",
            "lease_id": "ca331c10-6ce8-4d6c-9472-d0a75f4cd04b",
            "name": "t159-001",
            "timeouts": null,
            "virtual_machine_id": "c67fcfad-2896-40f0-8d8c-83bd06c78dee"
          },
          "private": "eyJlMmJmYjczMC1lY2FhLTExZTYtOGY4OC0zNDM2M2JjN2M0YzAiOnsiY3JlYXRlIjo2MDAwMDAwMDAwMCwiZGVmYXVsdCI6NjAwMDAwMDAwMDAsImRlbGV0ZSI6NjAwMDAwMDAwMDAsInJlYWQiOjYwMDAwMDAwMDAwLCJ1cGRhdGUiOjYwMDAwMDAwMDAwfX0=",
          "dependencies": [
            "lovi_address.problem-team159-1",
            "lovi_bridge.team159",
            "lovi_cpu_pinning_group.team159",
            "lovi_lease.problem-team159-1",
            "lovi_subnet.team159",
            "lovi_virtual_machine.problem-team159-1"
          ]
        }
      ]
    },
    {
      "mode": "managed",
      "type": "lovi_interface_attachment",
      "name": "problem-team159-2",
      "provider": "provider.lovi",
      "instances": [
        {
          "schema_version": 0,
          "attributes": {
            "average": 125000,
            "bridge_id": "98c0ea4c-650a-4176-a765-c6d81d423fdd",
            "id": "81f43869-20e7-49a5-aa2d-daf4b8c5f47a",
            "lease_id": "a62a2d9d-58c3-4d73-9d67-415c9f5a5e06",
            "name": "t159-002",
            "timeouts": null,
            "virtual_machine_id": "256581f0-5dd7-4a61-bacb-fe47ab80deae"
          },
          "private": "eyJlMmJmYjczMC1lY2FhLTExZTYtOGY4OC0zNDM2M2JjN2M0YzAiOnsiY3JlYXRlIjo2MDAwMDAwMDAwMCwiZGVmYXVsdCI6NjAwMDAwMDAwMDAsImRlbGV0ZSI6NjAwMDAwMDAwMDAsInJlYWQiOjYwMDAwMDAwMDAwLCJ1cGRhdGUiOjYwMDAwMDAwMDAwfX0=",
          "dependencies": [
            "lovi_address.problem-team159-2",
            "lovi_bridge.team159",
            "lovi_cpu_pinning_group.team159",
            "lovi_lease.problem-team159-2",
            "lovi_subnet.team159",
            "lovi_virtual_machine.problem-team159-2"
          ]
        }
      ]
    },
    {
      "mode": "managed",
      "type": "lovi_interface_attachment",
      "name": "problem-team159-3",
      "provider": "provider.lovi",
      "instances": [
        {
          "schema_version": 0,
          "attributes": {
            "average": 125000,
            "bridge_id": "98c0ea4c-650a-4176-a765-c6d81d423fdd",
            "id": "10ac12c1-fdcc-4b65-81a6-faca637dcf1e",
            "lease_id": "904eaea4-cad9-4fe7-9ce4-248b620a4816",
            "name": "t159-003",
            "timeouts": null,
            "virtual_machine_id": "f2f35d43-e699-4329-b6c1-02878f3fd2c3"
          },
          "private": "eyJlMmJmYjczMC1lY2FhLTExZTYtOGY4OC0zNDM2M2JjN2M0YzAiOnsiY3JlYXRlIjo2MDAwMDAwMDAwMCwiZGVmYXVsdCI6NjAwMDAwMDAwMDAsImRlbGV0ZSI6NjAwMDAwMDAwMDAsInJlYWQiOjYwMDAwMDAwMDAwLCJ1cGRhdGUiOjYwMDAwMDAwMDAwfX0=",
          "dependencies": [
            "lovi_address.problem-team159-3",
            "lovi_bridge.team159",
            "lovi_cpu_pinning_group.team159",
            "lovi_lease.problem-team159-3",
            "lovi_subnet.team159",
            "lovi_virtual_machine.problem-team159-3"
          ]
        }
      ]
    },
    {
      "mode": "managed",
      "type": "lovi_internal_bridge",
      "name": "team159",
      "provider": "provider.lovi",
      "instances": [
        {
          "schema_version": 0,
          "attributes": {
            "id": "94f4fbc5-d90e-4549-8402-efc5c8c28122",
            "name": "team159-in",
            "timeouts": null
          },
          "private": "eyJlMmJmYjczMC1lY2FhLTExZTYtOGY4OC0zNDM2M2JjN2M0YzAiOnsiY3JlYXRlIjo2MDAwMDAwMDAwMCwiZGVmYXVsdCI6NjAwMDAwMDAwMDAsImRlbGV0ZSI6NjAwMDAwMDAwMDAsInJlYWQiOjYwMDAwMDAwMDAwLCJ1cGRhdGUiOjYwMDAwMDAwMDAwfX0="
        }
      ]
    },
    {
      "mode": "managed",
      "type": "lovi_lease",
      "name": "bastion100-team159",
      "provider": "provider.lovi",
      "instances": [
        {
          "schema_version": 0,
          "attributes": {
            "address_id": "51a7cd95-585b-4baf-aa76-c4711daeda69",
            "id": "451ee8f5-8ad3-4844-b608-b5812f91c104",
            "mac_address": "ca:03:18:d5:d0:a5",
            "timeouts": null
          },
          "private": "eyJlMmJmYjczMC1lY2FhLTExZTYtOGY4OC0zNDM2M2JjN2M0YzAiOnsiY3JlYXRlIjo2MDAwMDAwMDAwMCwiZGVmYXVsdCI6NjAwMDAwMDAwMDAsImRlbGV0ZSI6NjAwMDAwMDAwMDAsInJlYWQiOjYwMDAwMDAwMDAwLCJ1cGRhdGUiOjYwMDAwMDAwMDAwfX0=",
          "dependencies": [
            "lovi_address.bastion100-team159",
            "lovi_subnet.team159"
          ]
        }
      ]
    },
    {
      "mode": "managed",
      "type": "lovi_lease",
      "name": "bastion200-team159",
      "provider": "provider.lovi",
      "instances": [
        {
          "schema_version": 0,
          "attributes": {
            "address_id": "8ffdf2ae-77be-4736-8f61-4e11da068c86",
            "id": "62ee9a0f-2ed5-4b37-aa39-e08c072800ee",
            "mac_address": "ca:03:18:5e:2f:b4",
            "timeouts": null
          },
          "private": "eyJlMmJmYjczMC1lY2FhLTExZTYtOGY4OC0zNDM2M2JjN2M0YzAiOnsiY3JlYXRlIjo2MDAwMDAwMDAwMCwiZGVmYXVsdCI6NjAwMDAwMDAwMDAsImRlbGV0ZSI6NjAwMDAwMDAwMDAsInJlYWQiOjYwMDAwMDAwMDAwLCJ1cGRhdGUiOjYwMDAwMDAwMDAwfX0=",
          "dependencies": [
            "lovi_address.bastion200-team159",
            "lovi_subnet.team159"
          ]
        }
      ]
    },
    {
      "mode": "managed",
      "type": "lovi_lease",
      "name": "bench-team159",
      "provider": "provider.lovi",
      "instances": [
        {
          "schema_version": 0,
          "attributes": {
            "address_id": "d7c0a4b3-672c-48fd-a3e8-0dd560c09fb1",
            "id": "7a7e637f-9f70-4227-aa21-e6d57976a289",
            "mac_address": "ca:03:18:74:b0:22",
            "timeouts": null
          },
          "private": "eyJlMmJmYjczMC1lY2FhLTExZTYtOGY4OC0zNDM2M2JjN2M0YzAiOnsiY3JlYXRlIjo2MDAwMDAwMDAwMCwiZGVmYXVsdCI6NjAwMDAwMDAwMDAsImRlbGV0ZSI6NjAwMDAwMDAwMDAsInJlYWQiOjYwMDAwMDAwMDAwLCJ1cGRhdGUiOjYwMDAwMDAwMDAwfX0=",
          "dependencies": [
            "lovi_address.bench-team159",
            "lovi_subnet.team159"
          ]
        }
      ]
    },
    {
      "mode": "managed",
      "type": "lovi_lease",
      "name": "problem-team159-1",
      "provider": "provider.lovi",
      "instances": [
        {
          "schema_version": 0,
          "attributes": {
            "address_id": "ada88cef-1906-4cce-8f5d-a5b07f7fef37",
            "id": "ca331c10-6ce8-4d6c-9472-d0a75f4cd04b",
            "mac_address": "ca:03:18:95:ab:a7",
            "timeouts": null
          },
          "private": "eyJlMmJmYjczMC1lY2FhLTExZTYtOGY4OC0zNDM2M2JjN2M0YzAiOnsiY3JlYXRlIjo2MDAwMDAwMDAwMCwiZGVmYXVsdCI6NjAwMDAwMDAwMDAsImRlbGV0ZSI6NjAwMDAwMDAwMDAsInJlYWQiOjYwMDAwMDAwMDAwLCJ1cGRhdGUiOjYwMDAwMDAwMDAwfX0=",
          "dependencies": [
            "lovi_address.problem-team159-1",
            "lovi_subnet.team159"
          ]
        }
      ]
    },
    {
      "mode": "managed",
      "type": "lovi_lease",
      "name": "problem-team159-2",
      "provider": "provider.lovi",
      "instances": [
        {
          "schema_version": 0,
          "attributes": {
            "address_id": "25e0f68a-1e95-459d-ad1e-b9100175478f",
            "id": "a62a2d9d-58c3-4d73-9d67-415c9f5a5e06",
            "mac_address": "ca:03:18:82:36:8a",
            "timeouts": null
          },
          "private": "eyJlMmJmYjczMC1lY2FhLTExZTYtOGY4OC0zNDM2M2JjN2M0YzAiOnsiY3JlYXRlIjo2MDAwMDAwMDAwMCwiZGVmYXVsdCI6NjAwMDAwMDAwMDAsImRlbGV0ZSI6NjAwMDAwMDAwMDAsInJlYWQiOjYwMDAwMDAwMDAwLCJ1cGRhdGUiOjYwMDAwMDAwMDAwfX0=",
          "dependencies": [
            "lovi_address.problem-team159-2",
            "lovi_subnet.team159"
          ]
        }
      ]
    },
    {
      "mode": "managed",
      "type": "lovi_lease",
      "name": "problem-team159-3",
      "provider": "provider.lovi",
      "instances": [
        {
          "schema_version": 0,
          "attributes": {
            "address_id": "1f8829b5-7d35-45f9-b360-3ee349ae41a5",
            "id": "904eaea4-cad9-4fe7-9ce4-248b620a4816",
            "mac_address": "ca:03:18:2d:ee:b9",
            "timeouts": null
          },
          "private": "eyJlMmJmYjczMC1lY2FhLTExZTYtOGY4OC0zNDM2M2JjN2M0YzAiOnsiY3JlYXRlIjo2MDAwMDAwMDAwMCwiZGVmYXVsdCI6NjAwMDAwMDAwMDAsImRlbGV0ZSI6NjAwMDAwMDAwMDAsInJlYWQiOjYwMDAwMDAwMDAwLCJ1cGRhdGUiOjYwMDAwMDAwMDAwfX0=",
          "dependencies": [
            "lovi_address.problem-team159-3",
            "lovi_subnet.team159"
          ]
        }
      ]
    },
    {
      "mode": "managed",
      "type": "lovi_subnet",
      "name": "team159",
      "provider": "provider.lovi",
      "instances": [
        {
          "schema_version": 0,
          "attributes": {
            "dns_server": "8.8.8.8",
            "end": "10.161.59.200",
            "gateway": "10.161.59.254",
            "id": "2972c252-79f5-4548-b82d-3219237c6df1",
            "metadata_server": "10.161.59.1",
            "name": "team159",
            "network": "10.161.59.0/24",
            "start": "10.161.59.100",
            "timeouts": null,
            "vlan_id": 1159
          },
          "private": "eyJlMmJmYjczMC1lY2FhLTExZTYtOGY4OC0zNDM2M2JjN2M0YzAiOnsiY3JlYXRlIjo2MDAwMDAwMDAwMCwiZGVmYXVsdCI6NjAwMDAwMDAwMDAsImRlbGV0ZSI6NjAwMDAwMDAwMDAsInJlYWQiOjYwMDAwMDAwMDAwLCJ1cGRhdGUiOjYwMDAwMDAwMDAwfX0="
        }
      ]
    },
    {
      "mode": "managed",
      "type": "lovi_virtual_machine",
      "name": "bastion100-team159",
      "provider": "provider.lovi",
      "instances": [
        {
          "schema_version": 0,
          "attributes": {
            "cpu_pinning_group_name": "",
            "europa_backend_name": "dorado002",
            "hypervisor_name": "isuadm0002",
            "id": "3966b0dc-b1a8-45ec-8770-58008a5ce5b3",
            "memory_kib": 2097152,
            "name": "team159-bastion100",
            "read_bytes_sec": 0,
            "read_iops_sec": 0,
            "root_volume_gb": 10,
            "source_image_id": "c453a2ef-9865-4b14-bff2-0a78416ebea5",
            "vcpus": 1,
            "write_bytes_sec": 0,
            "write_iops_sec": 0
          },
          "private": "bnVsbA==",
          "dependencies": [
            "lovi_cpu_pinning_group.team159"
          ]
        }
      ]
    },
    {
      "mode": "managed",
      "type": "lovi_virtual_machine",
      "name": "bastion200-team159",
      "provider": "provider.lovi",
      "instances": [
        {
          "schema_version": 0,
          "attributes": {
            "cpu_pinning_group_name": "",
            "europa_backend_name": "dorado002",
            "hypervisor_name": "isuadm0006",
            "id": "2b92cb14-91d3-4c91-b1d0-74a79258f36e",
            "memory_kib": 2097152,
            "name": "team159-bastion200",
            "read_bytes_sec": 0,
            "read_iops_sec": 0,
            "root_volume_gb": 10,
            "source_image_id": "c453a2ef-9865-4b14-bff2-0a78416ebea5",
            "vcpus": 1,
            "write_bytes_sec": 0,
            "write_iops_sec": 0
          },
          "private": "bnVsbA==",
          "dependencies": [
            "lovi_cpu_pinning_group.team159"
          ]
        }
      ]
    },
    {
      "mode": "managed",
      "type": "lovi_virtual_machine",
      "name": "bench-team159",
      "provider": "provider.lovi",
      "instances": [
        {
          "schema_version": 0,
          "attributes": {
            "cpu_pinning_group_name": "team159",
            "europa_backend_name": "dorado002",
            "hypervisor_name": "isucn0005",
            "id": "46484f44-2fcb-424f-833a-7306d0776a6a",
            "memory_kib": 16777216,
            "name": "team159-bench",
            "read_bytes_sec": 1000000000,
            "read_iops_sec": 800,
            "root_volume_gb": 30,
            "source_image_id": "7b4d093f-7e9a-4488-9d77-93c8e3556a64",
            "vcpus": 8,
            "write_bytes_sec": 1000000000,
            "write_iops_sec": 800
          },
          "private": "bnVsbA==",
          "dependencies": [
            "lovi_cpu_pinning_group.team159"
          ]
        }
      ]
    },
    {
      "mode": "managed",
      "type": "lovi_virtual_machine",
      "name": "problem-team159-1",
      "provider": "provider.lovi",
      "instances": [
        {
          "schema_version": 0,
          "attributes": {
            "cpu_pinning_group_name": "team159",
            "europa_backend_name": "dorado002",
            "hypervisor_name": "isucn0005",
            "id": "c67fcfad-2896-40f0-8d8c-83bd06c78dee",
            "memory_kib": 1048576,
            "name": "team159-001",
            "read_bytes_sec": 1000000000,
            "read_iops_sec": 800,
            "root_volume_gb": 30,
            "source_image_id": "18295a50-6ec0-4a6f-8dc7-f19d28d2057e",
            "vcpus": 2,
            "write_bytes_sec": 1000000000,
            "write_iops_sec": 800
          },
          "private": "bnVsbA==",
          "dependencies": [
            "lovi_cpu_pinning_group.team159"
          ]
        }
      ]
    },
    {
      "mode": "managed",
      "type": "lovi_virtual_machine",
      "name": "problem-team159-2",
      "provider": "provider.lovi",
      "instances": [
        {
          "schema_version": 0,
          "attributes": {
            "cpu_pinning_group_name": "team159",
            "europa_backend_name": "dorado002",
            "hypervisor_name": "isucn0005",
            "id": "256581f0-5dd7-4a61-bacb-fe47ab80deae",
            "memory_kib": 2097152,
            "name": "team159-002",
            "read_bytes_sec": 1000000000,
            "read_iops_sec": 800,
            "root_volume_gb": 30,
            "source_image_id": "18295a50-6ec0-4a6f-8dc7-f19d28d2057e",
            "vcpus": 2,
            "write_bytes_sec": 1000000000,
            "write_iops_sec": 800
          },
          "private": "bnVsbA==",
          "dependencies": [
            "lovi_cpu_pinning_group.team159"
          ]
        }
      ]
    },
    {
      "mode": "managed",
      "type": "lovi_virtual_machine",
      "name": "problem-team159-3",
      "provider": "provider.lovi",
      "instances": [
        {
          "schema_version": 0,
          "attributes": {
            "cpu_pinning_group_name": "team159",
            "europa_backend_name": "dorado002",
            "hypervisor_name": "isucn0005",
            "id": "f2f35d43-e699-4329-b6c1-02878f3fd2c3",
            "memory_kib": 1048576,
            "name": "team159-003",
            "read_bytes_sec": 1000000000,
            "read_iops_sec": 800,
            "root_volume_gb": 30,
            "source_image_id": "18295a50-6ec0-4a6f-8dc7-f19d28d2057e",
            "vcpus": 4,
            "write_bytes_sec": 1000000000,
            "write_iops_sec": 800
          },
          "private": "bnVsbA==",
          "dependencies": [
            "lovi_cpu_pinning_group.team159"
          ]
        }
      ]
    }
  ]
}
