{
  "version": 4,
  "terraform_version": "0.12.24",
  "serial": 29,
  "lineage": "170efce7-2258-0a47-56b8-c6d4e0ebe680",
  "outputs": {},
  "resources": [
    {
      "mode": "managed",
      "type": "lovi_address",
      "name": "bastion100-team103",
      "provider": "provider.lovi",
      "instances": [
        {
          "schema_version": 0,
          "attributes": {
            "fixed_ip": "10.161.3.100",
            "id": "520a07f8-d057-4eee-b3bd-da6224c9662f",
            "ip": "10.161.3.100",
            "subnet_id": "a6dfb21d-3715-4879-8cc4-67fda2678d4a",
            "timeouts": null
          },
          "private": "eyJlMmJmYjczMC1lY2FhLTExZTYtOGY4OC0zNDM2M2JjN2M0YzAiOnsiY3JlYXRlIjo2MDAwMDAwMDAwMCwiZGVmYXVsdCI6NjAwMDAwMDAwMDAsImRlbGV0ZSI6NjAwMDAwMDAwMDAsInJlYWQiOjYwMDAwMDAwMDAwLCJ1cGRhdGUiOjYwMDAwMDAwMDAwfX0=",
          "dependencies": [
            "lovi_subnet.team103"
          ]
        }
      ]
    },
    {
      "mode": "managed",
      "type": "lovi_address",
      "name": "bastion200-team103",
      "provider": "provider.lovi",
      "instances": [
        {
          "schema_version": 0,
          "attributes": {
            "fixed_ip": "10.161.3.200",
            "id": "27c84c5a-cad8-4b51-816b-70f4d7b14e12",
            "ip": "10.161.3.200",
            "subnet_id": "a6dfb21d-3715-4879-8cc4-67fda2678d4a",
            "timeouts": null
          },
          "private": "eyJlMmJmYjczMC1lY2FhLTExZTYtOGY4OC0zNDM2M2JjN2M0YzAiOnsiY3JlYXRlIjo2MDAwMDAwMDAwMCwiZGVmYXVsdCI6NjAwMDAwMDAwMDAsImRlbGV0ZSI6NjAwMDAwMDAwMDAsInJlYWQiOjYwMDAwMDAwMDAwLCJ1cGRhdGUiOjYwMDAwMDAwMDAwfX0=",
          "dependencies": [
            "lovi_subnet.team103"
          ]
        }
      ]
    },
    {
      "mode": "managed",
      "type": "lovi_address",
      "name": "bench-team103",
      "provider": "provider.lovi",
      "instances": [
        {
          "schema_version": 0,
          "attributes": {
            "fixed_ip": "10.161.3.104",
            "id": "eec186bb-9f8d-4679-a230-1ba2bc1f0dd2",
            "ip": "10.161.3.104",
            "subnet_id": "a6dfb21d-3715-4879-8cc4-67fda2678d4a",
            "timeouts": null
          },
          "private": "eyJlMmJmYjczMC1lY2FhLTExZTYtOGY4OC0zNDM2M2JjN2M0YzAiOnsiY3JlYXRlIjo2MDAwMDAwMDAwMCwiZGVmYXVsdCI6NjAwMDAwMDAwMDAsImRlbGV0ZSI6NjAwMDAwMDAwMDAsInJlYWQiOjYwMDAwMDAwMDAwLCJ1cGRhdGUiOjYwMDAwMDAwMDAwfX0=",
          "dependencies": [
            "lovi_subnet.team103"
          ]
        }
      ]
    },
    {
      "mode": "managed",
      "type": "lovi_address",
      "name": "problem-team103",
      "each": "list",
      "provider": "provider.lovi",
      "instances": [
        {
          "index_key": 0,
          "schema_version": 0,
          "attributes": {
            "fixed_ip": "10.161.3.101",
            "id": "2000001e-54f8-4781-9972-510ebf8d33f0",
            "ip": "10.161.3.101",
            "subnet_id": "a6dfb21d-3715-4879-8cc4-67fda2678d4a",
            "timeouts": null
          },
          "private": "eyJlMmJmYjczMC1lY2FhLTExZTYtOGY4OC0zNDM2M2JjN2M0YzAiOnsiY3JlYXRlIjo2MDAwMDAwMDAwMCwiZGVmYXVsdCI6NjAwMDAwMDAwMDAsImRlbGV0ZSI6NjAwMDAwMDAwMDAsInJlYWQiOjYwMDAwMDAwMDAwLCJ1cGRhdGUiOjYwMDAwMDAwMDAwfX0=",
          "dependencies": [
            "lovi_subnet.team103"
          ]
        },
        {
          "index_key": 1,
          "schema_version": 0,
          "attributes": {
            "fixed_ip": "10.161.3.102",
            "id": "840366d9-0404-41b4-8e92-62286e79f19a",
            "ip": "10.161.3.102",
            "subnet_id": "a6dfb21d-3715-4879-8cc4-67fda2678d4a",
            "timeouts": null
          },
          "private": "eyJlMmJmYjczMC1lY2FhLTExZTYtOGY4OC0zNDM2M2JjN2M0YzAiOnsiY3JlYXRlIjo2MDAwMDAwMDAwMCwiZGVmYXVsdCI6NjAwMDAwMDAwMDAsImRlbGV0ZSI6NjAwMDAwMDAwMDAsInJlYWQiOjYwMDAwMDAwMDAwLCJ1cGRhdGUiOjYwMDAwMDAwMDAwfX0=",
          "dependencies": [
            "lovi_subnet.team103"
          ]
        },
        {
          "index_key": 2,
          "schema_version": 0,
          "attributes": {
            "fixed_ip": "10.161.3.103",
            "id": "da1111f1-48aa-447d-a8e0-2963b5d4ce3f",
            "ip": "10.161.3.103",
            "subnet_id": "a6dfb21d-3715-4879-8cc4-67fda2678d4a",
            "timeouts": null
          },
          "private": "eyJlMmJmYjczMC1lY2FhLTExZTYtOGY4OC0zNDM2M2JjN2M0YzAiOnsiY3JlYXRlIjo2MDAwMDAwMDAwMCwiZGVmYXVsdCI6NjAwMDAwMDAwMDAsImRlbGV0ZSI6NjAwMDAwMDAwMDAsInJlYWQiOjYwMDAwMDAwMDAwLCJ1cGRhdGUiOjYwMDAwMDAwMDAwfX0=",
          "dependencies": [
            "lovi_subnet.team103"
          ]
        }
      ]
    },
    {
      "mode": "managed",
      "type": "lovi_bridge",
      "name": "team103",
      "provider": "provider.lovi",
      "instances": [
        {
          "schema_version": 0,
          "attributes": {
            "id": "edeb56b1-4568-4523-a194-971ad2ecf4cd",
            "name": "team103",
            "timeouts": null,
            "vlan_id": 1103
          },
          "private": "eyJlMmJmYjczMC1lY2FhLTExZTYtOGY4OC0zNDM2M2JjN2M0YzAiOnsiY3JlYXRlIjo2MDAwMDAwMDAwMCwiZGVmYXVsdCI6NjAwMDAwMDAwMDAsImRlbGV0ZSI6NjAwMDAwMDAwMDAsInJlYWQiOjYwMDAwMDAwMDAwLCJ1cGRhdGUiOjYwMDAwMDAwMDAwfX0=",
          "dependencies": [
            "lovi_subnet.team103"
          ]
        }
      ]
    },
    {
      "mode": "managed",
      "type": "lovi_cpu_pinning_group",
      "name": "team103",
      "provider": "provider.lovi",
      "instances": [
        {
          "schema_version": 0,
          "attributes": {
            "count_of_core": 4,
            "hypervisor_name": "isucn0005",
            "id": "6c6b84a8-b99f-4941-acde-2f2f34dce8ca",
            "name": "team103"
          },
          "private": "bnVsbA=="
        }
      ]
    },
    {
      "mode": "managed",
      "type": "lovi_interface_attachment",
      "name": "bastion100-team103",
      "provider": "provider.lovi",
      "instances": [
        {
          "schema_version": 0,
          "attributes": {
            "average": 125000,
            "bridge_id": "edeb56b1-4568-4523-a194-971ad2ecf4cd",
            "id": "9a3e1f5d-4372-4a6b-acb2-1c9aadafb9a8",
            "lease_id": "bfa46c48-8536-4642-8c07-cc455c2fe7e4",
            "name": "t103-ba100",
            "timeouts": null,
            "virtual_machine_id": "95d153b8-09c9-4401-b018-72139e913b18"
          },
          "private": "eyJlMmJmYjczMC1lY2FhLTExZTYtOGY4OC0zNDM2M2JjN2M0YzAiOnsiY3JlYXRlIjo2MDAwMDAwMDAwMCwiZGVmYXVsdCI6NjAwMDAwMDAwMDAsImRlbGV0ZSI6NjAwMDAwMDAwMDAsInJlYWQiOjYwMDAwMDAwMDAwLCJ1cGRhdGUiOjYwMDAwMDAwMDAwfX0=",
          "dependencies": [
            "lovi_address.bastion100-team103",
            "lovi_bridge.team103",
            "lovi_cpu_pinning_group.team103",
            "lovi_lease.bastion100-team103",
            "lovi_subnet.team103",
            "lovi_virtual_machine.bastion100-team103",
            "lovi_virtual_machine.problem-team103"
          ]
        }
      ]
    },
    {
      "mode": "managed",
      "type": "lovi_interface_attachment",
      "name": "bastion200-team103",
      "provider": "provider.lovi",
      "instances": [
        {
          "schema_version": 0,
          "attributes": {
            "average": 125000,
            "bridge_id": "edeb56b1-4568-4523-a194-971ad2ecf4cd",
            "id": "fa094f6f-d1f4-4c34-a1ca-3bee23740d49",
            "lease_id": "07bbe2ee-a617-42d3-8b5d-155d1a852fd9",
            "name": "t103-ba200",
            "timeouts": null,
            "virtual_machine_id": "7c7d976d-413e-4b34-afa5-c5fac6059130"
          },
          "private": "eyJlMmJmYjczMC1lY2FhLTExZTYtOGY4OC0zNDM2M2JjN2M0YzAiOnsiY3JlYXRlIjo2MDAwMDAwMDAwMCwiZGVmYXVsdCI6NjAwMDAwMDAwMDAsImRlbGV0ZSI6NjAwMDAwMDAwMDAsInJlYWQiOjYwMDAwMDAwMDAwLCJ1cGRhdGUiOjYwMDAwMDAwMDAwfX0=",
          "dependencies": [
            "lovi_address.bastion200-team103",
            "lovi_bridge.team103",
            "lovi_cpu_pinning_group.team103",
            "lovi_lease.bastion200-team103",
            "lovi_subnet.team103",
            "lovi_virtual_machine.bastion200-team103",
            "lovi_virtual_machine.problem-team103"
          ]
        }
      ]
    },
    {
      "mode": "managed",
      "type": "lovi_interface_attachment",
      "name": "bench-team103",
      "provider": "provider.lovi",
      "instances": [
        {
          "schema_version": 0,
          "attributes": {
            "average": 12500,
            "bridge_id": "edeb56b1-4568-4523-a194-971ad2ecf4cd",
            "id": "45aab5fe-15fd-4d39-9385-450c10d4ac8b",
            "lease_id": "62aacafc-ebe5-42a2-87ac-94dbacff87b1",
            "name": "t103-be",
            "timeouts": null,
            "virtual_machine_id": "7d868c1d-1561-4a8c-937f-dfde6d2ddb89"
          },
          "private": "eyJlMmJmYjczMC1lY2FhLTExZTYtOGY4OC0zNDM2M2JjN2M0YzAiOnsiY3JlYXRlIjo2MDAwMDAwMDAwMCwiZGVmYXVsdCI6NjAwMDAwMDAwMDAsImRlbGV0ZSI6NjAwMDAwMDAwMDAsInJlYWQiOjYwMDAwMDAwMDAwLCJ1cGRhdGUiOjYwMDAwMDAwMDAwfX0=",
          "dependencies": [
            "lovi_address.bench-team103",
            "lovi_bridge.team103",
            "lovi_cpu_pinning_group.team103",
            "lovi_lease.bench-team103",
            "lovi_subnet.team103",
            "lovi_virtual_machine.bench-team103",
            "lovi_virtual_machine.problem-team103"
          ]
        }
      ]
    },
    {
      "mode": "managed",
      "type": "lovi_interface_attachment",
      "name": "problem-team103",
      "each": "list",
      "provider": "provider.lovi",
      "instances": [
        {
          "index_key": 0,
          "schema_version": 0,
          "attributes": {
            "average": 125000,
            "bridge_id": "edeb56b1-4568-4523-a194-971ad2ecf4cd",
            "id": "3b512470-2b29-4657-b853-fcef5b2a4dfb",
            "lease_id": "cb49974d-73a9-4cce-addb-eacad06b94b2",
            "name": "t103-001",
            "timeouts": null,
            "virtual_machine_id": "7abb66fa-7802-4ea9-bfaf-318217a00e81"
          },
          "private": "eyJlMmJmYjczMC1lY2FhLTExZTYtOGY4OC0zNDM2M2JjN2M0YzAiOnsiY3JlYXRlIjo2MDAwMDAwMDAwMCwiZGVmYXVsdCI6NjAwMDAwMDAwMDAsImRlbGV0ZSI6NjAwMDAwMDAwMDAsInJlYWQiOjYwMDAwMDAwMDAwLCJ1cGRhdGUiOjYwMDAwMDAwMDAwfX0=",
          "dependencies": [
            "lovi_address.problem-team103",
            "lovi_bridge.team103",
            "lovi_cpu_pinning_group.team103",
            "lovi_lease.problem-team103",
            "lovi_subnet.team103",
            "lovi_virtual_machine.problem-team103"
          ]
        },
        {
          "index_key": 1,
          "schema_version": 0,
          "attributes": {
            "average": 125000,
            "bridge_id": "edeb56b1-4568-4523-a194-971ad2ecf4cd",
            "id": "cfa22239-1251-4c29-ae03-a6d808068bfd",
            "lease_id": "fe41a2fa-0bd3-40f0-a3a7-9e8e26bd6ac7",
            "name": "t103-002",
            "timeouts": null,
            "virtual_machine_id": "86da7ddb-5835-434b-80de-10547a2eeb0f"
          },
          "private": "eyJlMmJmYjczMC1lY2FhLTExZTYtOGY4OC0zNDM2M2JjN2M0YzAiOnsiY3JlYXRlIjo2MDAwMDAwMDAwMCwiZGVmYXVsdCI6NjAwMDAwMDAwMDAsImRlbGV0ZSI6NjAwMDAwMDAwMDAsInJlYWQiOjYwMDAwMDAwMDAwLCJ1cGRhdGUiOjYwMDAwMDAwMDAwfX0=",
          "dependencies": [
            "lovi_address.problem-team103",
            "lovi_bridge.team103",
            "lovi_cpu_pinning_group.team103",
            "lovi_lease.problem-team103",
            "lovi_subnet.team103",
            "lovi_virtual_machine.problem-team103"
          ]
        },
        {
          "index_key": 2,
          "schema_version": 0,
          "attributes": {
            "average": 125000,
            "bridge_id": "edeb56b1-4568-4523-a194-971ad2ecf4cd",
            "id": "d438f329-5a0d-42dd-804a-da3cf8d3453c",
            "lease_id": "6445923c-18b3-4c52-a9cc-b9a4922b50b7",
            "name": "t103-003",
            "timeouts": null,
            "virtual_machine_id": "1d5cb891-2be4-491b-b899-fbc29e9bd20c"
          },
          "private": "eyJlMmJmYjczMC1lY2FhLTExZTYtOGY4OC0zNDM2M2JjN2M0YzAiOnsiY3JlYXRlIjo2MDAwMDAwMDAwMCwiZGVmYXVsdCI6NjAwMDAwMDAwMDAsImRlbGV0ZSI6NjAwMDAwMDAwMDAsInJlYWQiOjYwMDAwMDAwMDAwLCJ1cGRhdGUiOjYwMDAwMDAwMDAwfX0=",
          "dependencies": [
            "lovi_address.problem-team103",
            "lovi_bridge.team103",
            "lovi_cpu_pinning_group.team103",
            "lovi_lease.problem-team103",
            "lovi_subnet.team103",
            "lovi_virtual_machine.problem-team103"
          ]
        }
      ]
    },
    {
      "mode": "managed",
      "type": "lovi_internal_bridge",
      "name": "team103",
      "provider": "provider.lovi",
      "instances": [
        {
          "schema_version": 0,
          "attributes": {
            "id": "547cf4da-8075-4636-8375-aa78ede2b14f",
            "name": "team103-in",
            "timeouts": null
          },
          "private": "eyJlMmJmYjczMC1lY2FhLTExZTYtOGY4OC0zNDM2M2JjN2M0YzAiOnsiY3JlYXRlIjo2MDAwMDAwMDAwMCwiZGVmYXVsdCI6NjAwMDAwMDAwMDAsImRlbGV0ZSI6NjAwMDAwMDAwMDAsInJlYWQiOjYwMDAwMDAwMDAwLCJ1cGRhdGUiOjYwMDAwMDAwMDAwfX0="
        }
      ]
    },
    {
      "mode": "managed",
      "type": "lovi_lease",
      "name": "bastion100-team103",
      "provider": "provider.lovi",
      "instances": [
        {
          "schema_version": 0,
          "attributes": {
            "address_id": "520a07f8-d057-4eee-b3bd-da6224c9662f",
            "id": "bfa46c48-8536-4642-8c07-cc455c2fe7e4",
            "mac_address": "ca:03:18:8c:63:5d",
            "timeouts": null
          },
          "private": "eyJlMmJmYjczMC1lY2FhLTExZTYtOGY4OC0zNDM2M2JjN2M0YzAiOnsiY3JlYXRlIjo2MDAwMDAwMDAwMCwiZGVmYXVsdCI6NjAwMDAwMDAwMDAsImRlbGV0ZSI6NjAwMDAwMDAwMDAsInJlYWQiOjYwMDAwMDAwMDAwLCJ1cGRhdGUiOjYwMDAwMDAwMDAwfX0=",
          "dependencies": [
            "lovi_address.bastion100-team103",
            "lovi_subnet.team103"
          ]
        }
      ]
    },
    {
      "mode": "managed",
      "type": "lovi_lease",
      "name": "bastion200-team103",
      "provider": "provider.lovi",
      "instances": [
        {
          "schema_version": 0,
          "attributes": {
            "address_id": "27c84c5a-cad8-4b51-816b-70f4d7b14e12",
            "id": "07bbe2ee-a617-42d3-8b5d-155d1a852fd9",
            "mac_address": "ca:03:18:01:17:6f",
            "timeouts": null
          },
          "private": "eyJlMmJmYjczMC1lY2FhLTExZTYtOGY4OC0zNDM2M2JjN2M0YzAiOnsiY3JlYXRlIjo2MDAwMDAwMDAwMCwiZGVmYXVsdCI6NjAwMDAwMDAwMDAsImRlbGV0ZSI6NjAwMDAwMDAwMDAsInJlYWQiOjYwMDAwMDAwMDAwLCJ1cGRhdGUiOjYwMDAwMDAwMDAwfX0=",
          "dependencies": [
            "lovi_address.bastion200-team103",
            "lovi_subnet.team103"
          ]
        }
      ]
    },
    {
      "mode": "managed",
      "type": "lovi_lease",
      "name": "bench-team103",
      "provider": "provider.lovi",
      "instances": [
        {
          "schema_version": 0,
          "attributes": {
            "address_id": "eec186bb-9f8d-4679-a230-1ba2bc1f0dd2",
            "id": "62aacafc-ebe5-42a2-87ac-94dbacff87b1",
            "mac_address": "ca:03:18:d9:53:57",
            "timeouts": null
          },
          "private": "eyJlMmJmYjczMC1lY2FhLTExZTYtOGY4OC0zNDM2M2JjN2M0YzAiOnsiY3JlYXRlIjo2MDAwMDAwMDAwMCwiZGVmYXVsdCI6NjAwMDAwMDAwMDAsImRlbGV0ZSI6NjAwMDAwMDAwMDAsInJlYWQiOjYwMDAwMDAwMDAwLCJ1cGRhdGUiOjYwMDAwMDAwMDAwfX0=",
          "dependencies": [
            "lovi_address.bench-team103",
            "lovi_subnet.team103"
          ]
        }
      ]
    },
    {
      "mode": "managed",
      "type": "lovi_lease",
      "name": "problem-team103",
      "each": "list",
      "provider": "provider.lovi",
      "instances": [
        {
          "index_key": 0,
          "schema_version": 0,
          "attributes": {
            "address_id": "2000001e-54f8-4781-9972-510ebf8d33f0",
            "id": "cb49974d-73a9-4cce-addb-eacad06b94b2",
            "mac_address": "ca:03:18:4d:7f:4c",
            "timeouts": null
          },
          "private": "eyJlMmJmYjczMC1lY2FhLTExZTYtOGY4OC0zNDM2M2JjN2M0YzAiOnsiY3JlYXRlIjo2MDAwMDAwMDAwMCwiZGVmYXVsdCI6NjAwMDAwMDAwMDAsImRlbGV0ZSI6NjAwMDAwMDAwMDAsInJlYWQiOjYwMDAwMDAwMDAwLCJ1cGRhdGUiOjYwMDAwMDAwMDAwfX0=",
          "dependencies": [
            "lovi_address.problem-team103",
            "lovi_subnet.team103"
          ]
        },
        {
          "index_key": 1,
          "schema_version": 0,
          "attributes": {
            "address_id": "840366d9-0404-41b4-8e92-62286e79f19a",
            "id": "fe41a2fa-0bd3-40f0-a3a7-9e8e26bd6ac7",
            "mac_address": "ca:03:18:15:c9:99",
            "timeouts": null
          },
          "private": "eyJlMmJmYjczMC1lY2FhLTExZTYtOGY4OC0zNDM2M2JjN2M0YzAiOnsiY3JlYXRlIjo2MDAwMDAwMDAwMCwiZGVmYXVsdCI6NjAwMDAwMDAwMDAsImRlbGV0ZSI6NjAwMDAwMDAwMDAsInJlYWQiOjYwMDAwMDAwMDAwLCJ1cGRhdGUiOjYwMDAwMDAwMDAwfX0=",
          "dependencies": [
            "lovi_address.problem-team103",
            "lovi_subnet.team103"
          ]
        },
        {
          "index_key": 2,
          "schema_version": 0,
          "attributes": {
            "address_id": "da1111f1-48aa-447d-a8e0-2963b5d4ce3f",
            "id": "6445923c-18b3-4c52-a9cc-b9a4922b50b7",
            "mac_address": "ca:03:18:69:12:a0",
            "timeouts": null
          },
          "private": "eyJlMmJmYjczMC1lY2FhLTExZTYtOGY4OC0zNDM2M2JjN2M0YzAiOnsiY3JlYXRlIjo2MDAwMDAwMDAwMCwiZGVmYXVsdCI6NjAwMDAwMDAwMDAsImRlbGV0ZSI6NjAwMDAwMDAwMDAsInJlYWQiOjYwMDAwMDAwMDAwLCJ1cGRhdGUiOjYwMDAwMDAwMDAwfX0=",
          "dependencies": [
            "lovi_address.problem-team103",
            "lovi_subnet.team103"
          ]
        }
      ]
    },
    {
      "mode": "managed",
      "type": "lovi_subnet",
      "name": "team103",
      "provider": "provider.lovi",
      "instances": [
        {
          "schema_version": 0,
          "attributes": {
            "dns_server": "8.8.8.8",
            "end": "10.161.3.200",
            "gateway": "10.161.3.254",
            "id": "a6dfb21d-3715-4879-8cc4-67fda2678d4a",
            "metadata_server": "10.161.3.1",
            "name": "team103",
            "network": "10.161.3.0/24",
            "start": "10.161.3.100",
            "timeouts": null,
            "vlan_id": 1103
          },
          "private": "eyJlMmJmYjczMC1lY2FhLTExZTYtOGY4OC0zNDM2M2JjN2M0YzAiOnsiY3JlYXRlIjo2MDAwMDAwMDAwMCwiZGVmYXVsdCI6NjAwMDAwMDAwMDAsImRlbGV0ZSI6NjAwMDAwMDAwMDAsInJlYWQiOjYwMDAwMDAwMDAwLCJ1cGRhdGUiOjYwMDAwMDAwMDAwfX0="
        }
      ]
    },
    {
      "mode": "managed",
      "type": "lovi_virtual_machine",
      "name": "bastion100-team103",
      "provider": "provider.lovi",
      "instances": [
        {
          "schema_version": 0,
          "attributes": {
            "cpu_pinning_group_name": "",
            "europa_backend_name": "dorado001",
            "hypervisor_name": "isuadm0002",
            "id": "95d153b8-09c9-4401-b018-72139e913b18",
            "memory_kib": 2097152,
            "name": "team103-bastion100",
            "read_bytes_sec": 0,
            "read_iops_sec": 0,
            "root_volume_gb": 10,
            "source_image_id": "5138fee8-59a1-407a-bb84-2937d9705143",
            "vcpus": 1,
            "write_bytes_sec": 0,
            "write_iops_sec": 0
          },
          "private": "bnVsbA==",
          "dependencies": [
            "lovi_cpu_pinning_group.team103",
            "lovi_virtual_machine.problem-team103"
          ]
        }
      ]
    },
    {
      "mode": "managed",
      "type": "lovi_virtual_machine",
      "name": "bastion200-team103",
      "provider": "provider.lovi",
      "instances": [
        {
          "schema_version": 0,
          "attributes": {
            "cpu_pinning_group_name": "",
            "europa_backend_name": "dorado001",
            "hypervisor_name": "isuadm0006",
            "id": "7c7d976d-413e-4b34-afa5-c5fac6059130",
            "memory_kib": 2097152,
            "name": "team103-bastion200",
            "read_bytes_sec": 0,
            "read_iops_sec": 0,
            "root_volume_gb": 10,
            "source_image_id": "5138fee8-59a1-407a-bb84-2937d9705143",
            "vcpus": 1,
            "write_bytes_sec": 0,
            "write_iops_sec": 0
          },
          "private": "bnVsbA==",
          "dependencies": [
            "lovi_cpu_pinning_group.team103",
            "lovi_virtual_machine.problem-team103"
          ]
        }
      ]
    },
    {
      "mode": "managed",
      "type": "lovi_virtual_machine",
      "name": "bench-team103",
      "provider": "provider.lovi",
      "instances": [
        {
          "schema_version": 0,
          "attributes": {
            "cpu_pinning_group_name": "team103",
            "europa_backend_name": "dorado001",
            "hypervisor_name": "isucn0005",
            "id": "7d868c1d-1561-4a8c-937f-dfde6d2ddb89",
            "memory_kib": 16777216,
            "name": "team103-bench",
            "read_bytes_sec": 100000000,
            "read_iops_sec": 200,
            "root_volume_gb": 10,
            "source_image_id": "10eee589-725b-4686-a424-1df5e161b031",
            "vcpus": 1,
            "write_bytes_sec": 100000000,
            "write_iops_sec": 200
          },
          "private": "bnVsbA==",
          "dependencies": [
            "lovi_cpu_pinning_group.team103",
            "lovi_virtual_machine.problem-team103"
          ]
        }
      ]
    },
    {
      "mode": "managed",
      "type": "lovi_virtual_machine",
      "name": "problem-team103",
      "each": "list",
      "provider": "provider.lovi",
      "instances": [
        {
          "index_key": 0,
          "schema_version": 0,
          "attributes": {
            "cpu_pinning_group_name": "team103",
            "europa_backend_name": "dorado001",
            "hypervisor_name": "isucn0005",
            "id": "7abb66fa-7802-4ea9-bfaf-318217a00e81",
            "memory_kib": 2097152,
            "name": "team103-001",
            "read_bytes_sec": 100000000,
            "read_iops_sec": 200,
            "root_volume_gb": 10,
            "source_image_id": "1ab68dff-7d0d-40b5-abff-3ef0db2618b1",
            "vcpus": 1,
            "write_bytes_sec": 100000000,
            "write_iops_sec": 200
          },
          "private": "bnVsbA==",
          "dependencies": [
            "lovi_cpu_pinning_group.team103"
          ]
        },
        {
          "index_key": 1,
          "schema_version": 0,
          "attributes": {
            "cpu_pinning_group_name": "team103",
            "europa_backend_name": "dorado001",
            "hypervisor_name": "isucn0005",
            "id": "86da7ddb-5835-434b-80de-10547a2eeb0f",
            "memory_kib": 2097152,
            "name": "team103-002",
            "read_bytes_sec": 100000000,
            "read_iops_sec": 200,
            "root_volume_gb": 10,
            "source_image_id": "1ab68dff-7d0d-40b5-abff-3ef0db2618b1",
            "vcpus": 1,
            "write_bytes_sec": 100000000,
            "write_iops_sec": 200
          },
          "private": "bnVsbA==",
          "dependencies": [
            "lovi_cpu_pinning_group.team103"
          ]
        },
        {
          "index_key": 2,
          "schema_version": 0,
          "attributes": {
            "cpu_pinning_group_name": "team103",
            "europa_backend_name": "dorado001",
            "hypervisor_name": "isucn0005",
            "id": "1d5cb891-2be4-491b-b899-fbc29e9bd20c",
            "memory_kib": 2097152,
            "name": "team103-003",
            "read_bytes_sec": 100000000,
            "read_iops_sec": 200,
            "root_volume_gb": 10,
            "source_image_id": "1ab68dff-7d0d-40b5-abff-3ef0db2618b1",
            "vcpus": 1,
            "write_bytes_sec": 100000000,
            "write_iops_sec": 200
          },
          "private": "bnVsbA==",
          "dependencies": [
            "lovi_cpu_pinning_group.team103"
          ]
        }
      ]
    }
  ]
}
