{
  "version": 4,
  "terraform_version": "0.12.24",
  "serial": 29,
  "lineage": "38463002-e6cc-e56e-381c-66c4e2f709a8",
  "outputs": {},
  "resources": [
    {
      "mode": "managed",
      "type": "lovi_address",
      "name": "bastion100-team210",
      "provider": "provider.lovi",
      "instances": [
        {
          "schema_version": 0,
          "attributes": {
            "fixed_ip": "10.162.10.100",
            "id": "b589089d-a16e-4a3f-9549-22785cb549c8",
            "ip": "10.162.10.100",
            "subnet_id": "06dc5b96-fc30-4be9-8431-83273819a613",
            "timeouts": null
          },
          "private": "eyJlMmJmYjczMC1lY2FhLTExZTYtOGY4OC0zNDM2M2JjN2M0YzAiOnsiY3JlYXRlIjo2MDAwMDAwMDAwMCwiZGVmYXVsdCI6NjAwMDAwMDAwMDAsImRlbGV0ZSI6NjAwMDAwMDAwMDAsInJlYWQiOjYwMDAwMDAwMDAwLCJ1cGRhdGUiOjYwMDAwMDAwMDAwfX0=",
          "dependencies": [
            "lovi_subnet.team210"
          ]
        }
      ]
    },
    {
      "mode": "managed",
      "type": "lovi_address",
      "name": "bastion200-team210",
      "provider": "provider.lovi",
      "instances": [
        {
          "schema_version": 0,
          "attributes": {
            "fixed_ip": "10.162.10.200",
            "id": "1101225e-1721-4f4f-9a40-14db1ea2a2a5",
            "ip": "10.162.10.200",
            "subnet_id": "06dc5b96-fc30-4be9-8431-83273819a613",
            "timeouts": null
          },
          "private": "eyJlMmJmYjczMC1lY2FhLTExZTYtOGY4OC0zNDM2M2JjN2M0YzAiOnsiY3JlYXRlIjo2MDAwMDAwMDAwMCwiZGVmYXVsdCI6NjAwMDAwMDAwMDAsImRlbGV0ZSI6NjAwMDAwMDAwMDAsInJlYWQiOjYwMDAwMDAwMDAwLCJ1cGRhdGUiOjYwMDAwMDAwMDAwfX0=",
          "dependencies": [
            "lovi_subnet.team210"
          ]
        }
      ]
    },
    {
      "mode": "managed",
      "type": "lovi_address",
      "name": "bench-team210",
      "provider": "provider.lovi",
      "instances": [
        {
          "schema_version": 0,
          "attributes": {
            "fixed_ip": "10.162.10.104",
            "id": "30af2210-6c48-4425-9354-040a354c2723",
            "ip": "10.162.10.104",
            "subnet_id": "06dc5b96-fc30-4be9-8431-83273819a613",
            "timeouts": null
          },
          "private": "eyJlMmJmYjczMC1lY2FhLTExZTYtOGY4OC0zNDM2M2JjN2M0YzAiOnsiY3JlYXRlIjo2MDAwMDAwMDAwMCwiZGVmYXVsdCI6NjAwMDAwMDAwMDAsImRlbGV0ZSI6NjAwMDAwMDAwMDAsInJlYWQiOjYwMDAwMDAwMDAwLCJ1cGRhdGUiOjYwMDAwMDAwMDAwfX0=",
          "dependencies": [
            "lovi_subnet.team210"
          ]
        }
      ]
    },
    {
      "mode": "managed",
      "type": "lovi_address",
      "name": "problem-team210-1",
      "provider": "provider.lovi",
      "instances": [
        {
          "schema_version": 0,
          "attributes": {
            "fixed_ip": "10.162.10.101",
            "id": "35bc52e0-dbaa-4f86-ad78-d56e56f11069",
            "ip": "10.162.10.101",
            "subnet_id": "06dc5b96-fc30-4be9-8431-83273819a613",
            "timeouts": null
          },
          "private": "eyJlMmJmYjczMC1lY2FhLTExZTYtOGY4OC0zNDM2M2JjN2M0YzAiOnsiY3JlYXRlIjo2MDAwMDAwMDAwMCwiZGVmYXVsdCI6NjAwMDAwMDAwMDAsImRlbGV0ZSI6NjAwMDAwMDAwMDAsInJlYWQiOjYwMDAwMDAwMDAwLCJ1cGRhdGUiOjYwMDAwMDAwMDAwfX0=",
          "dependencies": [
            "lovi_subnet.team210"
          ]
        }
      ]
    },
    {
      "mode": "managed",
      "type": "lovi_address",
      "name": "problem-team210-2",
      "provider": "provider.lovi",
      "instances": [
        {
          "schema_version": 0,
          "attributes": {
            "fixed_ip": "10.162.10.102",
            "id": "68304fda-770b-4f05-bf18-1b067e1bf4a4",
            "ip": "10.162.10.102",
            "subnet_id": "06dc5b96-fc30-4be9-8431-83273819a613",
            "timeouts": null
          },
          "private": "eyJlMmJmYjczMC1lY2FhLTExZTYtOGY4OC0zNDM2M2JjN2M0YzAiOnsiY3JlYXRlIjo2MDAwMDAwMDAwMCwiZGVmYXVsdCI6NjAwMDAwMDAwMDAsImRlbGV0ZSI6NjAwMDAwMDAwMDAsInJlYWQiOjYwMDAwMDAwMDAwLCJ1cGRhdGUiOjYwMDAwMDAwMDAwfX0=",
          "dependencies": [
            "lovi_subnet.team210"
          ]
        }
      ]
    },
    {
      "mode": "managed",
      "type": "lovi_address",
      "name": "problem-team210-3",
      "provider": "provider.lovi",
      "instances": [
        {
          "schema_version": 0,
          "attributes": {
            "fixed_ip": "10.162.10.103",
            "id": "4e5caef2-e3a2-4e93-9e9b-63edfcf5292f",
            "ip": "10.162.10.103",
            "subnet_id": "06dc5b96-fc30-4be9-8431-83273819a613",
            "timeouts": null
          },
          "private": "eyJlMmJmYjczMC1lY2FhLTExZTYtOGY4OC0zNDM2M2JjN2M0YzAiOnsiY3JlYXRlIjo2MDAwMDAwMDAwMCwiZGVmYXVsdCI6NjAwMDAwMDAwMDAsImRlbGV0ZSI6NjAwMDAwMDAwMDAsInJlYWQiOjYwMDAwMDAwMDAwLCJ1cGRhdGUiOjYwMDAwMDAwMDAwfX0=",
          "dependencies": [
            "lovi_subnet.team210"
          ]
        }
      ]
    },
    {
      "mode": "managed",
      "type": "lovi_bridge",
      "name": "team210",
      "provider": "provider.lovi",
      "instances": [
        {
          "schema_version": 0,
          "attributes": {
            "id": "e12e0e87-9241-42a0-8afe-c5b3b9b0ee49",
            "name": "team210",
            "timeouts": null,
            "vlan_id": 1210
          },
          "private": "eyJlMmJmYjczMC1lY2FhLTExZTYtOGY4OC0zNDM2M2JjN2M0YzAiOnsiY3JlYXRlIjo2MDAwMDAwMDAwMCwiZGVmYXVsdCI6NjAwMDAwMDAwMDAsImRlbGV0ZSI6NjAwMDAwMDAwMDAsInJlYWQiOjYwMDAwMDAwMDAwLCJ1cGRhdGUiOjYwMDAwMDAwMDAwfX0=",
          "dependencies": [
            "lovi_subnet.team210"
          ]
        }
      ]
    },
    {
      "mode": "managed",
      "type": "lovi_cpu_pinning_group",
      "name": "team210",
      "provider": "provider.lovi",
      "instances": [
        {
          "schema_version": 0,
          "attributes": {
            "count_of_core": 12,
            "hypervisor_name": "isucn0006",
            "id": "55a6928d-6e9b-4cbd-a855-9989b47dc4b8",
            "name": "team210"
          },
          "private": "bnVsbA=="
        }
      ]
    },
    {
      "mode": "managed",
      "type": "lovi_interface_attachment",
      "name": "bastion100-team210",
      "provider": "provider.lovi",
      "instances": [
        {
          "schema_version": 0,
          "attributes": {
            "average": 125000,
            "bridge_id": "e12e0e87-9241-42a0-8afe-c5b3b9b0ee49",
            "id": "ec053cea-ffc1-4084-88ae-eac7415b8768",
            "lease_id": "fa085e67-b4ea-412b-aab1-3e5141c9e790",
            "name": "t210-ba100",
            "timeouts": null,
            "virtual_machine_id": "1676a96e-41ed-44de-91d8-1f68a38044cb"
          },
          "private": "eyJlMmJmYjczMC1lY2FhLTExZTYtOGY4OC0zNDM2M2JjN2M0YzAiOnsiY3JlYXRlIjo2MDAwMDAwMDAwMCwiZGVmYXVsdCI6NjAwMDAwMDAwMDAsImRlbGV0ZSI6NjAwMDAwMDAwMDAsInJlYWQiOjYwMDAwMDAwMDAwLCJ1cGRhdGUiOjYwMDAwMDAwMDAwfX0=",
          "dependencies": [
            "lovi_address.bastion100-team210",
            "lovi_bridge.team210",
            "lovi_cpu_pinning_group.team210",
            "lovi_lease.bastion100-team210",
            "lovi_subnet.team210",
            "lovi_virtual_machine.bastion100-team210"
          ]
        }
      ]
    },
    {
      "mode": "managed",
      "type": "lovi_interface_attachment",
      "name": "bastion200-team210",
      "provider": "provider.lovi",
      "instances": [
        {
          "schema_version": 0,
          "attributes": {
            "average": 125000,
            "bridge_id": "e12e0e87-9241-42a0-8afe-c5b3b9b0ee49",
            "id": "8df8358a-b201-4474-b4db-a53ee6817920",
            "lease_id": "6752b97f-d752-4c9c-92a1-ee82f2bab419",
            "name": "t210-ba200",
            "timeouts": null,
            "virtual_machine_id": "556195d4-04c6-4ac7-898b-f9098a2a49cf"
          },
          "private": "eyJlMmJmYjczMC1lY2FhLTExZTYtOGY4OC0zNDM2M2JjN2M0YzAiOnsiY3JlYXRlIjo2MDAwMDAwMDAwMCwiZGVmYXVsdCI6NjAwMDAwMDAwMDAsImRlbGV0ZSI6NjAwMDAwMDAwMDAsInJlYWQiOjYwMDAwMDAwMDAwLCJ1cGRhdGUiOjYwMDAwMDAwMDAwfX0=",
          "dependencies": [
            "lovi_address.bastion200-team210",
            "lovi_bridge.team210",
            "lovi_cpu_pinning_group.team210",
            "lovi_lease.bastion200-team210",
            "lovi_subnet.team210",
            "lovi_virtual_machine.bastion200-team210"
          ]
        }
      ]
    },
    {
      "mode": "managed",
      "type": "lovi_interface_attachment",
      "name": "bench-team210",
      "provider": "provider.lovi",
      "instances": [
        {
          "schema_version": 0,
          "attributes": {
            "average": 125000,
            "bridge_id": "e12e0e87-9241-42a0-8afe-c5b3b9b0ee49",
            "id": "735c1a84-13fb-4f1e-9643-4920a9a7a1d5",
            "lease_id": "9a9d71da-0d16-4775-a9ff-391b795ac8fd",
            "name": "t210-be",
            "timeouts": null,
            "virtual_machine_id": "9c814200-ed4d-4da3-965c-08141fabfe21"
          },
          "private": "eyJlMmJmYjczMC1lY2FhLTExZTYtOGY4OC0zNDM2M2JjN2M0YzAiOnsiY3JlYXRlIjo2MDAwMDAwMDAwMCwiZGVmYXVsdCI6NjAwMDAwMDAwMDAsImRlbGV0ZSI6NjAwMDAwMDAwMDAsInJlYWQiOjYwMDAwMDAwMDAwLCJ1cGRhdGUiOjYwMDAwMDAwMDAwfX0=",
          "dependencies": [
            "lovi_address.bench-team210",
            "lovi_bridge.team210",
            "lovi_cpu_pinning_group.team210",
            "lovi_lease.bench-team210",
            "lovi_subnet.team210",
            "lovi_virtual_machine.bench-team210"
          ]
        }
      ]
    },
    {
      "mode": "managed",
      "type": "lovi_interface_attachment",
      "name": "problem-team210-1",
      "provider": "provider.lovi",
      "instances": [
        {
          "schema_version": 0,
          "attributes": {
            "average": 125000,
            "bridge_id": "e12e0e87-9241-42a0-8afe-c5b3b9b0ee49",
            "id": "ba1d3f24-abf2-4c11-9fc9-5a1fd71083af",
            "lease_id": "1f88e375-20eb-4e7c-88a6-7a061ae1efcf",
            "name": "t210-001",
            "timeouts": null,
            "virtual_machine_id": "aa29466c-8aaa-40ab-8c54-c65d29c45bdc"
          },
          "private": "eyJlMmJmYjczMC1lY2FhLTExZTYtOGY4OC0zNDM2M2JjN2M0YzAiOnsiY3JlYXRlIjo2MDAwMDAwMDAwMCwiZGVmYXVsdCI6NjAwMDAwMDAwMDAsImRlbGV0ZSI6NjAwMDAwMDAwMDAsInJlYWQiOjYwMDAwMDAwMDAwLCJ1cGRhdGUiOjYwMDAwMDAwMDAwfX0=",
          "dependencies": [
            "lovi_address.problem-team210-1",
            "lovi_bridge.team210",
            "lovi_cpu_pinning_group.team210",
            "lovi_lease.problem-team210-1",
            "lovi_subnet.team210",
            "lovi_virtual_machine.problem-team210-1"
          ]
        }
      ]
    },
    {
      "mode": "managed",
      "type": "lovi_interface_attachment",
      "name": "problem-team210-2",
      "provider": "provider.lovi",
      "instances": [
        {
          "schema_version": 0,
          "attributes": {
            "average": 125000,
            "bridge_id": "e12e0e87-9241-42a0-8afe-c5b3b9b0ee49",
            "id": "f0060b70-1245-4dd6-979e-a5876a391103",
            "lease_id": "a8c925df-98ce-41fc-b395-cc7982c55ca4",
            "name": "t210-002",
            "timeouts": null,
            "virtual_machine_id": "c578588e-085d-48e3-b8cb-28426c386c4c"
          },
          "private": "eyJlMmJmYjczMC1lY2FhLTExZTYtOGY4OC0zNDM2M2JjN2M0YzAiOnsiY3JlYXRlIjo2MDAwMDAwMDAwMCwiZGVmYXVsdCI6NjAwMDAwMDAwMDAsImRlbGV0ZSI6NjAwMDAwMDAwMDAsInJlYWQiOjYwMDAwMDAwMDAwLCJ1cGRhdGUiOjYwMDAwMDAwMDAwfX0=",
          "dependencies": [
            "lovi_address.problem-team210-2",
            "lovi_bridge.team210",
            "lovi_cpu_pinning_group.team210",
            "lovi_lease.problem-team210-2",
            "lovi_subnet.team210",
            "lovi_virtual_machine.problem-team210-2"
          ]
        }
      ]
    },
    {
      "mode": "managed",
      "type": "lovi_interface_attachment",
      "name": "problem-team210-3",
      "provider": "provider.lovi",
      "instances": [
        {
          "schema_version": 0,
          "attributes": {
            "average": 125000,
            "bridge_id": "e12e0e87-9241-42a0-8afe-c5b3b9b0ee49",
            "id": "e030de1f-1cfd-46bd-925b-507783ae8512",
            "lease_id": "af63cf72-a5e3-4843-b123-40aebceb02a7",
            "name": "t210-003",
            "timeouts": null,
            "virtual_machine_id": "4dfdbffe-b934-4226-9822-a1527e5e1eff"
          },
          "private": "eyJlMmJmYjczMC1lY2FhLTExZTYtOGY4OC0zNDM2M2JjN2M0YzAiOnsiY3JlYXRlIjo2MDAwMDAwMDAwMCwiZGVmYXVsdCI6NjAwMDAwMDAwMDAsImRlbGV0ZSI6NjAwMDAwMDAwMDAsInJlYWQiOjYwMDAwMDAwMDAwLCJ1cGRhdGUiOjYwMDAwMDAwMDAwfX0=",
          "dependencies": [
            "lovi_address.problem-team210-3",
            "lovi_bridge.team210",
            "lovi_cpu_pinning_group.team210",
            "lovi_lease.problem-team210-3",
            "lovi_subnet.team210",
            "lovi_virtual_machine.problem-team210-3"
          ]
        }
      ]
    },
    {
      "mode": "managed",
      "type": "lovi_internal_bridge",
      "name": "team210",
      "provider": "provider.lovi",
      "instances": [
        {
          "schema_version": 0,
          "attributes": {
            "id": "02b11dd1-512d-4ab0-9f33-6c50321f09f2",
            "name": "team210-in",
            "timeouts": null
          },
          "private": "eyJlMmJmYjczMC1lY2FhLTExZTYtOGY4OC0zNDM2M2JjN2M0YzAiOnsiY3JlYXRlIjo2MDAwMDAwMDAwMCwiZGVmYXVsdCI6NjAwMDAwMDAwMDAsImRlbGV0ZSI6NjAwMDAwMDAwMDAsInJlYWQiOjYwMDAwMDAwMDAwLCJ1cGRhdGUiOjYwMDAwMDAwMDAwfX0="
        }
      ]
    },
    {
      "mode": "managed",
      "type": "lovi_lease",
      "name": "bastion100-team210",
      "provider": "provider.lovi",
      "instances": [
        {
          "schema_version": 0,
          "attributes": {
            "address_id": "b589089d-a16e-4a3f-9549-22785cb549c8",
            "id": "fa085e67-b4ea-412b-aab1-3e5141c9e790",
            "mac_address": "ca:03:18:ac:de:f7",
            "timeouts": null
          },
          "private": "eyJlMmJmYjczMC1lY2FhLTExZTYtOGY4OC0zNDM2M2JjN2M0YzAiOnsiY3JlYXRlIjo2MDAwMDAwMDAwMCwiZGVmYXVsdCI6NjAwMDAwMDAwMDAsImRlbGV0ZSI6NjAwMDAwMDAwMDAsInJlYWQiOjYwMDAwMDAwMDAwLCJ1cGRhdGUiOjYwMDAwMDAwMDAwfX0=",
          "dependencies": [
            "lovi_address.bastion100-team210",
            "lovi_subnet.team210"
          ]
        }
      ]
    },
    {
      "mode": "managed",
      "type": "lovi_lease",
      "name": "bastion200-team210",
      "provider": "provider.lovi",
      "instances": [
        {
          "schema_version": 0,
          "attributes": {
            "address_id": "1101225e-1721-4f4f-9a40-14db1ea2a2a5",
            "id": "6752b97f-d752-4c9c-92a1-ee82f2bab419",
            "mac_address": "ca:03:18:22:3e:6b",
            "timeouts": null
          },
          "private": "eyJlMmJmYjczMC1lY2FhLTExZTYtOGY4OC0zNDM2M2JjN2M0YzAiOnsiY3JlYXRlIjo2MDAwMDAwMDAwMCwiZGVmYXVsdCI6NjAwMDAwMDAwMDAsImRlbGV0ZSI6NjAwMDAwMDAwMDAsInJlYWQiOjYwMDAwMDAwMDAwLCJ1cGRhdGUiOjYwMDAwMDAwMDAwfX0=",
          "dependencies": [
            "lovi_address.bastion200-team210",
            "lovi_subnet.team210"
          ]
        }
      ]
    },
    {
      "mode": "managed",
      "type": "lovi_lease",
      "name": "bench-team210",
      "provider": "provider.lovi",
      "instances": [
        {
          "schema_version": 0,
          "attributes": {
            "address_id": "30af2210-6c48-4425-9354-040a354c2723",
            "id": "9a9d71da-0d16-4775-a9ff-391b795ac8fd",
            "mac_address": "ca:03:18:15:51:11",
            "timeouts": null
          },
          "private": "eyJlMmJmYjczMC1lY2FhLTExZTYtOGY4OC0zNDM2M2JjN2M0YzAiOnsiY3JlYXRlIjo2MDAwMDAwMDAwMCwiZGVmYXVsdCI6NjAwMDAwMDAwMDAsImRlbGV0ZSI6NjAwMDAwMDAwMDAsInJlYWQiOjYwMDAwMDAwMDAwLCJ1cGRhdGUiOjYwMDAwMDAwMDAwfX0=",
          "dependencies": [
            "lovi_address.bench-team210",
            "lovi_subnet.team210"
          ]
        }
      ]
    },
    {
      "mode": "managed",
      "type": "lovi_lease",
      "name": "problem-team210-1",
      "provider": "provider.lovi",
      "instances": [
        {
          "schema_version": 0,
          "attributes": {
            "address_id": "35bc52e0-dbaa-4f86-ad78-d56e56f11069",
            "id": "1f88e375-20eb-4e7c-88a6-7a061ae1efcf",
            "mac_address": "ca:03:18:84:70:98",
            "timeouts": null
          },
          "private": "eyJlMmJmYjczMC1lY2FhLTExZTYtOGY4OC0zNDM2M2JjN2M0YzAiOnsiY3JlYXRlIjo2MDAwMDAwMDAwMCwiZGVmYXVsdCI6NjAwMDAwMDAwMDAsImRlbGV0ZSI6NjAwMDAwMDAwMDAsInJlYWQiOjYwMDAwMDAwMDAwLCJ1cGRhdGUiOjYwMDAwMDAwMDAwfX0=",
          "dependencies": [
            "lovi_address.problem-team210-1",
            "lovi_subnet.team210"
          ]
        }
      ]
    },
    {
      "mode": "managed",
      "type": "lovi_lease",
      "name": "problem-team210-2",
      "provider": "provider.lovi",
      "instances": [
        {
          "schema_version": 0,
          "attributes": {
            "address_id": "68304fda-770b-4f05-bf18-1b067e1bf4a4",
            "id": "a8c925df-98ce-41fc-b395-cc7982c55ca4",
            "mac_address": "ca:03:18:3b:cb:10",
            "timeouts": null
          },
          "private": "eyJlMmJmYjczMC1lY2FhLTExZTYtOGY4OC0zNDM2M2JjN2M0YzAiOnsiY3JlYXRlIjo2MDAwMDAwMDAwMCwiZGVmYXVsdCI6NjAwMDAwMDAwMDAsImRlbGV0ZSI6NjAwMDAwMDAwMDAsInJlYWQiOjYwMDAwMDAwMDAwLCJ1cGRhdGUiOjYwMDAwMDAwMDAwfX0=",
          "dependencies": [
            "lovi_address.problem-team210-2",
            "lovi_subnet.team210"
          ]
        }
      ]
    },
    {
      "mode": "managed",
      "type": "lovi_lease",
      "name": "problem-team210-3",
      "provider": "provider.lovi",
      "instances": [
        {
          "schema_version": 0,
          "attributes": {
            "address_id": "4e5caef2-e3a2-4e93-9e9b-63edfcf5292f",
            "id": "af63cf72-a5e3-4843-b123-40aebceb02a7",
            "mac_address": "ca:03:18:9d:d6:52",
            "timeouts": null
          },
          "private": "eyJlMmJmYjczMC1lY2FhLTExZTYtOGY4OC0zNDM2M2JjN2M0YzAiOnsiY3JlYXRlIjo2MDAwMDAwMDAwMCwiZGVmYXVsdCI6NjAwMDAwMDAwMDAsImRlbGV0ZSI6NjAwMDAwMDAwMDAsInJlYWQiOjYwMDAwMDAwMDAwLCJ1cGRhdGUiOjYwMDAwMDAwMDAwfX0=",
          "dependencies": [
            "lovi_address.problem-team210-3",
            "lovi_subnet.team210"
          ]
        }
      ]
    },
    {
      "mode": "managed",
      "type": "lovi_subnet",
      "name": "team210",
      "provider": "provider.lovi",
      "instances": [
        {
          "schema_version": 0,
          "attributes": {
            "dns_server": "8.8.8.8",
            "end": "10.162.10.200",
            "gateway": "10.162.10.254",
            "id": "06dc5b96-fc30-4be9-8431-83273819a613",
            "metadata_server": "10.162.10.1",
            "name": "team210",
            "network": "10.162.10.0/24",
            "start": "10.162.10.100",
            "timeouts": null,
            "vlan_id": 1210
          },
          "private": "eyJlMmJmYjczMC1lY2FhLTExZTYtOGY4OC0zNDM2M2JjN2M0YzAiOnsiY3JlYXRlIjo2MDAwMDAwMDAwMCwiZGVmYXVsdCI6NjAwMDAwMDAwMDAsImRlbGV0ZSI6NjAwMDAwMDAwMDAsInJlYWQiOjYwMDAwMDAwMDAwLCJ1cGRhdGUiOjYwMDAwMDAwMDAwfX0="
        }
      ]
    },
    {
      "mode": "managed",
      "type": "lovi_virtual_machine",
      "name": "bastion100-team210",
      "provider": "provider.lovi",
      "instances": [
        {
          "schema_version": 0,
          "attributes": {
            "cpu_pinning_group_name": "",
            "europa_backend_name": "dorado001",
            "hypervisor_name": "isuadm0002",
            "id": "1676a96e-41ed-44de-91d8-1f68a38044cb",
            "memory_kib": 2097152,
            "name": "team210-bastion100",
            "read_bytes_sec": 0,
            "read_iops_sec": 0,
            "root_volume_gb": 10,
            "source_image_id": "5138fee8-59a1-407a-bb84-2937d9705143",
            "vcpus": 1,
            "write_bytes_sec": 0,
            "write_iops_sec": 0
          },
          "private": "bnVsbA==",
          "dependencies": [
            "lovi_cpu_pinning_group.team210"
          ]
        }
      ]
    },
    {
      "mode": "managed",
      "type": "lovi_virtual_machine",
      "name": "bastion200-team210",
      "provider": "provider.lovi",
      "instances": [
        {
          "schema_version": 0,
          "attributes": {
            "cpu_pinning_group_name": "",
            "europa_backend_name": "dorado001",
            "hypervisor_name": "isuadm0006",
            "id": "556195d4-04c6-4ac7-898b-f9098a2a49cf",
            "memory_kib": 2097152,
            "name": "team210-bastion200",
            "read_bytes_sec": 0,
            "read_iops_sec": 0,
            "root_volume_gb": 10,
            "source_image_id": "5138fee8-59a1-407a-bb84-2937d9705143",
            "vcpus": 1,
            "write_bytes_sec": 0,
            "write_iops_sec": 0
          },
          "private": "bnVsbA==",
          "dependencies": [
            "lovi_cpu_pinning_group.team210"
          ]
        }
      ]
    },
    {
      "mode": "managed",
      "type": "lovi_virtual_machine",
      "name": "bench-team210",
      "provider": "provider.lovi",
      "instances": [
        {
          "schema_version": 0,
          "attributes": {
            "cpu_pinning_group_name": "team210",
            "europa_backend_name": "dorado001",
            "hypervisor_name": "isucn0006",
            "id": "9c814200-ed4d-4da3-965c-08141fabfe21",
            "memory_kib": 16777216,
            "name": "team210-bench",
            "read_bytes_sec": 1000000000,
            "read_iops_sec": 800,
            "root_volume_gb": 30,
            "source_image_id": "a87104a2-0c24-4058-bc6f-13a9e632b5c1",
            "vcpus": 8,
            "write_bytes_sec": 1000000000,
            "write_iops_sec": 800
          },
          "private": "bnVsbA==",
          "dependencies": [
            "lovi_cpu_pinning_group.team210"
          ]
        }
      ]
    },
    {
      "mode": "managed",
      "type": "lovi_virtual_machine",
      "name": "problem-team210-1",
      "provider": "provider.lovi",
      "instances": [
        {
          "schema_version": 0,
          "attributes": {
            "cpu_pinning_group_name": "team210",
            "europa_backend_name": "dorado001",
            "hypervisor_name": "isucn0006",
            "id": "aa29466c-8aaa-40ab-8c54-c65d29c45bdc",
            "memory_kib": 1048576,
            "name": "team210-001",
            "read_bytes_sec": 1000000000,
            "read_iops_sec": 800,
            "root_volume_gb": 30,
            "source_image_id": "ee12d10d-471e-4939-8650-9302c2ea71c0",
            "vcpus": 2,
            "write_bytes_sec": 1000000000,
            "write_iops_sec": 800
          },
          "private": "bnVsbA==",
          "dependencies": [
            "lovi_cpu_pinning_group.team210"
          ]
        }
      ]
    },
    {
      "mode": "managed",
      "type": "lovi_virtual_machine",
      "name": "problem-team210-2",
      "provider": "provider.lovi",
      "instances": [
        {
          "schema_version": 0,
          "attributes": {
            "cpu_pinning_group_name": "team210",
            "europa_backend_name": "dorado001",
            "hypervisor_name": "isucn0006",
            "id": "c578588e-085d-48e3-b8cb-28426c386c4c",
            "memory_kib": 2097152,
            "name": "team210-002",
            "read_bytes_sec": 1000000000,
            "read_iops_sec": 800,
            "root_volume_gb": 30,
            "source_image_id": "ee12d10d-471e-4939-8650-9302c2ea71c0",
            "vcpus": 2,
            "write_bytes_sec": 1000000000,
            "write_iops_sec": 800
          },
          "private": "bnVsbA==",
          "dependencies": [
            "lovi_cpu_pinning_group.team210"
          ]
        }
      ]
    },
    {
      "mode": "managed",
      "type": "lovi_virtual_machine",
      "name": "problem-team210-3",
      "provider": "provider.lovi",
      "instances": [
        {
          "schema_version": 0,
          "attributes": {
            "cpu_pinning_group_name": "team210",
            "europa_backend_name": "dorado001",
            "hypervisor_name": "isucn0006",
            "id": "4dfdbffe-b934-4226-9822-a1527e5e1eff",
            "memory_kib": 1048576,
            "name": "team210-003",
            "read_bytes_sec": 1000000000,
            "read_iops_sec": 800,
            "root_volume_gb": 30,
            "source_image_id": "ee12d10d-471e-4939-8650-9302c2ea71c0",
            "vcpus": 4,
            "write_bytes_sec": 1000000000,
            "write_iops_sec": 800
          },
          "private": "bnVsbA==",
          "dependencies": [
            "lovi_cpu_pinning_group.team210"
          ]
        }
      ]
    }
  ]
}
