{
  "version": 4,
  "terraform_version": "0.12.24",
  "serial": 182,
  "lineage": "230da3c3-da9e-2e53-7291-727ea7acdcb5",
  "outputs": {},
  "resources": [
    {
      "mode": "managed",
      "type": "lovi_address",
      "name": "bastion-team005",
      "provider": "provider.lovi",
      "instances": [
        {
          "schema_version": 0,
          "attributes": {
            "fixed_ip": "10.160.005.100",
            "id": "6da3bec4-e1e9-4004-b0d9-43b7ba102d3d",
            "ip": "10.160.5.100",
            "subnet_id": "f9cf7db0-8122-4639-b654-276f1fe33eee",
            "timeouts": null
          },
          "private": "eyJlMmJmYjczMC1lY2FhLTExZTYtOGY4OC0zNDM2M2JjN2M0YzAiOnsiY3JlYXRlIjo2MDAwMDAwMDAwMCwiZGVmYXVsdCI6NjAwMDAwMDAwMDAsImRlbGV0ZSI6NjAwMDAwMDAwMDAsInJlYWQiOjYwMDAwMDAwMDAwLCJ1cGRhdGUiOjYwMDAwMDAwMDAwfX0=",
          "dependencies": [
            "lovi_subnet.team005"
          ]
        }
      ]
    },
    {
      "mode": "managed",
      "type": "lovi_address",
      "name": "bench-team005",
      "provider": "provider.lovi",
      "instances": [
        {
          "schema_version": 0,
          "attributes": {
            "fixed_ip": "10.160.005.104",
            "id": "43ff430d-ec02-4a30-be25-6d1998e8058f",
            "ip": "10.160.5.104",
            "subnet_id": "f9cf7db0-8122-4639-b654-276f1fe33eee",
            "timeouts": null
          },
          "private": "eyJlMmJmYjczMC1lY2FhLTExZTYtOGY4OC0zNDM2M2JjN2M0YzAiOnsiY3JlYXRlIjo2MDAwMDAwMDAwMCwiZGVmYXVsdCI6NjAwMDAwMDAwMDAsImRlbGV0ZSI6NjAwMDAwMDAwMDAsInJlYWQiOjYwMDAwMDAwMDAwLCJ1cGRhdGUiOjYwMDAwMDAwMDAwfX0=",
          "dependencies": [
            "lovi_subnet.team005"
          ]
        }
      ]
    },
    {
      "mode": "managed",
      "type": "lovi_address",
      "name": "problem-team005",
      "each": "list",
      "provider": "provider.lovi",
      "instances": [
        {
          "index_key": 0,
          "schema_version": 0,
          "attributes": {
            "fixed_ip": "10.160.005.101",
            "id": "837543dd-bf6c-429d-a896-463d3c12e590",
            "ip": "10.160.5.101",
            "subnet_id": "f9cf7db0-8122-4639-b654-276f1fe33eee",
            "timeouts": null
          },
          "private": "eyJlMmJmYjczMC1lY2FhLTExZTYtOGY4OC0zNDM2M2JjN2M0YzAiOnsiY3JlYXRlIjo2MDAwMDAwMDAwMCwiZGVmYXVsdCI6NjAwMDAwMDAwMDAsImRlbGV0ZSI6NjAwMDAwMDAwMDAsInJlYWQiOjYwMDAwMDAwMDAwLCJ1cGRhdGUiOjYwMDAwMDAwMDAwfX0=",
          "dependencies": [
            "lovi_subnet.team005"
          ]
        },
        {
          "index_key": 1,
          "schema_version": 0,
          "attributes": {
            "fixed_ip": "10.160.005.102",
            "id": "fa70b4ad-385b-4619-a35e-42ceb1d26fc4",
            "ip": "10.160.5.102",
            "subnet_id": "f9cf7db0-8122-4639-b654-276f1fe33eee",
            "timeouts": null
          },
          "private": "eyJlMmJmYjczMC1lY2FhLTExZTYtOGY4OC0zNDM2M2JjN2M0YzAiOnsiY3JlYXRlIjo2MDAwMDAwMDAwMCwiZGVmYXVsdCI6NjAwMDAwMDAwMDAsImRlbGV0ZSI6NjAwMDAwMDAwMDAsInJlYWQiOjYwMDAwMDAwMDAwLCJ1cGRhdGUiOjYwMDAwMDAwMDAwfX0=",
          "dependencies": [
            "lovi_subnet.team005"
          ]
        },
        {
          "index_key": 2,
          "schema_version": 0,
          "attributes": {
            "fixed_ip": "10.160.005.103",
            "id": "87dee45a-7b5a-456a-89ee-61a463b491dd",
            "ip": "10.160.5.103",
            "subnet_id": "f9cf7db0-8122-4639-b654-276f1fe33eee",
            "timeouts": null
          },
          "private": "eyJlMmJmYjczMC1lY2FhLTExZTYtOGY4OC0zNDM2M2JjN2M0YzAiOnsiY3JlYXRlIjo2MDAwMDAwMDAwMCwiZGVmYXVsdCI6NjAwMDAwMDAwMDAsImRlbGV0ZSI6NjAwMDAwMDAwMDAsInJlYWQiOjYwMDAwMDAwMDAwLCJ1cGRhdGUiOjYwMDAwMDAwMDAwfX0=",
          "dependencies": [
            "lovi_subnet.team005"
          ]
        }
      ]
    },
    {
      "mode": "managed",
      "type": "lovi_bridge",
      "name": "team005",
      "provider": "provider.lovi",
      "instances": [
        {
          "schema_version": 0,
          "attributes": {
            "id": "728a80f9-e809-419b-9bed-a09bbe8184d0",
            "name": "team005",
            "timeouts": null,
            "vlan_id": 1005
          },
          "private": "eyJlMmJmYjczMC1lY2FhLTExZTYtOGY4OC0zNDM2M2JjN2M0YzAiOnsiY3JlYXRlIjo2MDAwMDAwMDAwMCwiZGVmYXVsdCI6NjAwMDAwMDAwMDAsImRlbGV0ZSI6NjAwMDAwMDAwMDAsInJlYWQiOjYwMDAwMDAwMDAwLCJ1cGRhdGUiOjYwMDAwMDAwMDAwfX0=",
          "dependencies": [
            "lovi_subnet.team005"
          ]
        }
      ]
    },
    {
      "mode": "managed",
      "type": "lovi_interface_attachment",
      "name": "bastion-team005",
      "provider": "provider.lovi",
      "instances": [
        {
          "schema_version": 0,
          "attributes": {
            "average": 12500,
            "bridge_id": "728a80f9-e809-419b-9bed-a09bbe8184d0",
            "id": "4aad2242-db1c-4187-a04d-bb86b9a857e6",
            "lease_id": "95422ae1-8dd7-4695-a8fd-850c945fc2ed",
            "name": "t005-ba",
            "timeouts": null,
            "virtual_machine_id": "d9ec25f2-a8d1-4e69-9abe-c82b52b1cf7b"
          },
          "private": "eyJlMmJmYjczMC1lY2FhLTExZTYtOGY4OC0zNDM2M2JjN2M0YzAiOnsiY3JlYXRlIjo2MDAwMDAwMDAwMCwiZGVmYXVsdCI6NjAwMDAwMDAwMDAsImRlbGV0ZSI6NjAwMDAwMDAwMDAsInJlYWQiOjYwMDAwMDAwMDAwLCJ1cGRhdGUiOjYwMDAwMDAwMDAwfX0=",
          "dependencies": [
            "lovi_address.bastion-team005",
            "lovi_bridge.team005",
            "lovi_lease.bastion-team005",
            "lovi_subnet.team005",
            "lovi_virtual_machine.bastion-team005",
            "lovi_virtual_machine.problem-team005"
          ]
        }
      ]
    },
    {
      "mode": "managed",
      "type": "lovi_interface_attachment",
      "name": "bench-team005",
      "provider": "provider.lovi",
      "instances": [
        {
          "schema_version": 0,
          "attributes": {
            "average": 12500,
            "bridge_id": "728a80f9-e809-419b-9bed-a09bbe8184d0",
            "id": "dad33aeb-a656-482d-b1be-154806dbcb90",
            "lease_id": "e1b7a97e-937b-4e13-ba5c-be7f05eff1c7",
            "name": "t005-be",
            "timeouts": null,
            "virtual_machine_id": "232dfa90-68c6-4194-8611-e588295b6c91"
          },
          "private": "eyJlMmJmYjczMC1lY2FhLTExZTYtOGY4OC0zNDM2M2JjN2M0YzAiOnsiY3JlYXRlIjo2MDAwMDAwMDAwMCwiZGVmYXVsdCI6NjAwMDAwMDAwMDAsImRlbGV0ZSI6NjAwMDAwMDAwMDAsInJlYWQiOjYwMDAwMDAwMDAwLCJ1cGRhdGUiOjYwMDAwMDAwMDAwfX0=",
          "dependencies": [
            "lovi_address.bench-team005",
            "lovi_bridge.team005",
            "lovi_lease.bench-team005",
            "lovi_subnet.team005",
            "lovi_virtual_machine.bench-team005",
            "lovi_virtual_machine.problem-team005"
          ]
        }
      ]
    },
    {
      "mode": "managed",
      "type": "lovi_interface_attachment",
      "name": "problem-team005",
      "each": "list",
      "provider": "provider.lovi",
      "instances": [
        {
          "index_key": 0,
          "schema_version": 0,
          "attributes": {
            "average": 37500,
            "bridge_id": "728a80f9-e809-419b-9bed-a09bbe8184d0",
            "id": "bf4c4952-a97e-4ad2-ab96-4481b8b946b0",
            "lease_id": "2acbecad-7a97-471e-918f-13d6e0036e94",
            "name": "t005-001",
            "timeouts": null,
            "virtual_machine_id": "d2b4291c-3059-4449-a3a4-b3a30b35e721"
          },
          "private": "eyJlMmJmYjczMC1lY2FhLTExZTYtOGY4OC0zNDM2M2JjN2M0YzAiOnsiY3JlYXRlIjo2MDAwMDAwMDAwMCwiZGVmYXVsdCI6NjAwMDAwMDAwMDAsImRlbGV0ZSI6NjAwMDAwMDAwMDAsInJlYWQiOjYwMDAwMDAwMDAwLCJ1cGRhdGUiOjYwMDAwMDAwMDAwfX0=",
          "dependencies": [
            "lovi_address.problem-team005",
            "lovi_bridge.team005",
            "lovi_lease.problem-team005",
            "lovi_subnet.team005",
            "lovi_virtual_machine.problem-team005"
          ]
        },
        {
          "index_key": 1,
          "schema_version": 0,
          "attributes": {
            "average": 37500,
            "bridge_id": "728a80f9-e809-419b-9bed-a09bbe8184d0",
            "id": "a8c6450f-03ae-4a22-bb8b-e1b2093426a3",
            "lease_id": "8495a779-126c-4caf-8d51-af804d936265",
            "name": "t005-002",
            "timeouts": null,
            "virtual_machine_id": "b75d105d-4868-472e-ae15-5335cc331604"
          },
          "private": "eyJlMmJmYjczMC1lY2FhLTExZTYtOGY4OC0zNDM2M2JjN2M0YzAiOnsiY3JlYXRlIjo2MDAwMDAwMDAwMCwiZGVmYXVsdCI6NjAwMDAwMDAwMDAsImRlbGV0ZSI6NjAwMDAwMDAwMDAsInJlYWQiOjYwMDAwMDAwMDAwLCJ1cGRhdGUiOjYwMDAwMDAwMDAwfX0=",
          "dependencies": [
            "lovi_address.problem-team005",
            "lovi_bridge.team005",
            "lovi_lease.problem-team005",
            "lovi_subnet.team005",
            "lovi_virtual_machine.problem-team005"
          ]
        },
        {
          "index_key": 2,
          "schema_version": 0,
          "attributes": {
            "average": 37500,
            "bridge_id": "728a80f9-e809-419b-9bed-a09bbe8184d0",
            "id": "964fd1d9-c620-4780-80cc-badb22db5653",
            "lease_id": "4ca63f04-0a06-4de8-b689-b12f5add768b",
            "name": "t005-003",
            "timeouts": null,
            "virtual_machine_id": "166e197b-5099-4e40-a4b8-b8eabbf7bdad"
          },
          "private": "eyJlMmJmYjczMC1lY2FhLTExZTYtOGY4OC0zNDM2M2JjN2M0YzAiOnsiY3JlYXRlIjo2MDAwMDAwMDAwMCwiZGVmYXVsdCI6NjAwMDAwMDAwMDAsImRlbGV0ZSI6NjAwMDAwMDAwMDAsInJlYWQiOjYwMDAwMDAwMDAwLCJ1cGRhdGUiOjYwMDAwMDAwMDAwfX0=",
          "dependencies": [
            "lovi_address.problem-team005",
            "lovi_bridge.team005",
            "lovi_lease.problem-team005",
            "lovi_subnet.team005",
            "lovi_virtual_machine.problem-team005"
          ]
        }
      ]
    },
    {
      "mode": "managed",
      "type": "lovi_internal_bridge",
      "name": "team005",
      "provider": "provider.lovi",
      "instances": [
        {
          "schema_version": 0,
          "attributes": {
            "id": "9ae157ba-ab82-42f8-9ece-101e0fbaa62b",
            "name": "team005-in",
            "timeouts": null
          },
          "private": "eyJlMmJmYjczMC1lY2FhLTExZTYtOGY4OC0zNDM2M2JjN2M0YzAiOnsiY3JlYXRlIjo2MDAwMDAwMDAwMCwiZGVmYXVsdCI6NjAwMDAwMDAwMDAsImRlbGV0ZSI6NjAwMDAwMDAwMDAsInJlYWQiOjYwMDAwMDAwMDAwLCJ1cGRhdGUiOjYwMDAwMDAwMDAwfX0="
        }
      ]
    },
    {
      "mode": "managed",
      "type": "lovi_lease",
      "name": "bastion-team005",
      "provider": "provider.lovi",
      "instances": [
        {
          "schema_version": 0,
          "attributes": {
            "address_id": "6da3bec4-e1e9-4004-b0d9-43b7ba102d3d",
            "id": "95422ae1-8dd7-4695-a8fd-850c945fc2ed",
            "mac_address": "ca:03:18:7e:ab:ae",
            "timeouts": null
          },
          "private": "eyJlMmJmYjczMC1lY2FhLTExZTYtOGY4OC0zNDM2M2JjN2M0YzAiOnsiY3JlYXRlIjo2MDAwMDAwMDAwMCwiZGVmYXVsdCI6NjAwMDAwMDAwMDAsImRlbGV0ZSI6NjAwMDAwMDAwMDAsInJlYWQiOjYwMDAwMDAwMDAwLCJ1cGRhdGUiOjYwMDAwMDAwMDAwfX0=",
          "dependencies": [
            "lovi_address.bastion-team005",
            "lovi_subnet.team005"
          ]
        }
      ]
    },
    {
      "mode": "managed",
      "type": "lovi_lease",
      "name": "bench-team005",
      "provider": "provider.lovi",
      "instances": [
        {
          "schema_version": 0,
          "attributes": {
            "address_id": "43ff430d-ec02-4a30-be25-6d1998e8058f",
            "id": "e1b7a97e-937b-4e13-ba5c-be7f05eff1c7",
            "mac_address": "ca:03:18:04:c7:aa",
            "timeouts": null
          },
          "private": "eyJlMmJmYjczMC1lY2FhLTExZTYtOGY4OC0zNDM2M2JjN2M0YzAiOnsiY3JlYXRlIjo2MDAwMDAwMDAwMCwiZGVmYXVsdCI6NjAwMDAwMDAwMDAsImRlbGV0ZSI6NjAwMDAwMDAwMDAsInJlYWQiOjYwMDAwMDAwMDAwLCJ1cGRhdGUiOjYwMDAwMDAwMDAwfX0=",
          "dependencies": [
            "lovi_address.bench-team005",
            "lovi_subnet.team005"
          ]
        }
      ]
    },
    {
      "mode": "managed",
      "type": "lovi_lease",
      "name": "problem-team005",
      "each": "list",
      "provider": "provider.lovi",
      "instances": [
        {
          "index_key": 0,
          "schema_version": 0,
          "attributes": {
            "address_id": "837543dd-bf6c-429d-a896-463d3c12e590",
            "id": "2acbecad-7a97-471e-918f-13d6e0036e94",
            "mac_address": "ca:03:18:cf:85:04",
            "timeouts": null
          },
          "private": "eyJlMmJmYjczMC1lY2FhLTExZTYtOGY4OC0zNDM2M2JjN2M0YzAiOnsiY3JlYXRlIjo2MDAwMDAwMDAwMCwiZGVmYXVsdCI6NjAwMDAwMDAwMDAsImRlbGV0ZSI6NjAwMDAwMDAwMDAsInJlYWQiOjYwMDAwMDAwMDAwLCJ1cGRhdGUiOjYwMDAwMDAwMDAwfX0=",
          "dependencies": [
            "lovi_address.problem-team005",
            "lovi_subnet.team005"
          ]
        },
        {
          "index_key": 1,
          "schema_version": 0,
          "attributes": {
            "address_id": "fa70b4ad-385b-4619-a35e-42ceb1d26fc4",
            "id": "8495a779-126c-4caf-8d51-af804d936265",
            "mac_address": "ca:03:18:6e:c5:44",
            "timeouts": null
          },
          "private": "eyJlMmJmYjczMC1lY2FhLTExZTYtOGY4OC0zNDM2M2JjN2M0YzAiOnsiY3JlYXRlIjo2MDAwMDAwMDAwMCwiZGVmYXVsdCI6NjAwMDAwMDAwMDAsImRlbGV0ZSI6NjAwMDAwMDAwMDAsInJlYWQiOjYwMDAwMDAwMDAwLCJ1cGRhdGUiOjYwMDAwMDAwMDAwfX0=",
          "dependencies": [
            "lovi_address.problem-team005",
            "lovi_subnet.team005"
          ]
        },
        {
          "index_key": 2,
          "schema_version": 0,
          "attributes": {
            "address_id": "87dee45a-7b5a-456a-89ee-61a463b491dd",
            "id": "4ca63f04-0a06-4de8-b689-b12f5add768b",
            "mac_address": "ca:03:18:0e:e1:da",
            "timeouts": null
          },
          "private": "eyJlMmJmYjczMC1lY2FhLTExZTYtOGY4OC0zNDM2M2JjN2M0YzAiOnsiY3JlYXRlIjo2MDAwMDAwMDAwMCwiZGVmYXVsdCI6NjAwMDAwMDAwMDAsImRlbGV0ZSI6NjAwMDAwMDAwMDAsInJlYWQiOjYwMDAwMDAwMDAwLCJ1cGRhdGUiOjYwMDAwMDAwMDAwfX0=",
          "dependencies": [
            "lovi_address.problem-team005",
            "lovi_subnet.team005"
          ]
        }
      ]
    },
    {
      "mode": "managed",
      "type": "lovi_subnet",
      "name": "team005",
      "provider": "provider.lovi",
      "instances": [
        {
          "schema_version": 0,
          "attributes": {
            "dns_server": "8.8.8.8",
            "end": "10.160.5.200",
            "gateway": "10.160.5.254",
            "id": "f9cf7db0-8122-4639-b654-276f1fe33eee",
            "metadata_server": "10.160.5.1",
            "name": "team005",
            "network": "10.160.5.0/24",
            "start": "10.160.5.100",
            "timeouts": null,
            "vlan_id": 1005
          },
          "private": "eyJlMmJmYjczMC1lY2FhLTExZTYtOGY4OC0zNDM2M2JjN2M0YzAiOnsiY3JlYXRlIjo2MDAwMDAwMDAwMCwiZGVmYXVsdCI6NjAwMDAwMDAwMDAsImRlbGV0ZSI6NjAwMDAwMDAwMDAsInJlYWQiOjYwMDAwMDAwMDAwLCJ1cGRhdGUiOjYwMDAwMDAwMDAwfX0="
        }
      ]
    },
    {
      "mode": "managed",
      "type": "lovi_virtual_machine",
      "name": "bastion-team005",
      "provider": "provider.lovi",
      "instances": [
        {
          "schema_version": 0,
          "attributes": {
            "hypervisor_name": "isuadm0002",
            "id": "d9ec25f2-a8d1-4e69-9abe-c82b52b1cf7b",
            "memory_kib": 2097152,
            "name": "team005-bastion",
            "read_bytes_sec": 0,
            "read_iops_sec": 0,
            "root_volume_gb": 10,
            "source_image_id": "bab847e2-b14f-4463-80ee-8cfb36392ea9",
            "vcpus": 1,
            "write_bytes_sec": 0,
            "write_iops_sec": 0
          },
          "private": "bnVsbA==",
          "dependencies": [
            "lovi_virtual_machine.problem-team005"
          ]
        }
      ]
    },
    {
      "mode": "managed",
      "type": "lovi_virtual_machine",
      "name": "bench-team005",
      "provider": "provider.lovi",
      "instances": [
        {
          "schema_version": 0,
          "attributes": {
            "hypervisor_name": "isucn0001",
            "id": "232dfa90-68c6-4194-8611-e588295b6c91",
            "memory_kib": 16777216,
            "name": "team005-bench",
            "read_bytes_sec": 1000000000,
            "read_iops_sec": 2000,
            "root_volume_gb": 10,
            "source_image_id": "2247a5d9-0ecb-4788-b148-dfb3279c2156",
            "vcpus": 2,
            "write_bytes_sec": 1000000000,
            "write_iops_sec": 2000
          },
          "private": "bnVsbA==",
          "dependencies": [
            "lovi_virtual_machine.problem-team005"
          ]
        }
      ]
    },
    {
      "mode": "managed",
      "type": "lovi_virtual_machine",
      "name": "problem-team005",
      "each": "list",
      "provider": "provider.lovi",
      "instances": [
        {
          "index_key": 0,
          "schema_version": 0,
          "attributes": {
            "hypervisor_name": "isucn0001",
            "id": "d2b4291c-3059-4449-a3a4-b3a30b35e721",
            "memory_kib": 2097152,
            "name": "team005-001",
            "read_bytes_sec": 1000000000,
            "read_iops_sec": 2000,
            "root_volume_gb": 10,
            "source_image_id": "f099f816-424f-489a-93bd-738505cd3539",
            "vcpus": 1,
            "write_bytes_sec": 1000000000,
            "write_iops_sec": 2000
          },
          "private": "bnVsbA=="
        },
        {
          "index_key": 1,
          "schema_version": 0,
          "attributes": {
            "hypervisor_name": "isucn0001",
            "id": "b75d105d-4868-472e-ae15-5335cc331604",
            "memory_kib": 2097152,
            "name": "team005-002",
            "read_bytes_sec": 1000000000,
            "read_iops_sec": 2000,
            "root_volume_gb": 10,
            "source_image_id": "f099f816-424f-489a-93bd-738505cd3539",
            "vcpus": 1,
            "write_bytes_sec": 1000000000,
            "write_iops_sec": 2000
          },
          "private": "bnVsbA=="
        },
        {
          "index_key": 2,
          "schema_version": 0,
          "attributes": {
            "hypervisor_name": "isucn0001",
            "id": "166e197b-5099-4e40-a4b8-b8eabbf7bdad",
            "memory_kib": 2097152,
            "name": "team005-003",
            "read_bytes_sec": 1000000000,
            "read_iops_sec": 2000,
            "root_volume_gb": 10,
            "source_image_id": "f099f816-424f-489a-93bd-738505cd3539",
            "vcpus": 1,
            "write_bytes_sec": 1000000000,
            "write_iops_sec": 2000
          },
          "private": "bnVsbA=="
        }
      ]
    }
  ]
}
