{
  "version": 4,
  "terraform_version": "0.12.24",
  "serial": 29,
  "lineage": "e028cf8b-d5f0-fb1c-1fdf-2a44ad22d3ba",
  "outputs": {},
  "resources": [
    {
      "mode": "managed",
      "type": "lovi_address",
      "name": "bastion100-team333",
      "provider": "provider.lovi",
      "instances": [
        {
          "schema_version": 0,
          "attributes": {
            "fixed_ip": "10.163.33.100",
            "id": "2765c69f-6ee7-4f8b-adcd-44bb11172bc2",
            "ip": "10.163.33.100",
            "subnet_id": "7bf0d9c1-6e8c-4b21-b1de-083aaf3c23b8",
            "timeouts": null
          },
          "private": "eyJlMmJmYjczMC1lY2FhLTExZTYtOGY4OC0zNDM2M2JjN2M0YzAiOnsiY3JlYXRlIjo2MDAwMDAwMDAwMCwiZGVmYXVsdCI6NjAwMDAwMDAwMDAsImRlbGV0ZSI6NjAwMDAwMDAwMDAsInJlYWQiOjYwMDAwMDAwMDAwLCJ1cGRhdGUiOjYwMDAwMDAwMDAwfX0=",
          "dependencies": [
            "lovi_subnet.team333"
          ]
        }
      ]
    },
    {
      "mode": "managed",
      "type": "lovi_address",
      "name": "bastion200-team333",
      "provider": "provider.lovi",
      "instances": [
        {
          "schema_version": 0,
          "attributes": {
            "fixed_ip": "10.163.33.200",
            "id": "4a79e3eb-346b-42f5-9e52-3ce4caac1c64",
            "ip": "10.163.33.200",
            "subnet_id": "7bf0d9c1-6e8c-4b21-b1de-083aaf3c23b8",
            "timeouts": null
          },
          "private": "eyJlMmJmYjczMC1lY2FhLTExZTYtOGY4OC0zNDM2M2JjN2M0YzAiOnsiY3JlYXRlIjo2MDAwMDAwMDAwMCwiZGVmYXVsdCI6NjAwMDAwMDAwMDAsImRlbGV0ZSI6NjAwMDAwMDAwMDAsInJlYWQiOjYwMDAwMDAwMDAwLCJ1cGRhdGUiOjYwMDAwMDAwMDAwfX0=",
          "dependencies": [
            "lovi_subnet.team333"
          ]
        }
      ]
    },
    {
      "mode": "managed",
      "type": "lovi_address",
      "name": "bench-team333",
      "provider": "provider.lovi",
      "instances": [
        {
          "schema_version": 0,
          "attributes": {
            "fixed_ip": "10.163.33.104",
            "id": "335dcfc9-ddc6-4259-8510-fd1b7c09d230",
            "ip": "10.163.33.104",
            "subnet_id": "7bf0d9c1-6e8c-4b21-b1de-083aaf3c23b8",
            "timeouts": null
          },
          "private": "eyJlMmJmYjczMC1lY2FhLTExZTYtOGY4OC0zNDM2M2JjN2M0YzAiOnsiY3JlYXRlIjo2MDAwMDAwMDAwMCwiZGVmYXVsdCI6NjAwMDAwMDAwMDAsImRlbGV0ZSI6NjAwMDAwMDAwMDAsInJlYWQiOjYwMDAwMDAwMDAwLCJ1cGRhdGUiOjYwMDAwMDAwMDAwfX0=",
          "dependencies": [
            "lovi_subnet.team333"
          ]
        }
      ]
    },
    {
      "mode": "managed",
      "type": "lovi_address",
      "name": "problem-team333",
      "each": "list",
      "provider": "provider.lovi",
      "instances": [
        {
          "index_key": 0,
          "schema_version": 0,
          "attributes": {
            "fixed_ip": "10.163.33.101",
            "id": "296bd906-599a-4c2c-a3d1-0605e7b8091c",
            "ip": "10.163.33.101",
            "subnet_id": "7bf0d9c1-6e8c-4b21-b1de-083aaf3c23b8",
            "timeouts": null
          },
          "private": "eyJlMmJmYjczMC1lY2FhLTExZTYtOGY4OC0zNDM2M2JjN2M0YzAiOnsiY3JlYXRlIjo2MDAwMDAwMDAwMCwiZGVmYXVsdCI6NjAwMDAwMDAwMDAsImRlbGV0ZSI6NjAwMDAwMDAwMDAsInJlYWQiOjYwMDAwMDAwMDAwLCJ1cGRhdGUiOjYwMDAwMDAwMDAwfX0=",
          "dependencies": [
            "lovi_subnet.team333"
          ]
        },
        {
          "index_key": 1,
          "schema_version": 0,
          "attributes": {
            "fixed_ip": "10.163.33.102",
            "id": "be3e1da3-8833-48f6-9dec-4f5f512e2dd0",
            "ip": "10.163.33.102",
            "subnet_id": "7bf0d9c1-6e8c-4b21-b1de-083aaf3c23b8",
            "timeouts": null
          },
          "private": "eyJlMmJmYjczMC1lY2FhLTExZTYtOGY4OC0zNDM2M2JjN2M0YzAiOnsiY3JlYXRlIjo2MDAwMDAwMDAwMCwiZGVmYXVsdCI6NjAwMDAwMDAwMDAsImRlbGV0ZSI6NjAwMDAwMDAwMDAsInJlYWQiOjYwMDAwMDAwMDAwLCJ1cGRhdGUiOjYwMDAwMDAwMDAwfX0=",
          "dependencies": [
            "lovi_subnet.team333"
          ]
        },
        {
          "index_key": 2,
          "schema_version": 0,
          "attributes": {
            "fixed_ip": "10.163.33.103",
            "id": "66bf54c4-e133-4340-b307-478cdcf6e44e",
            "ip": "10.163.33.103",
            "subnet_id": "7bf0d9c1-6e8c-4b21-b1de-083aaf3c23b8",
            "timeouts": null
          },
          "private": "eyJlMmJmYjczMC1lY2FhLTExZTYtOGY4OC0zNDM2M2JjN2M0YzAiOnsiY3JlYXRlIjo2MDAwMDAwMDAwMCwiZGVmYXVsdCI6NjAwMDAwMDAwMDAsImRlbGV0ZSI6NjAwMDAwMDAwMDAsInJlYWQiOjYwMDAwMDAwMDAwLCJ1cGRhdGUiOjYwMDAwMDAwMDAwfX0=",
          "dependencies": [
            "lovi_subnet.team333"
          ]
        }
      ]
    },
    {
      "mode": "managed",
      "type": "lovi_bridge",
      "name": "team333",
      "provider": "provider.lovi",
      "instances": [
        {
          "schema_version": 0,
          "attributes": {
            "id": "9dca40d0-5f80-41e9-b8cf-535fc074e3ac",
            "name": "team333",
            "timeouts": null,
            "vlan_id": 1333
          },
          "private": "eyJlMmJmYjczMC1lY2FhLTExZTYtOGY4OC0zNDM2M2JjN2M0YzAiOnsiY3JlYXRlIjo2MDAwMDAwMDAwMCwiZGVmYXVsdCI6NjAwMDAwMDAwMDAsImRlbGV0ZSI6NjAwMDAwMDAwMDAsInJlYWQiOjYwMDAwMDAwMDAwLCJ1cGRhdGUiOjYwMDAwMDAwMDAwfX0=",
          "dependencies": [
            "lovi_subnet.team333"
          ]
        }
      ]
    },
    {
      "mode": "managed",
      "type": "lovi_cpu_pinning_group",
      "name": "team333",
      "provider": "provider.lovi",
      "instances": [
        {
          "schema_version": 0,
          "attributes": {
            "count_of_core": 4,
            "hypervisor_name": "isucn0015",
            "id": "a0ceea5e-050a-4ee6-85aa-aaf53b4d44aa",
            "name": "team333"
          },
          "private": "bnVsbA=="
        }
      ]
    },
    {
      "mode": "managed",
      "type": "lovi_interface_attachment",
      "name": "bastion100-team333",
      "provider": "provider.lovi",
      "instances": [
        {
          "schema_version": 0,
          "attributes": {
            "average": 125000,
            "bridge_id": "9dca40d0-5f80-41e9-b8cf-535fc074e3ac",
            "id": "9c54cfd2-f1cc-4094-8cb3-8bf25cd96a2b",
            "lease_id": "fe212c28-278d-4368-aec8-048b31b954dd",
            "name": "t333-ba100",
            "timeouts": null,
            "virtual_machine_id": "b2c5f9f9-5633-4b7e-b278-72739f16e101"
          },
          "private": "eyJlMmJmYjczMC1lY2FhLTExZTYtOGY4OC0zNDM2M2JjN2M0YzAiOnsiY3JlYXRlIjo2MDAwMDAwMDAwMCwiZGVmYXVsdCI6NjAwMDAwMDAwMDAsImRlbGV0ZSI6NjAwMDAwMDAwMDAsInJlYWQiOjYwMDAwMDAwMDAwLCJ1cGRhdGUiOjYwMDAwMDAwMDAwfX0=",
          "dependencies": [
            "lovi_address.bastion100-team333",
            "lovi_bridge.team333",
            "lovi_cpu_pinning_group.team333",
            "lovi_lease.bastion100-team333",
            "lovi_subnet.team333",
            "lovi_virtual_machine.bastion100-team333",
            "lovi_virtual_machine.problem-team333"
          ]
        }
      ]
    },
    {
      "mode": "managed",
      "type": "lovi_interface_attachment",
      "name": "bastion200-team333",
      "provider": "provider.lovi",
      "instances": [
        {
          "schema_version": 0,
          "attributes": {
            "average": 125000,
            "bridge_id": "9dca40d0-5f80-41e9-b8cf-535fc074e3ac",
            "id": "cd9ad982-bb64-4374-9a7b-f91f3a3be498",
            "lease_id": "d7739556-5ecf-482f-beb9-cf0a57e25329",
            "name": "t333-ba200",
            "timeouts": null,
            "virtual_machine_id": "cf06b2b4-16e5-45c1-949d-61c42dda2462"
          },
          "private": "eyJlMmJmYjczMC1lY2FhLTExZTYtOGY4OC0zNDM2M2JjN2M0YzAiOnsiY3JlYXRlIjo2MDAwMDAwMDAwMCwiZGVmYXVsdCI6NjAwMDAwMDAwMDAsImRlbGV0ZSI6NjAwMDAwMDAwMDAsInJlYWQiOjYwMDAwMDAwMDAwLCJ1cGRhdGUiOjYwMDAwMDAwMDAwfX0=",
          "dependencies": [
            "lovi_address.bastion200-team333",
            "lovi_bridge.team333",
            "lovi_cpu_pinning_group.team333",
            "lovi_lease.bastion200-team333",
            "lovi_subnet.team333",
            "lovi_virtual_machine.bastion200-team333",
            "lovi_virtual_machine.problem-team333"
          ]
        }
      ]
    },
    {
      "mode": "managed",
      "type": "lovi_interface_attachment",
      "name": "bench-team333",
      "provider": "provider.lovi",
      "instances": [
        {
          "schema_version": 0,
          "attributes": {
            "average": 12500,
            "bridge_id": "9dca40d0-5f80-41e9-b8cf-535fc074e3ac",
            "id": "db4f7b8c-1713-49bd-b503-490143723d41",
            "lease_id": "5c4033d7-652c-40f9-89f2-196577f4e5da",
            "name": "t333-be",
            "timeouts": null,
            "virtual_machine_id": "e503b815-714f-452d-ab4a-a2607d9ed4b5"
          },
          "private": "eyJlMmJmYjczMC1lY2FhLTExZTYtOGY4OC0zNDM2M2JjN2M0YzAiOnsiY3JlYXRlIjo2MDAwMDAwMDAwMCwiZGVmYXVsdCI6NjAwMDAwMDAwMDAsImRlbGV0ZSI6NjAwMDAwMDAwMDAsInJlYWQiOjYwMDAwMDAwMDAwLCJ1cGRhdGUiOjYwMDAwMDAwMDAwfX0=",
          "dependencies": [
            "lovi_address.bench-team333",
            "lovi_bridge.team333",
            "lovi_cpu_pinning_group.team333",
            "lovi_lease.bench-team333",
            "lovi_subnet.team333",
            "lovi_virtual_machine.bench-team333",
            "lovi_virtual_machine.problem-team333"
          ]
        }
      ]
    },
    {
      "mode": "managed",
      "type": "lovi_interface_attachment",
      "name": "problem-team333",
      "each": "list",
      "provider": "provider.lovi",
      "instances": [
        {
          "index_key": 0,
          "schema_version": 0,
          "attributes": {
            "average": 125000,
            "bridge_id": "9dca40d0-5f80-41e9-b8cf-535fc074e3ac",
            "id": "bd0de2d7-4e56-4aef-af5e-c19e27efcc47",
            "lease_id": "1096d947-69c3-4286-9f4d-6ae2281eaaed",
            "name": "t333-001",
            "timeouts": null,
            "virtual_machine_id": "02891432-be31-4a76-8099-2e82643f06a5"
          },
          "private": "eyJlMmJmYjczMC1lY2FhLTExZTYtOGY4OC0zNDM2M2JjN2M0YzAiOnsiY3JlYXRlIjo2MDAwMDAwMDAwMCwiZGVmYXVsdCI6NjAwMDAwMDAwMDAsImRlbGV0ZSI6NjAwMDAwMDAwMDAsInJlYWQiOjYwMDAwMDAwMDAwLCJ1cGRhdGUiOjYwMDAwMDAwMDAwfX0=",
          "dependencies": [
            "lovi_address.problem-team333",
            "lovi_bridge.team333",
            "lovi_cpu_pinning_group.team333",
            "lovi_lease.problem-team333",
            "lovi_subnet.team333",
            "lovi_virtual_machine.problem-team333"
          ]
        },
        {
          "index_key": 1,
          "schema_version": 0,
          "attributes": {
            "average": 125000,
            "bridge_id": "9dca40d0-5f80-41e9-b8cf-535fc074e3ac",
            "id": "9c17e1b8-2b02-42f7-b76e-b3165173a00a",
            "lease_id": "eba58049-b77a-4d6d-9298-a6b0058b5b4d",
            "name": "t333-002",
            "timeouts": null,
            "virtual_machine_id": "f6391342-f654-4b51-acf5-923d9504df30"
          },
          "private": "eyJlMmJmYjczMC1lY2FhLTExZTYtOGY4OC0zNDM2M2JjN2M0YzAiOnsiY3JlYXRlIjo2MDAwMDAwMDAwMCwiZGVmYXVsdCI6NjAwMDAwMDAwMDAsImRlbGV0ZSI6NjAwMDAwMDAwMDAsInJlYWQiOjYwMDAwMDAwMDAwLCJ1cGRhdGUiOjYwMDAwMDAwMDAwfX0=",
          "dependencies": [
            "lovi_address.problem-team333",
            "lovi_bridge.team333",
            "lovi_cpu_pinning_group.team333",
            "lovi_lease.problem-team333",
            "lovi_subnet.team333",
            "lovi_virtual_machine.problem-team333"
          ]
        },
        {
          "index_key": 2,
          "schema_version": 0,
          "attributes": {
            "average": 125000,
            "bridge_id": "9dca40d0-5f80-41e9-b8cf-535fc074e3ac",
            "id": "80512f5b-54bb-4fc0-964f-8ac9e3faec44",
            "lease_id": "376e84e5-9c29-40a4-b596-2038f3cdc214",
            "name": "t333-003",
            "timeouts": null,
            "virtual_machine_id": "ae8a2f37-b2b9-4960-9cdf-548ae1764e33"
          },
          "private": "eyJlMmJmYjczMC1lY2FhLTExZTYtOGY4OC0zNDM2M2JjN2M0YzAiOnsiY3JlYXRlIjo2MDAwMDAwMDAwMCwiZGVmYXVsdCI6NjAwMDAwMDAwMDAsImRlbGV0ZSI6NjAwMDAwMDAwMDAsInJlYWQiOjYwMDAwMDAwMDAwLCJ1cGRhdGUiOjYwMDAwMDAwMDAwfX0=",
          "dependencies": [
            "lovi_address.problem-team333",
            "lovi_bridge.team333",
            "lovi_cpu_pinning_group.team333",
            "lovi_lease.problem-team333",
            "lovi_subnet.team333",
            "lovi_virtual_machine.problem-team333"
          ]
        }
      ]
    },
    {
      "mode": "managed",
      "type": "lovi_internal_bridge",
      "name": "team333",
      "provider": "provider.lovi",
      "instances": [
        {
          "schema_version": 0,
          "attributes": {
            "id": "5f54bb26-936a-447f-9b36-7d03415439d1",
            "name": "team333-in",
            "timeouts": null
          },
          "private": "eyJlMmJmYjczMC1lY2FhLTExZTYtOGY4OC0zNDM2M2JjN2M0YzAiOnsiY3JlYXRlIjo2MDAwMDAwMDAwMCwiZGVmYXVsdCI6NjAwMDAwMDAwMDAsImRlbGV0ZSI6NjAwMDAwMDAwMDAsInJlYWQiOjYwMDAwMDAwMDAwLCJ1cGRhdGUiOjYwMDAwMDAwMDAwfX0="
        }
      ]
    },
    {
      "mode": "managed",
      "type": "lovi_lease",
      "name": "bastion100-team333",
      "provider": "provider.lovi",
      "instances": [
        {
          "schema_version": 0,
          "attributes": {
            "address_id": "2765c69f-6ee7-4f8b-adcd-44bb11172bc2",
            "id": "fe212c28-278d-4368-aec8-048b31b954dd",
            "mac_address": "ca:03:18:14:e3:8c",
            "timeouts": null
          },
          "private": "eyJlMmJmYjczMC1lY2FhLTExZTYtOGY4OC0zNDM2M2JjN2M0YzAiOnsiY3JlYXRlIjo2MDAwMDAwMDAwMCwiZGVmYXVsdCI6NjAwMDAwMDAwMDAsImRlbGV0ZSI6NjAwMDAwMDAwMDAsInJlYWQiOjYwMDAwMDAwMDAwLCJ1cGRhdGUiOjYwMDAwMDAwMDAwfX0=",
          "dependencies": [
            "lovi_address.bastion100-team333",
            "lovi_subnet.team333"
          ]
        }
      ]
    },
    {
      "mode": "managed",
      "type": "lovi_lease",
      "name": "bastion200-team333",
      "provider": "provider.lovi",
      "instances": [
        {
          "schema_version": 0,
          "attributes": {
            "address_id": "4a79e3eb-346b-42f5-9e52-3ce4caac1c64",
            "id": "d7739556-5ecf-482f-beb9-cf0a57e25329",
            "mac_address": "ca:03:18:67:d9:f7",
            "timeouts": null
          },
          "private": "eyJlMmJmYjczMC1lY2FhLTExZTYtOGY4OC0zNDM2M2JjN2M0YzAiOnsiY3JlYXRlIjo2MDAwMDAwMDAwMCwiZGVmYXVsdCI6NjAwMDAwMDAwMDAsImRlbGV0ZSI6NjAwMDAwMDAwMDAsInJlYWQiOjYwMDAwMDAwMDAwLCJ1cGRhdGUiOjYwMDAwMDAwMDAwfX0=",
          "dependencies": [
            "lovi_address.bastion200-team333",
            "lovi_subnet.team333"
          ]
        }
      ]
    },
    {
      "mode": "managed",
      "type": "lovi_lease",
      "name": "bench-team333",
      "provider": "provider.lovi",
      "instances": [
        {
          "schema_version": 0,
          "attributes": {
            "address_id": "335dcfc9-ddc6-4259-8510-fd1b7c09d230",
            "id": "5c4033d7-652c-40f9-89f2-196577f4e5da",
            "mac_address": "ca:03:18:fc:ca:17",
            "timeouts": null
          },
          "private": "eyJlMmJmYjczMC1lY2FhLTExZTYtOGY4OC0zNDM2M2JjN2M0YzAiOnsiY3JlYXRlIjo2MDAwMDAwMDAwMCwiZGVmYXVsdCI6NjAwMDAwMDAwMDAsImRlbGV0ZSI6NjAwMDAwMDAwMDAsInJlYWQiOjYwMDAwMDAwMDAwLCJ1cGRhdGUiOjYwMDAwMDAwMDAwfX0=",
          "dependencies": [
            "lovi_address.bench-team333",
            "lovi_subnet.team333"
          ]
        }
      ]
    },
    {
      "mode": "managed",
      "type": "lovi_lease",
      "name": "problem-team333",
      "each": "list",
      "provider": "provider.lovi",
      "instances": [
        {
          "index_key": 0,
          "schema_version": 0,
          "attributes": {
            "address_id": "296bd906-599a-4c2c-a3d1-0605e7b8091c",
            "id": "1096d947-69c3-4286-9f4d-6ae2281eaaed",
            "mac_address": "ca:03:18:e4:52:6b",
            "timeouts": null
          },
          "private": "eyJlMmJmYjczMC1lY2FhLTExZTYtOGY4OC0zNDM2M2JjN2M0YzAiOnsiY3JlYXRlIjo2MDAwMDAwMDAwMCwiZGVmYXVsdCI6NjAwMDAwMDAwMDAsImRlbGV0ZSI6NjAwMDAwMDAwMDAsInJlYWQiOjYwMDAwMDAwMDAwLCJ1cGRhdGUiOjYwMDAwMDAwMDAwfX0=",
          "dependencies": [
            "lovi_address.problem-team333",
            "lovi_subnet.team333"
          ]
        },
        {
          "index_key": 1,
          "schema_version": 0,
          "attributes": {
            "address_id": "be3e1da3-8833-48f6-9dec-4f5f512e2dd0",
            "id": "eba58049-b77a-4d6d-9298-a6b0058b5b4d",
            "mac_address": "ca:03:18:ce:b1:2d",
            "timeouts": null
          },
          "private": "eyJlMmJmYjczMC1lY2FhLTExZTYtOGY4OC0zNDM2M2JjN2M0YzAiOnsiY3JlYXRlIjo2MDAwMDAwMDAwMCwiZGVmYXVsdCI6NjAwMDAwMDAwMDAsImRlbGV0ZSI6NjAwMDAwMDAwMDAsInJlYWQiOjYwMDAwMDAwMDAwLCJ1cGRhdGUiOjYwMDAwMDAwMDAwfX0=",
          "dependencies": [
            "lovi_address.problem-team333",
            "lovi_subnet.team333"
          ]
        },
        {
          "index_key": 2,
          "schema_version": 0,
          "attributes": {
            "address_id": "66bf54c4-e133-4340-b307-478cdcf6e44e",
            "id": "376e84e5-9c29-40a4-b596-2038f3cdc214",
            "mac_address": "ca:03:18:db:71:ca",
            "timeouts": null
          },
          "private": "eyJlMmJmYjczMC1lY2FhLTExZTYtOGY4OC0zNDM2M2JjN2M0YzAiOnsiY3JlYXRlIjo2MDAwMDAwMDAwMCwiZGVmYXVsdCI6NjAwMDAwMDAwMDAsImRlbGV0ZSI6NjAwMDAwMDAwMDAsInJlYWQiOjYwMDAwMDAwMDAwLCJ1cGRhdGUiOjYwMDAwMDAwMDAwfX0=",
          "dependencies": [
            "lovi_address.problem-team333",
            "lovi_subnet.team333"
          ]
        }
      ]
    },
    {
      "mode": "managed",
      "type": "lovi_subnet",
      "name": "team333",
      "provider": "provider.lovi",
      "instances": [
        {
          "schema_version": 0,
          "attributes": {
            "dns_server": "8.8.8.8",
            "end": "10.163.33.200",
            "gateway": "10.163.33.254",
            "id": "7bf0d9c1-6e8c-4b21-b1de-083aaf3c23b8",
            "metadata_server": "10.163.33.1",
            "name": "team333",
            "network": "10.163.33.0/24",
            "start": "10.163.33.100",
            "timeouts": null,
            "vlan_id": 1333
          },
          "private": "eyJlMmJmYjczMC1lY2FhLTExZTYtOGY4OC0zNDM2M2JjN2M0YzAiOnsiY3JlYXRlIjo2MDAwMDAwMDAwMCwiZGVmYXVsdCI6NjAwMDAwMDAwMDAsImRlbGV0ZSI6NjAwMDAwMDAwMDAsInJlYWQiOjYwMDAwMDAwMDAwLCJ1cGRhdGUiOjYwMDAwMDAwMDAwfX0="
        }
      ]
    },
    {
      "mode": "managed",
      "type": "lovi_virtual_machine",
      "name": "bastion100-team333",
      "provider": "provider.lovi",
      "instances": [
        {
          "schema_version": 0,
          "attributes": {
            "cpu_pinning_group_name": "",
            "europa_backend_name": "dorado002",
            "hypervisor_name": "isuadm0002",
            "id": "b2c5f9f9-5633-4b7e-b278-72739f16e101",
            "memory_kib": 2097152,
            "name": "team333-bastion100",
            "read_bytes_sec": 0,
            "read_iops_sec": 0,
            "root_volume_gb": 10,
            "source_image_id": "c453a2ef-9865-4b14-bff2-0a78416ebea5",
            "vcpus": 1,
            "write_bytes_sec": 0,
            "write_iops_sec": 0
          },
          "private": "bnVsbA==",
          "dependencies": [
            "lovi_cpu_pinning_group.team333",
            "lovi_virtual_machine.problem-team333"
          ]
        }
      ]
    },
    {
      "mode": "managed",
      "type": "lovi_virtual_machine",
      "name": "bastion200-team333",
      "provider": "provider.lovi",
      "instances": [
        {
          "schema_version": 0,
          "attributes": {
            "cpu_pinning_group_name": "",
            "europa_backend_name": "dorado002",
            "hypervisor_name": "isuadm0006",
            "id": "cf06b2b4-16e5-45c1-949d-61c42dda2462",
            "memory_kib": 2097152,
            "name": "team333-bastion200",
            "read_bytes_sec": 0,
            "read_iops_sec": 0,
            "root_volume_gb": 10,
            "source_image_id": "c453a2ef-9865-4b14-bff2-0a78416ebea5",
            "vcpus": 1,
            "write_bytes_sec": 0,
            "write_iops_sec": 0
          },
          "private": "bnVsbA==",
          "dependencies": [
            "lovi_cpu_pinning_group.team333",
            "lovi_virtual_machine.problem-team333"
          ]
        }
      ]
    },
    {
      "mode": "managed",
      "type": "lovi_virtual_machine",
      "name": "bench-team333",
      "provider": "provider.lovi",
      "instances": [
        {
          "schema_version": 0,
          "attributes": {
            "cpu_pinning_group_name": "team333",
            "europa_backend_name": "dorado002",
            "hypervisor_name": "isucn0015",
            "id": "e503b815-714f-452d-ab4a-a2607d9ed4b5",
            "memory_kib": 16777216,
            "name": "team333-bench",
            "read_bytes_sec": 100000000,
            "read_iops_sec": 200,
            "root_volume_gb": 10,
            "source_image_id": "8dea495b-373e-49ca-9b79-caa63e842c7f",
            "vcpus": 1,
            "write_bytes_sec": 100000000,
            "write_iops_sec": 200
          },
          "private": "bnVsbA==",
          "dependencies": [
            "lovi_cpu_pinning_group.team333",
            "lovi_virtual_machine.problem-team333"
          ]
        }
      ]
    },
    {
      "mode": "managed",
      "type": "lovi_virtual_machine",
      "name": "problem-team333",
      "each": "list",
      "provider": "provider.lovi",
      "instances": [
        {
          "index_key": 0,
          "schema_version": 0,
          "attributes": {
            "cpu_pinning_group_name": "team333",
            "europa_backend_name": "dorado002",
            "hypervisor_name": "isucn0015",
            "id": "02891432-be31-4a76-8099-2e82643f06a5",
            "memory_kib": 2097152,
            "name": "team333-001",
            "read_bytes_sec": 100000000,
            "read_iops_sec": 200,
            "root_volume_gb": 10,
            "source_image_id": "23e33fcd-1951-4185-ba47-0a6fb1dcf50e",
            "vcpus": 1,
            "write_bytes_sec": 100000000,
            "write_iops_sec": 200
          },
          "private": "bnVsbA==",
          "dependencies": [
            "lovi_cpu_pinning_group.team333"
          ]
        },
        {
          "index_key": 1,
          "schema_version": 0,
          "attributes": {
            "cpu_pinning_group_name": "team333",
            "europa_backend_name": "dorado002",
            "hypervisor_name": "isucn0015",
            "id": "f6391342-f654-4b51-acf5-923d9504df30",
            "memory_kib": 2097152,
            "name": "team333-002",
            "read_bytes_sec": 100000000,
            "read_iops_sec": 200,
            "root_volume_gb": 10,
            "source_image_id": "23e33fcd-1951-4185-ba47-0a6fb1dcf50e",
            "vcpus": 1,
            "write_bytes_sec": 100000000,
            "write_iops_sec": 200
          },
          "private": "bnVsbA==",
          "dependencies": [
            "lovi_cpu_pinning_group.team333"
          ]
        },
        {
          "index_key": 2,
          "schema_version": 0,
          "attributes": {
            "cpu_pinning_group_name": "team333",
            "europa_backend_name": "dorado002",
            "hypervisor_name": "isucn0015",
            "id": "ae8a2f37-b2b9-4960-9cdf-548ae1764e33",
            "memory_kib": 2097152,
            "name": "team333-003",
            "read_bytes_sec": 100000000,
            "read_iops_sec": 200,
            "root_volume_gb": 10,
            "source_image_id": "23e33fcd-1951-4185-ba47-0a6fb1dcf50e",
            "vcpus": 1,
            "write_bytes_sec": 100000000,
            "write_iops_sec": 200
          },
          "private": "bnVsbA==",
          "dependencies": [
            "lovi_cpu_pinning_group.team333"
          ]
        }
      ]
    }
  ]
}
