{
  "version": 4,
  "terraform_version": "0.12.24",
  "serial": 26,
  "lineage": "ddb6d720-c9fb-bf8f-eab6-2062aa2f7b06",
  "outputs": {},
  "resources": [
    {
      "mode": "managed",
      "type": "lovi_address",
      "name": "bastion-team015",
      "provider": "provider.lovi",
      "instances": [
        {
          "schema_version": 0,
          "attributes": {
            "fixed_ip": "10.160.15.100",
            "id": "5f8100f8-d185-4190-a985-e0760686c40e",
            "ip": "10.160.15.100",
            "subnet_id": "e85e55be-40fd-480c-8162-d45d7585eb9f",
            "timeouts": null
          },
          "private": "eyJlMmJmYjczMC1lY2FhLTExZTYtOGY4OC0zNDM2M2JjN2M0YzAiOnsiY3JlYXRlIjo2MDAwMDAwMDAwMCwiZGVmYXVsdCI6NjAwMDAwMDAwMDAsImRlbGV0ZSI6NjAwMDAwMDAwMDAsInJlYWQiOjYwMDAwMDAwMDAwLCJ1cGRhdGUiOjYwMDAwMDAwMDAwfX0=",
          "dependencies": [
            "lovi_subnet.team015"
          ]
        }
      ]
    },
    {
      "mode": "managed",
      "type": "lovi_address",
      "name": "bench-team015",
      "provider": "provider.lovi",
      "instances": [
        {
          "schema_version": 0,
          "attributes": {
            "fixed_ip": "10.160.15.104",
            "id": "e134b384-7e2b-47c9-8b0f-b22eac70a593",
            "ip": "10.160.15.104",
            "subnet_id": "e85e55be-40fd-480c-8162-d45d7585eb9f",
            "timeouts": null
          },
          "private": "eyJlMmJmYjczMC1lY2FhLTExZTYtOGY4OC0zNDM2M2JjN2M0YzAiOnsiY3JlYXRlIjo2MDAwMDAwMDAwMCwiZGVmYXVsdCI6NjAwMDAwMDAwMDAsImRlbGV0ZSI6NjAwMDAwMDAwMDAsInJlYWQiOjYwMDAwMDAwMDAwLCJ1cGRhdGUiOjYwMDAwMDAwMDAwfX0=",
          "dependencies": [
            "lovi_subnet.team015"
          ]
        }
      ]
    },
    {
      "mode": "managed",
      "type": "lovi_address",
      "name": "problem-team015",
      "each": "list",
      "provider": "provider.lovi",
      "instances": [
        {
          "index_key": 0,
          "schema_version": 0,
          "attributes": {
            "fixed_ip": "10.160.15.101",
            "id": "c1c38bb7-bf4e-4122-a3cc-40bc7c86a2b6",
            "ip": "10.160.15.101",
            "subnet_id": "e85e55be-40fd-480c-8162-d45d7585eb9f",
            "timeouts": null
          },
          "private": "eyJlMmJmYjczMC1lY2FhLTExZTYtOGY4OC0zNDM2M2JjN2M0YzAiOnsiY3JlYXRlIjo2MDAwMDAwMDAwMCwiZGVmYXVsdCI6NjAwMDAwMDAwMDAsImRlbGV0ZSI6NjAwMDAwMDAwMDAsInJlYWQiOjYwMDAwMDAwMDAwLCJ1cGRhdGUiOjYwMDAwMDAwMDAwfX0=",
          "dependencies": [
            "lovi_subnet.team015"
          ]
        },
        {
          "index_key": 1,
          "schema_version": 0,
          "attributes": {
            "fixed_ip": "10.160.15.102",
            "id": "472ed731-30a9-4c9a-866e-702d5f8771ac",
            "ip": "10.160.15.102",
            "subnet_id": "e85e55be-40fd-480c-8162-d45d7585eb9f",
            "timeouts": null
          },
          "private": "eyJlMmJmYjczMC1lY2FhLTExZTYtOGY4OC0zNDM2M2JjN2M0YzAiOnsiY3JlYXRlIjo2MDAwMDAwMDAwMCwiZGVmYXVsdCI6NjAwMDAwMDAwMDAsImRlbGV0ZSI6NjAwMDAwMDAwMDAsInJlYWQiOjYwMDAwMDAwMDAwLCJ1cGRhdGUiOjYwMDAwMDAwMDAwfX0=",
          "dependencies": [
            "lovi_subnet.team015"
          ]
        },
        {
          "index_key": 2,
          "schema_version": 0,
          "attributes": {
            "fixed_ip": "10.160.15.103",
            "id": "2b2c0d69-369a-4d0c-9681-b371a3332461",
            "ip": "10.160.15.103",
            "subnet_id": "e85e55be-40fd-480c-8162-d45d7585eb9f",
            "timeouts": null
          },
          "private": "eyJlMmJmYjczMC1lY2FhLTExZTYtOGY4OC0zNDM2M2JjN2M0YzAiOnsiY3JlYXRlIjo2MDAwMDAwMDAwMCwiZGVmYXVsdCI6NjAwMDAwMDAwMDAsImRlbGV0ZSI6NjAwMDAwMDAwMDAsInJlYWQiOjYwMDAwMDAwMDAwLCJ1cGRhdGUiOjYwMDAwMDAwMDAwfX0=",
          "dependencies": [
            "lovi_subnet.team015"
          ]
        }
      ]
    },
    {
      "mode": "managed",
      "type": "lovi_bridge",
      "name": "team015",
      "provider": "provider.lovi",
      "instances": [
        {
          "schema_version": 0,
          "attributes": {
            "id": "32644068-3947-449c-bccf-0fb926da2bed",
            "name": "team015",
            "timeouts": null,
            "vlan_id": 1015
          },
          "private": "eyJlMmJmYjczMC1lY2FhLTExZTYtOGY4OC0zNDM2M2JjN2M0YzAiOnsiY3JlYXRlIjo2MDAwMDAwMDAwMCwiZGVmYXVsdCI6NjAwMDAwMDAwMDAsImRlbGV0ZSI6NjAwMDAwMDAwMDAsInJlYWQiOjYwMDAwMDAwMDAwLCJ1cGRhdGUiOjYwMDAwMDAwMDAwfX0=",
          "dependencies": [
            "lovi_subnet.team015"
          ]
        }
      ]
    },
    {
      "mode": "managed",
      "type": "lovi_cpu_pinning_group",
      "name": "team015",
      "provider": "provider.lovi",
      "instances": [
        {
          "schema_version": 0,
          "attributes": {
            "count_of_core": 4,
            "hypervisor_name": "isucn0001",
            "id": "52bc3087-8877-4375-bda0-38a8149315e9",
            "name": "team015"
          },
          "private": "bnVsbA=="
        }
      ]
    },
    {
      "mode": "managed",
      "type": "lovi_interface_attachment",
      "name": "bastion-team015",
      "provider": "provider.lovi",
      "instances": [
        {
          "schema_version": 0,
          "attributes": {
            "average": 125000,
            "bridge_id": "32644068-3947-449c-bccf-0fb926da2bed",
            "id": "710bc278-9873-4d06-bbff-30fb605c7588",
            "lease_id": "d55fa77d-abba-4494-a88f-7205e15d9656",
            "name": "t015-ba",
            "timeouts": null,
            "virtual_machine_id": "d705fa74-d69a-4b67-883a-e2a18acc5f07"
          },
          "private": "eyJlMmJmYjczMC1lY2FhLTExZTYtOGY4OC0zNDM2M2JjN2M0YzAiOnsiY3JlYXRlIjo2MDAwMDAwMDAwMCwiZGVmYXVsdCI6NjAwMDAwMDAwMDAsImRlbGV0ZSI6NjAwMDAwMDAwMDAsInJlYWQiOjYwMDAwMDAwMDAwLCJ1cGRhdGUiOjYwMDAwMDAwMDAwfX0=",
          "dependencies": [
            "lovi_address.bastion-team015",
            "lovi_bridge.team015",
            "lovi_cpu_pinning_group.team015",
            "lovi_lease.bastion-team015",
            "lovi_subnet.team015",
            "lovi_virtual_machine.bastion-team015",
            "lovi_virtual_machine.problem-team015"
          ]
        }
      ]
    },
    {
      "mode": "managed",
      "type": "lovi_interface_attachment",
      "name": "bench-team015",
      "provider": "provider.lovi",
      "instances": [
        {
          "schema_version": 0,
          "attributes": {
            "average": 12500,
            "bridge_id": "32644068-3947-449c-bccf-0fb926da2bed",
            "id": "c28639ce-acbd-4c36-9503-97543c0ec179",
            "lease_id": "de576111-af48-4efa-8a08-48e9b2e90d87",
            "name": "t015-be",
            "timeouts": null,
            "virtual_machine_id": "d962b072-1ee0-40f0-bb2b-dd3f8f593e7e"
          },
          "private": "eyJlMmJmYjczMC1lY2FhLTExZTYtOGY4OC0zNDM2M2JjN2M0YzAiOnsiY3JlYXRlIjo2MDAwMDAwMDAwMCwiZGVmYXVsdCI6NjAwMDAwMDAwMDAsImRlbGV0ZSI6NjAwMDAwMDAwMDAsInJlYWQiOjYwMDAwMDAwMDAwLCJ1cGRhdGUiOjYwMDAwMDAwMDAwfX0=",
          "dependencies": [
            "lovi_address.bench-team015",
            "lovi_bridge.team015",
            "lovi_cpu_pinning_group.team015",
            "lovi_lease.bench-team015",
            "lovi_subnet.team015",
            "lovi_virtual_machine.bench-team015",
            "lovi_virtual_machine.problem-team015"
          ]
        }
      ]
    },
    {
      "mode": "managed",
      "type": "lovi_interface_attachment",
      "name": "problem-team015",
      "each": "list",
      "provider": "provider.lovi",
      "instances": [
        {
          "index_key": 0,
          "schema_version": 0,
          "attributes": {
            "average": 125000,
            "bridge_id": "32644068-3947-449c-bccf-0fb926da2bed",
            "id": "2001be3b-9dcc-4a45-b1eb-cd9a986a8ea6",
            "lease_id": "e9f22d1b-a156-4c49-957c-b21554a2c118",
            "name": "t015-001",
            "timeouts": null,
            "virtual_machine_id": "538a8ae5-f017-44ab-ab20-28f4ba12c5a2"
          },
          "private": "eyJlMmJmYjczMC1lY2FhLTExZTYtOGY4OC0zNDM2M2JjN2M0YzAiOnsiY3JlYXRlIjo2MDAwMDAwMDAwMCwiZGVmYXVsdCI6NjAwMDAwMDAwMDAsImRlbGV0ZSI6NjAwMDAwMDAwMDAsInJlYWQiOjYwMDAwMDAwMDAwLCJ1cGRhdGUiOjYwMDAwMDAwMDAwfX0=",
          "dependencies": [
            "lovi_address.problem-team015",
            "lovi_bridge.team015",
            "lovi_cpu_pinning_group.team015",
            "lovi_lease.problem-team015",
            "lovi_subnet.team015",
            "lovi_virtual_machine.problem-team015"
          ]
        },
        {
          "index_key": 1,
          "schema_version": 0,
          "attributes": {
            "average": 125000,
            "bridge_id": "32644068-3947-449c-bccf-0fb926da2bed",
            "id": "30235fbb-cd93-4998-b88a-e6ed198a8d7c",
            "lease_id": "7b0705b4-3fe0-42a6-9347-028f627e4219",
            "name": "t015-002",
            "timeouts": null,
            "virtual_machine_id": "b21afee0-056b-4f44-9c78-60c14f9ac47f"
          },
          "private": "eyJlMmJmYjczMC1lY2FhLTExZTYtOGY4OC0zNDM2M2JjN2M0YzAiOnsiY3JlYXRlIjo2MDAwMDAwMDAwMCwiZGVmYXVsdCI6NjAwMDAwMDAwMDAsImRlbGV0ZSI6NjAwMDAwMDAwMDAsInJlYWQiOjYwMDAwMDAwMDAwLCJ1cGRhdGUiOjYwMDAwMDAwMDAwfX0=",
          "dependencies": [
            "lovi_address.problem-team015",
            "lovi_bridge.team015",
            "lovi_cpu_pinning_group.team015",
            "lovi_lease.problem-team015",
            "lovi_subnet.team015",
            "lovi_virtual_machine.problem-team015"
          ]
        },
        {
          "index_key": 2,
          "schema_version": 0,
          "attributes": {
            "average": 125000,
            "bridge_id": "32644068-3947-449c-bccf-0fb926da2bed",
            "id": "eb2214aa-6aef-4e36-92d9-94f770b010dc",
            "lease_id": "8c7f6953-95ff-4c00-9775-abeaa95e3d4b",
            "name": "t015-003",
            "timeouts": null,
            "virtual_machine_id": "00141189-6662-430e-a342-ab765c3b3085"
          },
          "private": "eyJlMmJmYjczMC1lY2FhLTExZTYtOGY4OC0zNDM2M2JjN2M0YzAiOnsiY3JlYXRlIjo2MDAwMDAwMDAwMCwiZGVmYXVsdCI6NjAwMDAwMDAwMDAsImRlbGV0ZSI6NjAwMDAwMDAwMDAsInJlYWQiOjYwMDAwMDAwMDAwLCJ1cGRhdGUiOjYwMDAwMDAwMDAwfX0=",
          "dependencies": [
            "lovi_address.problem-team015",
            "lovi_bridge.team015",
            "lovi_cpu_pinning_group.team015",
            "lovi_lease.problem-team015",
            "lovi_subnet.team015",
            "lovi_virtual_machine.problem-team015"
          ]
        }
      ]
    },
    {
      "mode": "managed",
      "type": "lovi_internal_bridge",
      "name": "team015",
      "provider": "provider.lovi",
      "instances": [
        {
          "schema_version": 0,
          "attributes": {
            "id": "a2abcd65-cbd3-47b1-a9fc-16d76290e5f9",
            "name": "team015-in",
            "timeouts": null
          },
          "private": "eyJlMmJmYjczMC1lY2FhLTExZTYtOGY4OC0zNDM2M2JjN2M0YzAiOnsiY3JlYXRlIjo2MDAwMDAwMDAwMCwiZGVmYXVsdCI6NjAwMDAwMDAwMDAsImRlbGV0ZSI6NjAwMDAwMDAwMDAsInJlYWQiOjYwMDAwMDAwMDAwLCJ1cGRhdGUiOjYwMDAwMDAwMDAwfX0="
        }
      ]
    },
    {
      "mode": "managed",
      "type": "lovi_lease",
      "name": "bastion-team015",
      "provider": "provider.lovi",
      "instances": [
        {
          "schema_version": 0,
          "attributes": {
            "address_id": "5f8100f8-d185-4190-a985-e0760686c40e",
            "id": "d55fa77d-abba-4494-a88f-7205e15d9656",
            "mac_address": "ca:03:18:f3:82:f0",
            "timeouts": null
          },
          "private": "eyJlMmJmYjczMC1lY2FhLTExZTYtOGY4OC0zNDM2M2JjN2M0YzAiOnsiY3JlYXRlIjo2MDAwMDAwMDAwMCwiZGVmYXVsdCI6NjAwMDAwMDAwMDAsImRlbGV0ZSI6NjAwMDAwMDAwMDAsInJlYWQiOjYwMDAwMDAwMDAwLCJ1cGRhdGUiOjYwMDAwMDAwMDAwfX0=",
          "dependencies": [
            "lovi_address.bastion-team015",
            "lovi_subnet.team015"
          ]
        }
      ]
    },
    {
      "mode": "managed",
      "type": "lovi_lease",
      "name": "bench-team015",
      "provider": "provider.lovi",
      "instances": [
        {
          "schema_version": 0,
          "attributes": {
            "address_id": "e134b384-7e2b-47c9-8b0f-b22eac70a593",
            "id": "de576111-af48-4efa-8a08-48e9b2e90d87",
            "mac_address": "ca:03:18:21:82:7e",
            "timeouts": null
          },
          "private": "eyJlMmJmYjczMC1lY2FhLTExZTYtOGY4OC0zNDM2M2JjN2M0YzAiOnsiY3JlYXRlIjo2MDAwMDAwMDAwMCwiZGVmYXVsdCI6NjAwMDAwMDAwMDAsImRlbGV0ZSI6NjAwMDAwMDAwMDAsInJlYWQiOjYwMDAwMDAwMDAwLCJ1cGRhdGUiOjYwMDAwMDAwMDAwfX0=",
          "dependencies": [
            "lovi_address.bench-team015",
            "lovi_subnet.team015"
          ]
        }
      ]
    },
    {
      "mode": "managed",
      "type": "lovi_lease",
      "name": "problem-team015",
      "each": "list",
      "provider": "provider.lovi",
      "instances": [
        {
          "index_key": 0,
          "schema_version": 0,
          "attributes": {
            "address_id": "c1c38bb7-bf4e-4122-a3cc-40bc7c86a2b6",
            "id": "e9f22d1b-a156-4c49-957c-b21554a2c118",
            "mac_address": "ca:03:18:64:18:32",
            "timeouts": null
          },
          "private": "eyJlMmJmYjczMC1lY2FhLTExZTYtOGY4OC0zNDM2M2JjN2M0YzAiOnsiY3JlYXRlIjo2MDAwMDAwMDAwMCwiZGVmYXVsdCI6NjAwMDAwMDAwMDAsImRlbGV0ZSI6NjAwMDAwMDAwMDAsInJlYWQiOjYwMDAwMDAwMDAwLCJ1cGRhdGUiOjYwMDAwMDAwMDAwfX0=",
          "dependencies": [
            "lovi_address.problem-team015",
            "lovi_subnet.team015"
          ]
        },
        {
          "index_key": 1,
          "schema_version": 0,
          "attributes": {
            "address_id": "472ed731-30a9-4c9a-866e-702d5f8771ac",
            "id": "7b0705b4-3fe0-42a6-9347-028f627e4219",
            "mac_address": "ca:03:18:2d:78:3f",
            "timeouts": null
          },
          "private": "eyJlMmJmYjczMC1lY2FhLTExZTYtOGY4OC0zNDM2M2JjN2M0YzAiOnsiY3JlYXRlIjo2MDAwMDAwMDAwMCwiZGVmYXVsdCI6NjAwMDAwMDAwMDAsImRlbGV0ZSI6NjAwMDAwMDAwMDAsInJlYWQiOjYwMDAwMDAwMDAwLCJ1cGRhdGUiOjYwMDAwMDAwMDAwfX0=",
          "dependencies": [
            "lovi_address.problem-team015",
            "lovi_subnet.team015"
          ]
        },
        {
          "index_key": 2,
          "schema_version": 0,
          "attributes": {
            "address_id": "2b2c0d69-369a-4d0c-9681-b371a3332461",
            "id": "8c7f6953-95ff-4c00-9775-abeaa95e3d4b",
            "mac_address": "ca:03:18:58:fb:f2",
            "timeouts": null
          },
          "private": "eyJlMmJmYjczMC1lY2FhLTExZTYtOGY4OC0zNDM2M2JjN2M0YzAiOnsiY3JlYXRlIjo2MDAwMDAwMDAwMCwiZGVmYXVsdCI6NjAwMDAwMDAwMDAsImRlbGV0ZSI6NjAwMDAwMDAwMDAsInJlYWQiOjYwMDAwMDAwMDAwLCJ1cGRhdGUiOjYwMDAwMDAwMDAwfX0=",
          "dependencies": [
            "lovi_address.problem-team015",
            "lovi_subnet.team015"
          ]
        }
      ]
    },
    {
      "mode": "managed",
      "type": "lovi_subnet",
      "name": "team015",
      "provider": "provider.lovi",
      "instances": [
        {
          "schema_version": 0,
          "attributes": {
            "dns_server": "8.8.8.8",
            "end": "10.160.15.200",
            "gateway": "10.160.15.254",
            "id": "e85e55be-40fd-480c-8162-d45d7585eb9f",
            "metadata_server": "10.160.15.1",
            "name": "team015",
            "network": "10.160.15.0/24",
            "start": "10.160.15.100",
            "timeouts": null,
            "vlan_id": 1015
          },
          "private": "eyJlMmJmYjczMC1lY2FhLTExZTYtOGY4OC0zNDM2M2JjN2M0YzAiOnsiY3JlYXRlIjo2MDAwMDAwMDAwMCwiZGVmYXVsdCI6NjAwMDAwMDAwMDAsImRlbGV0ZSI6NjAwMDAwMDAwMDAsInJlYWQiOjYwMDAwMDAwMDAwLCJ1cGRhdGUiOjYwMDAwMDAwMDAwfX0="
        }
      ]
    },
    {
      "mode": "managed",
      "type": "lovi_virtual_machine",
      "name": "bastion-team015",
      "provider": "provider.lovi",
      "instances": [
        {
          "schema_version": 0,
          "attributes": {
            "cpu_pinning_group_name": "",
            "hypervisor_name": "isuadm0002",
            "id": "d705fa74-d69a-4b67-883a-e2a18acc5f07",
            "memory_kib": 2097152,
            "name": "team015-bastion",
            "read_bytes_sec": 0,
            "read_iops_sec": 0,
            "root_volume_gb": 10,
            "source_image_id": "bab847e2-b14f-4463-80ee-8cfb36392ea9",
            "vcpus": 1,
            "write_bytes_sec": 0,
            "write_iops_sec": 0
          },
          "private": "bnVsbA==",
          "dependencies": [
            "lovi_cpu_pinning_group.team015",
            "lovi_virtual_machine.problem-team015"
          ]
        }
      ]
    },
    {
      "mode": "managed",
      "type": "lovi_virtual_machine",
      "name": "bench-team015",
      "provider": "provider.lovi",
      "instances": [
        {
          "schema_version": 0,
          "attributes": {
            "cpu_pinning_group_name": "team015",
            "hypervisor_name": "isucn0001",
            "id": "d962b072-1ee0-40f0-bb2b-dd3f8f593e7e",
            "memory_kib": 16777216,
            "name": "team015-bench",
            "read_bytes_sec": 100000000,
            "read_iops_sec": 200,
            "root_volume_gb": 10,
            "source_image_id": "2c56bd7b-f594-43f7-baa0-6863d9eb4348",
            "vcpus": 1,
            "write_bytes_sec": 100000000,
            "write_iops_sec": 200
          },
          "private": "bnVsbA==",
          "dependencies": [
            "lovi_cpu_pinning_group.team015",
            "lovi_virtual_machine.problem-team015"
          ]
        }
      ]
    },
    {
      "mode": "managed",
      "type": "lovi_virtual_machine",
      "name": "problem-team015",
      "each": "list",
      "provider": "provider.lovi",
      "instances": [
        {
          "index_key": 0,
          "schema_version": 0,
          "attributes": {
            "cpu_pinning_group_name": "team015",
            "hypervisor_name": "isucn0001",
            "id": "538a8ae5-f017-44ab-ab20-28f4ba12c5a2",
            "memory_kib": 2097152,
            "name": "team015-001",
            "read_bytes_sec": 100000000,
            "read_iops_sec": 200,
            "root_volume_gb": 10,
            "source_image_id": "30afbf08-a9d2-4245-ab7f-a4c1a83bf062",
            "vcpus": 1,
            "write_bytes_sec": 100000000,
            "write_iops_sec": 200
          },
          "private": "bnVsbA==",
          "dependencies": [
            "lovi_cpu_pinning_group.team015"
          ]
        },
        {
          "index_key": 1,
          "schema_version": 0,
          "attributes": {
            "cpu_pinning_group_name": "team015",
            "hypervisor_name": "isucn0001",
            "id": "b21afee0-056b-4f44-9c78-60c14f9ac47f",
            "memory_kib": 2097152,
            "name": "team015-002",
            "read_bytes_sec": 100000000,
            "read_iops_sec": 200,
            "root_volume_gb": 10,
            "source_image_id": "30afbf08-a9d2-4245-ab7f-a4c1a83bf062",
            "vcpus": 1,
            "write_bytes_sec": 100000000,
            "write_iops_sec": 200
          },
          "private": "bnVsbA==",
          "dependencies": [
            "lovi_cpu_pinning_group.team015"
          ]
        },
        {
          "index_key": 2,
          "schema_version": 0,
          "attributes": {
            "cpu_pinning_group_name": "team015",
            "hypervisor_name": "isucn0001",
            "id": "00141189-6662-430e-a342-ab765c3b3085",
            "memory_kib": 2097152,
            "name": "team015-003",
            "read_bytes_sec": 100000000,
            "read_iops_sec": 200,
            "root_volume_gb": 10,
            "source_image_id": "30afbf08-a9d2-4245-ab7f-a4c1a83bf062",
            "vcpus": 1,
            "write_bytes_sec": 100000000,
            "write_iops_sec": 200
          },
          "private": "bnVsbA==",
          "dependencies": [
            "lovi_cpu_pinning_group.team015"
          ]
        }
      ]
    }
  ]
}
