{
  "version": 4,
  "terraform_version": "0.12.24",
  "serial": 25,
  "lineage": "4550cc3d-7506-7d99-2fc2-6f4d157611fb",
  "outputs": {},
  "resources": [
    {
      "mode": "managed",
      "type": "lovi_address",
      "name": "bastion-team006",
      "provider": "provider.lovi",
      "instances": [
        {
          "schema_version": 0,
          "attributes": {
            "fixed_ip": "10.160.6.100",
            "id": "ba44fd71-1f03-4251-ac64-834e4dc8bb8b",
            "ip": "10.160.6.100",
            "subnet_id": "37a9af02-c4a3-4b1e-8ee3-022143ebbfbf",
            "timeouts": null
          },
          "private": "eyJlMmJmYjczMC1lY2FhLTExZTYtOGY4OC0zNDM2M2JjN2M0YzAiOnsiY3JlYXRlIjo2MDAwMDAwMDAwMCwiZGVmYXVsdCI6NjAwMDAwMDAwMDAsImRlbGV0ZSI6NjAwMDAwMDAwMDAsInJlYWQiOjYwMDAwMDAwMDAwLCJ1cGRhdGUiOjYwMDAwMDAwMDAwfX0=",
          "dependencies": [
            "lovi_subnet.team006"
          ]
        }
      ]
    },
    {
      "mode": "managed",
      "type": "lovi_address",
      "name": "bench-team006",
      "provider": "provider.lovi",
      "instances": [
        {
          "schema_version": 0,
          "attributes": {
            "fixed_ip": "10.160.6.104",
            "id": "f0df7195-4af7-4eb6-af10-fe5c8d4e58f3",
            "ip": "10.160.6.104",
            "subnet_id": "37a9af02-c4a3-4b1e-8ee3-022143ebbfbf",
            "timeouts": null
          },
          "private": "eyJlMmJmYjczMC1lY2FhLTExZTYtOGY4OC0zNDM2M2JjN2M0YzAiOnsiY3JlYXRlIjo2MDAwMDAwMDAwMCwiZGVmYXVsdCI6NjAwMDAwMDAwMDAsImRlbGV0ZSI6NjAwMDAwMDAwMDAsInJlYWQiOjYwMDAwMDAwMDAwLCJ1cGRhdGUiOjYwMDAwMDAwMDAwfX0=",
          "dependencies": [
            "lovi_subnet.team006"
          ]
        }
      ]
    },
    {
      "mode": "managed",
      "type": "lovi_address",
      "name": "problem-team006",
      "each": "list",
      "provider": "provider.lovi",
      "instances": [
        {
          "index_key": 0,
          "schema_version": 0,
          "attributes": {
            "fixed_ip": "10.160.6.101",
            "id": "65a32d03-3845-4a3e-bcaa-116e8defa332",
            "ip": "10.160.6.101",
            "subnet_id": "37a9af02-c4a3-4b1e-8ee3-022143ebbfbf",
            "timeouts": null
          },
          "private": "eyJlMmJmYjczMC1lY2FhLTExZTYtOGY4OC0zNDM2M2JjN2M0YzAiOnsiY3JlYXRlIjo2MDAwMDAwMDAwMCwiZGVmYXVsdCI6NjAwMDAwMDAwMDAsImRlbGV0ZSI6NjAwMDAwMDAwMDAsInJlYWQiOjYwMDAwMDAwMDAwLCJ1cGRhdGUiOjYwMDAwMDAwMDAwfX0=",
          "dependencies": [
            "lovi_subnet.team006"
          ]
        },
        {
          "index_key": 1,
          "schema_version": 0,
          "attributes": {
            "fixed_ip": "10.160.6.102",
            "id": "1059f9eb-5de0-4d8b-8bd4-a9e37ab741b7",
            "ip": "10.160.6.102",
            "subnet_id": "37a9af02-c4a3-4b1e-8ee3-022143ebbfbf",
            "timeouts": null
          },
          "private": "eyJlMmJmYjczMC1lY2FhLTExZTYtOGY4OC0zNDM2M2JjN2M0YzAiOnsiY3JlYXRlIjo2MDAwMDAwMDAwMCwiZGVmYXVsdCI6NjAwMDAwMDAwMDAsImRlbGV0ZSI6NjAwMDAwMDAwMDAsInJlYWQiOjYwMDAwMDAwMDAwLCJ1cGRhdGUiOjYwMDAwMDAwMDAwfX0=",
          "dependencies": [
            "lovi_subnet.team006"
          ]
        },
        {
          "index_key": 2,
          "schema_version": 0,
          "attributes": {
            "fixed_ip": "10.160.6.103",
            "id": "663556ec-d503-4d58-af31-24ffb6937aa2",
            "ip": "10.160.6.103",
            "subnet_id": "37a9af02-c4a3-4b1e-8ee3-022143ebbfbf",
            "timeouts": null
          },
          "private": "eyJlMmJmYjczMC1lY2FhLTExZTYtOGY4OC0zNDM2M2JjN2M0YzAiOnsiY3JlYXRlIjo2MDAwMDAwMDAwMCwiZGVmYXVsdCI6NjAwMDAwMDAwMDAsImRlbGV0ZSI6NjAwMDAwMDAwMDAsInJlYWQiOjYwMDAwMDAwMDAwLCJ1cGRhdGUiOjYwMDAwMDAwMDAwfX0=",
          "dependencies": [
            "lovi_subnet.team006"
          ]
        }
      ]
    },
    {
      "mode": "managed",
      "type": "lovi_bridge",
      "name": "team006",
      "provider": "provider.lovi",
      "instances": [
        {
          "schema_version": 0,
          "attributes": {
            "id": "75e12281-9455-40a3-bd86-679e1ee5b707",
            "name": "team006",
            "timeouts": null,
            "vlan_id": 1006
          },
          "private": "eyJlMmJmYjczMC1lY2FhLTExZTYtOGY4OC0zNDM2M2JjN2M0YzAiOnsiY3JlYXRlIjo2MDAwMDAwMDAwMCwiZGVmYXVsdCI6NjAwMDAwMDAwMDAsImRlbGV0ZSI6NjAwMDAwMDAwMDAsInJlYWQiOjYwMDAwMDAwMDAwLCJ1cGRhdGUiOjYwMDAwMDAwMDAwfX0=",
          "dependencies": [
            "lovi_subnet.team006"
          ]
        }
      ]
    },
    {
      "mode": "managed",
      "type": "lovi_cpu_pinning_group",
      "name": "team006",
      "provider": "provider.lovi",
      "instances": [
        {
          "schema_version": 0,
          "attributes": {
            "count_of_core": 4,
            "hypervisor_name": "isucn0001",
            "id": "9325e263-1473-4ba4-a2cd-afdd54aaedb3",
            "name": "team006"
          },
          "private": "bnVsbA=="
        }
      ]
    },
    {
      "mode": "managed",
      "type": "lovi_interface_attachment",
      "name": "bastion-team006",
      "provider": "provider.lovi",
      "instances": [
        {
          "schema_version": 0,
          "attributes": {
            "average": 125000,
            "bridge_id": "75e12281-9455-40a3-bd86-679e1ee5b707",
            "id": "028df1e0-08c6-4b1e-80ce-387e599101d5",
            "lease_id": "795a8163-37ae-422d-92e4-a15081ece52e",
            "name": "t006-ba",
            "timeouts": null,
            "virtual_machine_id": "803b9cd7-5efe-4b87-a3d7-3213e56aa9ac"
          },
          "private": "eyJlMmJmYjczMC1lY2FhLTExZTYtOGY4OC0zNDM2M2JjN2M0YzAiOnsiY3JlYXRlIjo2MDAwMDAwMDAwMCwiZGVmYXVsdCI6NjAwMDAwMDAwMDAsImRlbGV0ZSI6NjAwMDAwMDAwMDAsInJlYWQiOjYwMDAwMDAwMDAwLCJ1cGRhdGUiOjYwMDAwMDAwMDAwfX0=",
          "dependencies": [
            "lovi_address.bastion-team006",
            "lovi_bridge.team006",
            "lovi_cpu_pinning_group.team006",
            "lovi_lease.bastion-team006",
            "lovi_subnet.team006",
            "lovi_virtual_machine.bastion-team006",
            "lovi_virtual_machine.problem-team006"
          ]
        }
      ]
    },
    {
      "mode": "managed",
      "type": "lovi_interface_attachment",
      "name": "bench-team006",
      "provider": "provider.lovi",
      "instances": [
        {
          "schema_version": 0,
          "attributes": {
            "average": 12500,
            "bridge_id": "75e12281-9455-40a3-bd86-679e1ee5b707",
            "id": "350ba958-e548-4851-9841-7f049354a999",
            "lease_id": "4bfeb30f-6dfa-4124-84f8-9ea7ea846c39",
            "name": "t006-be",
            "timeouts": null,
            "virtual_machine_id": "809c48fe-ec22-499a-a232-ac4e2ff7d51d"
          },
          "private": "eyJlMmJmYjczMC1lY2FhLTExZTYtOGY4OC0zNDM2M2JjN2M0YzAiOnsiY3JlYXRlIjo2MDAwMDAwMDAwMCwiZGVmYXVsdCI6NjAwMDAwMDAwMDAsImRlbGV0ZSI6NjAwMDAwMDAwMDAsInJlYWQiOjYwMDAwMDAwMDAwLCJ1cGRhdGUiOjYwMDAwMDAwMDAwfX0=",
          "dependencies": [
            "lovi_address.bench-team006",
            "lovi_bridge.team006",
            "lovi_cpu_pinning_group.team006",
            "lovi_lease.bench-team006",
            "lovi_subnet.team006",
            "lovi_virtual_machine.bench-team006",
            "lovi_virtual_machine.problem-team006"
          ]
        }
      ]
    },
    {
      "mode": "managed",
      "type": "lovi_interface_attachment",
      "name": "problem-team006",
      "each": "list",
      "provider": "provider.lovi",
      "instances": [
        {
          "index_key": 0,
          "schema_version": 0,
          "attributes": {
            "average": 125000,
            "bridge_id": "75e12281-9455-40a3-bd86-679e1ee5b707",
            "id": "8a26534d-9980-4357-b943-1e98bb8ef9cc",
            "lease_id": "559c57ff-9971-46b3-b755-45b6c260e399",
            "name": "t006-001",
            "timeouts": null,
            "virtual_machine_id": "b6423e6a-688b-485c-bd84-f924410d0d66"
          },
          "private": "eyJlMmJmYjczMC1lY2FhLTExZTYtOGY4OC0zNDM2M2JjN2M0YzAiOnsiY3JlYXRlIjo2MDAwMDAwMDAwMCwiZGVmYXVsdCI6NjAwMDAwMDAwMDAsImRlbGV0ZSI6NjAwMDAwMDAwMDAsInJlYWQiOjYwMDAwMDAwMDAwLCJ1cGRhdGUiOjYwMDAwMDAwMDAwfX0=",
          "dependencies": [
            "lovi_address.problem-team006",
            "lovi_bridge.team006",
            "lovi_cpu_pinning_group.team006",
            "lovi_lease.problem-team006",
            "lovi_subnet.team006",
            "lovi_virtual_machine.problem-team006"
          ]
        },
        {
          "index_key": 1,
          "schema_version": 0,
          "attributes": {
            "average": 125000,
            "bridge_id": "75e12281-9455-40a3-bd86-679e1ee5b707",
            "id": "5b85fc01-bd6e-4fb9-a165-4b46a3b410c1",
            "lease_id": "ca339358-e879-4613-9664-58a6eee2cc28",
            "name": "t006-002",
            "timeouts": null,
            "virtual_machine_id": "d2f91a7d-ccb0-4496-a400-f4aff14639e1"
          },
          "private": "eyJlMmJmYjczMC1lY2FhLTExZTYtOGY4OC0zNDM2M2JjN2M0YzAiOnsiY3JlYXRlIjo2MDAwMDAwMDAwMCwiZGVmYXVsdCI6NjAwMDAwMDAwMDAsImRlbGV0ZSI6NjAwMDAwMDAwMDAsInJlYWQiOjYwMDAwMDAwMDAwLCJ1cGRhdGUiOjYwMDAwMDAwMDAwfX0=",
          "dependencies": [
            "lovi_address.problem-team006",
            "lovi_bridge.team006",
            "lovi_cpu_pinning_group.team006",
            "lovi_lease.problem-team006",
            "lovi_subnet.team006",
            "lovi_virtual_machine.problem-team006"
          ]
        },
        {
          "index_key": 2,
          "schema_version": 0,
          "attributes": {
            "average": 125000,
            "bridge_id": "75e12281-9455-40a3-bd86-679e1ee5b707",
            "id": "670f29a3-c59f-4232-b011-47adf97dd9e3",
            "lease_id": "a5d625f8-1993-4f58-ab0e-f49ed6472402",
            "name": "t006-003",
            "timeouts": null,
            "virtual_machine_id": "14c1674c-3411-43c9-812f-c761b8cc79ba"
          },
          "private": "eyJlMmJmYjczMC1lY2FhLTExZTYtOGY4OC0zNDM2M2JjN2M0YzAiOnsiY3JlYXRlIjo2MDAwMDAwMDAwMCwiZGVmYXVsdCI6NjAwMDAwMDAwMDAsImRlbGV0ZSI6NjAwMDAwMDAwMDAsInJlYWQiOjYwMDAwMDAwMDAwLCJ1cGRhdGUiOjYwMDAwMDAwMDAwfX0=",
          "dependencies": [
            "lovi_address.problem-team006",
            "lovi_bridge.team006",
            "lovi_cpu_pinning_group.team006",
            "lovi_lease.problem-team006",
            "lovi_subnet.team006",
            "lovi_virtual_machine.problem-team006"
          ]
        }
      ]
    },
    {
      "mode": "managed",
      "type": "lovi_internal_bridge",
      "name": "team006",
      "provider": "provider.lovi",
      "instances": [
        {
          "schema_version": 0,
          "attributes": {
            "id": "521796d1-6d1e-433f-bd23-9246ae8793ce",
            "name": "team006-in",
            "timeouts": null
          },
          "private": "eyJlMmJmYjczMC1lY2FhLTExZTYtOGY4OC0zNDM2M2JjN2M0YzAiOnsiY3JlYXRlIjo2MDAwMDAwMDAwMCwiZGVmYXVsdCI6NjAwMDAwMDAwMDAsImRlbGV0ZSI6NjAwMDAwMDAwMDAsInJlYWQiOjYwMDAwMDAwMDAwLCJ1cGRhdGUiOjYwMDAwMDAwMDAwfX0="
        }
      ]
    },
    {
      "mode": "managed",
      "type": "lovi_lease",
      "name": "bastion-team006",
      "provider": "provider.lovi",
      "instances": [
        {
          "schema_version": 0,
          "attributes": {
            "address_id": "ba44fd71-1f03-4251-ac64-834e4dc8bb8b",
            "id": "795a8163-37ae-422d-92e4-a15081ece52e",
            "mac_address": "ca:03:18:ed:5e:eb",
            "timeouts": null
          },
          "private": "eyJlMmJmYjczMC1lY2FhLTExZTYtOGY4OC0zNDM2M2JjN2M0YzAiOnsiY3JlYXRlIjo2MDAwMDAwMDAwMCwiZGVmYXVsdCI6NjAwMDAwMDAwMDAsImRlbGV0ZSI6NjAwMDAwMDAwMDAsInJlYWQiOjYwMDAwMDAwMDAwLCJ1cGRhdGUiOjYwMDAwMDAwMDAwfX0=",
          "dependencies": [
            "lovi_address.bastion-team006",
            "lovi_subnet.team006"
          ]
        }
      ]
    },
    {
      "mode": "managed",
      "type": "lovi_lease",
      "name": "bench-team006",
      "provider": "provider.lovi",
      "instances": [
        {
          "schema_version": 0,
          "attributes": {
            "address_id": "f0df7195-4af7-4eb6-af10-fe5c8d4e58f3",
            "id": "4bfeb30f-6dfa-4124-84f8-9ea7ea846c39",
            "mac_address": "ca:03:18:a5:c5:ee",
            "timeouts": null
          },
          "private": "eyJlMmJmYjczMC1lY2FhLTExZTYtOGY4OC0zNDM2M2JjN2M0YzAiOnsiY3JlYXRlIjo2MDAwMDAwMDAwMCwiZGVmYXVsdCI6NjAwMDAwMDAwMDAsImRlbGV0ZSI6NjAwMDAwMDAwMDAsInJlYWQiOjYwMDAwMDAwMDAwLCJ1cGRhdGUiOjYwMDAwMDAwMDAwfX0=",
          "dependencies": [
            "lovi_address.bench-team006",
            "lovi_subnet.team006"
          ]
        }
      ]
    },
    {
      "mode": "managed",
      "type": "lovi_lease",
      "name": "problem-team006",
      "each": "list",
      "provider": "provider.lovi",
      "instances": [
        {
          "index_key": 0,
          "schema_version": 0,
          "attributes": {
            "address_id": "65a32d03-3845-4a3e-bcaa-116e8defa332",
            "id": "559c57ff-9971-46b3-b755-45b6c260e399",
            "mac_address": "ca:03:18:5d:df:b5",
            "timeouts": null
          },
          "private": "eyJlMmJmYjczMC1lY2FhLTExZTYtOGY4OC0zNDM2M2JjN2M0YzAiOnsiY3JlYXRlIjo2MDAwMDAwMDAwMCwiZGVmYXVsdCI6NjAwMDAwMDAwMDAsImRlbGV0ZSI6NjAwMDAwMDAwMDAsInJlYWQiOjYwMDAwMDAwMDAwLCJ1cGRhdGUiOjYwMDAwMDAwMDAwfX0=",
          "dependencies": [
            "lovi_address.problem-team006",
            "lovi_subnet.team006"
          ]
        },
        {
          "index_key": 1,
          "schema_version": 0,
          "attributes": {
            "address_id": "1059f9eb-5de0-4d8b-8bd4-a9e37ab741b7",
            "id": "ca339358-e879-4613-9664-58a6eee2cc28",
            "mac_address": "ca:03:18:ab:19:f5",
            "timeouts": null
          },
          "private": "eyJlMmJmYjczMC1lY2FhLTExZTYtOGY4OC0zNDM2M2JjN2M0YzAiOnsiY3JlYXRlIjo2MDAwMDAwMDAwMCwiZGVmYXVsdCI6NjAwMDAwMDAwMDAsImRlbGV0ZSI6NjAwMDAwMDAwMDAsInJlYWQiOjYwMDAwMDAwMDAwLCJ1cGRhdGUiOjYwMDAwMDAwMDAwfX0=",
          "dependencies": [
            "lovi_address.problem-team006",
            "lovi_subnet.team006"
          ]
        },
        {
          "index_key": 2,
          "schema_version": 0,
          "attributes": {
            "address_id": "663556ec-d503-4d58-af31-24ffb6937aa2",
            "id": "a5d625f8-1993-4f58-ab0e-f49ed6472402",
            "mac_address": "ca:03:18:b9:33:4d",
            "timeouts": null
          },
          "private": "eyJlMmJmYjczMC1lY2FhLTExZTYtOGY4OC0zNDM2M2JjN2M0YzAiOnsiY3JlYXRlIjo2MDAwMDAwMDAwMCwiZGVmYXVsdCI6NjAwMDAwMDAwMDAsImRlbGV0ZSI6NjAwMDAwMDAwMDAsInJlYWQiOjYwMDAwMDAwMDAwLCJ1cGRhdGUiOjYwMDAwMDAwMDAwfX0=",
          "dependencies": [
            "lovi_address.problem-team006",
            "lovi_subnet.team006"
          ]
        }
      ]
    },
    {
      "mode": "managed",
      "type": "lovi_subnet",
      "name": "team006",
      "provider": "provider.lovi",
      "instances": [
        {
          "schema_version": 0,
          "attributes": {
            "dns_server": "8.8.8.8",
            "end": "10.160.6.200",
            "gateway": "10.160.6.254",
            "id": "37a9af02-c4a3-4b1e-8ee3-022143ebbfbf",
            "metadata_server": "10.160.6.1",
            "name": "team006",
            "network": "10.160.6.0/24",
            "start": "10.160.6.100",
            "timeouts": null,
            "vlan_id": 1006
          },
          "private": "eyJlMmJmYjczMC1lY2FhLTExZTYtOGY4OC0zNDM2M2JjN2M0YzAiOnsiY3JlYXRlIjo2MDAwMDAwMDAwMCwiZGVmYXVsdCI6NjAwMDAwMDAwMDAsImRlbGV0ZSI6NjAwMDAwMDAwMDAsInJlYWQiOjYwMDAwMDAwMDAwLCJ1cGRhdGUiOjYwMDAwMDAwMDAwfX0="
        }
      ]
    },
    {
      "mode": "managed",
      "type": "lovi_virtual_machine",
      "name": "bastion-team006",
      "provider": "provider.lovi",
      "instances": [
        {
          "schema_version": 0,
          "attributes": {
            "cpu_pinning_group_name": "",
            "hypervisor_name": "isuadm0002",
            "id": "803b9cd7-5efe-4b87-a3d7-3213e56aa9ac",
            "memory_kib": 2097152,
            "name": "team006-bastion",
            "read_bytes_sec": 0,
            "read_iops_sec": 0,
            "root_volume_gb": 10,
            "source_image_id": "bab847e2-b14f-4463-80ee-8cfb36392ea9",
            "vcpus": 1,
            "write_bytes_sec": 0,
            "write_iops_sec": 0
          },
          "private": "bnVsbA==",
          "dependencies": [
            "lovi_cpu_pinning_group.team006",
            "lovi_virtual_machine.problem-team006"
          ]
        }
      ]
    },
    {
      "mode": "managed",
      "type": "lovi_virtual_machine",
      "name": "bench-team006",
      "provider": "provider.lovi",
      "instances": [
        {
          "schema_version": 0,
          "attributes": {
            "cpu_pinning_group_name": "team006",
            "hypervisor_name": "isucn0001",
            "id": "809c48fe-ec22-499a-a232-ac4e2ff7d51d",
            "memory_kib": 16777216,
            "name": "team006-bench",
            "read_bytes_sec": 100000000,
            "read_iops_sec": 200,
            "root_volume_gb": 10,
            "source_image_id": "2c56bd7b-f594-43f7-baa0-6863d9eb4348",
            "vcpus": 1,
            "write_bytes_sec": 100000000,
            "write_iops_sec": 200
          },
          "private": "bnVsbA==",
          "dependencies": [
            "lovi_cpu_pinning_group.team006",
            "lovi_virtual_machine.problem-team006"
          ]
        }
      ]
    },
    {
      "mode": "managed",
      "type": "lovi_virtual_machine",
      "name": "problem-team006",
      "each": "list",
      "provider": "provider.lovi",
      "instances": [
        {
          "index_key": 0,
          "schema_version": 0,
          "attributes": {
            "cpu_pinning_group_name": "team006",
            "hypervisor_name": "isucn0001",
            "id": "b6423e6a-688b-485c-bd84-f924410d0d66",
            "memory_kib": 2097152,
            "name": "team006-001",
            "read_bytes_sec": 100000000,
            "read_iops_sec": 200,
            "root_volume_gb": 10,
            "source_image_id": "30afbf08-a9d2-4245-ab7f-a4c1a83bf062",
            "vcpus": 1,
            "write_bytes_sec": 100000000,
            "write_iops_sec": 200
          },
          "private": "bnVsbA==",
          "dependencies": [
            "lovi_cpu_pinning_group.team006"
          ]
        },
        {
          "index_key": 1,
          "schema_version": 0,
          "attributes": {
            "cpu_pinning_group_name": "team006",
            "hypervisor_name": "isucn0001",
            "id": "d2f91a7d-ccb0-4496-a400-f4aff14639e1",
            "memory_kib": 2097152,
            "name": "team006-002",
            "read_bytes_sec": 100000000,
            "read_iops_sec": 200,
            "root_volume_gb": 10,
            "source_image_id": "30afbf08-a9d2-4245-ab7f-a4c1a83bf062",
            "vcpus": 1,
            "write_bytes_sec": 100000000,
            "write_iops_sec": 200
          },
          "private": "bnVsbA==",
          "dependencies": [
            "lovi_cpu_pinning_group.team006"
          ]
        },
        {
          "index_key": 2,
          "schema_version": 0,
          "attributes": {
            "cpu_pinning_group_name": "team006",
            "hypervisor_name": "isucn0001",
            "id": "14c1674c-3411-43c9-812f-c761b8cc79ba",
            "memory_kib": 2097152,
            "name": "team006-003",
            "read_bytes_sec": 100000000,
            "read_iops_sec": 200,
            "root_volume_gb": 10,
            "source_image_id": "30afbf08-a9d2-4245-ab7f-a4c1a83bf062",
            "vcpus": 1,
            "write_bytes_sec": 100000000,
            "write_iops_sec": 200
          },
          "private": "bnVsbA==",
          "dependencies": [
            "lovi_cpu_pinning_group.team006"
          ]
        }
      ]
    }
  ]
}
