{
  "version": 4,
  "terraform_version": "0.12.24",
  "serial": 29,
  "lineage": "1f9e612b-2b9c-fd51-d8ee-d2fa87f33fec",
  "outputs": {},
  "resources": [
    {
      "mode": "managed",
      "type": "lovi_address",
      "name": "bastion100-team228",
      "provider": "provider.lovi",
      "instances": [
        {
          "schema_version": 0,
          "attributes": {
            "fixed_ip": "10.162.28.100",
            "id": "628c55a0-ebe5-420b-90cc-43106626e182",
            "ip": "10.162.28.100",
            "subnet_id": "3573d0ae-c5b7-4e73-9002-1b621fe488d4",
            "timeouts": null
          },
          "private": "eyJlMmJmYjczMC1lY2FhLTExZTYtOGY4OC0zNDM2M2JjN2M0YzAiOnsiY3JlYXRlIjo2MDAwMDAwMDAwMCwiZGVmYXVsdCI6NjAwMDAwMDAwMDAsImRlbGV0ZSI6NjAwMDAwMDAwMDAsInJlYWQiOjYwMDAwMDAwMDAwLCJ1cGRhdGUiOjYwMDAwMDAwMDAwfX0=",
          "dependencies": [
            "lovi_subnet.team228"
          ]
        }
      ]
    },
    {
      "mode": "managed",
      "type": "lovi_address",
      "name": "bastion200-team228",
      "provider": "provider.lovi",
      "instances": [
        {
          "schema_version": 0,
          "attributes": {
            "fixed_ip": "10.162.28.200",
            "id": "c101bb88-6885-44fb-911d-50f6e48ccf87",
            "ip": "10.162.28.200",
            "subnet_id": "3573d0ae-c5b7-4e73-9002-1b621fe488d4",
            "timeouts": null
          },
          "private": "eyJlMmJmYjczMC1lY2FhLTExZTYtOGY4OC0zNDM2M2JjN2M0YzAiOnsiY3JlYXRlIjo2MDAwMDAwMDAwMCwiZGVmYXVsdCI6NjAwMDAwMDAwMDAsImRlbGV0ZSI6NjAwMDAwMDAwMDAsInJlYWQiOjYwMDAwMDAwMDAwLCJ1cGRhdGUiOjYwMDAwMDAwMDAwfX0=",
          "dependencies": [
            "lovi_subnet.team228"
          ]
        }
      ]
    },
    {
      "mode": "managed",
      "type": "lovi_address",
      "name": "bench-team228",
      "provider": "provider.lovi",
      "instances": [
        {
          "schema_version": 0,
          "attributes": {
            "fixed_ip": "10.162.28.104",
            "id": "667285e7-4cf7-43cb-afd7-fd6e692b40ae",
            "ip": "10.162.28.104",
            "subnet_id": "3573d0ae-c5b7-4e73-9002-1b621fe488d4",
            "timeouts": null
          },
          "private": "eyJlMmJmYjczMC1lY2FhLTExZTYtOGY4OC0zNDM2M2JjN2M0YzAiOnsiY3JlYXRlIjo2MDAwMDAwMDAwMCwiZGVmYXVsdCI6NjAwMDAwMDAwMDAsImRlbGV0ZSI6NjAwMDAwMDAwMDAsInJlYWQiOjYwMDAwMDAwMDAwLCJ1cGRhdGUiOjYwMDAwMDAwMDAwfX0=",
          "dependencies": [
            "lovi_subnet.team228"
          ]
        }
      ]
    },
    {
      "mode": "managed",
      "type": "lovi_address",
      "name": "problem-team228-1",
      "provider": "provider.lovi",
      "instances": [
        {
          "schema_version": 0,
          "attributes": {
            "fixed_ip": "10.162.28.101",
            "id": "9e0f1541-190a-4e00-879b-76c5e470928a",
            "ip": "10.162.28.101",
            "subnet_id": "3573d0ae-c5b7-4e73-9002-1b621fe488d4",
            "timeouts": null
          },
          "private": "eyJlMmJmYjczMC1lY2FhLTExZTYtOGY4OC0zNDM2M2JjN2M0YzAiOnsiY3JlYXRlIjo2MDAwMDAwMDAwMCwiZGVmYXVsdCI6NjAwMDAwMDAwMDAsImRlbGV0ZSI6NjAwMDAwMDAwMDAsInJlYWQiOjYwMDAwMDAwMDAwLCJ1cGRhdGUiOjYwMDAwMDAwMDAwfX0=",
          "dependencies": [
            "lovi_subnet.team228"
          ]
        }
      ]
    },
    {
      "mode": "managed",
      "type": "lovi_address",
      "name": "problem-team228-2",
      "provider": "provider.lovi",
      "instances": [
        {
          "schema_version": 0,
          "attributes": {
            "fixed_ip": "10.162.28.102",
            "id": "2d1d4588-f5db-4aa1-bd66-3f8d16695523",
            "ip": "10.162.28.102",
            "subnet_id": "3573d0ae-c5b7-4e73-9002-1b621fe488d4",
            "timeouts": null
          },
          "private": "eyJlMmJmYjczMC1lY2FhLTExZTYtOGY4OC0zNDM2M2JjN2M0YzAiOnsiY3JlYXRlIjo2MDAwMDAwMDAwMCwiZGVmYXVsdCI6NjAwMDAwMDAwMDAsImRlbGV0ZSI6NjAwMDAwMDAwMDAsInJlYWQiOjYwMDAwMDAwMDAwLCJ1cGRhdGUiOjYwMDAwMDAwMDAwfX0=",
          "dependencies": [
            "lovi_subnet.team228"
          ]
        }
      ]
    },
    {
      "mode": "managed",
      "type": "lovi_address",
      "name": "problem-team228-3",
      "provider": "provider.lovi",
      "instances": [
        {
          "schema_version": 0,
          "attributes": {
            "fixed_ip": "10.162.28.103",
            "id": "b39033e1-3d92-44ea-9622-e44072ea43a7",
            "ip": "10.162.28.103",
            "subnet_id": "3573d0ae-c5b7-4e73-9002-1b621fe488d4",
            "timeouts": null
          },
          "private": "eyJlMmJmYjczMC1lY2FhLTExZTYtOGY4OC0zNDM2M2JjN2M0YzAiOnsiY3JlYXRlIjo2MDAwMDAwMDAwMCwiZGVmYXVsdCI6NjAwMDAwMDAwMDAsImRlbGV0ZSI6NjAwMDAwMDAwMDAsInJlYWQiOjYwMDAwMDAwMDAwLCJ1cGRhdGUiOjYwMDAwMDAwMDAwfX0=",
          "dependencies": [
            "lovi_subnet.team228"
          ]
        }
      ]
    },
    {
      "mode": "managed",
      "type": "lovi_bridge",
      "name": "team228",
      "provider": "provider.lovi",
      "instances": [
        {
          "schema_version": 0,
          "attributes": {
            "id": "8fc091a9-c52a-4314-89ee-e156758b17c6",
            "name": "team228",
            "timeouts": null,
            "vlan_id": 1228
          },
          "private": "eyJlMmJmYjczMC1lY2FhLTExZTYtOGY4OC0zNDM2M2JjN2M0YzAiOnsiY3JlYXRlIjo2MDAwMDAwMDAwMCwiZGVmYXVsdCI6NjAwMDAwMDAwMDAsImRlbGV0ZSI6NjAwMDAwMDAwMDAsInJlYWQiOjYwMDAwMDAwMDAwLCJ1cGRhdGUiOjYwMDAwMDAwMDAwfX0=",
          "dependencies": [
            "lovi_subnet.team228"
          ]
        }
      ]
    },
    {
      "mode": "managed",
      "type": "lovi_cpu_pinning_group",
      "name": "team228",
      "provider": "provider.lovi",
      "instances": [
        {
          "schema_version": 0,
          "attributes": {
            "count_of_core": 12,
            "hypervisor_name": "isucn0008",
            "id": "0be15cf5-4242-4c9f-b9d0-60e4cd2376af",
            "name": "team228"
          },
          "private": "bnVsbA=="
        }
      ]
    },
    {
      "mode": "managed",
      "type": "lovi_interface_attachment",
      "name": "bastion100-team228",
      "provider": "provider.lovi",
      "instances": [
        {
          "schema_version": 0,
          "attributes": {
            "average": 125000,
            "bridge_id": "8fc091a9-c52a-4314-89ee-e156758b17c6",
            "id": "da3529ce-10e9-4a14-ac3e-a60904c823f4",
            "lease_id": "5ec159db-fa86-4382-bbc5-7aefcac1c0b0",
            "name": "t228-ba100",
            "timeouts": null,
            "virtual_machine_id": "0a222208-ccee-4bdb-93f7-8cfcce138e32"
          },
          "private": "eyJlMmJmYjczMC1lY2FhLTExZTYtOGY4OC0zNDM2M2JjN2M0YzAiOnsiY3JlYXRlIjo2MDAwMDAwMDAwMCwiZGVmYXVsdCI6NjAwMDAwMDAwMDAsImRlbGV0ZSI6NjAwMDAwMDAwMDAsInJlYWQiOjYwMDAwMDAwMDAwLCJ1cGRhdGUiOjYwMDAwMDAwMDAwfX0=",
          "dependencies": [
            "lovi_address.bastion100-team228",
            "lovi_bridge.team228",
            "lovi_cpu_pinning_group.team228",
            "lovi_lease.bastion100-team228",
            "lovi_subnet.team228",
            "lovi_virtual_machine.bastion100-team228"
          ]
        }
      ]
    },
    {
      "mode": "managed",
      "type": "lovi_interface_attachment",
      "name": "bastion200-team228",
      "provider": "provider.lovi",
      "instances": [
        {
          "schema_version": 0,
          "attributes": {
            "average": 125000,
            "bridge_id": "8fc091a9-c52a-4314-89ee-e156758b17c6",
            "id": "a96ec845-824d-4404-aba1-176f4839d6f4",
            "lease_id": "7737f132-9699-40a7-b351-aa46aed64755",
            "name": "t228-ba200",
            "timeouts": null,
            "virtual_machine_id": "2b8721f5-6992-4ed3-9646-75fb34852cea"
          },
          "private": "eyJlMmJmYjczMC1lY2FhLTExZTYtOGY4OC0zNDM2M2JjN2M0YzAiOnsiY3JlYXRlIjo2MDAwMDAwMDAwMCwiZGVmYXVsdCI6NjAwMDAwMDAwMDAsImRlbGV0ZSI6NjAwMDAwMDAwMDAsInJlYWQiOjYwMDAwMDAwMDAwLCJ1cGRhdGUiOjYwMDAwMDAwMDAwfX0=",
          "dependencies": [
            "lovi_address.bastion200-team228",
            "lovi_bridge.team228",
            "lovi_cpu_pinning_group.team228",
            "lovi_lease.bastion200-team228",
            "lovi_subnet.team228",
            "lovi_virtual_machine.bastion200-team228"
          ]
        }
      ]
    },
    {
      "mode": "managed",
      "type": "lovi_interface_attachment",
      "name": "bench-team228",
      "provider": "provider.lovi",
      "instances": [
        {
          "schema_version": 0,
          "attributes": {
            "average": 125000,
            "bridge_id": "8fc091a9-c52a-4314-89ee-e156758b17c6",
            "id": "44ec1781-eb75-4cfb-b09a-8dfb1d2911f4",
            "lease_id": "ead278eb-464e-4648-aedc-169b551a22cc",
            "name": "t228-be",
            "timeouts": null,
            "virtual_machine_id": "18f3f296-ed15-4cda-8c41-0eec6c66ddf1"
          },
          "private": "eyJlMmJmYjczMC1lY2FhLTExZTYtOGY4OC0zNDM2M2JjN2M0YzAiOnsiY3JlYXRlIjo2MDAwMDAwMDAwMCwiZGVmYXVsdCI6NjAwMDAwMDAwMDAsImRlbGV0ZSI6NjAwMDAwMDAwMDAsInJlYWQiOjYwMDAwMDAwMDAwLCJ1cGRhdGUiOjYwMDAwMDAwMDAwfX0=",
          "dependencies": [
            "lovi_address.bench-team228",
            "lovi_bridge.team228",
            "lovi_cpu_pinning_group.team228",
            "lovi_lease.bench-team228",
            "lovi_subnet.team228",
            "lovi_virtual_machine.bench-team228"
          ]
        }
      ]
    },
    {
      "mode": "managed",
      "type": "lovi_interface_attachment",
      "name": "problem-team228-1",
      "provider": "provider.lovi",
      "instances": [
        {
          "schema_version": 0,
          "attributes": {
            "average": 125000,
            "bridge_id": "8fc091a9-c52a-4314-89ee-e156758b17c6",
            "id": "5ab52071-3356-4f9b-8f2c-6e19ca0a900b",
            "lease_id": "abcfc525-50c1-4c2b-a9ef-566a6802f18b",
            "name": "t228-001",
            "timeouts": null,
            "virtual_machine_id": "058b1a31-7d79-4216-af20-dfb61e2c31b9"
          },
          "private": "eyJlMmJmYjczMC1lY2FhLTExZTYtOGY4OC0zNDM2M2JjN2M0YzAiOnsiY3JlYXRlIjo2MDAwMDAwMDAwMCwiZGVmYXVsdCI6NjAwMDAwMDAwMDAsImRlbGV0ZSI6NjAwMDAwMDAwMDAsInJlYWQiOjYwMDAwMDAwMDAwLCJ1cGRhdGUiOjYwMDAwMDAwMDAwfX0=",
          "dependencies": [
            "lovi_address.problem-team228-1",
            "lovi_bridge.team228",
            "lovi_cpu_pinning_group.team228",
            "lovi_lease.problem-team228-1",
            "lovi_subnet.team228",
            "lovi_virtual_machine.problem-team228-1"
          ]
        }
      ]
    },
    {
      "mode": "managed",
      "type": "lovi_interface_attachment",
      "name": "problem-team228-2",
      "provider": "provider.lovi",
      "instances": [
        {
          "schema_version": 0,
          "attributes": {
            "average": 125000,
            "bridge_id": "8fc091a9-c52a-4314-89ee-e156758b17c6",
            "id": "bc617243-2a8e-4f65-a341-6e7854662352",
            "lease_id": "8ec89549-ec48-4932-86b6-8e69b358b544",
            "name": "t228-002",
            "timeouts": null,
            "virtual_machine_id": "4afe4720-3b6e-4590-9e9f-147b8604ebee"
          },
          "private": "eyJlMmJmYjczMC1lY2FhLTExZTYtOGY4OC0zNDM2M2JjN2M0YzAiOnsiY3JlYXRlIjo2MDAwMDAwMDAwMCwiZGVmYXVsdCI6NjAwMDAwMDAwMDAsImRlbGV0ZSI6NjAwMDAwMDAwMDAsInJlYWQiOjYwMDAwMDAwMDAwLCJ1cGRhdGUiOjYwMDAwMDAwMDAwfX0=",
          "dependencies": [
            "lovi_address.problem-team228-2",
            "lovi_bridge.team228",
            "lovi_cpu_pinning_group.team228",
            "lovi_lease.problem-team228-2",
            "lovi_subnet.team228",
            "lovi_virtual_machine.problem-team228-2"
          ]
        }
      ]
    },
    {
      "mode": "managed",
      "type": "lovi_interface_attachment",
      "name": "problem-team228-3",
      "provider": "provider.lovi",
      "instances": [
        {
          "schema_version": 0,
          "attributes": {
            "average": 125000,
            "bridge_id": "8fc091a9-c52a-4314-89ee-e156758b17c6",
            "id": "b3884573-3802-4dea-8398-e026411cfb69",
            "lease_id": "2cb7d965-8b6e-445d-a1db-c922b05e58ab",
            "name": "t228-003",
            "timeouts": null,
            "virtual_machine_id": "e380af1e-a993-4394-9322-10f30c7fe232"
          },
          "private": "eyJlMmJmYjczMC1lY2FhLTExZTYtOGY4OC0zNDM2M2JjN2M0YzAiOnsiY3JlYXRlIjo2MDAwMDAwMDAwMCwiZGVmYXVsdCI6NjAwMDAwMDAwMDAsImRlbGV0ZSI6NjAwMDAwMDAwMDAsInJlYWQiOjYwMDAwMDAwMDAwLCJ1cGRhdGUiOjYwMDAwMDAwMDAwfX0=",
          "dependencies": [
            "lovi_address.problem-team228-3",
            "lovi_bridge.team228",
            "lovi_cpu_pinning_group.team228",
            "lovi_lease.problem-team228-3",
            "lovi_subnet.team228",
            "lovi_virtual_machine.problem-team228-3"
          ]
        }
      ]
    },
    {
      "mode": "managed",
      "type": "lovi_internal_bridge",
      "name": "team228",
      "provider": "provider.lovi",
      "instances": [
        {
          "schema_version": 0,
          "attributes": {
            "id": "51436980-e2e7-4e76-9ab9-50a46f40dbcc",
            "name": "team228-in",
            "timeouts": null
          },
          "private": "eyJlMmJmYjczMC1lY2FhLTExZTYtOGY4OC0zNDM2M2JjN2M0YzAiOnsiY3JlYXRlIjo2MDAwMDAwMDAwMCwiZGVmYXVsdCI6NjAwMDAwMDAwMDAsImRlbGV0ZSI6NjAwMDAwMDAwMDAsInJlYWQiOjYwMDAwMDAwMDAwLCJ1cGRhdGUiOjYwMDAwMDAwMDAwfX0="
        }
      ]
    },
    {
      "mode": "managed",
      "type": "lovi_lease",
      "name": "bastion100-team228",
      "provider": "provider.lovi",
      "instances": [
        {
          "schema_version": 0,
          "attributes": {
            "address_id": "628c55a0-ebe5-420b-90cc-43106626e182",
            "id": "5ec159db-fa86-4382-bbc5-7aefcac1c0b0",
            "mac_address": "ca:03:18:6c:d1:5f",
            "timeouts": null
          },
          "private": "eyJlMmJmYjczMC1lY2FhLTExZTYtOGY4OC0zNDM2M2JjN2M0YzAiOnsiY3JlYXRlIjo2MDAwMDAwMDAwMCwiZGVmYXVsdCI6NjAwMDAwMDAwMDAsImRlbGV0ZSI6NjAwMDAwMDAwMDAsInJlYWQiOjYwMDAwMDAwMDAwLCJ1cGRhdGUiOjYwMDAwMDAwMDAwfX0=",
          "dependencies": [
            "lovi_address.bastion100-team228",
            "lovi_subnet.team228"
          ]
        }
      ]
    },
    {
      "mode": "managed",
      "type": "lovi_lease",
      "name": "bastion200-team228",
      "provider": "provider.lovi",
      "instances": [
        {
          "schema_version": 0,
          "attributes": {
            "address_id": "c101bb88-6885-44fb-911d-50f6e48ccf87",
            "id": "7737f132-9699-40a7-b351-aa46aed64755",
            "mac_address": "ca:03:18:20:23:68",
            "timeouts": null
          },
          "private": "eyJlMmJmYjczMC1lY2FhLTExZTYtOGY4OC0zNDM2M2JjN2M0YzAiOnsiY3JlYXRlIjo2MDAwMDAwMDAwMCwiZGVmYXVsdCI6NjAwMDAwMDAwMDAsImRlbGV0ZSI6NjAwMDAwMDAwMDAsInJlYWQiOjYwMDAwMDAwMDAwLCJ1cGRhdGUiOjYwMDAwMDAwMDAwfX0=",
          "dependencies": [
            "lovi_address.bastion200-team228",
            "lovi_subnet.team228"
          ]
        }
      ]
    },
    {
      "mode": "managed",
      "type": "lovi_lease",
      "name": "bench-team228",
      "provider": "provider.lovi",
      "instances": [
        {
          "schema_version": 0,
          "attributes": {
            "address_id": "667285e7-4cf7-43cb-afd7-fd6e692b40ae",
            "id": "ead278eb-464e-4648-aedc-169b551a22cc",
            "mac_address": "ca:03:18:01:ef:53",
            "timeouts": null
          },
          "private": "eyJlMmJmYjczMC1lY2FhLTExZTYtOGY4OC0zNDM2M2JjN2M0YzAiOnsiY3JlYXRlIjo2MDAwMDAwMDAwMCwiZGVmYXVsdCI6NjAwMDAwMDAwMDAsImRlbGV0ZSI6NjAwMDAwMDAwMDAsInJlYWQiOjYwMDAwMDAwMDAwLCJ1cGRhdGUiOjYwMDAwMDAwMDAwfX0=",
          "dependencies": [
            "lovi_address.bench-team228",
            "lovi_subnet.team228"
          ]
        }
      ]
    },
    {
      "mode": "managed",
      "type": "lovi_lease",
      "name": "problem-team228-1",
      "provider": "provider.lovi",
      "instances": [
        {
          "schema_version": 0,
          "attributes": {
            "address_id": "9e0f1541-190a-4e00-879b-76c5e470928a",
            "id": "abcfc525-50c1-4c2b-a9ef-566a6802f18b",
            "mac_address": "ca:03:18:86:96:dd",
            "timeouts": null
          },
          "private": "eyJlMmJmYjczMC1lY2FhLTExZTYtOGY4OC0zNDM2M2JjN2M0YzAiOnsiY3JlYXRlIjo2MDAwMDAwMDAwMCwiZGVmYXVsdCI6NjAwMDAwMDAwMDAsImRlbGV0ZSI6NjAwMDAwMDAwMDAsInJlYWQiOjYwMDAwMDAwMDAwLCJ1cGRhdGUiOjYwMDAwMDAwMDAwfX0=",
          "dependencies": [
            "lovi_address.problem-team228-1",
            "lovi_subnet.team228"
          ]
        }
      ]
    },
    {
      "mode": "managed",
      "type": "lovi_lease",
      "name": "problem-team228-2",
      "provider": "provider.lovi",
      "instances": [
        {
          "schema_version": 0,
          "attributes": {
            "address_id": "2d1d4588-f5db-4aa1-bd66-3f8d16695523",
            "id": "8ec89549-ec48-4932-86b6-8e69b358b544",
            "mac_address": "ca:03:18:74:c9:78",
            "timeouts": null
          },
          "private": "eyJlMmJmYjczMC1lY2FhLTExZTYtOGY4OC0zNDM2M2JjN2M0YzAiOnsiY3JlYXRlIjo2MDAwMDAwMDAwMCwiZGVmYXVsdCI6NjAwMDAwMDAwMDAsImRlbGV0ZSI6NjAwMDAwMDAwMDAsInJlYWQiOjYwMDAwMDAwMDAwLCJ1cGRhdGUiOjYwMDAwMDAwMDAwfX0=",
          "dependencies": [
            "lovi_address.problem-team228-2",
            "lovi_subnet.team228"
          ]
        }
      ]
    },
    {
      "mode": "managed",
      "type": "lovi_lease",
      "name": "problem-team228-3",
      "provider": "provider.lovi",
      "instances": [
        {
          "schema_version": 0,
          "attributes": {
            "address_id": "b39033e1-3d92-44ea-9622-e44072ea43a7",
            "id": "2cb7d965-8b6e-445d-a1db-c922b05e58ab",
            "mac_address": "ca:03:18:e2:c6:8d",
            "timeouts": null
          },
          "private": "eyJlMmJmYjczMC1lY2FhLTExZTYtOGY4OC0zNDM2M2JjN2M0YzAiOnsiY3JlYXRlIjo2MDAwMDAwMDAwMCwiZGVmYXVsdCI6NjAwMDAwMDAwMDAsImRlbGV0ZSI6NjAwMDAwMDAwMDAsInJlYWQiOjYwMDAwMDAwMDAwLCJ1cGRhdGUiOjYwMDAwMDAwMDAwfX0=",
          "dependencies": [
            "lovi_address.problem-team228-3",
            "lovi_subnet.team228"
          ]
        }
      ]
    },
    {
      "mode": "managed",
      "type": "lovi_subnet",
      "name": "team228",
      "provider": "provider.lovi",
      "instances": [
        {
          "schema_version": 0,
          "attributes": {
            "dns_server": "8.8.8.8",
            "end": "10.162.28.200",
            "gateway": "10.162.28.254",
            "id": "3573d0ae-c5b7-4e73-9002-1b621fe488d4",
            "metadata_server": "10.162.28.1",
            "name": "team228",
            "network": "10.162.28.0/24",
            "start": "10.162.28.100",
            "timeouts": null,
            "vlan_id": 1228
          },
          "private": "eyJlMmJmYjczMC1lY2FhLTExZTYtOGY4OC0zNDM2M2JjN2M0YzAiOnsiY3JlYXRlIjo2MDAwMDAwMDAwMCwiZGVmYXVsdCI6NjAwMDAwMDAwMDAsImRlbGV0ZSI6NjAwMDAwMDAwMDAsInJlYWQiOjYwMDAwMDAwMDAwLCJ1cGRhdGUiOjYwMDAwMDAwMDAwfX0="
        }
      ]
    },
    {
      "mode": "managed",
      "type": "lovi_virtual_machine",
      "name": "bastion100-team228",
      "provider": "provider.lovi",
      "instances": [
        {
          "schema_version": 0,
          "attributes": {
            "cpu_pinning_group_name": "",
            "europa_backend_name": "dorado001",
            "hypervisor_name": "isuadm0002",
            "id": "0a222208-ccee-4bdb-93f7-8cfcce138e32",
            "memory_kib": 2097152,
            "name": "team228-bastion100",
            "read_bytes_sec": 0,
            "read_iops_sec": 0,
            "root_volume_gb": 10,
            "source_image_id": "5138fee8-59a1-407a-bb84-2937d9705143",
            "vcpus": 1,
            "write_bytes_sec": 0,
            "write_iops_sec": 0
          },
          "private": "bnVsbA==",
          "dependencies": [
            "lovi_cpu_pinning_group.team228"
          ]
        }
      ]
    },
    {
      "mode": "managed",
      "type": "lovi_virtual_machine",
      "name": "bastion200-team228",
      "provider": "provider.lovi",
      "instances": [
        {
          "schema_version": 0,
          "attributes": {
            "cpu_pinning_group_name": "",
            "europa_backend_name": "dorado001",
            "hypervisor_name": "isuadm0006",
            "id": "2b8721f5-6992-4ed3-9646-75fb34852cea",
            "memory_kib": 2097152,
            "name": "team228-bastion200",
            "read_bytes_sec": 0,
            "read_iops_sec": 0,
            "root_volume_gb": 10,
            "source_image_id": "5138fee8-59a1-407a-bb84-2937d9705143",
            "vcpus": 1,
            "write_bytes_sec": 0,
            "write_iops_sec": 0
          },
          "private": "bnVsbA==",
          "dependencies": [
            "lovi_cpu_pinning_group.team228"
          ]
        }
      ]
    },
    {
      "mode": "managed",
      "type": "lovi_virtual_machine",
      "name": "bench-team228",
      "provider": "provider.lovi",
      "instances": [
        {
          "schema_version": 0,
          "attributes": {
            "cpu_pinning_group_name": "team228",
            "europa_backend_name": "dorado001",
            "hypervisor_name": "isucn0008",
            "id": "18f3f296-ed15-4cda-8c41-0eec6c66ddf1",
            "memory_kib": 16777216,
            "name": "team228-bench",
            "read_bytes_sec": 1000000000,
            "read_iops_sec": 800,
            "root_volume_gb": 30,
            "source_image_id": "a87104a2-0c24-4058-bc6f-13a9e632b5c1",
            "vcpus": 8,
            "write_bytes_sec": 1000000000,
            "write_iops_sec": 800
          },
          "private": "bnVsbA==",
          "dependencies": [
            "lovi_cpu_pinning_group.team228"
          ]
        }
      ]
    },
    {
      "mode": "managed",
      "type": "lovi_virtual_machine",
      "name": "problem-team228-1",
      "provider": "provider.lovi",
      "instances": [
        {
          "schema_version": 0,
          "attributes": {
            "cpu_pinning_group_name": "team228",
            "europa_backend_name": "dorado001",
            "hypervisor_name": "isucn0008",
            "id": "058b1a31-7d79-4216-af20-dfb61e2c31b9",
            "memory_kib": 1048576,
            "name": "team228-001",
            "read_bytes_sec": 1000000000,
            "read_iops_sec": 800,
            "root_volume_gb": 30,
            "source_image_id": "ee12d10d-471e-4939-8650-9302c2ea71c0",
            "vcpus": 2,
            "write_bytes_sec": 1000000000,
            "write_iops_sec": 800
          },
          "private": "bnVsbA==",
          "dependencies": [
            "lovi_cpu_pinning_group.team228"
          ]
        }
      ]
    },
    {
      "mode": "managed",
      "type": "lovi_virtual_machine",
      "name": "problem-team228-2",
      "provider": "provider.lovi",
      "instances": [
        {
          "schema_version": 0,
          "attributes": {
            "cpu_pinning_group_name": "team228",
            "europa_backend_name": "dorado001",
            "hypervisor_name": "isucn0008",
            "id": "4afe4720-3b6e-4590-9e9f-147b8604ebee",
            "memory_kib": 2097152,
            "name": "team228-002",
            "read_bytes_sec": 1000000000,
            "read_iops_sec": 800,
            "root_volume_gb": 30,
            "source_image_id": "ee12d10d-471e-4939-8650-9302c2ea71c0",
            "vcpus": 2,
            "write_bytes_sec": 1000000000,
            "write_iops_sec": 800
          },
          "private": "bnVsbA==",
          "dependencies": [
            "lovi_cpu_pinning_group.team228"
          ]
        }
      ]
    },
    {
      "mode": "managed",
      "type": "lovi_virtual_machine",
      "name": "problem-team228-3",
      "provider": "provider.lovi",
      "instances": [
        {
          "schema_version": 0,
          "attributes": {
            "cpu_pinning_group_name": "team228",
            "europa_backend_name": "dorado001",
            "hypervisor_name": "isucn0008",
            "id": "e380af1e-a993-4394-9322-10f30c7fe232",
            "memory_kib": 1048576,
            "name": "team228-003",
            "read_bytes_sec": 1000000000,
            "read_iops_sec": 800,
            "root_volume_gb": 30,
            "source_image_id": "ee12d10d-471e-4939-8650-9302c2ea71c0",
            "vcpus": 4,
            "write_bytes_sec": 1000000000,
            "write_iops_sec": 800
          },
          "private": "bnVsbA==",
          "dependencies": [
            "lovi_cpu_pinning_group.team228"
          ]
        }
      ]
    }
  ]
}
