{
  "version": 4,
  "terraform_version": "0.12.24",
  "serial": 197,
  "lineage": "8486d54a-8b17-4ba2-e9a1-9268f92fcec6",
  "outputs": {},
  "resources": [
    {
      "mode": "managed",
      "type": "lovi_address",
      "name": "bastion200-team550",
      "provider": "provider.lovi",
      "instances": [
        {
          "schema_version": 0,
          "attributes": {
            "fixed_ip": "10.165.50.200",
            "id": "89aebefa-c803-4f51-b575-06e5f04a66ed",
            "ip": "10.165.50.200",
            "subnet_id": "11dda5b3-dc87-43cb-abdb-20e2cb4016a0",
            "timeouts": null
          },
          "private": "eyJlMmJmYjczMC1lY2FhLTExZTYtOGY4OC0zNDM2M2JjN2M0YzAiOnsiY3JlYXRlIjo2MDAwMDAwMDAwMCwiZGVmYXVsdCI6NjAwMDAwMDAwMDAsImRlbGV0ZSI6NjAwMDAwMDAwMDAsInJlYWQiOjYwMDAwMDAwMDAwLCJ1cGRhdGUiOjYwMDAwMDAwMDAwfX0=",
          "dependencies": [
            "lovi_subnet.team550"
          ]
        }
      ]
    },
    {
      "mode": "managed",
      "type": "lovi_address",
      "name": "problem-team550",
      "each": "list",
      "provider": "provider.lovi",
      "instances": [
        {
          "index_key": 0,
          "schema_version": 0,
          "attributes": {
            "fixed_ip": "10.165.50.101",
            "id": "b4cee423-0962-4859-82b9-b404cdabc58d",
            "ip": "10.165.50.101",
            "subnet_id": "11dda5b3-dc87-43cb-abdb-20e2cb4016a0",
            "timeouts": null
          },
          "private": "eyJlMmJmYjczMC1lY2FhLTExZTYtOGY4OC0zNDM2M2JjN2M0YzAiOnsiY3JlYXRlIjo2MDAwMDAwMDAwMCwiZGVmYXVsdCI6NjAwMDAwMDAwMDAsImRlbGV0ZSI6NjAwMDAwMDAwMDAsInJlYWQiOjYwMDAwMDAwMDAwLCJ1cGRhdGUiOjYwMDAwMDAwMDAwfX0=",
          "dependencies": [
            "lovi_subnet.team550"
          ]
        },
        {
          "index_key": 1,
          "schema_version": 0,
          "attributes": {
            "fixed_ip": "10.165.50.102",
            "id": "2f9ac607-cc58-4919-b95d-ea8c582a4189",
            "ip": "10.165.50.102",
            "subnet_id": "11dda5b3-dc87-43cb-abdb-20e2cb4016a0",
            "timeouts": null
          },
          "private": "eyJlMmJmYjczMC1lY2FhLTExZTYtOGY4OC0zNDM2M2JjN2M0YzAiOnsiY3JlYXRlIjo2MDAwMDAwMDAwMCwiZGVmYXVsdCI6NjAwMDAwMDAwMDAsImRlbGV0ZSI6NjAwMDAwMDAwMDAsInJlYWQiOjYwMDAwMDAwMDAwLCJ1cGRhdGUiOjYwMDAwMDAwMDAwfX0=",
          "dependencies": [
            "lovi_subnet.team550"
          ]
        },
        {
          "index_key": 2,
          "schema_version": 0,
          "attributes": {
            "fixed_ip": "10.165.50.103",
            "id": "dead6885-d100-4ade-82d1-99afaef984a9",
            "ip": "10.165.50.103",
            "subnet_id": "11dda5b3-dc87-43cb-abdb-20e2cb4016a0",
            "timeouts": null
          },
          "private": "eyJlMmJmYjczMC1lY2FhLTExZTYtOGY4OC0zNDM2M2JjN2M0YzAiOnsiY3JlYXRlIjo2MDAwMDAwMDAwMCwiZGVmYXVsdCI6NjAwMDAwMDAwMDAsImRlbGV0ZSI6NjAwMDAwMDAwMDAsInJlYWQiOjYwMDAwMDAwMDAwLCJ1cGRhdGUiOjYwMDAwMDAwMDAwfX0=",
          "dependencies": [
            "lovi_subnet.team550"
          ]
        },
        {
          "index_key": 3,
          "schema_version": 0,
          "attributes": {
            "fixed_ip": "10.165.50.104",
            "id": "35267b5e-0ec9-4e82-ba6c-aa8d1cbe214b",
            "ip": "10.165.50.104",
            "subnet_id": "11dda5b3-dc87-43cb-abdb-20e2cb4016a0",
            "timeouts": null
          },
          "private": "eyJlMmJmYjczMC1lY2FhLTExZTYtOGY4OC0zNDM2M2JjN2M0YzAiOnsiY3JlYXRlIjo2MDAwMDAwMDAwMCwiZGVmYXVsdCI6NjAwMDAwMDAwMDAsImRlbGV0ZSI6NjAwMDAwMDAwMDAsInJlYWQiOjYwMDAwMDAwMDAwLCJ1cGRhdGUiOjYwMDAwMDAwMDAwfX0=",
          "dependencies": [
            "lovi_subnet.team550"
          ]
        },
        {
          "index_key": 4,
          "schema_version": 0,
          "attributes": {
            "fixed_ip": "10.165.50.105",
            "id": "06585fa4-526c-4cc4-8cb5-cd4aaab37542",
            "ip": "10.165.50.105",
            "subnet_id": "11dda5b3-dc87-43cb-abdb-20e2cb4016a0",
            "timeouts": null
          },
          "private": "eyJlMmJmYjczMC1lY2FhLTExZTYtOGY4OC0zNDM2M2JjN2M0YzAiOnsiY3JlYXRlIjo2MDAwMDAwMDAwMCwiZGVmYXVsdCI6NjAwMDAwMDAwMDAsImRlbGV0ZSI6NjAwMDAwMDAwMDAsInJlYWQiOjYwMDAwMDAwMDAwLCJ1cGRhdGUiOjYwMDAwMDAwMDAwfX0=",
          "dependencies": [
            "lovi_subnet.team550"
          ]
        },
        {
          "index_key": 5,
          "schema_version": 0,
          "attributes": {
            "fixed_ip": "10.165.50.106",
            "id": "cd000b5b-ca0b-42f2-8b52-58fa01be2194",
            "ip": "10.165.50.106",
            "subnet_id": "11dda5b3-dc87-43cb-abdb-20e2cb4016a0",
            "timeouts": null
          },
          "private": "eyJlMmJmYjczMC1lY2FhLTExZTYtOGY4OC0zNDM2M2JjN2M0YzAiOnsiY3JlYXRlIjo2MDAwMDAwMDAwMCwiZGVmYXVsdCI6NjAwMDAwMDAwMDAsImRlbGV0ZSI6NjAwMDAwMDAwMDAsInJlYWQiOjYwMDAwMDAwMDAwLCJ1cGRhdGUiOjYwMDAwMDAwMDAwfX0=",
          "dependencies": [
            "lovi_subnet.team550"
          ]
        }
      ]
    },
    {
      "mode": "managed",
      "type": "lovi_bridge",
      "name": "team550",
      "provider": "provider.lovi",
      "instances": [
        {
          "schema_version": 0,
          "attributes": {
            "id": "912d4763-348e-4c73-bddf-cae19725927d",
            "name": "team550",
            "timeouts": null,
            "vlan_id": 1550
          },
          "private": "eyJlMmJmYjczMC1lY2FhLTExZTYtOGY4OC0zNDM2M2JjN2M0YzAiOnsiY3JlYXRlIjo2MDAwMDAwMDAwMCwiZGVmYXVsdCI6NjAwMDAwMDAwMDAsImRlbGV0ZSI6NjAwMDAwMDAwMDAsInJlYWQiOjYwMDAwMDAwMDAwLCJ1cGRhdGUiOjYwMDAwMDAwMDAwfX0=",
          "dependencies": [
            "lovi_subnet.team550"
          ]
        }
      ]
    },
    {
      "mode": "managed",
      "type": "lovi_cpu_pinning_group",
      "name": "team550",
      "each": "list",
      "provider": "provider.lovi",
      "instances": [
        {
          "index_key": 0,
          "schema_version": 0,
          "attributes": {
            "count_of_core": 8,
            "hypervisor_name": "isuadm0004",
            "id": "660adeef-e17a-4065-953e-c23828769777",
            "name": "team550-001"
          },
          "private": "bnVsbA=="
        },
        {
          "index_key": 1,
          "schema_version": 0,
          "attributes": {
            "count_of_core": 8,
            "hypervisor_name": "isuadm0004",
            "id": "f1a057f0-1bc4-4d07-bd12-03e7bf05886c",
            "name": "team550-002"
          },
          "private": "bnVsbA=="
        },
        {
          "index_key": 2,
          "schema_version": 0,
          "attributes": {
            "count_of_core": 8,
            "hypervisor_name": "isuadm0004",
            "id": "25e21857-5fe5-46a6-bb4c-f3e859a2f5f5",
            "name": "team550-003"
          },
          "private": "bnVsbA=="
        },
        {
          "index_key": 3,
          "schema_version": 0,
          "attributes": {
            "count_of_core": 8,
            "hypervisor_name": "isuadm0004",
            "id": "432ff587-1ffe-43cd-a28f-00824e10ba7c",
            "name": "team550-004"
          },
          "private": "bnVsbA=="
        },
        {
          "index_key": 4,
          "schema_version": 0,
          "attributes": {
            "count_of_core": 8,
            "hypervisor_name": "isuadm0004",
            "id": "b42a4a0f-dd04-419a-b1d3-11eecfa07062",
            "name": "team550-005"
          },
          "private": "bnVsbA=="
        },
        {
          "index_key": 5,
          "schema_version": 0,
          "attributes": {
            "count_of_core": 8,
            "hypervisor_name": "isuadm0004",
            "id": "f11331e3-4be8-497c-8e65-cd1cbde40ad1",
            "name": "team550-006"
          },
          "private": "bnVsbA=="
        }
      ]
    },
    {
      "mode": "managed",
      "type": "lovi_interface_attachment",
      "name": "bastion200-team550",
      "provider": "provider.lovi",
      "instances": [
        {
          "schema_version": 0,
          "attributes": {
            "average": 125000,
            "bridge_id": "912d4763-348e-4c73-bddf-cae19725927d",
            "id": "fe90a0bd-845e-4655-8977-29d83f3c33f8",
            "lease_id": "7c282a40-9a86-47b4-b42f-4278020a5dcc",
            "name": "t550-ba200",
            "timeouts": null,
            "virtual_machine_id": "dfbd3513-3c69-4dac-b385-e714a5e1a737"
          },
          "private": "eyJlMmJmYjczMC1lY2FhLTExZTYtOGY4OC0zNDM2M2JjN2M0YzAiOnsiY3JlYXRlIjo2MDAwMDAwMDAwMCwiZGVmYXVsdCI6NjAwMDAwMDAwMDAsImRlbGV0ZSI6NjAwMDAwMDAwMDAsInJlYWQiOjYwMDAwMDAwMDAwLCJ1cGRhdGUiOjYwMDAwMDAwMDAwfX0=",
          "dependencies": [
            "lovi_address.bastion200-team550",
            "lovi_bridge.team550",
            "lovi_cpu_pinning_group.team550",
            "lovi_lease.bastion200-team550",
            "lovi_subnet.team550",
            "lovi_virtual_machine.bastion200-team550",
            "lovi_virtual_machine.problem-team550"
          ]
        }
      ]
    },
    {
      "mode": "managed",
      "type": "lovi_interface_attachment",
      "name": "problem-team550",
      "each": "list",
      "provider": "provider.lovi",
      "instances": [
        {
          "index_key": 0,
          "schema_version": 0,
          "attributes": {
            "average": 125000,
            "bridge_id": "912d4763-348e-4c73-bddf-cae19725927d",
            "id": "1a792a74-548c-4936-a274-249ae0c40863",
            "lease_id": "e610a419-3797-46ce-9e49-0349adff08ef",
            "name": "t550-001",
            "timeouts": null,
            "virtual_machine_id": "e4060322-528d-4b6f-9be7-dac92a0626bf"
          },
          "private": "eyJlMmJmYjczMC1lY2FhLTExZTYtOGY4OC0zNDM2M2JjN2M0YzAiOnsiY3JlYXRlIjo2MDAwMDAwMDAwMCwiZGVmYXVsdCI6NjAwMDAwMDAwMDAsImRlbGV0ZSI6NjAwMDAwMDAwMDAsInJlYWQiOjYwMDAwMDAwMDAwLCJ1cGRhdGUiOjYwMDAwMDAwMDAwfX0=",
          "dependencies": [
            "lovi_address.problem-team550",
            "lovi_bridge.team550",
            "lovi_cpu_pinning_group.team550",
            "lovi_lease.problem-team550",
            "lovi_subnet.team550",
            "lovi_virtual_machine.problem-team550"
          ]
        },
        {
          "index_key": 1,
          "schema_version": 0,
          "attributes": {
            "average": 125000,
            "bridge_id": "912d4763-348e-4c73-bddf-cae19725927d",
            "id": "2130b401-1239-449a-b6d9-8733c986a95d",
            "lease_id": "d818c716-0b57-4fa9-9fe0-74d149755790",
            "name": "t550-002",
            "timeouts": null,
            "virtual_machine_id": "740f8a4f-e381-4cc8-90a0-36b049e8edfa"
          },
          "private": "eyJlMmJmYjczMC1lY2FhLTExZTYtOGY4OC0zNDM2M2JjN2M0YzAiOnsiY3JlYXRlIjo2MDAwMDAwMDAwMCwiZGVmYXVsdCI6NjAwMDAwMDAwMDAsImRlbGV0ZSI6NjAwMDAwMDAwMDAsInJlYWQiOjYwMDAwMDAwMDAwLCJ1cGRhdGUiOjYwMDAwMDAwMDAwfX0=",
          "dependencies": [
            "lovi_address.problem-team550",
            "lovi_bridge.team550",
            "lovi_cpu_pinning_group.team550",
            "lovi_lease.problem-team550",
            "lovi_subnet.team550",
            "lovi_virtual_machine.problem-team550"
          ]
        },
        {
          "index_key": 2,
          "schema_version": 0,
          "attributes": {
            "average": 125000,
            "bridge_id": "912d4763-348e-4c73-bddf-cae19725927d",
            "id": "ed9665b2-2f5e-48ec-8581-1b8ecbca545a",
            "lease_id": "1ca507ce-e68d-4973-991c-fb4f76359a0b",
            "name": "t550-003",
            "timeouts": null,
            "virtual_machine_id": "13e9f4f9-abdb-4307-a5c6-05593958ea16"
          },
          "private": "eyJlMmJmYjczMC1lY2FhLTExZTYtOGY4OC0zNDM2M2JjN2M0YzAiOnsiY3JlYXRlIjo2MDAwMDAwMDAwMCwiZGVmYXVsdCI6NjAwMDAwMDAwMDAsImRlbGV0ZSI6NjAwMDAwMDAwMDAsInJlYWQiOjYwMDAwMDAwMDAwLCJ1cGRhdGUiOjYwMDAwMDAwMDAwfX0=",
          "dependencies": [
            "lovi_address.problem-team550",
            "lovi_bridge.team550",
            "lovi_cpu_pinning_group.team550",
            "lovi_lease.problem-team550",
            "lovi_subnet.team550",
            "lovi_virtual_machine.problem-team550"
          ]
        },
        {
          "index_key": 3,
          "schema_version": 0,
          "attributes": {
            "average": 125000,
            "bridge_id": "912d4763-348e-4c73-bddf-cae19725927d",
            "id": "36f45d93-2a96-4d29-8f6d-07d49363677d",
            "lease_id": "73a25889-087b-4b08-ad32-1ab992b525a2",
            "name": "t550-004",
            "timeouts": null,
            "virtual_machine_id": "e6c236b3-f6bb-42b6-a2cc-90221a58e4a6"
          },
          "private": "eyJlMmJmYjczMC1lY2FhLTExZTYtOGY4OC0zNDM2M2JjN2M0YzAiOnsiY3JlYXRlIjo2MDAwMDAwMDAwMCwiZGVmYXVsdCI6NjAwMDAwMDAwMDAsImRlbGV0ZSI6NjAwMDAwMDAwMDAsInJlYWQiOjYwMDAwMDAwMDAwLCJ1cGRhdGUiOjYwMDAwMDAwMDAwfX0=",
          "dependencies": [
            "lovi_address.problem-team550",
            "lovi_bridge.team550",
            "lovi_cpu_pinning_group.team550",
            "lovi_lease.problem-team550",
            "lovi_subnet.team550",
            "lovi_virtual_machine.problem-team550"
          ]
        },
        {
          "index_key": 4,
          "schema_version": 0,
          "attributes": {
            "average": 125000,
            "bridge_id": "912d4763-348e-4c73-bddf-cae19725927d",
            "id": "e3fc5f95-3484-469e-889e-928694be0968",
            "lease_id": "97794de4-ac25-41e1-a2a5-62d5bb64c444",
            "name": "t550-005",
            "timeouts": null,
            "virtual_machine_id": "79ce7c51-f1f3-4e49-8d48-e19a59031980"
          },
          "private": "eyJlMmJmYjczMC1lY2FhLTExZTYtOGY4OC0zNDM2M2JjN2M0YzAiOnsiY3JlYXRlIjo2MDAwMDAwMDAwMCwiZGVmYXVsdCI6NjAwMDAwMDAwMDAsImRlbGV0ZSI6NjAwMDAwMDAwMDAsInJlYWQiOjYwMDAwMDAwMDAwLCJ1cGRhdGUiOjYwMDAwMDAwMDAwfX0=",
          "dependencies": [
            "lovi_address.problem-team550",
            "lovi_bridge.team550",
            "lovi_cpu_pinning_group.team550",
            "lovi_lease.problem-team550",
            "lovi_subnet.team550",
            "lovi_virtual_machine.problem-team550"
          ]
        },
        {
          "index_key": 5,
          "schema_version": 0,
          "attributes": {
            "average": 125000,
            "bridge_id": "912d4763-348e-4c73-bddf-cae19725927d",
            "id": "155349f1-a30c-4e24-8b17-9ada13e7f97e",
            "lease_id": "afb2ae90-2b05-44d1-9441-8a9513c882ed",
            "name": "t550-006",
            "timeouts": null,
            "virtual_machine_id": "a20669c9-8372-4b09-9b25-c087116997af"
          },
          "private": "eyJlMmJmYjczMC1lY2FhLTExZTYtOGY4OC0zNDM2M2JjN2M0YzAiOnsiY3JlYXRlIjo2MDAwMDAwMDAwMCwiZGVmYXVsdCI6NjAwMDAwMDAwMDAsImRlbGV0ZSI6NjAwMDAwMDAwMDAsInJlYWQiOjYwMDAwMDAwMDAwLCJ1cGRhdGUiOjYwMDAwMDAwMDAwfX0=",
          "dependencies": [
            "lovi_address.problem-team550",
            "lovi_bridge.team550",
            "lovi_cpu_pinning_group.team550",
            "lovi_lease.problem-team550",
            "lovi_subnet.team550",
            "lovi_virtual_machine.problem-team550"
          ]
        }
      ]
    },
    {
      "mode": "managed",
      "type": "lovi_internal_bridge",
      "name": "team550",
      "provider": "provider.lovi",
      "instances": [
        {
          "schema_version": 0,
          "attributes": {
            "id": "69acd003-346a-440c-bfc5-76e2f1d89843",
            "name": "team550-in",
            "timeouts": null
          },
          "private": "eyJlMmJmYjczMC1lY2FhLTExZTYtOGY4OC0zNDM2M2JjN2M0YzAiOnsiY3JlYXRlIjo2MDAwMDAwMDAwMCwiZGVmYXVsdCI6NjAwMDAwMDAwMDAsImRlbGV0ZSI6NjAwMDAwMDAwMDAsInJlYWQiOjYwMDAwMDAwMDAwLCJ1cGRhdGUiOjYwMDAwMDAwMDAwfX0="
        }
      ]
    },
    {
      "mode": "managed",
      "type": "lovi_lease",
      "name": "bastion200-team550",
      "provider": "provider.lovi",
      "instances": [
        {
          "schema_version": 0,
          "attributes": {
            "address_id": "89aebefa-c803-4f51-b575-06e5f04a66ed",
            "id": "7c282a40-9a86-47b4-b42f-4278020a5dcc",
            "mac_address": "ca:03:18:bc:ef:37",
            "timeouts": null
          },
          "private": "eyJlMmJmYjczMC1lY2FhLTExZTYtOGY4OC0zNDM2M2JjN2M0YzAiOnsiY3JlYXRlIjo2MDAwMDAwMDAwMCwiZGVmYXVsdCI6NjAwMDAwMDAwMDAsImRlbGV0ZSI6NjAwMDAwMDAwMDAsInJlYWQiOjYwMDAwMDAwMDAwLCJ1cGRhdGUiOjYwMDAwMDAwMDAwfX0=",
          "dependencies": [
            "lovi_address.bastion200-team550",
            "lovi_subnet.team550"
          ]
        }
      ]
    },
    {
      "mode": "managed",
      "type": "lovi_lease",
      "name": "problem-team550",
      "each": "list",
      "provider": "provider.lovi",
      "instances": [
        {
          "index_key": 0,
          "schema_version": 0,
          "attributes": {
            "address_id": "b4cee423-0962-4859-82b9-b404cdabc58d",
            "id": "e610a419-3797-46ce-9e49-0349adff08ef",
            "mac_address": "ca:03:18:73:d1:ea",
            "timeouts": null
          },
          "private": "eyJlMmJmYjczMC1lY2FhLTExZTYtOGY4OC0zNDM2M2JjN2M0YzAiOnsiY3JlYXRlIjo2MDAwMDAwMDAwMCwiZGVmYXVsdCI6NjAwMDAwMDAwMDAsImRlbGV0ZSI6NjAwMDAwMDAwMDAsInJlYWQiOjYwMDAwMDAwMDAwLCJ1cGRhdGUiOjYwMDAwMDAwMDAwfX0=",
          "dependencies": [
            "lovi_address.problem-team550",
            "lovi_subnet.team550"
          ]
        },
        {
          "index_key": 1,
          "schema_version": 0,
          "attributes": {
            "address_id": "2f9ac607-cc58-4919-b95d-ea8c582a4189",
            "id": "d818c716-0b57-4fa9-9fe0-74d149755790",
            "mac_address": "ca:03:18:1d:f5:2d",
            "timeouts": null
          },
          "private": "eyJlMmJmYjczMC1lY2FhLTExZTYtOGY4OC0zNDM2M2JjN2M0YzAiOnsiY3JlYXRlIjo2MDAwMDAwMDAwMCwiZGVmYXVsdCI6NjAwMDAwMDAwMDAsImRlbGV0ZSI6NjAwMDAwMDAwMDAsInJlYWQiOjYwMDAwMDAwMDAwLCJ1cGRhdGUiOjYwMDAwMDAwMDAwfX0=",
          "dependencies": [
            "lovi_address.problem-team550",
            "lovi_subnet.team550"
          ]
        },
        {
          "index_key": 2,
          "schema_version": 0,
          "attributes": {
            "address_id": "dead6885-d100-4ade-82d1-99afaef984a9",
            "id": "1ca507ce-e68d-4973-991c-fb4f76359a0b",
            "mac_address": "ca:03:18:75:87:a1",
            "timeouts": null
          },
          "private": "eyJlMmJmYjczMC1lY2FhLTExZTYtOGY4OC0zNDM2M2JjN2M0YzAiOnsiY3JlYXRlIjo2MDAwMDAwMDAwMCwiZGVmYXVsdCI6NjAwMDAwMDAwMDAsImRlbGV0ZSI6NjAwMDAwMDAwMDAsInJlYWQiOjYwMDAwMDAwMDAwLCJ1cGRhdGUiOjYwMDAwMDAwMDAwfX0=",
          "dependencies": [
            "lovi_address.problem-team550",
            "lovi_subnet.team550"
          ]
        },
        {
          "index_key": 3,
          "schema_version": 0,
          "attributes": {
            "address_id": "35267b5e-0ec9-4e82-ba6c-aa8d1cbe214b",
            "id": "73a25889-087b-4b08-ad32-1ab992b525a2",
            "mac_address": "ca:03:18:77:77:64",
            "timeouts": null
          },
          "private": "eyJlMmJmYjczMC1lY2FhLTExZTYtOGY4OC0zNDM2M2JjN2M0YzAiOnsiY3JlYXRlIjo2MDAwMDAwMDAwMCwiZGVmYXVsdCI6NjAwMDAwMDAwMDAsImRlbGV0ZSI6NjAwMDAwMDAwMDAsInJlYWQiOjYwMDAwMDAwMDAwLCJ1cGRhdGUiOjYwMDAwMDAwMDAwfX0=",
          "dependencies": [
            "lovi_address.problem-team550",
            "lovi_subnet.team550"
          ]
        },
        {
          "index_key": 4,
          "schema_version": 0,
          "attributes": {
            "address_id": "06585fa4-526c-4cc4-8cb5-cd4aaab37542",
            "id": "97794de4-ac25-41e1-a2a5-62d5bb64c444",
            "mac_address": "ca:03:18:14:94:48",
            "timeouts": null
          },
          "private": "eyJlMmJmYjczMC1lY2FhLTExZTYtOGY4OC0zNDM2M2JjN2M0YzAiOnsiY3JlYXRlIjo2MDAwMDAwMDAwMCwiZGVmYXVsdCI6NjAwMDAwMDAwMDAsImRlbGV0ZSI6NjAwMDAwMDAwMDAsInJlYWQiOjYwMDAwMDAwMDAwLCJ1cGRhdGUiOjYwMDAwMDAwMDAwfX0=",
          "dependencies": [
            "lovi_address.problem-team550",
            "lovi_subnet.team550"
          ]
        },
        {
          "index_key": 5,
          "schema_version": 0,
          "attributes": {
            "address_id": "cd000b5b-ca0b-42f2-8b52-58fa01be2194",
            "id": "afb2ae90-2b05-44d1-9441-8a9513c882ed",
            "mac_address": "ca:03:18:3b:f5:3c",
            "timeouts": null
          },
          "private": "eyJlMmJmYjczMC1lY2FhLTExZTYtOGY4OC0zNDM2M2JjN2M0YzAiOnsiY3JlYXRlIjo2MDAwMDAwMDAwMCwiZGVmYXVsdCI6NjAwMDAwMDAwMDAsImRlbGV0ZSI6NjAwMDAwMDAwMDAsInJlYWQiOjYwMDAwMDAwMDAwLCJ1cGRhdGUiOjYwMDAwMDAwMDAwfX0=",
          "dependencies": [
            "lovi_address.problem-team550",
            "lovi_subnet.team550"
          ]
        }
      ]
    },
    {
      "mode": "managed",
      "type": "lovi_subnet",
      "name": "team550",
      "provider": "provider.lovi",
      "instances": [
        {
          "schema_version": 0,
          "attributes": {
            "dns_server": "8.8.8.8",
            "end": "10.165.50.200",
            "gateway": "10.165.50.254",
            "id": "11dda5b3-dc87-43cb-abdb-20e2cb4016a0",
            "metadata_server": "10.165.50.1",
            "name": "team550",
            "network": "10.165.50.0/24",
            "start": "10.165.50.100",
            "timeouts": null,
            "vlan_id": 1550
          },
          "private": "eyJlMmJmYjczMC1lY2FhLTExZTYtOGY4OC0zNDM2M2JjN2M0YzAiOnsiY3JlYXRlIjo2MDAwMDAwMDAwMCwiZGVmYXVsdCI6NjAwMDAwMDAwMDAsImRlbGV0ZSI6NjAwMDAwMDAwMDAsInJlYWQiOjYwMDAwMDAwMDAwLCJ1cGRhdGUiOjYwMDAwMDAwMDAwfX0="
        }
      ]
    },
    {
      "mode": "managed",
      "type": "lovi_virtual_machine",
      "name": "bastion200-team550",
      "provider": "provider.lovi",
      "instances": [
        {
          "schema_version": 0,
          "attributes": {
            "cpu_pinning_group_name": "",
            "europa_backend_name": "dorado001",
            "hypervisor_name": "isuadm0006",
            "id": "dfbd3513-3c69-4dac-b385-e714a5e1a737",
            "memory_kib": 2097152,
            "name": "team550-bastion200",
            "read_bytes_sec": 0,
            "read_iops_sec": 0,
            "root_volume_gb": 10,
            "source_image_id": "5138fee8-59a1-407a-bb84-2937d9705143",
            "vcpus": 1,
            "write_bytes_sec": 0,
            "write_iops_sec": 0
          },
          "private": "bnVsbA==",
          "dependencies": [
            "lovi_cpu_pinning_group.team550",
            "lovi_virtual_machine.problem-team550"
          ]
        }
      ]
    },
    {
      "mode": "managed",
      "type": "lovi_virtual_machine",
      "name": "problem-team550",
      "each": "list",
      "provider": "provider.lovi",
      "instances": [
        {
          "index_key": 0,
          "schema_version": 0,
          "attributes": {
            "cpu_pinning_group_name": "team550-001",
            "europa_backend_name": "dorado001",
            "hypervisor_name": "isuadm0004",
            "id": "e4060322-528d-4b6f-9be7-dac92a0626bf",
            "memory_kib": 8388608,
            "name": "team550-001",
            "read_bytes_sec": 0,
            "read_iops_sec": 0,
            "root_volume_gb": 30,
            "source_image_id": "482bc437-71bd-4501-8488-dd93a8b82f54",
            "vcpus": 8,
            "write_bytes_sec": 0,
            "write_iops_sec": 0
          },
          "private": "bnVsbA==",
          "dependencies": [
            "lovi_cpu_pinning_group.team550"
          ]
        },
        {
          "index_key": 1,
          "schema_version": 0,
          "attributes": {
            "cpu_pinning_group_name": "team550-002",
            "europa_backend_name": "dorado001",
            "hypervisor_name": "isuadm0004",
            "id": "740f8a4f-e381-4cc8-90a0-36b049e8edfa",
            "memory_kib": 8388608,
            "name": "team550-002",
            "read_bytes_sec": 0,
            "read_iops_sec": 0,
            "root_volume_gb": 30,
            "source_image_id": "482bc437-71bd-4501-8488-dd93a8b82f54",
            "vcpus": 8,
            "write_bytes_sec": 0,
            "write_iops_sec": 0
          },
          "private": "bnVsbA==",
          "dependencies": [
            "lovi_cpu_pinning_group.team550"
          ]
        },
        {
          "index_key": 2,
          "schema_version": 0,
          "attributes": {
            "cpu_pinning_group_name": "team550-003",
            "europa_backend_name": "dorado001",
            "hypervisor_name": "isuadm0004",
            "id": "13e9f4f9-abdb-4307-a5c6-05593958ea16",
            "memory_kib": 8388608,
            "name": "team550-003",
            "read_bytes_sec": 0,
            "read_iops_sec": 0,
            "root_volume_gb": 30,
            "source_image_id": "482bc437-71bd-4501-8488-dd93a8b82f54",
            "vcpus": 8,
            "write_bytes_sec": 0,
            "write_iops_sec": 0
          },
          "private": "bnVsbA==",
          "dependencies": [
            "lovi_cpu_pinning_group.team550"
          ]
        },
        {
          "index_key": 3,
          "schema_version": 0,
          "attributes": {
            "cpu_pinning_group_name": "team550-004",
            "europa_backend_name": "dorado001",
            "hypervisor_name": "isuadm0004",
            "id": "e6c236b3-f6bb-42b6-a2cc-90221a58e4a6",
            "memory_kib": 8388608,
            "name": "team550-004",
            "read_bytes_sec": 0,
            "read_iops_sec": 0,
            "root_volume_gb": 30,
            "source_image_id": "482bc437-71bd-4501-8488-dd93a8b82f54",
            "vcpus": 8,
            "write_bytes_sec": 0,
            "write_iops_sec": 0
          },
          "private": "bnVsbA==",
          "dependencies": [
            "lovi_cpu_pinning_group.team550"
          ]
        },
        {
          "index_key": 4,
          "schema_version": 0,
          "attributes": {
            "cpu_pinning_group_name": "team550-005",
            "europa_backend_name": "dorado001",
            "hypervisor_name": "isuadm0004",
            "id": "79ce7c51-f1f3-4e49-8d48-e19a59031980",
            "memory_kib": 8388608,
            "name": "team550-005",
            "read_bytes_sec": 0,
            "read_iops_sec": 0,
            "root_volume_gb": 30,
            "source_image_id": "482bc437-71bd-4501-8488-dd93a8b82f54",
            "vcpus": 8,
            "write_bytes_sec": 0,
            "write_iops_sec": 0
          },
          "private": "bnVsbA==",
          "dependencies": [
            "lovi_cpu_pinning_group.team550"
          ]
        },
        {
          "index_key": 5,
          "schema_version": 0,
          "attributes": {
            "cpu_pinning_group_name": "team550-006",
            "europa_backend_name": "dorado001",
            "hypervisor_name": "isuadm0004",
            "id": "a20669c9-8372-4b09-9b25-c087116997af",
            "memory_kib": 8388608,
            "name": "team550-006",
            "read_bytes_sec": 0,
            "read_iops_sec": 0,
            "root_volume_gb": 30,
            "source_image_id": "482bc437-71bd-4501-8488-dd93a8b82f54",
            "vcpus": 8,
            "write_bytes_sec": 0,
            "write_iops_sec": 0
          },
          "private": "bnVsbA==",
          "dependencies": [
            "lovi_cpu_pinning_group.team550"
          ]
        }
      ]
    }
  ]
}
