{
  "version": 4,
  "terraform_version": "0.12.24",
  "serial": 507,
  "lineage": "8486d54a-8b17-4ba2-e9a1-9268f92fcec6",
  "outputs": {},
  "resources": [
    {
      "mode": "managed",
      "type": "lovi_address",
      "name": "bastion200-team550",
      "provider": "provider.lovi",
      "instances": [
        {
          "schema_version": 0,
          "attributes": {
            "fixed_ip": "10.165.50.200",
            "id": "1a517af6-2f22-4d56-acd4-9c3d1a7a038b",
            "ip": "10.165.50.200",
            "subnet_id": "8e1b5d52-6805-493d-bdf6-40036b226c22",
            "timeouts": null
          },
          "private": "eyJlMmJmYjczMC1lY2FhLTExZTYtOGY4OC0zNDM2M2JjN2M0YzAiOnsiY3JlYXRlIjo2MDAwMDAwMDAwMCwiZGVmYXVsdCI6NjAwMDAwMDAwMDAsImRlbGV0ZSI6NjAwMDAwMDAwMDAsInJlYWQiOjYwMDAwMDAwMDAwLCJ1cGRhdGUiOjYwMDAwMDAwMDAwfX0=",
          "dependencies": [
            "lovi_subnet.team550"
          ]
        }
      ]
    },
    {
      "mode": "managed",
      "type": "lovi_address",
      "name": "problem-team550",
      "each": "list",
      "provider": "provider.lovi",
      "instances": [
        {
          "index_key": 0,
          "schema_version": 0,
          "attributes": {
            "fixed_ip": "10.165.50.102",
            "id": "a4c3a9a3-f15e-4e08-9954-dd8b95f460e7",
            "ip": "10.165.50.102",
            "subnet_id": "8e1b5d52-6805-493d-bdf6-40036b226c22",
            "timeouts": null
          },
          "private": "eyJlMmJmYjczMC1lY2FhLTExZTYtOGY4OC0zNDM2M2JjN2M0YzAiOnsiY3JlYXRlIjo2MDAwMDAwMDAwMCwiZGVmYXVsdCI6NjAwMDAwMDAwMDAsImRlbGV0ZSI6NjAwMDAwMDAwMDAsInJlYWQiOjYwMDAwMDAwMDAwLCJ1cGRhdGUiOjYwMDAwMDAwMDAwfX0=",
          "dependencies": [
            "lovi_subnet.team550"
          ]
        },
        {
          "index_key": 1,
          "schema_version": 0,
          "attributes": {
            "fixed_ip": "10.165.50.103",
            "id": "9dd900c3-6bd6-4dee-9f16-5f97d2405f47",
            "ip": "10.165.50.103",
            "subnet_id": "8e1b5d52-6805-493d-bdf6-40036b226c22",
            "timeouts": null
          },
          "private": "eyJlMmJmYjczMC1lY2FhLTExZTYtOGY4OC0zNDM2M2JjN2M0YzAiOnsiY3JlYXRlIjo2MDAwMDAwMDAwMCwiZGVmYXVsdCI6NjAwMDAwMDAwMDAsImRlbGV0ZSI6NjAwMDAwMDAwMDAsInJlYWQiOjYwMDAwMDAwMDAwLCJ1cGRhdGUiOjYwMDAwMDAwMDAwfX0=",
          "dependencies": [
            "lovi_subnet.team550"
          ]
        },
        {
          "index_key": 2,
          "schema_version": 0,
          "attributes": {
            "fixed_ip": "10.165.50.104",
            "id": "7fbea446-f55f-48fc-a96d-56d773ec1519",
            "ip": "10.165.50.104",
            "subnet_id": "8e1b5d52-6805-493d-bdf6-40036b226c22",
            "timeouts": null
          },
          "private": "eyJlMmJmYjczMC1lY2FhLTExZTYtOGY4OC0zNDM2M2JjN2M0YzAiOnsiY3JlYXRlIjo2MDAwMDAwMDAwMCwiZGVmYXVsdCI6NjAwMDAwMDAwMDAsImRlbGV0ZSI6NjAwMDAwMDAwMDAsInJlYWQiOjYwMDAwMDAwMDAwLCJ1cGRhdGUiOjYwMDAwMDAwMDAwfX0=",
          "dependencies": [
            "lovi_subnet.team550"
          ]
        },
        {
          "index_key": 3,
          "schema_version": 0,
          "attributes": {
            "fixed_ip": "10.165.50.105",
            "id": "93bf6102-296f-4e49-874d-3b66b3ffa5b3",
            "ip": "10.165.50.105",
            "subnet_id": "8e1b5d52-6805-493d-bdf6-40036b226c22",
            "timeouts": null
          },
          "private": "eyJlMmJmYjczMC1lY2FhLTExZTYtOGY4OC0zNDM2M2JjN2M0YzAiOnsiY3JlYXRlIjo2MDAwMDAwMDAwMCwiZGVmYXVsdCI6NjAwMDAwMDAwMDAsImRlbGV0ZSI6NjAwMDAwMDAwMDAsInJlYWQiOjYwMDAwMDAwMDAwLCJ1cGRhdGUiOjYwMDAwMDAwMDAwfX0=",
          "dependencies": [
            "lovi_subnet.team550"
          ]
        },
        {
          "index_key": 4,
          "schema_version": 0,
          "attributes": {
            "fixed_ip": "10.165.50.106",
            "id": "1aaaba44-3650-4ace-9045-a8b99ddcc1b4",
            "ip": "10.165.50.106",
            "subnet_id": "8e1b5d52-6805-493d-bdf6-40036b226c22",
            "timeouts": null
          },
          "private": "eyJlMmJmYjczMC1lY2FhLTExZTYtOGY4OC0zNDM2M2JjN2M0YzAiOnsiY3JlYXRlIjo2MDAwMDAwMDAwMCwiZGVmYXVsdCI6NjAwMDAwMDAwMDAsImRlbGV0ZSI6NjAwMDAwMDAwMDAsInJlYWQiOjYwMDAwMDAwMDAwLCJ1cGRhdGUiOjYwMDAwMDAwMDAwfX0=",
          "dependencies": [
            "lovi_subnet.team550"
          ]
        }
      ]
    },
    {
      "mode": "managed",
      "type": "lovi_address",
      "name": "tsuyoino-team550",
      "provider": "provider.lovi",
      "instances": [
        {
          "schema_version": 0,
          "attributes": {
            "fixed_ip": "10.165.50.101",
            "id": "afd10a82-2f4c-4635-88f1-7b9b88bb40b2",
            "ip": "10.165.50.101",
            "subnet_id": "8e1b5d52-6805-493d-bdf6-40036b226c22",
            "timeouts": null
          },
          "private": "eyJlMmJmYjczMC1lY2FhLTExZTYtOGY4OC0zNDM2M2JjN2M0YzAiOnsiY3JlYXRlIjo2MDAwMDAwMDAwMCwiZGVmYXVsdCI6NjAwMDAwMDAwMDAsImRlbGV0ZSI6NjAwMDAwMDAwMDAsInJlYWQiOjYwMDAwMDAwMDAwLCJ1cGRhdGUiOjYwMDAwMDAwMDAwfX0=",
          "dependencies": [
            "lovi_subnet.team550"
          ]
        }
      ]
    },
    {
      "mode": "managed",
      "type": "lovi_bridge",
      "name": "team550",
      "provider": "provider.lovi",
      "instances": [
        {
          "schema_version": 0,
          "attributes": {
            "id": "ef70a8d9-4f9e-41ee-9d86-c783a7904b98",
            "name": "team550",
            "timeouts": null,
            "vlan_id": 1550
          },
          "private": "eyJlMmJmYjczMC1lY2FhLTExZTYtOGY4OC0zNDM2M2JjN2M0YzAiOnsiY3JlYXRlIjo2MDAwMDAwMDAwMCwiZGVmYXVsdCI6NjAwMDAwMDAwMDAsImRlbGV0ZSI6NjAwMDAwMDAwMDAsInJlYWQiOjYwMDAwMDAwMDAwLCJ1cGRhdGUiOjYwMDAwMDAwMDAwfX0=",
          "dependencies": [
            "lovi_subnet.team550"
          ]
        }
      ]
    },
    {
      "mode": "managed",
      "type": "lovi_cpu_pinning_group",
      "name": "team550",
      "each": "list",
      "provider": "provider.lovi",
      "instances": [
        {
          "index_key": 0,
          "schema_version": 0,
          "attributes": {
            "count_of_core": 8,
            "hypervisor_name": "isuadm0004",
            "id": "0ca9ba87-e063-4cdd-afff-4ba8ebe675c5",
            "name": "team550-001"
          },
          "private": "bnVsbA=="
        },
        {
          "index_key": 1,
          "schema_version": 0,
          "attributes": {
            "count_of_core": 8,
            "hypervisor_name": "isuadm0004",
            "id": "eaed4bb9-f51f-458f-90ff-7d2dab04ae5e",
            "name": "team550-002"
          },
          "private": "bnVsbA=="
        },
        {
          "index_key": 2,
          "schema_version": 0,
          "attributes": {
            "count_of_core": 8,
            "hypervisor_name": "isuadm0004",
            "id": "03512be4-a277-40a4-824d-db2d121ba7fd",
            "name": "team550-003"
          },
          "private": "bnVsbA=="
        },
        {
          "index_key": 3,
          "schema_version": 0,
          "attributes": {
            "count_of_core": 8,
            "hypervisor_name": "isuadm0004",
            "id": "6bc9e353-5724-4faf-a838-04e67f5dcbc6",
            "name": "team550-004"
          },
          "private": "bnVsbA=="
        },
        {
          "index_key": 4,
          "schema_version": 0,
          "attributes": {
            "count_of_core": 8,
            "hypervisor_name": "isuadm0004",
            "id": "947882ae-b9d7-41ff-8e2d-33e0e7f2acb7",
            "name": "team550-005"
          },
          "private": "bnVsbA=="
        }
      ]
    },
    {
      "mode": "managed",
      "type": "lovi_cpu_pinning_group",
      "name": "tsuyoino-team550",
      "provider": "provider.lovi",
      "instances": [
        {
          "schema_version": 0,
          "attributes": {
            "count_of_core": 32,
            "hypervisor_name": "isuadm0004",
            "id": "6b60bdc5-02d2-4436-b2ec-62e3e3919bfe",
            "name": "team550-tsuyoino"
          },
          "private": "bnVsbA=="
        }
      ]
    },
    {
      "mode": "managed",
      "type": "lovi_interface_attachment",
      "name": "bastion200-team550",
      "provider": "provider.lovi",
      "instances": [
        {
          "schema_version": 0,
          "attributes": {
            "average": 125000,
            "bridge_id": "ef70a8d9-4f9e-41ee-9d86-c783a7904b98",
            "id": "7cf85bf4-9ac5-4313-a1af-654f0c509625",
            "lease_id": "3b00976e-8d4c-4128-ab98-f1185cf98feb",
            "name": "t550-ba200",
            "timeouts": null,
            "virtual_machine_id": "1417533d-f2e8-442f-9aa0-8fde90b6ae86"
          },
          "private": "eyJlMmJmYjczMC1lY2FhLTExZTYtOGY4OC0zNDM2M2JjN2M0YzAiOnsiY3JlYXRlIjo2MDAwMDAwMDAwMCwiZGVmYXVsdCI6NjAwMDAwMDAwMDAsImRlbGV0ZSI6NjAwMDAwMDAwMDAsInJlYWQiOjYwMDAwMDAwMDAwLCJ1cGRhdGUiOjYwMDAwMDAwMDAwfX0=",
          "dependencies": [
            "lovi_address.bastion200-team550",
            "lovi_bridge.team550",
            "lovi_cpu_pinning_group.team550",
            "lovi_lease.bastion200-team550",
            "lovi_subnet.team550",
            "lovi_virtual_machine.bastion200-team550",
            "lovi_virtual_machine.problem-team550"
          ]
        }
      ]
    },
    {
      "mode": "managed",
      "type": "lovi_interface_attachment",
      "name": "problem-team550",
      "each": "list",
      "provider": "provider.lovi",
      "instances": [
        {
          "index_key": 0,
          "schema_version": 0,
          "attributes": {
            "average": 125000,
            "bridge_id": "ef70a8d9-4f9e-41ee-9d86-c783a7904b98",
            "id": "92388c15-b490-458c-ad2b-68fa3e0dad2d",
            "lease_id": "733e65a9-c2e9-4f00-a2b7-a6a06a84f465",
            "name": "t550-001",
            "timeouts": null,
            "virtual_machine_id": "8248eb4c-f96a-4b08-9a94-ce64a9506a5a"
          },
          "private": "eyJlMmJmYjczMC1lY2FhLTExZTYtOGY4OC0zNDM2M2JjN2M0YzAiOnsiY3JlYXRlIjo2MDAwMDAwMDAwMCwiZGVmYXVsdCI6NjAwMDAwMDAwMDAsImRlbGV0ZSI6NjAwMDAwMDAwMDAsInJlYWQiOjYwMDAwMDAwMDAwLCJ1cGRhdGUiOjYwMDAwMDAwMDAwfX0=",
          "dependencies": [
            "lovi_address.problem-team550",
            "lovi_bridge.team550",
            "lovi_cpu_pinning_group.team550",
            "lovi_lease.problem-team550",
            "lovi_subnet.team550",
            "lovi_virtual_machine.problem-team550"
          ]
        },
        {
          "index_key": 1,
          "schema_version": 0,
          "attributes": {
            "average": 125000,
            "bridge_id": "ef70a8d9-4f9e-41ee-9d86-c783a7904b98",
            "id": "865fa071-c695-450b-a446-f35fe7b951a0",
            "lease_id": "e3454f1e-e938-4366-abff-71877ea9aff3",
            "name": "t550-002",
            "timeouts": null,
            "virtual_machine_id": "cce9fd4d-6263-4c52-b28c-0c3eac54195b"
          },
          "private": "eyJlMmJmYjczMC1lY2FhLTExZTYtOGY4OC0zNDM2M2JjN2M0YzAiOnsiY3JlYXRlIjo2MDAwMDAwMDAwMCwiZGVmYXVsdCI6NjAwMDAwMDAwMDAsImRlbGV0ZSI6NjAwMDAwMDAwMDAsInJlYWQiOjYwMDAwMDAwMDAwLCJ1cGRhdGUiOjYwMDAwMDAwMDAwfX0=",
          "dependencies": [
            "lovi_address.problem-team550",
            "lovi_bridge.team550",
            "lovi_cpu_pinning_group.team550",
            "lovi_lease.problem-team550",
            "lovi_subnet.team550",
            "lovi_virtual_machine.problem-team550"
          ]
        },
        {
          "index_key": 2,
          "schema_version": 0,
          "attributes": {
            "average": 125000,
            "bridge_id": "ef70a8d9-4f9e-41ee-9d86-c783a7904b98",
            "id": "66a79189-cdef-48c9-8538-4bfe067f5e7e",
            "lease_id": "6d4d76c0-5648-46f6-b83a-027df3a26740",
            "name": "t550-003",
            "timeouts": null,
            "virtual_machine_id": "d6980275-f292-48b0-bdb9-962213f2722f"
          },
          "private": "eyJlMmJmYjczMC1lY2FhLTExZTYtOGY4OC0zNDM2M2JjN2M0YzAiOnsiY3JlYXRlIjo2MDAwMDAwMDAwMCwiZGVmYXVsdCI6NjAwMDAwMDAwMDAsImRlbGV0ZSI6NjAwMDAwMDAwMDAsInJlYWQiOjYwMDAwMDAwMDAwLCJ1cGRhdGUiOjYwMDAwMDAwMDAwfX0=",
          "dependencies": [
            "lovi_address.problem-team550",
            "lovi_bridge.team550",
            "lovi_cpu_pinning_group.team550",
            "lovi_lease.problem-team550",
            "lovi_subnet.team550",
            "lovi_virtual_machine.problem-team550"
          ]
        },
        {
          "index_key": 3,
          "schema_version": 0,
          "attributes": {
            "average": 125000,
            "bridge_id": "ef70a8d9-4f9e-41ee-9d86-c783a7904b98",
            "id": "85fefc4e-a471-4392-bbc6-fe93894d2b38",
            "lease_id": "8c907fcf-c332-4036-add4-3e805e4bb0ad",
            "name": "t550-004",
            "timeouts": null,
            "virtual_machine_id": "48323697-5cc0-4c37-85bd-f47eedc86d6e"
          },
          "private": "eyJlMmJmYjczMC1lY2FhLTExZTYtOGY4OC0zNDM2M2JjN2M0YzAiOnsiY3JlYXRlIjo2MDAwMDAwMDAwMCwiZGVmYXVsdCI6NjAwMDAwMDAwMDAsImRlbGV0ZSI6NjAwMDAwMDAwMDAsInJlYWQiOjYwMDAwMDAwMDAwLCJ1cGRhdGUiOjYwMDAwMDAwMDAwfX0=",
          "dependencies": [
            "lovi_address.problem-team550",
            "lovi_bridge.team550",
            "lovi_cpu_pinning_group.team550",
            "lovi_lease.problem-team550",
            "lovi_subnet.team550",
            "lovi_virtual_machine.problem-team550"
          ]
        },
        {
          "index_key": 4,
          "schema_version": 0,
          "attributes": {
            "average": 125000,
            "bridge_id": "ef70a8d9-4f9e-41ee-9d86-c783a7904b98",
            "id": "bf3219ad-0255-49de-8724-9956822aaffe",
            "lease_id": "a652bccd-9eb8-49b5-9ac5-f3b6af7180e8",
            "name": "t550-005",
            "timeouts": null,
            "virtual_machine_id": "76f871e4-24bd-4c0c-bb1f-8ce33e1ceefc"
          },
          "private": "eyJlMmJmYjczMC1lY2FhLTExZTYtOGY4OC0zNDM2M2JjN2M0YzAiOnsiY3JlYXRlIjo2MDAwMDAwMDAwMCwiZGVmYXVsdCI6NjAwMDAwMDAwMDAsImRlbGV0ZSI6NjAwMDAwMDAwMDAsInJlYWQiOjYwMDAwMDAwMDAwLCJ1cGRhdGUiOjYwMDAwMDAwMDAwfX0=",
          "dependencies": [
            "lovi_address.problem-team550",
            "lovi_bridge.team550",
            "lovi_cpu_pinning_group.team550",
            "lovi_lease.problem-team550",
            "lovi_subnet.team550",
            "lovi_virtual_machine.problem-team550"
          ]
        }
      ]
    },
    {
      "mode": "managed",
      "type": "lovi_interface_attachment",
      "name": "tsuyoino-team550",
      "provider": "provider.lovi",
      "instances": [
        {
          "schema_version": 0,
          "attributes": {
            "average": 125000,
            "bridge_id": "ef70a8d9-4f9e-41ee-9d86-c783a7904b98",
            "id": "0b26aac9-471e-4171-a2c8-279d15cdb91f",
            "lease_id": "ca7d0964-45f0-427b-849d-8471103cc7b2",
            "name": "t550-t",
            "timeouts": null,
            "virtual_machine_id": "ea7cfd1e-a718-4247-8059-030e0c31fb5c"
          },
          "private": "eyJlMmJmYjczMC1lY2FhLTExZTYtOGY4OC0zNDM2M2JjN2M0YzAiOnsiY3JlYXRlIjo2MDAwMDAwMDAwMCwiZGVmYXVsdCI6NjAwMDAwMDAwMDAsImRlbGV0ZSI6NjAwMDAwMDAwMDAsInJlYWQiOjYwMDAwMDAwMDAwLCJ1cGRhdGUiOjYwMDAwMDAwMDAwfX0=",
          "dependencies": [
            "lovi_bridge.team550",
            "lovi_cpu_pinning_group.tsuyoino-team550",
            "lovi_lease.tsuyoino-team550",
            "lovi_virtual_machine.tsuyoino-team550"
          ]
        }
      ]
    },
    {
      "mode": "managed",
      "type": "lovi_internal_bridge",
      "name": "team550",
      "provider": "provider.lovi",
      "instances": [
        {
          "schema_version": 0,
          "attributes": {
            "id": "3394c3f2-f9f1-4c24-a010-3ec0e1218663",
            "name": "team550-in",
            "timeouts": null
          },
          "private": "eyJlMmJmYjczMC1lY2FhLTExZTYtOGY4OC0zNDM2M2JjN2M0YzAiOnsiY3JlYXRlIjo2MDAwMDAwMDAwMCwiZGVmYXVsdCI6NjAwMDAwMDAwMDAsImRlbGV0ZSI6NjAwMDAwMDAwMDAsInJlYWQiOjYwMDAwMDAwMDAwLCJ1cGRhdGUiOjYwMDAwMDAwMDAwfX0="
        }
      ]
    },
    {
      "mode": "managed",
      "type": "lovi_lease",
      "name": "bastion200-team550",
      "provider": "provider.lovi",
      "instances": [
        {
          "schema_version": 0,
          "attributes": {
            "address_id": "1a517af6-2f22-4d56-acd4-9c3d1a7a038b",
            "id": "3b00976e-8d4c-4128-ab98-f1185cf98feb",
            "mac_address": "ca:03:18:74:de:41",
            "timeouts": null
          },
          "private": "eyJlMmJmYjczMC1lY2FhLTExZTYtOGY4OC0zNDM2M2JjN2M0YzAiOnsiY3JlYXRlIjo2MDAwMDAwMDAwMCwiZGVmYXVsdCI6NjAwMDAwMDAwMDAsImRlbGV0ZSI6NjAwMDAwMDAwMDAsInJlYWQiOjYwMDAwMDAwMDAwLCJ1cGRhdGUiOjYwMDAwMDAwMDAwfX0=",
          "dependencies": [
            "lovi_address.bastion200-team550",
            "lovi_subnet.team550"
          ]
        }
      ]
    },
    {
      "mode": "managed",
      "type": "lovi_lease",
      "name": "problem-team550",
      "each": "list",
      "provider": "provider.lovi",
      "instances": [
        {
          "index_key": 0,
          "schema_version": 0,
          "attributes": {
            "address_id": "a4c3a9a3-f15e-4e08-9954-dd8b95f460e7",
            "id": "733e65a9-c2e9-4f00-a2b7-a6a06a84f465",
            "mac_address": "ca:03:18:40:ff:4e",
            "timeouts": null
          },
          "private": "eyJlMmJmYjczMC1lY2FhLTExZTYtOGY4OC0zNDM2M2JjN2M0YzAiOnsiY3JlYXRlIjo2MDAwMDAwMDAwMCwiZGVmYXVsdCI6NjAwMDAwMDAwMDAsImRlbGV0ZSI6NjAwMDAwMDAwMDAsInJlYWQiOjYwMDAwMDAwMDAwLCJ1cGRhdGUiOjYwMDAwMDAwMDAwfX0=",
          "dependencies": [
            "lovi_address.problem-team550",
            "lovi_subnet.team550"
          ]
        },
        {
          "index_key": 1,
          "schema_version": 0,
          "attributes": {
            "address_id": "9dd900c3-6bd6-4dee-9f16-5f97d2405f47",
            "id": "e3454f1e-e938-4366-abff-71877ea9aff3",
            "mac_address": "ca:03:18:5e:4f:e7",
            "timeouts": null
          },
          "private": "eyJlMmJmYjczMC1lY2FhLTExZTYtOGY4OC0zNDM2M2JjN2M0YzAiOnsiY3JlYXRlIjo2MDAwMDAwMDAwMCwiZGVmYXVsdCI6NjAwMDAwMDAwMDAsImRlbGV0ZSI6NjAwMDAwMDAwMDAsInJlYWQiOjYwMDAwMDAwMDAwLCJ1cGRhdGUiOjYwMDAwMDAwMDAwfX0=",
          "dependencies": [
            "lovi_address.problem-team550",
            "lovi_subnet.team550"
          ]
        },
        {
          "index_key": 2,
          "schema_version": 0,
          "attributes": {
            "address_id": "7fbea446-f55f-48fc-a96d-56d773ec1519",
            "id": "6d4d76c0-5648-46f6-b83a-027df3a26740",
            "mac_address": "ca:03:18:b8:d7:ec",
            "timeouts": null
          },
          "private": "eyJlMmJmYjczMC1lY2FhLTExZTYtOGY4OC0zNDM2M2JjN2M0YzAiOnsiY3JlYXRlIjo2MDAwMDAwMDAwMCwiZGVmYXVsdCI6NjAwMDAwMDAwMDAsImRlbGV0ZSI6NjAwMDAwMDAwMDAsInJlYWQiOjYwMDAwMDAwMDAwLCJ1cGRhdGUiOjYwMDAwMDAwMDAwfX0=",
          "dependencies": [
            "lovi_address.problem-team550",
            "lovi_subnet.team550"
          ]
        },
        {
          "index_key": 3,
          "schema_version": 0,
          "attributes": {
            "address_id": "93bf6102-296f-4e49-874d-3b66b3ffa5b3",
            "id": "8c907fcf-c332-4036-add4-3e805e4bb0ad",
            "mac_address": "ca:03:18:6a:b4:97",
            "timeouts": null
          },
          "private": "eyJlMmJmYjczMC1lY2FhLTExZTYtOGY4OC0zNDM2M2JjN2M0YzAiOnsiY3JlYXRlIjo2MDAwMDAwMDAwMCwiZGVmYXVsdCI6NjAwMDAwMDAwMDAsImRlbGV0ZSI6NjAwMDAwMDAwMDAsInJlYWQiOjYwMDAwMDAwMDAwLCJ1cGRhdGUiOjYwMDAwMDAwMDAwfX0=",
          "dependencies": [
            "lovi_address.problem-team550",
            "lovi_subnet.team550"
          ]
        },
        {
          "index_key": 4,
          "schema_version": 0,
          "attributes": {
            "address_id": "1aaaba44-3650-4ace-9045-a8b99ddcc1b4",
            "id": "a652bccd-9eb8-49b5-9ac5-f3b6af7180e8",
            "mac_address": "ca:03:18:74:6f:17",
            "timeouts": null
          },
          "private": "eyJlMmJmYjczMC1lY2FhLTExZTYtOGY4OC0zNDM2M2JjN2M0YzAiOnsiY3JlYXRlIjo2MDAwMDAwMDAwMCwiZGVmYXVsdCI6NjAwMDAwMDAwMDAsImRlbGV0ZSI6NjAwMDAwMDAwMDAsInJlYWQiOjYwMDAwMDAwMDAwLCJ1cGRhdGUiOjYwMDAwMDAwMDAwfX0=",
          "dependencies": [
            "lovi_address.problem-team550",
            "lovi_subnet.team550"
          ]
        }
      ]
    },
    {
      "mode": "managed",
      "type": "lovi_lease",
      "name": "tsuyoino-team550",
      "provider": "provider.lovi",
      "instances": [
        {
          "schema_version": 0,
          "attributes": {
            "address_id": "afd10a82-2f4c-4635-88f1-7b9b88bb40b2",
            "id": "ca7d0964-45f0-427b-849d-8471103cc7b2",
            "mac_address": "ca:03:18:87:ee:28",
            "timeouts": null
          },
          "private": "eyJlMmJmYjczMC1lY2FhLTExZTYtOGY4OC0zNDM2M2JjN2M0YzAiOnsiY3JlYXRlIjo2MDAwMDAwMDAwMCwiZGVmYXVsdCI6NjAwMDAwMDAwMDAsImRlbGV0ZSI6NjAwMDAwMDAwMDAsInJlYWQiOjYwMDAwMDAwMDAwLCJ1cGRhdGUiOjYwMDAwMDAwMDAwfX0=",
          "dependencies": [
            "lovi_address.tsuyoino-team550",
            "lovi_subnet.team550"
          ]
        }
      ]
    },
    {
      "mode": "managed",
      "type": "lovi_subnet",
      "name": "team550",
      "provider": "provider.lovi",
      "instances": [
        {
          "schema_version": 0,
          "attributes": {
            "dns_server": "8.8.8.8",
            "end": "10.165.50.200",
            "gateway": "10.165.50.254",
            "id": "8e1b5d52-6805-493d-bdf6-40036b226c22",
            "metadata_server": "10.165.50.1",
            "name": "team550",
            "network": "10.165.50.0/24",
            "start": "10.165.50.100",
            "timeouts": null,
            "vlan_id": 1550
          },
          "private": "eyJlMmJmYjczMC1lY2FhLTExZTYtOGY4OC0zNDM2M2JjN2M0YzAiOnsiY3JlYXRlIjo2MDAwMDAwMDAwMCwiZGVmYXVsdCI6NjAwMDAwMDAwMDAsImRlbGV0ZSI6NjAwMDAwMDAwMDAsInJlYWQiOjYwMDAwMDAwMDAwLCJ1cGRhdGUiOjYwMDAwMDAwMDAwfX0="
        }
      ]
    },
    {
      "mode": "managed",
      "type": "lovi_virtual_machine",
      "name": "bastion200-team550",
      "provider": "provider.lovi",
      "instances": [
        {
          "schema_version": 0,
          "attributes": {
            "cpu_pinning_group_name": "",
            "europa_backend_name": "dorado001",
            "hypervisor_name": "isuadm0006",
            "id": "1417533d-f2e8-442f-9aa0-8fde90b6ae86",
            "memory_kib": 2097152,
            "name": "team550-bastion200",
            "read_bytes_sec": 0,
            "read_iops_sec": 0,
            "root_volume_gb": 10,
            "source_image_id": "5138fee8-59a1-407a-bb84-2937d9705143",
            "vcpus": 1,
            "write_bytes_sec": 0,
            "write_iops_sec": 0
          },
          "private": "bnVsbA==",
          "dependencies": [
            "lovi_cpu_pinning_group.team550",
            "lovi_virtual_machine.problem-team550"
          ]
        }
      ]
    },
    {
      "mode": "managed",
      "type": "lovi_virtual_machine",
      "name": "problem-team550",
      "each": "list",
      "provider": "provider.lovi",
      "instances": [
        {
          "index_key": 0,
          "schema_version": 0,
          "attributes": {
            "cpu_pinning_group_name": "team550-001",
            "europa_backend_name": "dorado001",
            "hypervisor_name": "isuadm0004",
            "id": "8248eb4c-f96a-4b08-9a94-ce64a9506a5a",
            "memory_kib": 8388608,
            "name": "team550-001",
            "read_bytes_sec": 0,
            "read_iops_sec": 0,
            "root_volume_gb": 30,
            "source_image_id": "482bc437-71bd-4501-8488-dd93a8b82f54",
            "vcpus": 8,
            "write_bytes_sec": 0,
            "write_iops_sec": 0
          },
          "private": "bnVsbA==",
          "dependencies": [
            "lovi_cpu_pinning_group.team550"
          ]
        },
        {
          "index_key": 1,
          "schema_version": 0,
          "attributes": {
            "cpu_pinning_group_name": "team550-002",
            "europa_backend_name": "dorado001",
            "hypervisor_name": "isuadm0004",
            "id": "cce9fd4d-6263-4c52-b28c-0c3eac54195b",
            "memory_kib": 8388608,
            "name": "team550-002",
            "read_bytes_sec": 0,
            "read_iops_sec": 0,
            "root_volume_gb": 30,
            "source_image_id": "482bc437-71bd-4501-8488-dd93a8b82f54",
            "vcpus": 8,
            "write_bytes_sec": 0,
            "write_iops_sec": 0
          },
          "private": "bnVsbA==",
          "dependencies": [
            "lovi_cpu_pinning_group.team550"
          ]
        },
        {
          "index_key": 2,
          "schema_version": 0,
          "attributes": {
            "cpu_pinning_group_name": "team550-003",
            "europa_backend_name": "dorado001",
            "hypervisor_name": "isuadm0004",
            "id": "d6980275-f292-48b0-bdb9-962213f2722f",
            "memory_kib": 8388608,
            "name": "team550-003",
            "read_bytes_sec": 0,
            "read_iops_sec": 0,
            "root_volume_gb": 30,
            "source_image_id": "482bc437-71bd-4501-8488-dd93a8b82f54",
            "vcpus": 8,
            "write_bytes_sec": 0,
            "write_iops_sec": 0
          },
          "private": "bnVsbA==",
          "dependencies": [
            "lovi_cpu_pinning_group.team550"
          ]
        },
        {
          "index_key": 3,
          "schema_version": 0,
          "attributes": {
            "cpu_pinning_group_name": "team550-004",
            "europa_backend_name": "dorado001",
            "hypervisor_name": "isuadm0004",
            "id": "48323697-5cc0-4c37-85bd-f47eedc86d6e",
            "memory_kib": 8388608,
            "name": "team550-004",
            "read_bytes_sec": 0,
            "read_iops_sec": 0,
            "root_volume_gb": 30,
            "source_image_id": "482bc437-71bd-4501-8488-dd93a8b82f54",
            "vcpus": 8,
            "write_bytes_sec": 0,
            "write_iops_sec": 0
          },
          "private": "bnVsbA==",
          "dependencies": [
            "lovi_cpu_pinning_group.team550"
          ]
        },
        {
          "index_key": 4,
          "schema_version": 0,
          "attributes": {
            "cpu_pinning_group_name": "team550-005",
            "europa_backend_name": "dorado001",
            "hypervisor_name": "isuadm0004",
            "id": "76f871e4-24bd-4c0c-bb1f-8ce33e1ceefc",
            "memory_kib": 8388608,
            "name": "team550-005",
            "read_bytes_sec": 0,
            "read_iops_sec": 0,
            "root_volume_gb": 30,
            "source_image_id": "482bc437-71bd-4501-8488-dd93a8b82f54",
            "vcpus": 8,
            "write_bytes_sec": 0,
            "write_iops_sec": 0
          },
          "private": "bnVsbA==",
          "dependencies": [
            "lovi_cpu_pinning_group.team550"
          ]
        }
      ]
    },
    {
      "mode": "managed",
      "type": "lovi_virtual_machine",
      "name": "tsuyoino-team550",
      "provider": "provider.lovi",
      "instances": [
        {
          "schema_version": 0,
          "attributes": {
            "cpu_pinning_group_name": "team550-tsuyoino",
            "europa_backend_name": "dorado001",
            "hypervisor_name": "isuadm0004",
            "id": "ea7cfd1e-a718-4247-8059-030e0c31fb5c",
            "memory_kib": 33554432,
            "name": "team550-tsuyoino",
            "read_bytes_sec": 0,
            "read_iops_sec": 0,
            "root_volume_gb": 30,
            "source_image_id": "482bc437-71bd-4501-8488-dd93a8b82f54",
            "vcpus": 32,
            "write_bytes_sec": 0,
            "write_iops_sec": 0
          },
          "private": "bnVsbA==",
          "dependencies": [
            "lovi_cpu_pinning_group.tsuyoino-team550"
          ]
        }
      ]
    }
  ]
}
