{
  "version": 4,
  "terraform_version": "0.12.24",
  "serial": 29,
  "lineage": "09c78030-b48a-cc83-2600-2cc5bdd4f24b",
  "outputs": {},
  "resources": [
    {
      "mode": "managed",
      "type": "lovi_address",
      "name": "bastion100-team415",
      "provider": "provider.lovi",
      "instances": [
        {
          "schema_version": 0,
          "attributes": {
            "fixed_ip": "10.164.15.100",
            "id": "60510749-eb2c-4681-ba74-3716eabe0dd6",
            "ip": "10.164.15.100",
            "subnet_id": "0230e7df-2a33-450d-ace4-86c337b1b7a4",
            "timeouts": null
          },
          "private": "eyJlMmJmYjczMC1lY2FhLTExZTYtOGY4OC0zNDM2M2JjN2M0YzAiOnsiY3JlYXRlIjo2MDAwMDAwMDAwMCwiZGVmYXVsdCI6NjAwMDAwMDAwMDAsImRlbGV0ZSI6NjAwMDAwMDAwMDAsInJlYWQiOjYwMDAwMDAwMDAwLCJ1cGRhdGUiOjYwMDAwMDAwMDAwfX0=",
          "dependencies": [
            "lovi_subnet.team415"
          ]
        }
      ]
    },
    {
      "mode": "managed",
      "type": "lovi_address",
      "name": "bastion200-team415",
      "provider": "provider.lovi",
      "instances": [
        {
          "schema_version": 0,
          "attributes": {
            "fixed_ip": "10.164.15.200",
            "id": "d4555415-4cef-4fec-be55-b32a512cc70f",
            "ip": "10.164.15.200",
            "subnet_id": "0230e7df-2a33-450d-ace4-86c337b1b7a4",
            "timeouts": null
          },
          "private": "eyJlMmJmYjczMC1lY2FhLTExZTYtOGY4OC0zNDM2M2JjN2M0YzAiOnsiY3JlYXRlIjo2MDAwMDAwMDAwMCwiZGVmYXVsdCI6NjAwMDAwMDAwMDAsImRlbGV0ZSI6NjAwMDAwMDAwMDAsInJlYWQiOjYwMDAwMDAwMDAwLCJ1cGRhdGUiOjYwMDAwMDAwMDAwfX0=",
          "dependencies": [
            "lovi_subnet.team415"
          ]
        }
      ]
    },
    {
      "mode": "managed",
      "type": "lovi_address",
      "name": "bench-team415",
      "provider": "provider.lovi",
      "instances": [
        {
          "schema_version": 0,
          "attributes": {
            "fixed_ip": "10.164.15.104",
            "id": "1f4aa5d8-f753-4642-8bee-09cf943b6ca6",
            "ip": "10.164.15.104",
            "subnet_id": "0230e7df-2a33-450d-ace4-86c337b1b7a4",
            "timeouts": null
          },
          "private": "eyJlMmJmYjczMC1lY2FhLTExZTYtOGY4OC0zNDM2M2JjN2M0YzAiOnsiY3JlYXRlIjo2MDAwMDAwMDAwMCwiZGVmYXVsdCI6NjAwMDAwMDAwMDAsImRlbGV0ZSI6NjAwMDAwMDAwMDAsInJlYWQiOjYwMDAwMDAwMDAwLCJ1cGRhdGUiOjYwMDAwMDAwMDAwfX0=",
          "dependencies": [
            "lovi_subnet.team415"
          ]
        }
      ]
    },
    {
      "mode": "managed",
      "type": "lovi_address",
      "name": "problem-team415",
      "each": "list",
      "provider": "provider.lovi",
      "instances": [
        {
          "index_key": 0,
          "schema_version": 0,
          "attributes": {
            "fixed_ip": "10.164.15.101",
            "id": "ceeca83d-8447-4811-8a0d-401e1e2c67a3",
            "ip": "10.164.15.101",
            "subnet_id": "0230e7df-2a33-450d-ace4-86c337b1b7a4",
            "timeouts": null
          },
          "private": "eyJlMmJmYjczMC1lY2FhLTExZTYtOGY4OC0zNDM2M2JjN2M0YzAiOnsiY3JlYXRlIjo2MDAwMDAwMDAwMCwiZGVmYXVsdCI6NjAwMDAwMDAwMDAsImRlbGV0ZSI6NjAwMDAwMDAwMDAsInJlYWQiOjYwMDAwMDAwMDAwLCJ1cGRhdGUiOjYwMDAwMDAwMDAwfX0=",
          "dependencies": [
            "lovi_subnet.team415"
          ]
        },
        {
          "index_key": 1,
          "schema_version": 0,
          "attributes": {
            "fixed_ip": "10.164.15.102",
            "id": "f2204a4c-4bde-49fc-ab4a-2260f8198041",
            "ip": "10.164.15.102",
            "subnet_id": "0230e7df-2a33-450d-ace4-86c337b1b7a4",
            "timeouts": null
          },
          "private": "eyJlMmJmYjczMC1lY2FhLTExZTYtOGY4OC0zNDM2M2JjN2M0YzAiOnsiY3JlYXRlIjo2MDAwMDAwMDAwMCwiZGVmYXVsdCI6NjAwMDAwMDAwMDAsImRlbGV0ZSI6NjAwMDAwMDAwMDAsInJlYWQiOjYwMDAwMDAwMDAwLCJ1cGRhdGUiOjYwMDAwMDAwMDAwfX0=",
          "dependencies": [
            "lovi_subnet.team415"
          ]
        },
        {
          "index_key": 2,
          "schema_version": 0,
          "attributes": {
            "fixed_ip": "10.164.15.103",
            "id": "9a081a4c-7885-4d62-acd4-40f539ca4f3c",
            "ip": "10.164.15.103",
            "subnet_id": "0230e7df-2a33-450d-ace4-86c337b1b7a4",
            "timeouts": null
          },
          "private": "eyJlMmJmYjczMC1lY2FhLTExZTYtOGY4OC0zNDM2M2JjN2M0YzAiOnsiY3JlYXRlIjo2MDAwMDAwMDAwMCwiZGVmYXVsdCI6NjAwMDAwMDAwMDAsImRlbGV0ZSI6NjAwMDAwMDAwMDAsInJlYWQiOjYwMDAwMDAwMDAwLCJ1cGRhdGUiOjYwMDAwMDAwMDAwfX0=",
          "dependencies": [
            "lovi_subnet.team415"
          ]
        }
      ]
    },
    {
      "mode": "managed",
      "type": "lovi_bridge",
      "name": "team415",
      "provider": "provider.lovi",
      "instances": [
        {
          "schema_version": 0,
          "attributes": {
            "id": "b5d9042a-026f-47f2-8c1c-da162bc3718a",
            "name": "team415",
            "timeouts": null,
            "vlan_id": 1415
          },
          "private": "eyJlMmJmYjczMC1lY2FhLTExZTYtOGY4OC0zNDM2M2JjN2M0YzAiOnsiY3JlYXRlIjo2MDAwMDAwMDAwMCwiZGVmYXVsdCI6NjAwMDAwMDAwMDAsImRlbGV0ZSI6NjAwMDAwMDAwMDAsInJlYWQiOjYwMDAwMDAwMDAwLCJ1cGRhdGUiOjYwMDAwMDAwMDAwfX0=",
          "dependencies": [
            "lovi_subnet.team415"
          ]
        }
      ]
    },
    {
      "mode": "managed",
      "type": "lovi_cpu_pinning_group",
      "name": "team415",
      "provider": "provider.lovi",
      "instances": [
        {
          "schema_version": 0,
          "attributes": {
            "count_of_core": 4,
            "hypervisor_name": "isucn0019",
            "id": "a533c4ce-e562-4b9c-b3f0-2911973955f1",
            "name": "team415"
          },
          "private": "bnVsbA=="
        }
      ]
    },
    {
      "mode": "managed",
      "type": "lovi_interface_attachment",
      "name": "bastion100-team415",
      "provider": "provider.lovi",
      "instances": [
        {
          "schema_version": 0,
          "attributes": {
            "average": 125000,
            "bridge_id": "b5d9042a-026f-47f2-8c1c-da162bc3718a",
            "id": "0f103cc5-b41a-467a-b354-957e0a0857ba",
            "lease_id": "cc53e0b3-11a5-4ca3-8696-10d195b4ebd1",
            "name": "t415-ba100",
            "timeouts": null,
            "virtual_machine_id": "cfcb0302-ff2c-4236-9218-1e3a1dbb7029"
          },
          "private": "eyJlMmJmYjczMC1lY2FhLTExZTYtOGY4OC0zNDM2M2JjN2M0YzAiOnsiY3JlYXRlIjo2MDAwMDAwMDAwMCwiZGVmYXVsdCI6NjAwMDAwMDAwMDAsImRlbGV0ZSI6NjAwMDAwMDAwMDAsInJlYWQiOjYwMDAwMDAwMDAwLCJ1cGRhdGUiOjYwMDAwMDAwMDAwfX0=",
          "dependencies": [
            "lovi_address.bastion100-team415",
            "lovi_bridge.team415",
            "lovi_cpu_pinning_group.team415",
            "lovi_lease.bastion100-team415",
            "lovi_subnet.team415",
            "lovi_virtual_machine.bastion100-team415",
            "lovi_virtual_machine.problem-team415"
          ]
        }
      ]
    },
    {
      "mode": "managed",
      "type": "lovi_interface_attachment",
      "name": "bastion200-team415",
      "provider": "provider.lovi",
      "instances": [
        {
          "schema_version": 0,
          "attributes": {
            "average": 125000,
            "bridge_id": "b5d9042a-026f-47f2-8c1c-da162bc3718a",
            "id": "bf6fc8e3-2225-46f8-b0e4-28e22a76715e",
            "lease_id": "2f44a62f-cb3c-4281-9af5-622da7317ba6",
            "name": "t415-ba200",
            "timeouts": null,
            "virtual_machine_id": "8ae6b21e-4f29-4bb0-b574-5f97c791c996"
          },
          "private": "eyJlMmJmYjczMC1lY2FhLTExZTYtOGY4OC0zNDM2M2JjN2M0YzAiOnsiY3JlYXRlIjo2MDAwMDAwMDAwMCwiZGVmYXVsdCI6NjAwMDAwMDAwMDAsImRlbGV0ZSI6NjAwMDAwMDAwMDAsInJlYWQiOjYwMDAwMDAwMDAwLCJ1cGRhdGUiOjYwMDAwMDAwMDAwfX0=",
          "dependencies": [
            "lovi_address.bastion200-team415",
            "lovi_bridge.team415",
            "lovi_cpu_pinning_group.team415",
            "lovi_lease.bastion200-team415",
            "lovi_subnet.team415",
            "lovi_virtual_machine.bastion200-team415",
            "lovi_virtual_machine.problem-team415"
          ]
        }
      ]
    },
    {
      "mode": "managed",
      "type": "lovi_interface_attachment",
      "name": "bench-team415",
      "provider": "provider.lovi",
      "instances": [
        {
          "schema_version": 0,
          "attributes": {
            "average": 12500,
            "bridge_id": "b5d9042a-026f-47f2-8c1c-da162bc3718a",
            "id": "64d261a3-7190-4732-adf9-77fb7c7489d9",
            "lease_id": "cc29552a-220d-4d8f-b334-0945f7ebf31c",
            "name": "t415-be",
            "timeouts": null,
            "virtual_machine_id": "479982c9-62e7-42ef-8592-074831378c81"
          },
          "private": "eyJlMmJmYjczMC1lY2FhLTExZTYtOGY4OC0zNDM2M2JjN2M0YzAiOnsiY3JlYXRlIjo2MDAwMDAwMDAwMCwiZGVmYXVsdCI6NjAwMDAwMDAwMDAsImRlbGV0ZSI6NjAwMDAwMDAwMDAsInJlYWQiOjYwMDAwMDAwMDAwLCJ1cGRhdGUiOjYwMDAwMDAwMDAwfX0=",
          "dependencies": [
            "lovi_address.bench-team415",
            "lovi_bridge.team415",
            "lovi_cpu_pinning_group.team415",
            "lovi_lease.bench-team415",
            "lovi_subnet.team415",
            "lovi_virtual_machine.bench-team415",
            "lovi_virtual_machine.problem-team415"
          ]
        }
      ]
    },
    {
      "mode": "managed",
      "type": "lovi_interface_attachment",
      "name": "problem-team415",
      "each": "list",
      "provider": "provider.lovi",
      "instances": [
        {
          "index_key": 0,
          "schema_version": 0,
          "attributes": {
            "average": 125000,
            "bridge_id": "b5d9042a-026f-47f2-8c1c-da162bc3718a",
            "id": "4c412a8c-efb9-4a17-b251-cd11e66b8ba7",
            "lease_id": "ae1fc2b6-dc1f-4082-96d5-b932dbd56ad5",
            "name": "t415-001",
            "timeouts": null,
            "virtual_machine_id": "fa61b143-acad-41d6-8d78-96be5ae04a3c"
          },
          "private": "eyJlMmJmYjczMC1lY2FhLTExZTYtOGY4OC0zNDM2M2JjN2M0YzAiOnsiY3JlYXRlIjo2MDAwMDAwMDAwMCwiZGVmYXVsdCI6NjAwMDAwMDAwMDAsImRlbGV0ZSI6NjAwMDAwMDAwMDAsInJlYWQiOjYwMDAwMDAwMDAwLCJ1cGRhdGUiOjYwMDAwMDAwMDAwfX0=",
          "dependencies": [
            "lovi_address.problem-team415",
            "lovi_bridge.team415",
            "lovi_cpu_pinning_group.team415",
            "lovi_lease.problem-team415",
            "lovi_subnet.team415",
            "lovi_virtual_machine.problem-team415"
          ]
        },
        {
          "index_key": 1,
          "schema_version": 0,
          "attributes": {
            "average": 125000,
            "bridge_id": "b5d9042a-026f-47f2-8c1c-da162bc3718a",
            "id": "67f1f804-6a8f-4457-af62-4cb19758dafe",
            "lease_id": "91fb7671-5b3e-4d8e-a5ec-b6d9e48cca95",
            "name": "t415-002",
            "timeouts": null,
            "virtual_machine_id": "1e795d60-773d-4de7-808c-e6668545f9e1"
          },
          "private": "eyJlMmJmYjczMC1lY2FhLTExZTYtOGY4OC0zNDM2M2JjN2M0YzAiOnsiY3JlYXRlIjo2MDAwMDAwMDAwMCwiZGVmYXVsdCI6NjAwMDAwMDAwMDAsImRlbGV0ZSI6NjAwMDAwMDAwMDAsInJlYWQiOjYwMDAwMDAwMDAwLCJ1cGRhdGUiOjYwMDAwMDAwMDAwfX0=",
          "dependencies": [
            "lovi_address.problem-team415",
            "lovi_bridge.team415",
            "lovi_cpu_pinning_group.team415",
            "lovi_lease.problem-team415",
            "lovi_subnet.team415",
            "lovi_virtual_machine.problem-team415"
          ]
        },
        {
          "index_key": 2,
          "schema_version": 0,
          "attributes": {
            "average": 125000,
            "bridge_id": "b5d9042a-026f-47f2-8c1c-da162bc3718a",
            "id": "3f1cdd05-e17b-4541-888f-33d83af40756",
            "lease_id": "7b294366-793f-433b-bbc5-32a60bd0ffc4",
            "name": "t415-003",
            "timeouts": null,
            "virtual_machine_id": "7d6ac7d4-b305-47fe-b430-2a1c513ebf41"
          },
          "private": "eyJlMmJmYjczMC1lY2FhLTExZTYtOGY4OC0zNDM2M2JjN2M0YzAiOnsiY3JlYXRlIjo2MDAwMDAwMDAwMCwiZGVmYXVsdCI6NjAwMDAwMDAwMDAsImRlbGV0ZSI6NjAwMDAwMDAwMDAsInJlYWQiOjYwMDAwMDAwMDAwLCJ1cGRhdGUiOjYwMDAwMDAwMDAwfX0=",
          "dependencies": [
            "lovi_address.problem-team415",
            "lovi_bridge.team415",
            "lovi_cpu_pinning_group.team415",
            "lovi_lease.problem-team415",
            "lovi_subnet.team415",
            "lovi_virtual_machine.problem-team415"
          ]
        }
      ]
    },
    {
      "mode": "managed",
      "type": "lovi_internal_bridge",
      "name": "team415",
      "provider": "provider.lovi",
      "instances": [
        {
          "schema_version": 0,
          "attributes": {
            "id": "d820a8db-28cb-4ff0-bae6-0fda7ca654c5",
            "name": "team415-in",
            "timeouts": null
          },
          "private": "eyJlMmJmYjczMC1lY2FhLTExZTYtOGY4OC0zNDM2M2JjN2M0YzAiOnsiY3JlYXRlIjo2MDAwMDAwMDAwMCwiZGVmYXVsdCI6NjAwMDAwMDAwMDAsImRlbGV0ZSI6NjAwMDAwMDAwMDAsInJlYWQiOjYwMDAwMDAwMDAwLCJ1cGRhdGUiOjYwMDAwMDAwMDAwfX0="
        }
      ]
    },
    {
      "mode": "managed",
      "type": "lovi_lease",
      "name": "bastion100-team415",
      "provider": "provider.lovi",
      "instances": [
        {
          "schema_version": 0,
          "attributes": {
            "address_id": "60510749-eb2c-4681-ba74-3716eabe0dd6",
            "id": "cc53e0b3-11a5-4ca3-8696-10d195b4ebd1",
            "mac_address": "ca:03:18:be:22:32",
            "timeouts": null
          },
          "private": "eyJlMmJmYjczMC1lY2FhLTExZTYtOGY4OC0zNDM2M2JjN2M0YzAiOnsiY3JlYXRlIjo2MDAwMDAwMDAwMCwiZGVmYXVsdCI6NjAwMDAwMDAwMDAsImRlbGV0ZSI6NjAwMDAwMDAwMDAsInJlYWQiOjYwMDAwMDAwMDAwLCJ1cGRhdGUiOjYwMDAwMDAwMDAwfX0=",
          "dependencies": [
            "lovi_address.bastion100-team415",
            "lovi_subnet.team415"
          ]
        }
      ]
    },
    {
      "mode": "managed",
      "type": "lovi_lease",
      "name": "bastion200-team415",
      "provider": "provider.lovi",
      "instances": [
        {
          "schema_version": 0,
          "attributes": {
            "address_id": "d4555415-4cef-4fec-be55-b32a512cc70f",
            "id": "2f44a62f-cb3c-4281-9af5-622da7317ba6",
            "mac_address": "ca:03:18:3b:12:c0",
            "timeouts": null
          },
          "private": "eyJlMmJmYjczMC1lY2FhLTExZTYtOGY4OC0zNDM2M2JjN2M0YzAiOnsiY3JlYXRlIjo2MDAwMDAwMDAwMCwiZGVmYXVsdCI6NjAwMDAwMDAwMDAsImRlbGV0ZSI6NjAwMDAwMDAwMDAsInJlYWQiOjYwMDAwMDAwMDAwLCJ1cGRhdGUiOjYwMDAwMDAwMDAwfX0=",
          "dependencies": [
            "lovi_address.bastion200-team415",
            "lovi_subnet.team415"
          ]
        }
      ]
    },
    {
      "mode": "managed",
      "type": "lovi_lease",
      "name": "bench-team415",
      "provider": "provider.lovi",
      "instances": [
        {
          "schema_version": 0,
          "attributes": {
            "address_id": "1f4aa5d8-f753-4642-8bee-09cf943b6ca6",
            "id": "cc29552a-220d-4d8f-b334-0945f7ebf31c",
            "mac_address": "ca:03:18:ec:25:a3",
            "timeouts": null
          },
          "private": "eyJlMmJmYjczMC1lY2FhLTExZTYtOGY4OC0zNDM2M2JjN2M0YzAiOnsiY3JlYXRlIjo2MDAwMDAwMDAwMCwiZGVmYXVsdCI6NjAwMDAwMDAwMDAsImRlbGV0ZSI6NjAwMDAwMDAwMDAsInJlYWQiOjYwMDAwMDAwMDAwLCJ1cGRhdGUiOjYwMDAwMDAwMDAwfX0=",
          "dependencies": [
            "lovi_address.bench-team415",
            "lovi_subnet.team415"
          ]
        }
      ]
    },
    {
      "mode": "managed",
      "type": "lovi_lease",
      "name": "problem-team415",
      "each": "list",
      "provider": "provider.lovi",
      "instances": [
        {
          "index_key": 0,
          "schema_version": 0,
          "attributes": {
            "address_id": "ceeca83d-8447-4811-8a0d-401e1e2c67a3",
            "id": "ae1fc2b6-dc1f-4082-96d5-b932dbd56ad5",
            "mac_address": "ca:03:18:bb:8f:2f",
            "timeouts": null
          },
          "private": "eyJlMmJmYjczMC1lY2FhLTExZTYtOGY4OC0zNDM2M2JjN2M0YzAiOnsiY3JlYXRlIjo2MDAwMDAwMDAwMCwiZGVmYXVsdCI6NjAwMDAwMDAwMDAsImRlbGV0ZSI6NjAwMDAwMDAwMDAsInJlYWQiOjYwMDAwMDAwMDAwLCJ1cGRhdGUiOjYwMDAwMDAwMDAwfX0=",
          "dependencies": [
            "lovi_address.problem-team415",
            "lovi_subnet.team415"
          ]
        },
        {
          "index_key": 1,
          "schema_version": 0,
          "attributes": {
            "address_id": "f2204a4c-4bde-49fc-ab4a-2260f8198041",
            "id": "91fb7671-5b3e-4d8e-a5ec-b6d9e48cca95",
            "mac_address": "ca:03:18:23:94:83",
            "timeouts": null
          },
          "private": "eyJlMmJmYjczMC1lY2FhLTExZTYtOGY4OC0zNDM2M2JjN2M0YzAiOnsiY3JlYXRlIjo2MDAwMDAwMDAwMCwiZGVmYXVsdCI6NjAwMDAwMDAwMDAsImRlbGV0ZSI6NjAwMDAwMDAwMDAsInJlYWQiOjYwMDAwMDAwMDAwLCJ1cGRhdGUiOjYwMDAwMDAwMDAwfX0=",
          "dependencies": [
            "lovi_address.problem-team415",
            "lovi_subnet.team415"
          ]
        },
        {
          "index_key": 2,
          "schema_version": 0,
          "attributes": {
            "address_id": "9a081a4c-7885-4d62-acd4-40f539ca4f3c",
            "id": "7b294366-793f-433b-bbc5-32a60bd0ffc4",
            "mac_address": "ca:03:18:74:c7:f2",
            "timeouts": null
          },
          "private": "eyJlMmJmYjczMC1lY2FhLTExZTYtOGY4OC0zNDM2M2JjN2M0YzAiOnsiY3JlYXRlIjo2MDAwMDAwMDAwMCwiZGVmYXVsdCI6NjAwMDAwMDAwMDAsImRlbGV0ZSI6NjAwMDAwMDAwMDAsInJlYWQiOjYwMDAwMDAwMDAwLCJ1cGRhdGUiOjYwMDAwMDAwMDAwfX0=",
          "dependencies": [
            "lovi_address.problem-team415",
            "lovi_subnet.team415"
          ]
        }
      ]
    },
    {
      "mode": "managed",
      "type": "lovi_subnet",
      "name": "team415",
      "provider": "provider.lovi",
      "instances": [
        {
          "schema_version": 0,
          "attributes": {
            "dns_server": "8.8.8.8",
            "end": "10.164.15.200",
            "gateway": "10.164.15.254",
            "id": "0230e7df-2a33-450d-ace4-86c337b1b7a4",
            "metadata_server": "10.164.15.1",
            "name": "team415",
            "network": "10.164.15.0/24",
            "start": "10.164.15.100",
            "timeouts": null,
            "vlan_id": 1415
          },
          "private": "eyJlMmJmYjczMC1lY2FhLTExZTYtOGY4OC0zNDM2M2JjN2M0YzAiOnsiY3JlYXRlIjo2MDAwMDAwMDAwMCwiZGVmYXVsdCI6NjAwMDAwMDAwMDAsImRlbGV0ZSI6NjAwMDAwMDAwMDAsInJlYWQiOjYwMDAwMDAwMDAwLCJ1cGRhdGUiOjYwMDAwMDAwMDAwfX0="
        }
      ]
    },
    {
      "mode": "managed",
      "type": "lovi_virtual_machine",
      "name": "bastion100-team415",
      "provider": "provider.lovi",
      "instances": [
        {
          "schema_version": 0,
          "attributes": {
            "cpu_pinning_group_name": "",
            "europa_backend_name": "dorado002",
            "hypervisor_name": "isuadm0002",
            "id": "cfcb0302-ff2c-4236-9218-1e3a1dbb7029",
            "memory_kib": 2097152,
            "name": "team415-bastion100",
            "read_bytes_sec": 0,
            "read_iops_sec": 0,
            "root_volume_gb": 10,
            "source_image_id": "c453a2ef-9865-4b14-bff2-0a78416ebea5",
            "vcpus": 1,
            "write_bytes_sec": 0,
            "write_iops_sec": 0
          },
          "private": "bnVsbA==",
          "dependencies": [
            "lovi_cpu_pinning_group.team415",
            "lovi_virtual_machine.problem-team415"
          ]
        }
      ]
    },
    {
      "mode": "managed",
      "type": "lovi_virtual_machine",
      "name": "bastion200-team415",
      "provider": "provider.lovi",
      "instances": [
        {
          "schema_version": 0,
          "attributes": {
            "cpu_pinning_group_name": "",
            "europa_backend_name": "dorado002",
            "hypervisor_name": "isuadm0006",
            "id": "8ae6b21e-4f29-4bb0-b574-5f97c791c996",
            "memory_kib": 2097152,
            "name": "team415-bastion200",
            "read_bytes_sec": 0,
            "read_iops_sec": 0,
            "root_volume_gb": 10,
            "source_image_id": "c453a2ef-9865-4b14-bff2-0a78416ebea5",
            "vcpus": 1,
            "write_bytes_sec": 0,
            "write_iops_sec": 0
          },
          "private": "bnVsbA==",
          "dependencies": [
            "lovi_cpu_pinning_group.team415",
            "lovi_virtual_machine.problem-team415"
          ]
        }
      ]
    },
    {
      "mode": "managed",
      "type": "lovi_virtual_machine",
      "name": "bench-team415",
      "provider": "provider.lovi",
      "instances": [
        {
          "schema_version": 0,
          "attributes": {
            "cpu_pinning_group_name": "team415",
            "europa_backend_name": "dorado002",
            "hypervisor_name": "isucn0019",
            "id": "479982c9-62e7-42ef-8592-074831378c81",
            "memory_kib": 16777216,
            "name": "team415-bench",
            "read_bytes_sec": 100000000,
            "read_iops_sec": 200,
            "root_volume_gb": 10,
            "source_image_id": "8dea495b-373e-49ca-9b79-caa63e842c7f",
            "vcpus": 1,
            "write_bytes_sec": 100000000,
            "write_iops_sec": 200
          },
          "private": "bnVsbA==",
          "dependencies": [
            "lovi_cpu_pinning_group.team415",
            "lovi_virtual_machine.problem-team415"
          ]
        }
      ]
    },
    {
      "mode": "managed",
      "type": "lovi_virtual_machine",
      "name": "problem-team415",
      "each": "list",
      "provider": "provider.lovi",
      "instances": [
        {
          "index_key": 0,
          "schema_version": 0,
          "attributes": {
            "cpu_pinning_group_name": "team415",
            "europa_backend_name": "dorado002",
            "hypervisor_name": "isucn0019",
            "id": "fa61b143-acad-41d6-8d78-96be5ae04a3c",
            "memory_kib": 2097152,
            "name": "team415-001",
            "read_bytes_sec": 100000000,
            "read_iops_sec": 200,
            "root_volume_gb": 10,
            "source_image_id": "23e33fcd-1951-4185-ba47-0a6fb1dcf50e",
            "vcpus": 1,
            "write_bytes_sec": 100000000,
            "write_iops_sec": 200
          },
          "private": "bnVsbA==",
          "dependencies": [
            "lovi_cpu_pinning_group.team415"
          ]
        },
        {
          "index_key": 1,
          "schema_version": 0,
          "attributes": {
            "cpu_pinning_group_name": "team415",
            "europa_backend_name": "dorado002",
            "hypervisor_name": "isucn0019",
            "id": "1e795d60-773d-4de7-808c-e6668545f9e1",
            "memory_kib": 2097152,
            "name": "team415-002",
            "read_bytes_sec": 100000000,
            "read_iops_sec": 200,
            "root_volume_gb": 10,
            "source_image_id": "23e33fcd-1951-4185-ba47-0a6fb1dcf50e",
            "vcpus": 1,
            "write_bytes_sec": 100000000,
            "write_iops_sec": 200
          },
          "private": "bnVsbA==",
          "dependencies": [
            "lovi_cpu_pinning_group.team415"
          ]
        },
        {
          "index_key": 2,
          "schema_version": 0,
          "attributes": {
            "cpu_pinning_group_name": "team415",
            "europa_backend_name": "dorado002",
            "hypervisor_name": "isucn0019",
            "id": "7d6ac7d4-b305-47fe-b430-2a1c513ebf41",
            "memory_kib": 2097152,
            "name": "team415-003",
            "read_bytes_sec": 100000000,
            "read_iops_sec": 200,
            "root_volume_gb": 10,
            "source_image_id": "23e33fcd-1951-4185-ba47-0a6fb1dcf50e",
            "vcpus": 1,
            "write_bytes_sec": 100000000,
            "write_iops_sec": 200
          },
          "private": "bnVsbA==",
          "dependencies": [
            "lovi_cpu_pinning_group.team415"
          ]
        }
      ]
    }
  ]
}
