{
  "version": 4,
  "terraform_version": "0.12.24",
  "serial": 58,
  "lineage": "1118c84e-afc6-3dac-c3c6-8570e56a01c5",
  "outputs": {},
  "resources": [
    {
      "mode": "managed",
      "type": "lovi_address",
      "name": "bastion100-team004",
      "provider": "provider.lovi",
      "instances": [
        {
          "schema_version": 0,
          "attributes": {
            "fixed_ip": "10.160.4.100",
            "id": "1425041f-2422-40c5-8b7c-5b2def0bd409",
            "ip": "10.160.4.100",
            "subnet_id": "86396b73-3d59-4592-b140-ad74e8925f89",
            "timeouts": null
          },
          "private": "eyJlMmJmYjczMC1lY2FhLTExZTYtOGY4OC0zNDM2M2JjN2M0YzAiOnsiY3JlYXRlIjo2MDAwMDAwMDAwMCwiZGVmYXVsdCI6NjAwMDAwMDAwMDAsImRlbGV0ZSI6NjAwMDAwMDAwMDAsInJlYWQiOjYwMDAwMDAwMDAwLCJ1cGRhdGUiOjYwMDAwMDAwMDAwfX0=",
          "dependencies": [
            "lovi_subnet.team004"
          ]
        }
      ]
    },
    {
      "mode": "managed",
      "type": "lovi_address",
      "name": "problem-team004",
      "each": "list",
      "provider": "provider.lovi",
      "instances": []
    },
    {
      "mode": "managed",
      "type": "lovi_bridge",
      "name": "team004",
      "provider": "provider.lovi",
      "instances": [
        {
          "schema_version": 0,
          "attributes": {
            "id": "437d074b-6273-4fea-b0f9-8be463eab19e",
            "name": "team004",
            "timeouts": null,
            "vlan_id": 1004
          },
          "private": "eyJlMmJmYjczMC1lY2FhLTExZTYtOGY4OC0zNDM2M2JjN2M0YzAiOnsiY3JlYXRlIjo2MDAwMDAwMDAwMCwiZGVmYXVsdCI6NjAwMDAwMDAwMDAsImRlbGV0ZSI6NjAwMDAwMDAwMDAsInJlYWQiOjYwMDAwMDAwMDAwLCJ1cGRhdGUiOjYwMDAwMDAwMDAwfX0=",
          "dependencies": [
            "lovi_subnet.team004"
          ]
        }
      ]
    },
    {
      "mode": "managed",
      "type": "lovi_cpu_pinning_group",
      "name": "team004",
      "provider": "provider.lovi",
      "instances": [
        {
          "schema_version": 0,
          "attributes": {
            "count_of_core": 4,
            "hypervisor_name": "isucn0001",
            "id": "10166741-0c2b-49af-84bd-e605816737ed",
            "name": "team004"
          },
          "private": "bnVsbA=="
        }
      ]
    },
    {
      "mode": "managed",
      "type": "lovi_interface_attachment",
      "name": "bastion100-team004",
      "provider": "provider.lovi",
      "instances": [
        {
          "schema_version": 0,
          "attributes": {
            "average": 125000,
            "bridge_id": "437d074b-6273-4fea-b0f9-8be463eab19e",
            "id": "3dce0949-ac6a-4d5d-9000-6c0a22b443e4",
            "lease_id": "5cad7e62-f1d8-4ca1-b2f3-90c98d3e4a00",
            "name": "t004-ba100",
            "timeouts": null,
            "virtual_machine_id": "6cc57973-9f56-4f81-a07e-8da9fc19de5a"
          }
        }
      ]
    },
    {
      "mode": "managed",
      "type": "lovi_interface_attachment",
      "name": "problem-team004",
      "each": "list",
      "provider": "provider.lovi",
      "instances": []
    },
    {
      "mode": "managed",
      "type": "lovi_internal_bridge",
      "name": "team004",
      "provider": "provider.lovi",
      "instances": [
        {
          "schema_version": 0,
          "attributes": {
            "id": "f7ab4061-0c7a-4933-abbb-ac03ff6be9d7",
            "name": "team004-in",
            "timeouts": null
          }
        }
      ]
    },
    {
      "mode": "managed",
      "type": "lovi_lease",
      "name": "bastion100-team004",
      "provider": "provider.lovi",
      "instances": [
        {
          "schema_version": 0,
          "attributes": {
            "address_id": "1425041f-2422-40c5-8b7c-5b2def0bd409",
            "id": "5cad7e62-f1d8-4ca1-b2f3-90c98d3e4a00",
            "mac_address": "ca:03:18:50:0c:19",
            "timeouts": null
          },
          "private": "eyJlMmJmYjczMC1lY2FhLTExZTYtOGY4OC0zNDM2M2JjN2M0YzAiOnsiY3JlYXRlIjo2MDAwMDAwMDAwMCwiZGVmYXVsdCI6NjAwMDAwMDAwMDAsImRlbGV0ZSI6NjAwMDAwMDAwMDAsInJlYWQiOjYwMDAwMDAwMDAwLCJ1cGRhdGUiOjYwMDAwMDAwMDAwfX0=",
          "dependencies": [
            "lovi_address.bastion100-team004",
            "lovi_subnet.team004"
          ]
        }
      ]
    },
    {
      "mode": "managed",
      "type": "lovi_lease",
      "name": "problem-team004",
      "each": "list",
      "provider": "provider.lovi",
      "instances": []
    },
    {
      "mode": "managed",
      "type": "lovi_subnet",
      "name": "team004",
      "provider": "provider.lovi",
      "instances": [
        {
          "schema_version": 0,
          "attributes": {
            "dns_server": "8.8.8.8",
            "end": "10.160.4.200",
            "gateway": "10.160.4.254",
            "id": "86396b73-3d59-4592-b140-ad74e8925f89",
            "metadata_server": "10.160.4.1",
            "name": "team004",
            "network": "10.160.4.0/24",
            "start": "10.160.4.100",
            "timeouts": null,
            "vlan_id": 1004
          },
          "private": "eyJlMmJmYjczMC1lY2FhLTExZTYtOGY4OC0zNDM2M2JjN2M0YzAiOnsiY3JlYXRlIjo2MDAwMDAwMDAwMCwiZGVmYXVsdCI6NjAwMDAwMDAwMDAsImRlbGV0ZSI6NjAwMDAwMDAwMDAsInJlYWQiOjYwMDAwMDAwMDAwLCJ1cGRhdGUiOjYwMDAwMDAwMDAwfX0="
        }
      ]
    },
    {
      "mode": "managed",
      "type": "lovi_virtual_machine",
      "name": "bastion100-team004",
      "provider": "provider.lovi",
      "instances": [
        {
          "schema_version": 0,
          "attributes": {
            "cpu_pinning_group_name": "",
            "europa_backend_name": "dorado001",
            "hypervisor_name": "isuadm0002",
            "id": "6cc57973-9f56-4f81-a07e-8da9fc19de5a",
            "memory_kib": 2097152,
            "name": "team004-bastion100",
            "read_bytes_sec": 0,
            "read_iops_sec": 0,
            "root_volume_gb": 10,
            "source_image_id": "5138fee8-59a1-407a-bb84-2937d9705143",
            "vcpus": 1,
            "write_bytes_sec": 0,
            "write_iops_sec": 0
          },
          "private": "bnVsbA==",
          "dependencies": [
            "lovi_virtual_machine.problem-team004"
          ]
        }
      ]
    },
    {
      "mode": "managed",
      "type": "lovi_virtual_machine",
      "name": "problem-team004",
      "each": "list",
      "provider": "provider.lovi",
      "instances": [
        {
          "index_key": 0,
          "schema_version": 0,
          "attributes": {
            "cpu_pinning_group_name": "team004",
            "europa_backend_name": "dorado001",
            "hypervisor_name": "isucn0001",
            "id": "2154db03-401c-4cd8-8844-a1fe4284667f",
            "memory_kib": 2097152,
            "name": "team004-001",
            "read_bytes_sec": 100000000,
            "read_iops_sec": 200,
            "root_volume_gb": 10,
            "source_image_id": "1ab68dff-7d0d-40b5-abff-3ef0db2618b1",
            "vcpus": 1,
            "write_bytes_sec": 100000000,
            "write_iops_sec": 200
          },
          "private": "bnVsbA==",
          "dependencies": [
            "lovi_cpu_pinning_group.team004"
          ]
        },
        {
          "index_key": 1,
          "schema_version": 0,
          "attributes": {
            "cpu_pinning_group_name": "team004",
            "europa_backend_name": "dorado001",
            "hypervisor_name": "isucn0001",
            "id": "df7e73bf-8ebd-47ee-b99d-66a70bc71395",
            "memory_kib": 2097152,
            "name": "team004-002",
            "read_bytes_sec": 100000000,
            "read_iops_sec": 200,
            "root_volume_gb": 10,
            "source_image_id": "1ab68dff-7d0d-40b5-abff-3ef0db2618b1",
            "vcpus": 1,
            "write_bytes_sec": 100000000,
            "write_iops_sec": 200
          },
          "private": "bnVsbA==",
          "dependencies": [
            "lovi_cpu_pinning_group.team004"
          ]
        },
        {
          "index_key": 2,
          "schema_version": 0,
          "attributes": {
            "cpu_pinning_group_name": "team004",
            "europa_backend_name": "dorado001",
            "hypervisor_name": "isucn0001",
            "id": "21d27c7a-34b2-4954-8e90-6b705fdc659d",
            "memory_kib": 2097152,
            "name": "team004-003",
            "read_bytes_sec": 100000000,
            "read_iops_sec": 200,
            "root_volume_gb": 10,
            "source_image_id": "1ab68dff-7d0d-40b5-abff-3ef0db2618b1",
            "vcpus": 1,
            "write_bytes_sec": 100000000,
            "write_iops_sec": 200
          },
          "private": "bnVsbA==",
          "dependencies": [
            "lovi_cpu_pinning_group.team004"
          ]
        }
      ]
    }
  ]
}
