{
  "version": 4,
  "terraform_version": "0.12.24",
  "serial": 29,
  "lineage": "3088b6da-592d-1d07-041d-528b400075c9",
  "outputs": {},
  "resources": [
    {
      "mode": "managed",
      "type": "lovi_address",
      "name": "bastion100-team213",
      "provider": "provider.lovi",
      "instances": [
        {
          "schema_version": 0,
          "attributes": {
            "fixed_ip": "10.162.13.100",
            "id": "59824655-93c6-4f80-92c8-00f980f531a7",
            "ip": "10.162.13.100",
            "subnet_id": "bb84fb96-9511-4c98-bf99-ab9d7a4aa23d",
            "timeouts": null
          },
          "private": "eyJlMmJmYjczMC1lY2FhLTExZTYtOGY4OC0zNDM2M2JjN2M0YzAiOnsiY3JlYXRlIjo2MDAwMDAwMDAwMCwiZGVmYXVsdCI6NjAwMDAwMDAwMDAsImRlbGV0ZSI6NjAwMDAwMDAwMDAsInJlYWQiOjYwMDAwMDAwMDAwLCJ1cGRhdGUiOjYwMDAwMDAwMDAwfX0=",
          "dependencies": [
            "lovi_subnet.team213"
          ]
        }
      ]
    },
    {
      "mode": "managed",
      "type": "lovi_address",
      "name": "bastion200-team213",
      "provider": "provider.lovi",
      "instances": [
        {
          "schema_version": 0,
          "attributes": {
            "fixed_ip": "10.162.13.200",
            "id": "f3d4d777-93f7-45f0-a9ca-ebf54fe7e3f9",
            "ip": "10.162.13.200",
            "subnet_id": "bb84fb96-9511-4c98-bf99-ab9d7a4aa23d",
            "timeouts": null
          },
          "private": "eyJlMmJmYjczMC1lY2FhLTExZTYtOGY4OC0zNDM2M2JjN2M0YzAiOnsiY3JlYXRlIjo2MDAwMDAwMDAwMCwiZGVmYXVsdCI6NjAwMDAwMDAwMDAsImRlbGV0ZSI6NjAwMDAwMDAwMDAsInJlYWQiOjYwMDAwMDAwMDAwLCJ1cGRhdGUiOjYwMDAwMDAwMDAwfX0=",
          "dependencies": [
            "lovi_subnet.team213"
          ]
        }
      ]
    },
    {
      "mode": "managed",
      "type": "lovi_address",
      "name": "bench-team213",
      "provider": "provider.lovi",
      "instances": [
        {
          "schema_version": 0,
          "attributes": {
            "fixed_ip": "10.162.13.104",
            "id": "1ba4b30b-29bc-4169-b6e5-64359022ce22",
            "ip": "10.162.13.104",
            "subnet_id": "bb84fb96-9511-4c98-bf99-ab9d7a4aa23d",
            "timeouts": null
          },
          "private": "eyJlMmJmYjczMC1lY2FhLTExZTYtOGY4OC0zNDM2M2JjN2M0YzAiOnsiY3JlYXRlIjo2MDAwMDAwMDAwMCwiZGVmYXVsdCI6NjAwMDAwMDAwMDAsImRlbGV0ZSI6NjAwMDAwMDAwMDAsInJlYWQiOjYwMDAwMDAwMDAwLCJ1cGRhdGUiOjYwMDAwMDAwMDAwfX0=",
          "dependencies": [
            "lovi_subnet.team213"
          ]
        }
      ]
    },
    {
      "mode": "managed",
      "type": "lovi_address",
      "name": "problem-team213-1",
      "provider": "provider.lovi",
      "instances": [
        {
          "schema_version": 0,
          "attributes": {
            "fixed_ip": "10.162.13.101",
            "id": "cbb599a3-414d-43a5-a25c-bdeedbbab821",
            "ip": "10.162.13.101",
            "subnet_id": "bb84fb96-9511-4c98-bf99-ab9d7a4aa23d",
            "timeouts": null
          },
          "private": "eyJlMmJmYjczMC1lY2FhLTExZTYtOGY4OC0zNDM2M2JjN2M0YzAiOnsiY3JlYXRlIjo2MDAwMDAwMDAwMCwiZGVmYXVsdCI6NjAwMDAwMDAwMDAsImRlbGV0ZSI6NjAwMDAwMDAwMDAsInJlYWQiOjYwMDAwMDAwMDAwLCJ1cGRhdGUiOjYwMDAwMDAwMDAwfX0=",
          "dependencies": [
            "lovi_subnet.team213"
          ]
        }
      ]
    },
    {
      "mode": "managed",
      "type": "lovi_address",
      "name": "problem-team213-2",
      "provider": "provider.lovi",
      "instances": [
        {
          "schema_version": 0,
          "attributes": {
            "fixed_ip": "10.162.13.102",
            "id": "739cff3f-67b1-4831-9d19-e9a6f90f5c6a",
            "ip": "10.162.13.102",
            "subnet_id": "bb84fb96-9511-4c98-bf99-ab9d7a4aa23d",
            "timeouts": null
          },
          "private": "eyJlMmJmYjczMC1lY2FhLTExZTYtOGY4OC0zNDM2M2JjN2M0YzAiOnsiY3JlYXRlIjo2MDAwMDAwMDAwMCwiZGVmYXVsdCI6NjAwMDAwMDAwMDAsImRlbGV0ZSI6NjAwMDAwMDAwMDAsInJlYWQiOjYwMDAwMDAwMDAwLCJ1cGRhdGUiOjYwMDAwMDAwMDAwfX0=",
          "dependencies": [
            "lovi_subnet.team213"
          ]
        }
      ]
    },
    {
      "mode": "managed",
      "type": "lovi_address",
      "name": "problem-team213-3",
      "provider": "provider.lovi",
      "instances": [
        {
          "schema_version": 0,
          "attributes": {
            "fixed_ip": "10.162.13.103",
            "id": "7913cb97-5db8-4a28-990b-c58a33c5319c",
            "ip": "10.162.13.103",
            "subnet_id": "bb84fb96-9511-4c98-bf99-ab9d7a4aa23d",
            "timeouts": null
          },
          "private": "eyJlMmJmYjczMC1lY2FhLTExZTYtOGY4OC0zNDM2M2JjN2M0YzAiOnsiY3JlYXRlIjo2MDAwMDAwMDAwMCwiZGVmYXVsdCI6NjAwMDAwMDAwMDAsImRlbGV0ZSI6NjAwMDAwMDAwMDAsInJlYWQiOjYwMDAwMDAwMDAwLCJ1cGRhdGUiOjYwMDAwMDAwMDAwfX0=",
          "dependencies": [
            "lovi_subnet.team213"
          ]
        }
      ]
    },
    {
      "mode": "managed",
      "type": "lovi_bridge",
      "name": "team213",
      "provider": "provider.lovi",
      "instances": [
        {
          "schema_version": 0,
          "attributes": {
            "id": "f5c3a601-3d81-41ff-9647-29198d4de9ed",
            "name": "team213",
            "timeouts": null,
            "vlan_id": 1213
          },
          "private": "eyJlMmJmYjczMC1lY2FhLTExZTYtOGY4OC0zNDM2M2JjN2M0YzAiOnsiY3JlYXRlIjo2MDAwMDAwMDAwMCwiZGVmYXVsdCI6NjAwMDAwMDAwMDAsImRlbGV0ZSI6NjAwMDAwMDAwMDAsInJlYWQiOjYwMDAwMDAwMDAwLCJ1cGRhdGUiOjYwMDAwMDAwMDAwfX0=",
          "dependencies": [
            "lovi_subnet.team213"
          ]
        }
      ]
    },
    {
      "mode": "managed",
      "type": "lovi_cpu_pinning_group",
      "name": "team213",
      "provider": "provider.lovi",
      "instances": [
        {
          "schema_version": 0,
          "attributes": {
            "count_of_core": 12,
            "hypervisor_name": "isucn0007",
            "id": "3e0a1789-7fb8-40f8-9c6b-d0913c28768f",
            "name": "team213"
          },
          "private": "bnVsbA=="
        }
      ]
    },
    {
      "mode": "managed",
      "type": "lovi_interface_attachment",
      "name": "bastion100-team213",
      "provider": "provider.lovi",
      "instances": [
        {
          "schema_version": 0,
          "attributes": {
            "average": 125000,
            "bridge_id": "f5c3a601-3d81-41ff-9647-29198d4de9ed",
            "id": "6b704059-b1ec-4d7b-963c-877d16d0db24",
            "lease_id": "37245b30-e9f0-4ca6-b60d-989654962a7d",
            "name": "t213-ba100",
            "timeouts": null,
            "virtual_machine_id": "639c9d67-5a67-48ed-946f-748c3748bb73"
          },
          "private": "eyJlMmJmYjczMC1lY2FhLTExZTYtOGY4OC0zNDM2M2JjN2M0YzAiOnsiY3JlYXRlIjo2MDAwMDAwMDAwMCwiZGVmYXVsdCI6NjAwMDAwMDAwMDAsImRlbGV0ZSI6NjAwMDAwMDAwMDAsInJlYWQiOjYwMDAwMDAwMDAwLCJ1cGRhdGUiOjYwMDAwMDAwMDAwfX0=",
          "dependencies": [
            "lovi_address.bastion100-team213",
            "lovi_bridge.team213",
            "lovi_cpu_pinning_group.team213",
            "lovi_lease.bastion100-team213",
            "lovi_subnet.team213",
            "lovi_virtual_machine.bastion100-team213"
          ]
        }
      ]
    },
    {
      "mode": "managed",
      "type": "lovi_interface_attachment",
      "name": "bastion200-team213",
      "provider": "provider.lovi",
      "instances": [
        {
          "schema_version": 0,
          "attributes": {
            "average": 125000,
            "bridge_id": "f5c3a601-3d81-41ff-9647-29198d4de9ed",
            "id": "9c77c11b-e9b6-4eb8-be1f-38b719c8d33f",
            "lease_id": "5a47efdb-369a-42aa-9f1d-3fa4dad39940",
            "name": "t213-ba200",
            "timeouts": null,
            "virtual_machine_id": "d5fd848c-6f54-4997-b9cc-7c0255139a1d"
          },
          "private": "eyJlMmJmYjczMC1lY2FhLTExZTYtOGY4OC0zNDM2M2JjN2M0YzAiOnsiY3JlYXRlIjo2MDAwMDAwMDAwMCwiZGVmYXVsdCI6NjAwMDAwMDAwMDAsImRlbGV0ZSI6NjAwMDAwMDAwMDAsInJlYWQiOjYwMDAwMDAwMDAwLCJ1cGRhdGUiOjYwMDAwMDAwMDAwfX0=",
          "dependencies": [
            "lovi_address.bastion200-team213",
            "lovi_bridge.team213",
            "lovi_cpu_pinning_group.team213",
            "lovi_lease.bastion200-team213",
            "lovi_subnet.team213",
            "lovi_virtual_machine.bastion200-team213"
          ]
        }
      ]
    },
    {
      "mode": "managed",
      "type": "lovi_interface_attachment",
      "name": "bench-team213",
      "provider": "provider.lovi",
      "instances": [
        {
          "schema_version": 0,
          "attributes": {
            "average": 125000,
            "bridge_id": "f5c3a601-3d81-41ff-9647-29198d4de9ed",
            "id": "f216c682-3b05-4222-a299-d5d4cd9ea34c",
            "lease_id": "3ae9f3e5-1bc6-434a-9b72-56f5db3a6339",
            "name": "t213-be",
            "timeouts": null,
            "virtual_machine_id": "92b5644e-a31e-4c21-89e4-24e60f2afe33"
          },
          "private": "eyJlMmJmYjczMC1lY2FhLTExZTYtOGY4OC0zNDM2M2JjN2M0YzAiOnsiY3JlYXRlIjo2MDAwMDAwMDAwMCwiZGVmYXVsdCI6NjAwMDAwMDAwMDAsImRlbGV0ZSI6NjAwMDAwMDAwMDAsInJlYWQiOjYwMDAwMDAwMDAwLCJ1cGRhdGUiOjYwMDAwMDAwMDAwfX0=",
          "dependencies": [
            "lovi_address.bench-team213",
            "lovi_bridge.team213",
            "lovi_cpu_pinning_group.team213",
            "lovi_lease.bench-team213",
            "lovi_subnet.team213",
            "lovi_virtual_machine.bench-team213"
          ]
        }
      ]
    },
    {
      "mode": "managed",
      "type": "lovi_interface_attachment",
      "name": "problem-team213-1",
      "provider": "provider.lovi",
      "instances": [
        {
          "schema_version": 0,
          "attributes": {
            "average": 125000,
            "bridge_id": "f5c3a601-3d81-41ff-9647-29198d4de9ed",
            "id": "db61a3a2-5d81-430b-8074-46b65f854df0",
            "lease_id": "061d19b8-1cc5-499f-843c-169cc6c766d5",
            "name": "t213-001",
            "timeouts": null,
            "virtual_machine_id": "a1654302-cbfc-4c32-96f0-d10aa8a1c56c"
          },
          "private": "eyJlMmJmYjczMC1lY2FhLTExZTYtOGY4OC0zNDM2M2JjN2M0YzAiOnsiY3JlYXRlIjo2MDAwMDAwMDAwMCwiZGVmYXVsdCI6NjAwMDAwMDAwMDAsImRlbGV0ZSI6NjAwMDAwMDAwMDAsInJlYWQiOjYwMDAwMDAwMDAwLCJ1cGRhdGUiOjYwMDAwMDAwMDAwfX0=",
          "dependencies": [
            "lovi_address.problem-team213-1",
            "lovi_bridge.team213",
            "lovi_cpu_pinning_group.team213",
            "lovi_lease.problem-team213-1",
            "lovi_subnet.team213",
            "lovi_virtual_machine.problem-team213-1"
          ]
        }
      ]
    },
    {
      "mode": "managed",
      "type": "lovi_interface_attachment",
      "name": "problem-team213-2",
      "provider": "provider.lovi",
      "instances": [
        {
          "schema_version": 0,
          "attributes": {
            "average": 125000,
            "bridge_id": "f5c3a601-3d81-41ff-9647-29198d4de9ed",
            "id": "afad3e1e-b253-4b32-a09c-7fbb57c5b013",
            "lease_id": "bed1e698-2c87-4531-a3d0-dceb7131b5c6",
            "name": "t213-002",
            "timeouts": null,
            "virtual_machine_id": "77c88cd4-77ad-4a87-bebe-8e39c1d6fb9a"
          },
          "private": "eyJlMmJmYjczMC1lY2FhLTExZTYtOGY4OC0zNDM2M2JjN2M0YzAiOnsiY3JlYXRlIjo2MDAwMDAwMDAwMCwiZGVmYXVsdCI6NjAwMDAwMDAwMDAsImRlbGV0ZSI6NjAwMDAwMDAwMDAsInJlYWQiOjYwMDAwMDAwMDAwLCJ1cGRhdGUiOjYwMDAwMDAwMDAwfX0=",
          "dependencies": [
            "lovi_address.problem-team213-2",
            "lovi_bridge.team213",
            "lovi_cpu_pinning_group.team213",
            "lovi_lease.problem-team213-2",
            "lovi_subnet.team213",
            "lovi_virtual_machine.problem-team213-2"
          ]
        }
      ]
    },
    {
      "mode": "managed",
      "type": "lovi_interface_attachment",
      "name": "problem-team213-3",
      "provider": "provider.lovi",
      "instances": [
        {
          "schema_version": 0,
          "attributes": {
            "average": 125000,
            "bridge_id": "f5c3a601-3d81-41ff-9647-29198d4de9ed",
            "id": "7b706c83-5c36-4168-b009-354ae41d3526",
            "lease_id": "5cfbfbec-aebd-45f0-b1cb-365cc9636ac8",
            "name": "t213-003",
            "timeouts": null,
            "virtual_machine_id": "26943e2d-df29-4fb2-8cca-1bf75e373f48"
          },
          "private": "eyJlMmJmYjczMC1lY2FhLTExZTYtOGY4OC0zNDM2M2JjN2M0YzAiOnsiY3JlYXRlIjo2MDAwMDAwMDAwMCwiZGVmYXVsdCI6NjAwMDAwMDAwMDAsImRlbGV0ZSI6NjAwMDAwMDAwMDAsInJlYWQiOjYwMDAwMDAwMDAwLCJ1cGRhdGUiOjYwMDAwMDAwMDAwfX0=",
          "dependencies": [
            "lovi_address.problem-team213-3",
            "lovi_bridge.team213",
            "lovi_cpu_pinning_group.team213",
            "lovi_lease.problem-team213-3",
            "lovi_subnet.team213",
            "lovi_virtual_machine.problem-team213-3"
          ]
        }
      ]
    },
    {
      "mode": "managed",
      "type": "lovi_internal_bridge",
      "name": "team213",
      "provider": "provider.lovi",
      "instances": [
        {
          "schema_version": 0,
          "attributes": {
            "id": "5b48685b-08ff-4c87-a759-5b220b65168d",
            "name": "team213-in",
            "timeouts": null
          },
          "private": "eyJlMmJmYjczMC1lY2FhLTExZTYtOGY4OC0zNDM2M2JjN2M0YzAiOnsiY3JlYXRlIjo2MDAwMDAwMDAwMCwiZGVmYXVsdCI6NjAwMDAwMDAwMDAsImRlbGV0ZSI6NjAwMDAwMDAwMDAsInJlYWQiOjYwMDAwMDAwMDAwLCJ1cGRhdGUiOjYwMDAwMDAwMDAwfX0="
        }
      ]
    },
    {
      "mode": "managed",
      "type": "lovi_lease",
      "name": "bastion100-team213",
      "provider": "provider.lovi",
      "instances": [
        {
          "schema_version": 0,
          "attributes": {
            "address_id": "59824655-93c6-4f80-92c8-00f980f531a7",
            "id": "37245b30-e9f0-4ca6-b60d-989654962a7d",
            "mac_address": "ca:03:18:e6:98:c9",
            "timeouts": null
          },
          "private": "eyJlMmJmYjczMC1lY2FhLTExZTYtOGY4OC0zNDM2M2JjN2M0YzAiOnsiY3JlYXRlIjo2MDAwMDAwMDAwMCwiZGVmYXVsdCI6NjAwMDAwMDAwMDAsImRlbGV0ZSI6NjAwMDAwMDAwMDAsInJlYWQiOjYwMDAwMDAwMDAwLCJ1cGRhdGUiOjYwMDAwMDAwMDAwfX0=",
          "dependencies": [
            "lovi_address.bastion100-team213",
            "lovi_subnet.team213"
          ]
        }
      ]
    },
    {
      "mode": "managed",
      "type": "lovi_lease",
      "name": "bastion200-team213",
      "provider": "provider.lovi",
      "instances": [
        {
          "schema_version": 0,
          "attributes": {
            "address_id": "f3d4d777-93f7-45f0-a9ca-ebf54fe7e3f9",
            "id": "5a47efdb-369a-42aa-9f1d-3fa4dad39940",
            "mac_address": "ca:03:18:ae:bf:7e",
            "timeouts": null
          },
          "private": "eyJlMmJmYjczMC1lY2FhLTExZTYtOGY4OC0zNDM2M2JjN2M0YzAiOnsiY3JlYXRlIjo2MDAwMDAwMDAwMCwiZGVmYXVsdCI6NjAwMDAwMDAwMDAsImRlbGV0ZSI6NjAwMDAwMDAwMDAsInJlYWQiOjYwMDAwMDAwMDAwLCJ1cGRhdGUiOjYwMDAwMDAwMDAwfX0=",
          "dependencies": [
            "lovi_address.bastion200-team213",
            "lovi_subnet.team213"
          ]
        }
      ]
    },
    {
      "mode": "managed",
      "type": "lovi_lease",
      "name": "bench-team213",
      "provider": "provider.lovi",
      "instances": [
        {
          "schema_version": 0,
          "attributes": {
            "address_id": "1ba4b30b-29bc-4169-b6e5-64359022ce22",
            "id": "3ae9f3e5-1bc6-434a-9b72-56f5db3a6339",
            "mac_address": "ca:03:18:e6:6a:a3",
            "timeouts": null
          },
          "private": "eyJlMmJmYjczMC1lY2FhLTExZTYtOGY4OC0zNDM2M2JjN2M0YzAiOnsiY3JlYXRlIjo2MDAwMDAwMDAwMCwiZGVmYXVsdCI6NjAwMDAwMDAwMDAsImRlbGV0ZSI6NjAwMDAwMDAwMDAsInJlYWQiOjYwMDAwMDAwMDAwLCJ1cGRhdGUiOjYwMDAwMDAwMDAwfX0=",
          "dependencies": [
            "lovi_address.bench-team213",
            "lovi_subnet.team213"
          ]
        }
      ]
    },
    {
      "mode": "managed",
      "type": "lovi_lease",
      "name": "problem-team213-1",
      "provider": "provider.lovi",
      "instances": [
        {
          "schema_version": 0,
          "attributes": {
            "address_id": "cbb599a3-414d-43a5-a25c-bdeedbbab821",
            "id": "061d19b8-1cc5-499f-843c-169cc6c766d5",
            "mac_address": "ca:03:18:b8:16:34",
            "timeouts": null
          },
          "private": "eyJlMmJmYjczMC1lY2FhLTExZTYtOGY4OC0zNDM2M2JjN2M0YzAiOnsiY3JlYXRlIjo2MDAwMDAwMDAwMCwiZGVmYXVsdCI6NjAwMDAwMDAwMDAsImRlbGV0ZSI6NjAwMDAwMDAwMDAsInJlYWQiOjYwMDAwMDAwMDAwLCJ1cGRhdGUiOjYwMDAwMDAwMDAwfX0=",
          "dependencies": [
            "lovi_address.problem-team213-1",
            "lovi_subnet.team213"
          ]
        }
      ]
    },
    {
      "mode": "managed",
      "type": "lovi_lease",
      "name": "problem-team213-2",
      "provider": "provider.lovi",
      "instances": [
        {
          "schema_version": 0,
          "attributes": {
            "address_id": "739cff3f-67b1-4831-9d19-e9a6f90f5c6a",
            "id": "bed1e698-2c87-4531-a3d0-dceb7131b5c6",
            "mac_address": "ca:03:18:1c:85:9b",
            "timeouts": null
          },
          "private": "eyJlMmJmYjczMC1lY2FhLTExZTYtOGY4OC0zNDM2M2JjN2M0YzAiOnsiY3JlYXRlIjo2MDAwMDAwMDAwMCwiZGVmYXVsdCI6NjAwMDAwMDAwMDAsImRlbGV0ZSI6NjAwMDAwMDAwMDAsInJlYWQiOjYwMDAwMDAwMDAwLCJ1cGRhdGUiOjYwMDAwMDAwMDAwfX0=",
          "dependencies": [
            "lovi_address.problem-team213-2",
            "lovi_subnet.team213"
          ]
        }
      ]
    },
    {
      "mode": "managed",
      "type": "lovi_lease",
      "name": "problem-team213-3",
      "provider": "provider.lovi",
      "instances": [
        {
          "schema_version": 0,
          "attributes": {
            "address_id": "7913cb97-5db8-4a28-990b-c58a33c5319c",
            "id": "5cfbfbec-aebd-45f0-b1cb-365cc9636ac8",
            "mac_address": "ca:03:18:e5:32:a8",
            "timeouts": null
          },
          "private": "eyJlMmJmYjczMC1lY2FhLTExZTYtOGY4OC0zNDM2M2JjN2M0YzAiOnsiY3JlYXRlIjo2MDAwMDAwMDAwMCwiZGVmYXVsdCI6NjAwMDAwMDAwMDAsImRlbGV0ZSI6NjAwMDAwMDAwMDAsInJlYWQiOjYwMDAwMDAwMDAwLCJ1cGRhdGUiOjYwMDAwMDAwMDAwfX0=",
          "dependencies": [
            "lovi_address.problem-team213-3",
            "lovi_subnet.team213"
          ]
        }
      ]
    },
    {
      "mode": "managed",
      "type": "lovi_subnet",
      "name": "team213",
      "provider": "provider.lovi",
      "instances": [
        {
          "schema_version": 0,
          "attributes": {
            "dns_server": "8.8.8.8",
            "end": "10.162.13.200",
            "gateway": "10.162.13.254",
            "id": "bb84fb96-9511-4c98-bf99-ab9d7a4aa23d",
            "metadata_server": "10.162.13.1",
            "name": "team213",
            "network": "10.162.13.0/24",
            "start": "10.162.13.100",
            "timeouts": null,
            "vlan_id": 1213
          },
          "private": "eyJlMmJmYjczMC1lY2FhLTExZTYtOGY4OC0zNDM2M2JjN2M0YzAiOnsiY3JlYXRlIjo2MDAwMDAwMDAwMCwiZGVmYXVsdCI6NjAwMDAwMDAwMDAsImRlbGV0ZSI6NjAwMDAwMDAwMDAsInJlYWQiOjYwMDAwMDAwMDAwLCJ1cGRhdGUiOjYwMDAwMDAwMDAwfX0="
        }
      ]
    },
    {
      "mode": "managed",
      "type": "lovi_virtual_machine",
      "name": "bastion100-team213",
      "provider": "provider.lovi",
      "instances": [
        {
          "schema_version": 0,
          "attributes": {
            "cpu_pinning_group_name": "",
            "europa_backend_name": "dorado002",
            "hypervisor_name": "isuadm0002",
            "id": "639c9d67-5a67-48ed-946f-748c3748bb73",
            "memory_kib": 2097152,
            "name": "team213-bastion100",
            "read_bytes_sec": 0,
            "read_iops_sec": 0,
            "root_volume_gb": 10,
            "source_image_id": "c453a2ef-9865-4b14-bff2-0a78416ebea5",
            "vcpus": 1,
            "write_bytes_sec": 0,
            "write_iops_sec": 0
          },
          "private": "bnVsbA==",
          "dependencies": [
            "lovi_cpu_pinning_group.team213"
          ]
        }
      ]
    },
    {
      "mode": "managed",
      "type": "lovi_virtual_machine",
      "name": "bastion200-team213",
      "provider": "provider.lovi",
      "instances": [
        {
          "schema_version": 0,
          "attributes": {
            "cpu_pinning_group_name": "",
            "europa_backend_name": "dorado002",
            "hypervisor_name": "isuadm0006",
            "id": "d5fd848c-6f54-4997-b9cc-7c0255139a1d",
            "memory_kib": 2097152,
            "name": "team213-bastion200",
            "read_bytes_sec": 0,
            "read_iops_sec": 0,
            "root_volume_gb": 10,
            "source_image_id": "c453a2ef-9865-4b14-bff2-0a78416ebea5",
            "vcpus": 1,
            "write_bytes_sec": 0,
            "write_iops_sec": 0
          },
          "private": "bnVsbA==",
          "dependencies": [
            "lovi_cpu_pinning_group.team213"
          ]
        }
      ]
    },
    {
      "mode": "managed",
      "type": "lovi_virtual_machine",
      "name": "bench-team213",
      "provider": "provider.lovi",
      "instances": [
        {
          "schema_version": 0,
          "attributes": {
            "cpu_pinning_group_name": "team213",
            "europa_backend_name": "dorado002",
            "hypervisor_name": "isucn0007",
            "id": "92b5644e-a31e-4c21-89e4-24e60f2afe33",
            "memory_kib": 16777216,
            "name": "team213-bench",
            "read_bytes_sec": 1000000000,
            "read_iops_sec": 800,
            "root_volume_gb": 30,
            "source_image_id": "7b4d093f-7e9a-4488-9d77-93c8e3556a64",
            "vcpus": 8,
            "write_bytes_sec": 1000000000,
            "write_iops_sec": 800
          },
          "private": "bnVsbA==",
          "dependencies": [
            "lovi_cpu_pinning_group.team213"
          ]
        }
      ]
    },
    {
      "mode": "managed",
      "type": "lovi_virtual_machine",
      "name": "problem-team213-1",
      "provider": "provider.lovi",
      "instances": [
        {
          "schema_version": 0,
          "attributes": {
            "cpu_pinning_group_name": "team213",
            "europa_backend_name": "dorado002",
            "hypervisor_name": "isucn0007",
            "id": "a1654302-cbfc-4c32-96f0-d10aa8a1c56c",
            "memory_kib": 1048576,
            "name": "team213-001",
            "read_bytes_sec": 1000000000,
            "read_iops_sec": 800,
            "root_volume_gb": 30,
            "source_image_id": "18295a50-6ec0-4a6f-8dc7-f19d28d2057e",
            "vcpus": 2,
            "write_bytes_sec": 1000000000,
            "write_iops_sec": 800
          },
          "private": "bnVsbA==",
          "dependencies": [
            "lovi_cpu_pinning_group.team213"
          ]
        }
      ]
    },
    {
      "mode": "managed",
      "type": "lovi_virtual_machine",
      "name": "problem-team213-2",
      "provider": "provider.lovi",
      "instances": [
        {
          "schema_version": 0,
          "attributes": {
            "cpu_pinning_group_name": "team213",
            "europa_backend_name": "dorado002",
            "hypervisor_name": "isucn0007",
            "id": "77c88cd4-77ad-4a87-bebe-8e39c1d6fb9a",
            "memory_kib": 2097152,
            "name": "team213-002",
            "read_bytes_sec": 1000000000,
            "read_iops_sec": 800,
            "root_volume_gb": 30,
            "source_image_id": "18295a50-6ec0-4a6f-8dc7-f19d28d2057e",
            "vcpus": 2,
            "write_bytes_sec": 1000000000,
            "write_iops_sec": 800
          },
          "private": "bnVsbA==",
          "dependencies": [
            "lovi_cpu_pinning_group.team213"
          ]
        }
      ]
    },
    {
      "mode": "managed",
      "type": "lovi_virtual_machine",
      "name": "problem-team213-3",
      "provider": "provider.lovi",
      "instances": [
        {
          "schema_version": 0,
          "attributes": {
            "cpu_pinning_group_name": "team213",
            "europa_backend_name": "dorado002",
            "hypervisor_name": "isucn0007",
            "id": "26943e2d-df29-4fb2-8cca-1bf75e373f48",
            "memory_kib": 1048576,
            "name": "team213-003",
            "read_bytes_sec": 1000000000,
            "read_iops_sec": 800,
            "root_volume_gb": 30,
            "source_image_id": "18295a50-6ec0-4a6f-8dc7-f19d28d2057e",
            "vcpus": 4,
            "write_bytes_sec": 1000000000,
            "write_iops_sec": 800
          },
          "private": "bnVsbA==",
          "dependencies": [
            "lovi_cpu_pinning_group.team213"
          ]
        }
      ]
    }
  ]
}
