{
  "version": 4,
  "terraform_version": "0.12.24",
  "serial": 25,
  "lineage": "751a7020-9663-60e8-bbd1-4dc39f3614b5",
  "outputs": {},
  "resources": [
    {
      "mode": "managed",
      "type": "lovi_address",
      "name": "bastion-team020",
      "provider": "provider.lovi",
      "instances": [
        {
          "schema_version": 0,
          "attributes": {
            "fixed_ip": "10.160.20.100",
            "id": "591f6dd2-bf80-4254-afa0-a0d43117c804",
            "ip": "10.160.20.100",
            "subnet_id": "e65e45ce-cd55-4885-ba3b-a9b039db7030",
            "timeouts": null
          },
          "private": "eyJlMmJmYjczMC1lY2FhLTExZTYtOGY4OC0zNDM2M2JjN2M0YzAiOnsiY3JlYXRlIjo2MDAwMDAwMDAwMCwiZGVmYXVsdCI6NjAwMDAwMDAwMDAsImRlbGV0ZSI6NjAwMDAwMDAwMDAsInJlYWQiOjYwMDAwMDAwMDAwLCJ1cGRhdGUiOjYwMDAwMDAwMDAwfX0=",
          "dependencies": [
            "lovi_subnet.team020"
          ]
        }
      ]
    },
    {
      "mode": "managed",
      "type": "lovi_address",
      "name": "bench-team020",
      "provider": "provider.lovi",
      "instances": [
        {
          "schema_version": 0,
          "attributes": {
            "fixed_ip": "10.160.20.104",
            "id": "f46cad0d-3d5f-4a8c-a965-63a73142ed47",
            "ip": "10.160.20.104",
            "subnet_id": "e65e45ce-cd55-4885-ba3b-a9b039db7030",
            "timeouts": null
          },
          "private": "eyJlMmJmYjczMC1lY2FhLTExZTYtOGY4OC0zNDM2M2JjN2M0YzAiOnsiY3JlYXRlIjo2MDAwMDAwMDAwMCwiZGVmYXVsdCI6NjAwMDAwMDAwMDAsImRlbGV0ZSI6NjAwMDAwMDAwMDAsInJlYWQiOjYwMDAwMDAwMDAwLCJ1cGRhdGUiOjYwMDAwMDAwMDAwfX0=",
          "dependencies": [
            "lovi_subnet.team020"
          ]
        }
      ]
    },
    {
      "mode": "managed",
      "type": "lovi_address",
      "name": "problem-team020",
      "each": "list",
      "provider": "provider.lovi",
      "instances": [
        {
          "index_key": 0,
          "schema_version": 0,
          "attributes": {
            "fixed_ip": "10.160.20.101",
            "id": "de8c80c7-307a-4da1-a77e-b7c704056dd2",
            "ip": "10.160.20.101",
            "subnet_id": "e65e45ce-cd55-4885-ba3b-a9b039db7030",
            "timeouts": null
          },
          "private": "eyJlMmJmYjczMC1lY2FhLTExZTYtOGY4OC0zNDM2M2JjN2M0YzAiOnsiY3JlYXRlIjo2MDAwMDAwMDAwMCwiZGVmYXVsdCI6NjAwMDAwMDAwMDAsImRlbGV0ZSI6NjAwMDAwMDAwMDAsInJlYWQiOjYwMDAwMDAwMDAwLCJ1cGRhdGUiOjYwMDAwMDAwMDAwfX0=",
          "dependencies": [
            "lovi_subnet.team020"
          ]
        },
        {
          "index_key": 1,
          "schema_version": 0,
          "attributes": {
            "fixed_ip": "10.160.20.102",
            "id": "b84d793d-a2a5-43e2-b151-8b962f275647",
            "ip": "10.160.20.102",
            "subnet_id": "e65e45ce-cd55-4885-ba3b-a9b039db7030",
            "timeouts": null
          },
          "private": "eyJlMmJmYjczMC1lY2FhLTExZTYtOGY4OC0zNDM2M2JjN2M0YzAiOnsiY3JlYXRlIjo2MDAwMDAwMDAwMCwiZGVmYXVsdCI6NjAwMDAwMDAwMDAsImRlbGV0ZSI6NjAwMDAwMDAwMDAsInJlYWQiOjYwMDAwMDAwMDAwLCJ1cGRhdGUiOjYwMDAwMDAwMDAwfX0=",
          "dependencies": [
            "lovi_subnet.team020"
          ]
        },
        {
          "index_key": 2,
          "schema_version": 0,
          "attributes": {
            "fixed_ip": "10.160.20.103",
            "id": "90b26734-b764-433b-b072-e908d5ef8490",
            "ip": "10.160.20.103",
            "subnet_id": "e65e45ce-cd55-4885-ba3b-a9b039db7030",
            "timeouts": null
          },
          "private": "eyJlMmJmYjczMC1lY2FhLTExZTYtOGY4OC0zNDM2M2JjN2M0YzAiOnsiY3JlYXRlIjo2MDAwMDAwMDAwMCwiZGVmYXVsdCI6NjAwMDAwMDAwMDAsImRlbGV0ZSI6NjAwMDAwMDAwMDAsInJlYWQiOjYwMDAwMDAwMDAwLCJ1cGRhdGUiOjYwMDAwMDAwMDAwfX0=",
          "dependencies": [
            "lovi_subnet.team020"
          ]
        }
      ]
    },
    {
      "mode": "managed",
      "type": "lovi_bridge",
      "name": "team020",
      "provider": "provider.lovi",
      "instances": [
        {
          "schema_version": 0,
          "attributes": {
            "id": "41687be9-ab39-4cca-a35c-bd2ee5115abe",
            "name": "team020",
            "timeouts": null,
            "vlan_id": 1020
          },
          "private": "eyJlMmJmYjczMC1lY2FhLTExZTYtOGY4OC0zNDM2M2JjN2M0YzAiOnsiY3JlYXRlIjo2MDAwMDAwMDAwMCwiZGVmYXVsdCI6NjAwMDAwMDAwMDAsImRlbGV0ZSI6NjAwMDAwMDAwMDAsInJlYWQiOjYwMDAwMDAwMDAwLCJ1cGRhdGUiOjYwMDAwMDAwMDAwfX0=",
          "dependencies": [
            "lovi_subnet.team020"
          ]
        }
      ]
    },
    {
      "mode": "managed",
      "type": "lovi_cpu_pinning_group",
      "name": "team020",
      "provider": "provider.lovi",
      "instances": [
        {
          "schema_version": 0,
          "attributes": {
            "count_of_core": 4,
            "hypervisor_name": "isucn0001",
            "id": "75ff09c0-e8a2-46b0-a740-79bd669f5004",
            "name": "team020"
          },
          "private": "bnVsbA=="
        }
      ]
    },
    {
      "mode": "managed",
      "type": "lovi_interface_attachment",
      "name": "bastion-team020",
      "provider": "provider.lovi",
      "instances": [
        {
          "schema_version": 0,
          "attributes": {
            "average": 125000,
            "bridge_id": "41687be9-ab39-4cca-a35c-bd2ee5115abe",
            "id": "ca0c7831-2cda-4d15-b25b-1a1e0254d842",
            "lease_id": "bd629df2-85ff-4558-acec-e83e9fc4ac24",
            "name": "t020-ba",
            "timeouts": null,
            "virtual_machine_id": "f12da157-1756-4ea5-b309-76bc6656c26f"
          },
          "private": "eyJlMmJmYjczMC1lY2FhLTExZTYtOGY4OC0zNDM2M2JjN2M0YzAiOnsiY3JlYXRlIjo2MDAwMDAwMDAwMCwiZGVmYXVsdCI6NjAwMDAwMDAwMDAsImRlbGV0ZSI6NjAwMDAwMDAwMDAsInJlYWQiOjYwMDAwMDAwMDAwLCJ1cGRhdGUiOjYwMDAwMDAwMDAwfX0=",
          "dependencies": [
            "lovi_address.bastion-team020",
            "lovi_bridge.team020",
            "lovi_cpu_pinning_group.team020",
            "lovi_lease.bastion-team020",
            "lovi_subnet.team020",
            "lovi_virtual_machine.bastion-team020",
            "lovi_virtual_machine.problem-team020"
          ]
        }
      ]
    },
    {
      "mode": "managed",
      "type": "lovi_interface_attachment",
      "name": "bench-team020",
      "provider": "provider.lovi",
      "instances": [
        {
          "schema_version": 0,
          "attributes": {
            "average": 12500,
            "bridge_id": "41687be9-ab39-4cca-a35c-bd2ee5115abe",
            "id": "8fcffdf4-d78b-47d7-ae2a-9f0ab551ecc3",
            "lease_id": "c2a54a99-ff88-4531-b275-504ebbf54eff",
            "name": "t020-be",
            "timeouts": null,
            "virtual_machine_id": "bcf17e22-fa1f-4caa-a6b4-1c289a883bdf"
          },
          "private": "eyJlMmJmYjczMC1lY2FhLTExZTYtOGY4OC0zNDM2M2JjN2M0YzAiOnsiY3JlYXRlIjo2MDAwMDAwMDAwMCwiZGVmYXVsdCI6NjAwMDAwMDAwMDAsImRlbGV0ZSI6NjAwMDAwMDAwMDAsInJlYWQiOjYwMDAwMDAwMDAwLCJ1cGRhdGUiOjYwMDAwMDAwMDAwfX0=",
          "dependencies": [
            "lovi_address.bench-team020",
            "lovi_bridge.team020",
            "lovi_cpu_pinning_group.team020",
            "lovi_lease.bench-team020",
            "lovi_subnet.team020",
            "lovi_virtual_machine.bench-team020",
            "lovi_virtual_machine.problem-team020"
          ]
        }
      ]
    },
    {
      "mode": "managed",
      "type": "lovi_interface_attachment",
      "name": "problem-team020",
      "each": "list",
      "provider": "provider.lovi",
      "instances": [
        {
          "index_key": 0,
          "schema_version": 0,
          "attributes": {
            "average": 125000,
            "bridge_id": "41687be9-ab39-4cca-a35c-bd2ee5115abe",
            "id": "375abfd1-8885-4543-a687-cbf05e31313d",
            "lease_id": "d6977c3a-de0f-4b33-b4d6-a47aedb13ff4",
            "name": "t020-001",
            "timeouts": null,
            "virtual_machine_id": "96cd4733-98d6-4775-b59d-e3209bf1ef20"
          },
          "private": "eyJlMmJmYjczMC1lY2FhLTExZTYtOGY4OC0zNDM2M2JjN2M0YzAiOnsiY3JlYXRlIjo2MDAwMDAwMDAwMCwiZGVmYXVsdCI6NjAwMDAwMDAwMDAsImRlbGV0ZSI6NjAwMDAwMDAwMDAsInJlYWQiOjYwMDAwMDAwMDAwLCJ1cGRhdGUiOjYwMDAwMDAwMDAwfX0=",
          "dependencies": [
            "lovi_address.problem-team020",
            "lovi_bridge.team020",
            "lovi_cpu_pinning_group.team020",
            "lovi_lease.problem-team020",
            "lovi_subnet.team020",
            "lovi_virtual_machine.problem-team020"
          ]
        },
        {
          "index_key": 1,
          "schema_version": 0,
          "attributes": {
            "average": 125000,
            "bridge_id": "41687be9-ab39-4cca-a35c-bd2ee5115abe",
            "id": "d2e27a72-c017-4829-9a7f-c2150e4c251e",
            "lease_id": "7ce6a67d-51c2-49b8-9f0e-a989c0cefefb",
            "name": "t020-002",
            "timeouts": null,
            "virtual_machine_id": "711cd38b-baa5-4b97-9510-0a39db45ca0c"
          },
          "private": "eyJlMmJmYjczMC1lY2FhLTExZTYtOGY4OC0zNDM2M2JjN2M0YzAiOnsiY3JlYXRlIjo2MDAwMDAwMDAwMCwiZGVmYXVsdCI6NjAwMDAwMDAwMDAsImRlbGV0ZSI6NjAwMDAwMDAwMDAsInJlYWQiOjYwMDAwMDAwMDAwLCJ1cGRhdGUiOjYwMDAwMDAwMDAwfX0=",
          "dependencies": [
            "lovi_address.problem-team020",
            "lovi_bridge.team020",
            "lovi_cpu_pinning_group.team020",
            "lovi_lease.problem-team020",
            "lovi_subnet.team020",
            "lovi_virtual_machine.problem-team020"
          ]
        },
        {
          "index_key": 2,
          "schema_version": 0,
          "attributes": {
            "average": 125000,
            "bridge_id": "41687be9-ab39-4cca-a35c-bd2ee5115abe",
            "id": "4d99aeca-30af-4d31-9729-5a041cd6707d",
            "lease_id": "ac37d1df-2ece-49fc-a6d3-b2340c16584e",
            "name": "t020-003",
            "timeouts": null,
            "virtual_machine_id": "d0a54c97-db52-4b4c-bfc8-e040bf24ad6d"
          },
          "private": "eyJlMmJmYjczMC1lY2FhLTExZTYtOGY4OC0zNDM2M2JjN2M0YzAiOnsiY3JlYXRlIjo2MDAwMDAwMDAwMCwiZGVmYXVsdCI6NjAwMDAwMDAwMDAsImRlbGV0ZSI6NjAwMDAwMDAwMDAsInJlYWQiOjYwMDAwMDAwMDAwLCJ1cGRhdGUiOjYwMDAwMDAwMDAwfX0=",
          "dependencies": [
            "lovi_address.problem-team020",
            "lovi_bridge.team020",
            "lovi_cpu_pinning_group.team020",
            "lovi_lease.problem-team020",
            "lovi_subnet.team020",
            "lovi_virtual_machine.problem-team020"
          ]
        }
      ]
    },
    {
      "mode": "managed",
      "type": "lovi_internal_bridge",
      "name": "team020",
      "provider": "provider.lovi",
      "instances": [
        {
          "schema_version": 0,
          "attributes": {
            "id": "6de7743a-3b90-47bc-8b64-7d253c6c518e",
            "name": "team020-in",
            "timeouts": null
          },
          "private": "eyJlMmJmYjczMC1lY2FhLTExZTYtOGY4OC0zNDM2M2JjN2M0YzAiOnsiY3JlYXRlIjo2MDAwMDAwMDAwMCwiZGVmYXVsdCI6NjAwMDAwMDAwMDAsImRlbGV0ZSI6NjAwMDAwMDAwMDAsInJlYWQiOjYwMDAwMDAwMDAwLCJ1cGRhdGUiOjYwMDAwMDAwMDAwfX0="
        }
      ]
    },
    {
      "mode": "managed",
      "type": "lovi_lease",
      "name": "bastion-team020",
      "provider": "provider.lovi",
      "instances": [
        {
          "schema_version": 0,
          "attributes": {
            "address_id": "591f6dd2-bf80-4254-afa0-a0d43117c804",
            "id": "bd629df2-85ff-4558-acec-e83e9fc4ac24",
            "mac_address": "ca:03:18:0a:43:6c",
            "timeouts": null
          },
          "private": "eyJlMmJmYjczMC1lY2FhLTExZTYtOGY4OC0zNDM2M2JjN2M0YzAiOnsiY3JlYXRlIjo2MDAwMDAwMDAwMCwiZGVmYXVsdCI6NjAwMDAwMDAwMDAsImRlbGV0ZSI6NjAwMDAwMDAwMDAsInJlYWQiOjYwMDAwMDAwMDAwLCJ1cGRhdGUiOjYwMDAwMDAwMDAwfX0=",
          "dependencies": [
            "lovi_address.bastion-team020",
            "lovi_subnet.team020"
          ]
        }
      ]
    },
    {
      "mode": "managed",
      "type": "lovi_lease",
      "name": "bench-team020",
      "provider": "provider.lovi",
      "instances": [
        {
          "schema_version": 0,
          "attributes": {
            "address_id": "f46cad0d-3d5f-4a8c-a965-63a73142ed47",
            "id": "c2a54a99-ff88-4531-b275-504ebbf54eff",
            "mac_address": "ca:03:18:f2:48:71",
            "timeouts": null
          },
          "private": "eyJlMmJmYjczMC1lY2FhLTExZTYtOGY4OC0zNDM2M2JjN2M0YzAiOnsiY3JlYXRlIjo2MDAwMDAwMDAwMCwiZGVmYXVsdCI6NjAwMDAwMDAwMDAsImRlbGV0ZSI6NjAwMDAwMDAwMDAsInJlYWQiOjYwMDAwMDAwMDAwLCJ1cGRhdGUiOjYwMDAwMDAwMDAwfX0=",
          "dependencies": [
            "lovi_address.bench-team020",
            "lovi_subnet.team020"
          ]
        }
      ]
    },
    {
      "mode": "managed",
      "type": "lovi_lease",
      "name": "problem-team020",
      "each": "list",
      "provider": "provider.lovi",
      "instances": [
        {
          "index_key": 0,
          "schema_version": 0,
          "attributes": {
            "address_id": "de8c80c7-307a-4da1-a77e-b7c704056dd2",
            "id": "d6977c3a-de0f-4b33-b4d6-a47aedb13ff4",
            "mac_address": "ca:03:18:38:fd:93",
            "timeouts": null
          },
          "private": "eyJlMmJmYjczMC1lY2FhLTExZTYtOGY4OC0zNDM2M2JjN2M0YzAiOnsiY3JlYXRlIjo2MDAwMDAwMDAwMCwiZGVmYXVsdCI6NjAwMDAwMDAwMDAsImRlbGV0ZSI6NjAwMDAwMDAwMDAsInJlYWQiOjYwMDAwMDAwMDAwLCJ1cGRhdGUiOjYwMDAwMDAwMDAwfX0=",
          "dependencies": [
            "lovi_address.problem-team020",
            "lovi_subnet.team020"
          ]
        },
        {
          "index_key": 1,
          "schema_version": 0,
          "attributes": {
            "address_id": "b84d793d-a2a5-43e2-b151-8b962f275647",
            "id": "7ce6a67d-51c2-49b8-9f0e-a989c0cefefb",
            "mac_address": "ca:03:18:7f:02:f4",
            "timeouts": null
          },
          "private": "eyJlMmJmYjczMC1lY2FhLTExZTYtOGY4OC0zNDM2M2JjN2M0YzAiOnsiY3JlYXRlIjo2MDAwMDAwMDAwMCwiZGVmYXVsdCI6NjAwMDAwMDAwMDAsImRlbGV0ZSI6NjAwMDAwMDAwMDAsInJlYWQiOjYwMDAwMDAwMDAwLCJ1cGRhdGUiOjYwMDAwMDAwMDAwfX0=",
          "dependencies": [
            "lovi_address.problem-team020",
            "lovi_subnet.team020"
          ]
        },
        {
          "index_key": 2,
          "schema_version": 0,
          "attributes": {
            "address_id": "90b26734-b764-433b-b072-e908d5ef8490",
            "id": "ac37d1df-2ece-49fc-a6d3-b2340c16584e",
            "mac_address": "ca:03:18:e2:88:20",
            "timeouts": null
          },
          "private": "eyJlMmJmYjczMC1lY2FhLTExZTYtOGY4OC0zNDM2M2JjN2M0YzAiOnsiY3JlYXRlIjo2MDAwMDAwMDAwMCwiZGVmYXVsdCI6NjAwMDAwMDAwMDAsImRlbGV0ZSI6NjAwMDAwMDAwMDAsInJlYWQiOjYwMDAwMDAwMDAwLCJ1cGRhdGUiOjYwMDAwMDAwMDAwfX0=",
          "dependencies": [
            "lovi_address.problem-team020",
            "lovi_subnet.team020"
          ]
        }
      ]
    },
    {
      "mode": "managed",
      "type": "lovi_subnet",
      "name": "team020",
      "provider": "provider.lovi",
      "instances": [
        {
          "schema_version": 0,
          "attributes": {
            "dns_server": "8.8.8.8",
            "end": "10.160.20.200",
            "gateway": "10.160.20.254",
            "id": "e65e45ce-cd55-4885-ba3b-a9b039db7030",
            "metadata_server": "10.160.20.1",
            "name": "team020",
            "network": "10.160.20.0/24",
            "start": "10.160.20.100",
            "timeouts": null,
            "vlan_id": 1020
          },
          "private": "eyJlMmJmYjczMC1lY2FhLTExZTYtOGY4OC0zNDM2M2JjN2M0YzAiOnsiY3JlYXRlIjo2MDAwMDAwMDAwMCwiZGVmYXVsdCI6NjAwMDAwMDAwMDAsImRlbGV0ZSI6NjAwMDAwMDAwMDAsInJlYWQiOjYwMDAwMDAwMDAwLCJ1cGRhdGUiOjYwMDAwMDAwMDAwfX0="
        }
      ]
    },
    {
      "mode": "managed",
      "type": "lovi_virtual_machine",
      "name": "bastion-team020",
      "provider": "provider.lovi",
      "instances": [
        {
          "schema_version": 0,
          "attributes": {
            "cpu_pinning_group_name": "",
            "hypervisor_name": "isuadm0002",
            "id": "f12da157-1756-4ea5-b309-76bc6656c26f",
            "memory_kib": 2097152,
            "name": "team020-bastion",
            "read_bytes_sec": 0,
            "read_iops_sec": 0,
            "root_volume_gb": 10,
            "source_image_id": "bab847e2-b14f-4463-80ee-8cfb36392ea9",
            "vcpus": 1,
            "write_bytes_sec": 0,
            "write_iops_sec": 0
          },
          "private": "bnVsbA==",
          "dependencies": [
            "lovi_cpu_pinning_group.team020",
            "lovi_virtual_machine.problem-team020"
          ]
        }
      ]
    },
    {
      "mode": "managed",
      "type": "lovi_virtual_machine",
      "name": "bench-team020",
      "provider": "provider.lovi",
      "instances": [
        {
          "schema_version": 0,
          "attributes": {
            "cpu_pinning_group_name": "team020",
            "hypervisor_name": "isucn0001",
            "id": "bcf17e22-fa1f-4caa-a6b4-1c289a883bdf",
            "memory_kib": 16777216,
            "name": "team020-bench",
            "read_bytes_sec": 100000000,
            "read_iops_sec": 200,
            "root_volume_gb": 10,
            "source_image_id": "2c56bd7b-f594-43f7-baa0-6863d9eb4348",
            "vcpus": 1,
            "write_bytes_sec": 100000000,
            "write_iops_sec": 200
          },
          "private": "bnVsbA==",
          "dependencies": [
            "lovi_cpu_pinning_group.team020",
            "lovi_virtual_machine.problem-team020"
          ]
        }
      ]
    },
    {
      "mode": "managed",
      "type": "lovi_virtual_machine",
      "name": "problem-team020",
      "each": "list",
      "provider": "provider.lovi",
      "instances": [
        {
          "index_key": 0,
          "schema_version": 0,
          "attributes": {
            "cpu_pinning_group_name": "team020",
            "hypervisor_name": "isucn0001",
            "id": "96cd4733-98d6-4775-b59d-e3209bf1ef20",
            "memory_kib": 2097152,
            "name": "team020-001",
            "read_bytes_sec": 100000000,
            "read_iops_sec": 200,
            "root_volume_gb": 10,
            "source_image_id": "30afbf08-a9d2-4245-ab7f-a4c1a83bf062",
            "vcpus": 1,
            "write_bytes_sec": 100000000,
            "write_iops_sec": 200
          },
          "private": "bnVsbA==",
          "dependencies": [
            "lovi_cpu_pinning_group.team020"
          ]
        },
        {
          "index_key": 1,
          "schema_version": 0,
          "attributes": {
            "cpu_pinning_group_name": "team020",
            "hypervisor_name": "isucn0001",
            "id": "711cd38b-baa5-4b97-9510-0a39db45ca0c",
            "memory_kib": 2097152,
            "name": "team020-002",
            "read_bytes_sec": 100000000,
            "read_iops_sec": 200,
            "root_volume_gb": 10,
            "source_image_id": "30afbf08-a9d2-4245-ab7f-a4c1a83bf062",
            "vcpus": 1,
            "write_bytes_sec": 100000000,
            "write_iops_sec": 200
          },
          "private": "bnVsbA==",
          "dependencies": [
            "lovi_cpu_pinning_group.team020"
          ]
        },
        {
          "index_key": 2,
          "schema_version": 0,
          "attributes": {
            "cpu_pinning_group_name": "team020",
            "hypervisor_name": "isucn0001",
            "id": "d0a54c97-db52-4b4c-bfc8-e040bf24ad6d",
            "memory_kib": 2097152,
            "name": "team020-003",
            "read_bytes_sec": 100000000,
            "read_iops_sec": 200,
            "root_volume_gb": 10,
            "source_image_id": "30afbf08-a9d2-4245-ab7f-a4c1a83bf062",
            "vcpus": 1,
            "write_bytes_sec": 100000000,
            "write_iops_sec": 200
          },
          "private": "bnVsbA==",
          "dependencies": [
            "lovi_cpu_pinning_group.team020"
          ]
        }
      ]
    }
  ]
}
