{
  "version": 4,
  "terraform_version": "0.12.24",
  "serial": 24,
  "lineage": "5f81854b-0890-07c9-3092-0a090bc1dd15",
  "outputs": {},
  "resources": [
    {
      "mode": "managed",
      "type": "lovi_address",
      "name": "bastion-team004",
      "provider": "provider.lovi",
      "instances": [
        {
          "schema_version": 0,
          "attributes": {
            "fixed_ip": "10.160.4.100",
            "id": "d2b6eef5-5137-4cee-86ed-4f1e04a566dc",
            "ip": "10.160.4.100",
            "subnet_id": "99d2b159-0f4f-4d9b-96fc-202815e5d920",
            "timeouts": null
          },
          "private": "eyJlMmJmYjczMC1lY2FhLTExZTYtOGY4OC0zNDM2M2JjN2M0YzAiOnsiY3JlYXRlIjo2MDAwMDAwMDAwMCwiZGVmYXVsdCI6NjAwMDAwMDAwMDAsImRlbGV0ZSI6NjAwMDAwMDAwMDAsInJlYWQiOjYwMDAwMDAwMDAwLCJ1cGRhdGUiOjYwMDAwMDAwMDAwfX0=",
          "dependencies": [
            "lovi_subnet.team004"
          ]
        }
      ]
    },
    {
      "mode": "managed",
      "type": "lovi_address",
      "name": "bench-team004",
      "provider": "provider.lovi",
      "instances": [
        {
          "schema_version": 0,
          "attributes": {
            "fixed_ip": "10.160.4.104",
            "id": "d3023b99-176d-455d-ad46-b8d0d1ac7a65",
            "ip": "10.160.4.104",
            "subnet_id": "99d2b159-0f4f-4d9b-96fc-202815e5d920",
            "timeouts": null
          },
          "private": "eyJlMmJmYjczMC1lY2FhLTExZTYtOGY4OC0zNDM2M2JjN2M0YzAiOnsiY3JlYXRlIjo2MDAwMDAwMDAwMCwiZGVmYXVsdCI6NjAwMDAwMDAwMDAsImRlbGV0ZSI6NjAwMDAwMDAwMDAsInJlYWQiOjYwMDAwMDAwMDAwLCJ1cGRhdGUiOjYwMDAwMDAwMDAwfX0=",
          "dependencies": [
            "lovi_subnet.team004"
          ]
        }
      ]
    },
    {
      "mode": "managed",
      "type": "lovi_address",
      "name": "problem-team004",
      "each": "list",
      "provider": "provider.lovi",
      "instances": [
        {
          "index_key": 0,
          "schema_version": 0,
          "attributes": {
            "fixed_ip": "10.160.4.101",
            "id": "4104824a-e6d2-40e1-b2fb-f52018679e36",
            "ip": "10.160.4.101",
            "subnet_id": "99d2b159-0f4f-4d9b-96fc-202815e5d920",
            "timeouts": null
          },
          "private": "eyJlMmJmYjczMC1lY2FhLTExZTYtOGY4OC0zNDM2M2JjN2M0YzAiOnsiY3JlYXRlIjo2MDAwMDAwMDAwMCwiZGVmYXVsdCI6NjAwMDAwMDAwMDAsImRlbGV0ZSI6NjAwMDAwMDAwMDAsInJlYWQiOjYwMDAwMDAwMDAwLCJ1cGRhdGUiOjYwMDAwMDAwMDAwfX0=",
          "dependencies": [
            "lovi_subnet.team004"
          ]
        },
        {
          "index_key": 1,
          "schema_version": 0,
          "attributes": {
            "fixed_ip": "10.160.4.102",
            "id": "0d3697cc-5b57-44f2-8a60-89d465833291",
            "ip": "10.160.4.102",
            "subnet_id": "99d2b159-0f4f-4d9b-96fc-202815e5d920",
            "timeouts": null
          },
          "private": "eyJlMmJmYjczMC1lY2FhLTExZTYtOGY4OC0zNDM2M2JjN2M0YzAiOnsiY3JlYXRlIjo2MDAwMDAwMDAwMCwiZGVmYXVsdCI6NjAwMDAwMDAwMDAsImRlbGV0ZSI6NjAwMDAwMDAwMDAsInJlYWQiOjYwMDAwMDAwMDAwLCJ1cGRhdGUiOjYwMDAwMDAwMDAwfX0=",
          "dependencies": [
            "lovi_subnet.team004"
          ]
        },
        {
          "index_key": 2,
          "schema_version": 0,
          "attributes": {
            "fixed_ip": "10.160.4.103",
            "id": "bf769f15-1997-4a70-9aa2-991d344de8e5",
            "ip": "10.160.4.103",
            "subnet_id": "99d2b159-0f4f-4d9b-96fc-202815e5d920",
            "timeouts": null
          },
          "private": "eyJlMmJmYjczMC1lY2FhLTExZTYtOGY4OC0zNDM2M2JjN2M0YzAiOnsiY3JlYXRlIjo2MDAwMDAwMDAwMCwiZGVmYXVsdCI6NjAwMDAwMDAwMDAsImRlbGV0ZSI6NjAwMDAwMDAwMDAsInJlYWQiOjYwMDAwMDAwMDAwLCJ1cGRhdGUiOjYwMDAwMDAwMDAwfX0=",
          "dependencies": [
            "lovi_subnet.team004"
          ]
        }
      ]
    },
    {
      "mode": "managed",
      "type": "lovi_bridge",
      "name": "team004",
      "provider": "provider.lovi",
      "instances": [
        {
          "schema_version": 0,
          "attributes": {
            "id": "c010479a-ea82-41d1-916e-e80a57b4d0e0",
            "name": "team004",
            "timeouts": null,
            "vlan_id": 1004
          },
          "private": "eyJlMmJmYjczMC1lY2FhLTExZTYtOGY4OC0zNDM2M2JjN2M0YzAiOnsiY3JlYXRlIjo2MDAwMDAwMDAwMCwiZGVmYXVsdCI6NjAwMDAwMDAwMDAsImRlbGV0ZSI6NjAwMDAwMDAwMDAsInJlYWQiOjYwMDAwMDAwMDAwLCJ1cGRhdGUiOjYwMDAwMDAwMDAwfX0=",
          "dependencies": [
            "lovi_subnet.team004"
          ]
        }
      ]
    },
    {
      "mode": "managed",
      "type": "lovi_interface_attachment",
      "name": "bastion-team004",
      "provider": "provider.lovi",
      "instances": [
        {
          "schema_version": 0,
          "attributes": {
            "average": 125000,
            "bridge_id": "c010479a-ea82-41d1-916e-e80a57b4d0e0",
            "id": "75ab2fe0-0d05-45e2-8122-1fe9508fa618",
            "lease_id": "59adf7fd-987f-40c8-823a-6ef438657c2e",
            "name": "t004-ba",
            "timeouts": null,
            "virtual_machine_id": "e96c55b6-92d8-4601-936a-5f0ff7ffa810"
          },
          "private": "eyJlMmJmYjczMC1lY2FhLTExZTYtOGY4OC0zNDM2M2JjN2M0YzAiOnsiY3JlYXRlIjo2MDAwMDAwMDAwMCwiZGVmYXVsdCI6NjAwMDAwMDAwMDAsImRlbGV0ZSI6NjAwMDAwMDAwMDAsInJlYWQiOjYwMDAwMDAwMDAwLCJ1cGRhdGUiOjYwMDAwMDAwMDAwfX0=",
          "dependencies": [
            "lovi_address.bastion-team004",
            "lovi_bridge.team004",
            "lovi_lease.bastion-team004",
            "lovi_subnet.team004",
            "lovi_virtual_machine.bastion-team004",
            "lovi_virtual_machine.problem-team004"
          ]
        }
      ]
    },
    {
      "mode": "managed",
      "type": "lovi_interface_attachment",
      "name": "bench-team004",
      "provider": "provider.lovi",
      "instances": [
        {
          "schema_version": 0,
          "attributes": {
            "average": 12500,
            "bridge_id": "c010479a-ea82-41d1-916e-e80a57b4d0e0",
            "id": "c47cd138-a464-465d-8641-a096a7cd402d",
            "lease_id": "de688297-03f4-46ea-a9c9-fbb6693c150a",
            "name": "t004-be",
            "timeouts": null,
            "virtual_machine_id": "103b3c9c-4320-49e3-bcf6-4a61aa9154ec"
          },
          "private": "eyJlMmJmYjczMC1lY2FhLTExZTYtOGY4OC0zNDM2M2JjN2M0YzAiOnsiY3JlYXRlIjo2MDAwMDAwMDAwMCwiZGVmYXVsdCI6NjAwMDAwMDAwMDAsImRlbGV0ZSI6NjAwMDAwMDAwMDAsInJlYWQiOjYwMDAwMDAwMDAwLCJ1cGRhdGUiOjYwMDAwMDAwMDAwfX0=",
          "dependencies": [
            "lovi_address.bench-team004",
            "lovi_bridge.team004",
            "lovi_lease.bench-team004",
            "lovi_subnet.team004",
            "lovi_virtual_machine.bench-team004",
            "lovi_virtual_machine.problem-team004"
          ]
        }
      ]
    },
    {
      "mode": "managed",
      "type": "lovi_interface_attachment",
      "name": "problem-team004",
      "each": "list",
      "provider": "provider.lovi",
      "instances": [
        {
          "index_key": 0,
          "schema_version": 0,
          "attributes": {
            "average": 125000,
            "bridge_id": "c010479a-ea82-41d1-916e-e80a57b4d0e0",
            "id": "185ee097-4d8c-4571-98b7-6bc3e42adc46",
            "lease_id": "80c13ca2-22f2-4f35-bf66-e639cc1b6944",
            "name": "t004-001",
            "timeouts": null,
            "virtual_machine_id": "0560229e-94bc-4a39-8261-953d840a2220"
          },
          "private": "eyJlMmJmYjczMC1lY2FhLTExZTYtOGY4OC0zNDM2M2JjN2M0YzAiOnsiY3JlYXRlIjo2MDAwMDAwMDAwMCwiZGVmYXVsdCI6NjAwMDAwMDAwMDAsImRlbGV0ZSI6NjAwMDAwMDAwMDAsInJlYWQiOjYwMDAwMDAwMDAwLCJ1cGRhdGUiOjYwMDAwMDAwMDAwfX0=",
          "dependencies": [
            "lovi_address.problem-team004",
            "lovi_bridge.team004",
            "lovi_lease.problem-team004",
            "lovi_subnet.team004",
            "lovi_virtual_machine.problem-team004"
          ]
        },
        {
          "index_key": 1,
          "schema_version": 0,
          "attributes": {
            "average": 125000,
            "bridge_id": "c010479a-ea82-41d1-916e-e80a57b4d0e0",
            "id": "a39fb333-ae3e-49b0-a7aa-7241b2f16de3",
            "lease_id": "6780c50b-56f5-46cf-88a2-d4d065c11b62",
            "name": "t004-002",
            "timeouts": null,
            "virtual_machine_id": "ff76e2c5-c5cc-4f62-a4e6-6cd4e3f97d2e"
          },
          "private": "eyJlMmJmYjczMC1lY2FhLTExZTYtOGY4OC0zNDM2M2JjN2M0YzAiOnsiY3JlYXRlIjo2MDAwMDAwMDAwMCwiZGVmYXVsdCI6NjAwMDAwMDAwMDAsImRlbGV0ZSI6NjAwMDAwMDAwMDAsInJlYWQiOjYwMDAwMDAwMDAwLCJ1cGRhdGUiOjYwMDAwMDAwMDAwfX0=",
          "dependencies": [
            "lovi_address.problem-team004",
            "lovi_bridge.team004",
            "lovi_lease.problem-team004",
            "lovi_subnet.team004",
            "lovi_virtual_machine.problem-team004"
          ]
        },
        {
          "index_key": 2,
          "schema_version": 0,
          "attributes": {
            "average": 125000,
            "bridge_id": "c010479a-ea82-41d1-916e-e80a57b4d0e0",
            "id": "edbcf8e0-05ce-4bda-a461-352d1a9274de",
            "lease_id": "88507c5d-0871-446d-bbe6-8a1f5691d08a",
            "name": "t004-003",
            "timeouts": null,
            "virtual_machine_id": "50ea57d4-7dc0-47e2-9985-119a0b7f5b75"
          },
          "private": "eyJlMmJmYjczMC1lY2FhLTExZTYtOGY4OC0zNDM2M2JjN2M0YzAiOnsiY3JlYXRlIjo2MDAwMDAwMDAwMCwiZGVmYXVsdCI6NjAwMDAwMDAwMDAsImRlbGV0ZSI6NjAwMDAwMDAwMDAsInJlYWQiOjYwMDAwMDAwMDAwLCJ1cGRhdGUiOjYwMDAwMDAwMDAwfX0=",
          "dependencies": [
            "lovi_address.problem-team004",
            "lovi_bridge.team004",
            "lovi_lease.problem-team004",
            "lovi_subnet.team004",
            "lovi_virtual_machine.problem-team004"
          ]
        }
      ]
    },
    {
      "mode": "managed",
      "type": "lovi_internal_bridge",
      "name": "team004",
      "provider": "provider.lovi",
      "instances": [
        {
          "schema_version": 0,
          "attributes": {
            "id": "9efc8c18-aaff-413d-86a7-626dec9d95ef",
            "name": "team004-in",
            "timeouts": null
          },
          "private": "eyJlMmJmYjczMC1lY2FhLTExZTYtOGY4OC0zNDM2M2JjN2M0YzAiOnsiY3JlYXRlIjo2MDAwMDAwMDAwMCwiZGVmYXVsdCI6NjAwMDAwMDAwMDAsImRlbGV0ZSI6NjAwMDAwMDAwMDAsInJlYWQiOjYwMDAwMDAwMDAwLCJ1cGRhdGUiOjYwMDAwMDAwMDAwfX0="
        }
      ]
    },
    {
      "mode": "managed",
      "type": "lovi_lease",
      "name": "bastion-team004",
      "provider": "provider.lovi",
      "instances": [
        {
          "schema_version": 0,
          "attributes": {
            "address_id": "d2b6eef5-5137-4cee-86ed-4f1e04a566dc",
            "id": "59adf7fd-987f-40c8-823a-6ef438657c2e",
            "mac_address": "ca:03:18:2f:0a:20",
            "timeouts": null
          },
          "private": "eyJlMmJmYjczMC1lY2FhLTExZTYtOGY4OC0zNDM2M2JjN2M0YzAiOnsiY3JlYXRlIjo2MDAwMDAwMDAwMCwiZGVmYXVsdCI6NjAwMDAwMDAwMDAsImRlbGV0ZSI6NjAwMDAwMDAwMDAsInJlYWQiOjYwMDAwMDAwMDAwLCJ1cGRhdGUiOjYwMDAwMDAwMDAwfX0=",
          "dependencies": [
            "lovi_address.bastion-team004",
            "lovi_subnet.team004"
          ]
        }
      ]
    },
    {
      "mode": "managed",
      "type": "lovi_lease",
      "name": "bench-team004",
      "provider": "provider.lovi",
      "instances": [
        {
          "schema_version": 0,
          "attributes": {
            "address_id": "d3023b99-176d-455d-ad46-b8d0d1ac7a65",
            "id": "de688297-03f4-46ea-a9c9-fbb6693c150a",
            "mac_address": "ca:03:18:a6:2e:20",
            "timeouts": null
          },
          "private": "eyJlMmJmYjczMC1lY2FhLTExZTYtOGY4OC0zNDM2M2JjN2M0YzAiOnsiY3JlYXRlIjo2MDAwMDAwMDAwMCwiZGVmYXVsdCI6NjAwMDAwMDAwMDAsImRlbGV0ZSI6NjAwMDAwMDAwMDAsInJlYWQiOjYwMDAwMDAwMDAwLCJ1cGRhdGUiOjYwMDAwMDAwMDAwfX0=",
          "dependencies": [
            "lovi_address.bench-team004",
            "lovi_subnet.team004"
          ]
        }
      ]
    },
    {
      "mode": "managed",
      "type": "lovi_lease",
      "name": "problem-team004",
      "each": "list",
      "provider": "provider.lovi",
      "instances": [
        {
          "index_key": 0,
          "schema_version": 0,
          "attributes": {
            "address_id": "4104824a-e6d2-40e1-b2fb-f52018679e36",
            "id": "80c13ca2-22f2-4f35-bf66-e639cc1b6944",
            "mac_address": "ca:03:18:06:0e:b3",
            "timeouts": null
          },
          "private": "eyJlMmJmYjczMC1lY2FhLTExZTYtOGY4OC0zNDM2M2JjN2M0YzAiOnsiY3JlYXRlIjo2MDAwMDAwMDAwMCwiZGVmYXVsdCI6NjAwMDAwMDAwMDAsImRlbGV0ZSI6NjAwMDAwMDAwMDAsInJlYWQiOjYwMDAwMDAwMDAwLCJ1cGRhdGUiOjYwMDAwMDAwMDAwfX0=",
          "dependencies": [
            "lovi_address.problem-team004",
            "lovi_subnet.team004"
          ]
        },
        {
          "index_key": 1,
          "schema_version": 0,
          "attributes": {
            "address_id": "0d3697cc-5b57-44f2-8a60-89d465833291",
            "id": "6780c50b-56f5-46cf-88a2-d4d065c11b62",
            "mac_address": "ca:03:18:5b:3c:2d",
            "timeouts": null
          },
          "private": "eyJlMmJmYjczMC1lY2FhLTExZTYtOGY4OC0zNDM2M2JjN2M0YzAiOnsiY3JlYXRlIjo2MDAwMDAwMDAwMCwiZGVmYXVsdCI6NjAwMDAwMDAwMDAsImRlbGV0ZSI6NjAwMDAwMDAwMDAsInJlYWQiOjYwMDAwMDAwMDAwLCJ1cGRhdGUiOjYwMDAwMDAwMDAwfX0=",
          "dependencies": [
            "lovi_address.problem-team004",
            "lovi_subnet.team004"
          ]
        },
        {
          "index_key": 2,
          "schema_version": 0,
          "attributes": {
            "address_id": "bf769f15-1997-4a70-9aa2-991d344de8e5",
            "id": "88507c5d-0871-446d-bbe6-8a1f5691d08a",
            "mac_address": "ca:03:18:9f:95:f8",
            "timeouts": null
          },
          "private": "eyJlMmJmYjczMC1lY2FhLTExZTYtOGY4OC0zNDM2M2JjN2M0YzAiOnsiY3JlYXRlIjo2MDAwMDAwMDAwMCwiZGVmYXVsdCI6NjAwMDAwMDAwMDAsImRlbGV0ZSI6NjAwMDAwMDAwMDAsInJlYWQiOjYwMDAwMDAwMDAwLCJ1cGRhdGUiOjYwMDAwMDAwMDAwfX0=",
          "dependencies": [
            "lovi_address.problem-team004",
            "lovi_subnet.team004"
          ]
        }
      ]
    },
    {
      "mode": "managed",
      "type": "lovi_subnet",
      "name": "team004",
      "provider": "provider.lovi",
      "instances": [
        {
          "schema_version": 0,
          "attributes": {
            "dns_server": "8.8.8.8",
            "end": "10.160.4.200",
            "gateway": "10.160.4.254",
            "id": "99d2b159-0f4f-4d9b-96fc-202815e5d920",
            "metadata_server": "10.160.4.1",
            "name": "team004",
            "network": "10.160.4.0/24",
            "start": "10.160.4.100",
            "timeouts": null,
            "vlan_id": 1004
          },
          "private": "eyJlMmJmYjczMC1lY2FhLTExZTYtOGY4OC0zNDM2M2JjN2M0YzAiOnsiY3JlYXRlIjo2MDAwMDAwMDAwMCwiZGVmYXVsdCI6NjAwMDAwMDAwMDAsImRlbGV0ZSI6NjAwMDAwMDAwMDAsInJlYWQiOjYwMDAwMDAwMDAwLCJ1cGRhdGUiOjYwMDAwMDAwMDAwfX0="
        }
      ]
    },
    {
      "mode": "managed",
      "type": "lovi_virtual_machine",
      "name": "bastion-team004",
      "provider": "provider.lovi",
      "instances": [
        {
          "schema_version": 0,
          "attributes": {
            "hypervisor_name": "isuadm0002",
            "id": "e96c55b6-92d8-4601-936a-5f0ff7ffa810",
            "memory_kib": 2097152,
            "name": "team004-bastion",
            "read_bytes_sec": 0,
            "read_iops_sec": 0,
            "root_volume_gb": 10,
            "source_image_id": "bab847e2-b14f-4463-80ee-8cfb36392ea9",
            "vcpus": 1,
            "write_bytes_sec": 0,
            "write_iops_sec": 0
          },
          "private": "bnVsbA==",
          "dependencies": [
            "lovi_virtual_machine.problem-team004"
          ]
        }
      ]
    },
    {
      "mode": "managed",
      "type": "lovi_virtual_machine",
      "name": "bench-team004",
      "provider": "provider.lovi",
      "instances": [
        {
          "schema_version": 0,
          "attributes": {
            "hypervisor_name": "isucn0001",
            "id": "103b3c9c-4320-49e3-bcf6-4a61aa9154ec",
            "memory_kib": 16777216,
            "name": "team004-bench",
            "read_bytes_sec": 0,
            "read_iops_sec": 0,
            "root_volume_gb": 10,
            "source_image_id": "2247a5d9-0ecb-4788-b148-dfb3279c2156",
            "vcpus": 2,
            "write_bytes_sec": 0,
            "write_iops_sec": 0
          },
          "private": "bnVsbA==",
          "dependencies": [
            "lovi_virtual_machine.problem-team004"
          ]
        }
      ]
    },
    {
      "mode": "managed",
      "type": "lovi_virtual_machine",
      "name": "problem-team004",
      "each": "list",
      "provider": "provider.lovi",
      "instances": [
        {
          "index_key": 0,
          "schema_version": 0,
          "attributes": {
            "hypervisor_name": "isucn0001",
            "id": "0560229e-94bc-4a39-8261-953d840a2220",
            "memory_kib": 2097152,
            "name": "team004-001",
            "read_bytes_sec": 0,
            "read_iops_sec": 0,
            "root_volume_gb": 10,
            "source_image_id": "f099f816-424f-489a-93bd-738505cd3539",
            "vcpus": 1,
            "write_bytes_sec": 0,
            "write_iops_sec": 0
          },
          "private": "bnVsbA=="
        },
        {
          "index_key": 1,
          "schema_version": 0,
          "attributes": {
            "hypervisor_name": "isucn0001",
            "id": "ff76e2c5-c5cc-4f62-a4e6-6cd4e3f97d2e",
            "memory_kib": 2097152,
            "name": "team004-002",
            "read_bytes_sec": 0,
            "read_iops_sec": 0,
            "root_volume_gb": 10,
            "source_image_id": "f099f816-424f-489a-93bd-738505cd3539",
            "vcpus": 1,
            "write_bytes_sec": 0,
            "write_iops_sec": 0
          },
          "private": "bnVsbA=="
        },
        {
          "index_key": 2,
          "schema_version": 0,
          "attributes": {
            "hypervisor_name": "isucn0001",
            "id": "50ea57d4-7dc0-47e2-9985-119a0b7f5b75",
            "memory_kib": 2097152,
            "name": "team004-003",
            "read_bytes_sec": 0,
            "read_iops_sec": 0,
            "root_volume_gb": 10,
            "source_image_id": "f099f816-424f-489a-93bd-738505cd3539",
            "vcpus": 1,
            "write_bytes_sec": 0,
            "write_iops_sec": 0
          },
          "private": "bnVsbA=="
        }
      ]
    }
  ]
}
