{
  "version": 4,
  "terraform_version": "0.12.24",
  "serial": 50,
  "lineage": "932f0fbc-2915-c7c2-9116-30c8d25d3b4a",
  "outputs": {},
  "resources": [
    {
      "mode": "managed",
      "type": "lovi_address",
      "name": "bastion100-team001",
      "provider": "provider.lovi",
      "instances": [
        {
          "schema_version": 0,
          "attributes": {
            "fixed_ip": "10.160.1.100",
            "id": "953f105f-80be-4faf-a1a3-2a67031ba66e",
            "ip": "10.160.1.100",
            "subnet_id": "ba29a0a9-350e-449e-924c-76184d309bbf",
            "timeouts": null
          },
          "private": "eyJlMmJmYjczMC1lY2FhLTExZTYtOGY4OC0zNDM2M2JjN2M0YzAiOnsiY3JlYXRlIjo2MDAwMDAwMDAwMCwiZGVmYXVsdCI6NjAwMDAwMDAwMDAsImRlbGV0ZSI6NjAwMDAwMDAwMDAsInJlYWQiOjYwMDAwMDAwMDAwLCJ1cGRhdGUiOjYwMDAwMDAwMDAwfX0=",
          "dependencies": [
            "lovi_subnet.team001"
          ]
        }
      ]
    },
    {
      "mode": "managed",
      "type": "lovi_address",
      "name": "problem-team001",
      "each": "list",
      "provider": "provider.lovi",
      "instances": []
    },
    {
      "mode": "managed",
      "type": "lovi_bridge",
      "name": "team001",
      "provider": "provider.lovi",
      "instances": [
        {
          "schema_version": 0,
          "attributes": {
            "id": "1c37932f-e607-41b4-81fa-f1a19e30b45f",
            "name": "team001",
            "timeouts": null,
            "vlan_id": 1001
          },
          "private": "eyJlMmJmYjczMC1lY2FhLTExZTYtOGY4OC0zNDM2M2JjN2M0YzAiOnsiY3JlYXRlIjo2MDAwMDAwMDAwMCwiZGVmYXVsdCI6NjAwMDAwMDAwMDAsImRlbGV0ZSI6NjAwMDAwMDAwMDAsInJlYWQiOjYwMDAwMDAwMDAwLCJ1cGRhdGUiOjYwMDAwMDAwMDAwfX0=",
          "dependencies": [
            "lovi_subnet.team001"
          ]
        }
      ]
    },
    {
      "mode": "managed",
      "type": "lovi_cpu_pinning_group",
      "name": "team001",
      "provider": "provider.lovi",
      "instances": [
        {
          "schema_version": 0,
          "attributes": {
            "count_of_core": 4,
            "hypervisor_name": "isucn0001",
            "id": "ca090406-6f00-48c1-8d34-120befb6ce30",
            "name": "team001"
          },
          "private": "bnVsbA=="
        }
      ]
    },
    {
      "mode": "managed",
      "type": "lovi_interface_attachment",
      "name": "bastion100-team001",
      "provider": "provider.lovi",
      "instances": [
        {
          "schema_version": 0,
          "attributes": {
            "average": 125000,
            "bridge_id": "1c37932f-e607-41b4-81fa-f1a19e30b45f",
            "id": "eb5aa625-850e-4ded-8f3d-fee085e5a7e4",
            "lease_id": "22a35d13-32a0-44e7-a5c2-8db3b0ce8337",
            "name": "t001-ba100",
            "timeouts": null,
            "virtual_machine_id": "fb7390dc-4411-41c1-a3d5-7b338e3aa8c3"
          }
        }
      ]
    },
    {
      "mode": "managed",
      "type": "lovi_interface_attachment",
      "name": "problem-team001",
      "each": "list",
      "provider": "provider.lovi",
      "instances": []
    },
    {
      "mode": "managed",
      "type": "lovi_internal_bridge",
      "name": "team001",
      "provider": "provider.lovi",
      "instances": [
        {
          "schema_version": 0,
          "attributes": {
            "id": "c8976577-2c29-4714-bca9-603861562d5f",
            "name": "team001-in",
            "timeouts": null
          }
        }
      ]
    },
    {
      "mode": "managed",
      "type": "lovi_lease",
      "name": "bastion100-team001",
      "provider": "provider.lovi",
      "instances": [
        {
          "schema_version": 0,
          "attributes": {
            "address_id": "953f105f-80be-4faf-a1a3-2a67031ba66e",
            "id": "22a35d13-32a0-44e7-a5c2-8db3b0ce8337",
            "mac_address": "ca:03:18:df:33:31",
            "timeouts": null
          },
          "private": "eyJlMmJmYjczMC1lY2FhLTExZTYtOGY4OC0zNDM2M2JjN2M0YzAiOnsiY3JlYXRlIjo2MDAwMDAwMDAwMCwiZGVmYXVsdCI6NjAwMDAwMDAwMDAsImRlbGV0ZSI6NjAwMDAwMDAwMDAsInJlYWQiOjYwMDAwMDAwMDAwLCJ1cGRhdGUiOjYwMDAwMDAwMDAwfX0=",
          "dependencies": [
            "lovi_address.bastion100-team001",
            "lovi_subnet.team001"
          ]
        }
      ]
    },
    {
      "mode": "managed",
      "type": "lovi_lease",
      "name": "problem-team001",
      "each": "list",
      "provider": "provider.lovi",
      "instances": []
    },
    {
      "mode": "managed",
      "type": "lovi_subnet",
      "name": "team001",
      "provider": "provider.lovi",
      "instances": [
        {
          "schema_version": 0,
          "attributes": {
            "dns_server": "8.8.8.8",
            "end": "10.160.1.200",
            "gateway": "10.160.1.254",
            "id": "ba29a0a9-350e-449e-924c-76184d309bbf",
            "metadata_server": "10.160.1.1",
            "name": "team001",
            "network": "10.160.1.0/24",
            "start": "10.160.1.100",
            "timeouts": null,
            "vlan_id": 1001
          },
          "private": "eyJlMmJmYjczMC1lY2FhLTExZTYtOGY4OC0zNDM2M2JjN2M0YzAiOnsiY3JlYXRlIjo2MDAwMDAwMDAwMCwiZGVmYXVsdCI6NjAwMDAwMDAwMDAsImRlbGV0ZSI6NjAwMDAwMDAwMDAsInJlYWQiOjYwMDAwMDAwMDAwLCJ1cGRhdGUiOjYwMDAwMDAwMDAwfX0="
        }
      ]
    },
    {
      "mode": "managed",
      "type": "lovi_virtual_machine",
      "name": "bastion100-team001",
      "provider": "provider.lovi",
      "instances": [
        {
          "schema_version": 0,
          "attributes": {
            "cpu_pinning_group_name": "",
            "europa_backend_name": "dorado001",
            "hypervisor_name": "isuadm0002",
            "id": "fb7390dc-4411-41c1-a3d5-7b338e3aa8c3",
            "memory_kib": 2097152,
            "name": "team001-bastion100",
            "read_bytes_sec": 0,
            "read_iops_sec": 0,
            "root_volume_gb": 10,
            "source_image_id": "5138fee8-59a1-407a-bb84-2937d9705143",
            "vcpus": 1,
            "write_bytes_sec": 0,
            "write_iops_sec": 0
          },
          "private": "bnVsbA==",
          "dependencies": [
            "lovi_cpu_pinning_group.team001",
            "lovi_virtual_machine.problem-team001"
          ]
        }
      ]
    },
    {
      "mode": "managed",
      "type": "lovi_virtual_machine",
      "name": "problem-team001",
      "each": "list",
      "provider": "provider.lovi",
      "instances": [
        {
          "index_key": 0,
          "schema_version": 0,
          "attributes": {
            "cpu_pinning_group_name": "team001",
            "europa_backend_name": "dorado001",
            "hypervisor_name": "isucn0001",
            "id": "78b708f8-07c6-4986-bd2d-3fbea80f011c",
            "memory_kib": 2097152,
            "name": "team001-001",
            "read_bytes_sec": 100000000,
            "read_iops_sec": 200,
            "root_volume_gb": 10,
            "source_image_id": "1ab68dff-7d0d-40b5-abff-3ef0db2618b1",
            "vcpus": 1,
            "write_bytes_sec": 100000000,
            "write_iops_sec": 200
          },
          "private": "bnVsbA==",
          "dependencies": [
            "lovi_cpu_pinning_group.team001"
          ]
        },
        {
          "index_key": 1,
          "schema_version": 0,
          "attributes": {
            "cpu_pinning_group_name": "team001",
            "europa_backend_name": "dorado001",
            "hypervisor_name": "isucn0001",
            "id": "38ae7de9-8971-43b7-b162-3377adfe1718",
            "memory_kib": 2097152,
            "name": "team001-002",
            "read_bytes_sec": 100000000,
            "read_iops_sec": 200,
            "root_volume_gb": 10,
            "source_image_id": "1ab68dff-7d0d-40b5-abff-3ef0db2618b1",
            "vcpus": 1,
            "write_bytes_sec": 100000000,
            "write_iops_sec": 200
          },
          "private": "bnVsbA==",
          "dependencies": [
            "lovi_cpu_pinning_group.team001"
          ]
        },
        {
          "index_key": 2,
          "schema_version": 0,
          "attributes": {
            "cpu_pinning_group_name": "team001",
            "europa_backend_name": "dorado001",
            "hypervisor_name": "isucn0001",
            "id": "982f6566-de0c-426c-abf7-f8762567d22b",
            "memory_kib": 2097152,
            "name": "team001-003",
            "read_bytes_sec": 100000000,
            "read_iops_sec": 200,
            "root_volume_gb": 10,
            "source_image_id": "1ab68dff-7d0d-40b5-abff-3ef0db2618b1",
            "vcpus": 1,
            "write_bytes_sec": 100000000,
            "write_iops_sec": 200
          },
          "private": "bnVsbA==",
          "dependencies": [
            "lovi_cpu_pinning_group.team001"
          ]
        }
      ]
    }
  ]
}
