{
  "version": 4,
  "terraform_version": "0.12.24",
  "serial": 29,
  "lineage": "4e1e52b4-fefc-d580-fc57-9b90d302a461",
  "outputs": {},
  "resources": [
    {
      "mode": "managed",
      "type": "lovi_address",
      "name": "bastion100-team490",
      "provider": "provider.lovi",
      "instances": [
        {
          "schema_version": 0,
          "attributes": {
            "fixed_ip": "10.164.90.100",
            "id": "c2f0c2c8-6858-4b56-b7f8-16442e7a209e",
            "ip": "10.164.90.100",
            "subnet_id": "5c63ee02-47ac-4774-98c5-a5ed3af25755",
            "timeouts": null
          },
          "private": "eyJlMmJmYjczMC1lY2FhLTExZTYtOGY4OC0zNDM2M2JjN2M0YzAiOnsiY3JlYXRlIjo2MDAwMDAwMDAwMCwiZGVmYXVsdCI6NjAwMDAwMDAwMDAsImRlbGV0ZSI6NjAwMDAwMDAwMDAsInJlYWQiOjYwMDAwMDAwMDAwLCJ1cGRhdGUiOjYwMDAwMDAwMDAwfX0=",
          "dependencies": [
            "lovi_subnet.team490"
          ]
        }
      ]
    },
    {
      "mode": "managed",
      "type": "lovi_address",
      "name": "bastion200-team490",
      "provider": "provider.lovi",
      "instances": [
        {
          "schema_version": 0,
          "attributes": {
            "fixed_ip": "10.164.90.200",
            "id": "414992a2-8d89-4276-949d-00528dc80f90",
            "ip": "10.164.90.200",
            "subnet_id": "5c63ee02-47ac-4774-98c5-a5ed3af25755",
            "timeouts": null
          },
          "private": "eyJlMmJmYjczMC1lY2FhLTExZTYtOGY4OC0zNDM2M2JjN2M0YzAiOnsiY3JlYXRlIjo2MDAwMDAwMDAwMCwiZGVmYXVsdCI6NjAwMDAwMDAwMDAsImRlbGV0ZSI6NjAwMDAwMDAwMDAsInJlYWQiOjYwMDAwMDAwMDAwLCJ1cGRhdGUiOjYwMDAwMDAwMDAwfX0=",
          "dependencies": [
            "lovi_subnet.team490"
          ]
        }
      ]
    },
    {
      "mode": "managed",
      "type": "lovi_address",
      "name": "bench-team490",
      "provider": "provider.lovi",
      "instances": [
        {
          "schema_version": 0,
          "attributes": {
            "fixed_ip": "10.164.90.104",
            "id": "7bad65d4-bdc6-4ba9-ad42-7b4c2befcaf1",
            "ip": "10.164.90.104",
            "subnet_id": "5c63ee02-47ac-4774-98c5-a5ed3af25755",
            "timeouts": null
          },
          "private": "eyJlMmJmYjczMC1lY2FhLTExZTYtOGY4OC0zNDM2M2JjN2M0YzAiOnsiY3JlYXRlIjo2MDAwMDAwMDAwMCwiZGVmYXVsdCI6NjAwMDAwMDAwMDAsImRlbGV0ZSI6NjAwMDAwMDAwMDAsInJlYWQiOjYwMDAwMDAwMDAwLCJ1cGRhdGUiOjYwMDAwMDAwMDAwfX0=",
          "dependencies": [
            "lovi_subnet.team490"
          ]
        }
      ]
    },
    {
      "mode": "managed",
      "type": "lovi_address",
      "name": "problem-team490",
      "each": "list",
      "provider": "provider.lovi",
      "instances": [
        {
          "index_key": 0,
          "schema_version": 0,
          "attributes": {
            "fixed_ip": "10.164.90.101",
            "id": "19fa300b-2183-4e08-b1ba-2e4893a6afd0",
            "ip": "10.164.90.101",
            "subnet_id": "5c63ee02-47ac-4774-98c5-a5ed3af25755",
            "timeouts": null
          },
          "private": "eyJlMmJmYjczMC1lY2FhLTExZTYtOGY4OC0zNDM2M2JjN2M0YzAiOnsiY3JlYXRlIjo2MDAwMDAwMDAwMCwiZGVmYXVsdCI6NjAwMDAwMDAwMDAsImRlbGV0ZSI6NjAwMDAwMDAwMDAsInJlYWQiOjYwMDAwMDAwMDAwLCJ1cGRhdGUiOjYwMDAwMDAwMDAwfX0=",
          "dependencies": [
            "lovi_subnet.team490"
          ]
        },
        {
          "index_key": 1,
          "schema_version": 0,
          "attributes": {
            "fixed_ip": "10.164.90.102",
            "id": "6b2d1228-64da-44f9-a504-64f8eb29ff06",
            "ip": "10.164.90.102",
            "subnet_id": "5c63ee02-47ac-4774-98c5-a5ed3af25755",
            "timeouts": null
          },
          "private": "eyJlMmJmYjczMC1lY2FhLTExZTYtOGY4OC0zNDM2M2JjN2M0YzAiOnsiY3JlYXRlIjo2MDAwMDAwMDAwMCwiZGVmYXVsdCI6NjAwMDAwMDAwMDAsImRlbGV0ZSI6NjAwMDAwMDAwMDAsInJlYWQiOjYwMDAwMDAwMDAwLCJ1cGRhdGUiOjYwMDAwMDAwMDAwfX0=",
          "dependencies": [
            "lovi_subnet.team490"
          ]
        },
        {
          "index_key": 2,
          "schema_version": 0,
          "attributes": {
            "fixed_ip": "10.164.90.103",
            "id": "67588b78-b63b-4e4c-914a-4a9ebe170b29",
            "ip": "10.164.90.103",
            "subnet_id": "5c63ee02-47ac-4774-98c5-a5ed3af25755",
            "timeouts": null
          },
          "private": "eyJlMmJmYjczMC1lY2FhLTExZTYtOGY4OC0zNDM2M2JjN2M0YzAiOnsiY3JlYXRlIjo2MDAwMDAwMDAwMCwiZGVmYXVsdCI6NjAwMDAwMDAwMDAsImRlbGV0ZSI6NjAwMDAwMDAwMDAsInJlYWQiOjYwMDAwMDAwMDAwLCJ1cGRhdGUiOjYwMDAwMDAwMDAwfX0=",
          "dependencies": [
            "lovi_subnet.team490"
          ]
        }
      ]
    },
    {
      "mode": "managed",
      "type": "lovi_bridge",
      "name": "team490",
      "provider": "provider.lovi",
      "instances": [
        {
          "schema_version": 0,
          "attributes": {
            "id": "fbd7a8ab-c653-423d-b597-d6182a5dacfa",
            "name": "team490",
            "timeouts": null,
            "vlan_id": 1490
          },
          "private": "eyJlMmJmYjczMC1lY2FhLTExZTYtOGY4OC0zNDM2M2JjN2M0YzAiOnsiY3JlYXRlIjo2MDAwMDAwMDAwMCwiZGVmYXVsdCI6NjAwMDAwMDAwMDAsImRlbGV0ZSI6NjAwMDAwMDAwMDAsInJlYWQiOjYwMDAwMDAwMDAwLCJ1cGRhdGUiOjYwMDAwMDAwMDAwfX0=",
          "dependencies": [
            "lovi_subnet.team490"
          ]
        }
      ]
    },
    {
      "mode": "managed",
      "type": "lovi_cpu_pinning_group",
      "name": "team490",
      "provider": "provider.lovi",
      "instances": [
        {
          "schema_version": 0,
          "attributes": {
            "count_of_core": 4,
            "hypervisor_name": "isucn0022",
            "id": "436fa9bf-f18a-4206-b9f8-827524733cbe",
            "name": "team490"
          },
          "private": "bnVsbA=="
        }
      ]
    },
    {
      "mode": "managed",
      "type": "lovi_interface_attachment",
      "name": "bastion100-team490",
      "provider": "provider.lovi",
      "instances": [
        {
          "schema_version": 0,
          "attributes": {
            "average": 125000,
            "bridge_id": "fbd7a8ab-c653-423d-b597-d6182a5dacfa",
            "id": "a0f4a1ee-c2d3-4c83-a217-917e37b9e294",
            "lease_id": "38462c04-1404-4cae-aaec-b56befcf3ba3",
            "name": "t490-ba100",
            "timeouts": null,
            "virtual_machine_id": "cab6f863-27d9-4742-85b8-4330687ea3b5"
          },
          "private": "eyJlMmJmYjczMC1lY2FhLTExZTYtOGY4OC0zNDM2M2JjN2M0YzAiOnsiY3JlYXRlIjo2MDAwMDAwMDAwMCwiZGVmYXVsdCI6NjAwMDAwMDAwMDAsImRlbGV0ZSI6NjAwMDAwMDAwMDAsInJlYWQiOjYwMDAwMDAwMDAwLCJ1cGRhdGUiOjYwMDAwMDAwMDAwfX0=",
          "dependencies": [
            "lovi_address.bastion100-team490",
            "lovi_bridge.team490",
            "lovi_cpu_pinning_group.team490",
            "lovi_lease.bastion100-team490",
            "lovi_subnet.team490",
            "lovi_virtual_machine.bastion100-team490",
            "lovi_virtual_machine.problem-team490"
          ]
        }
      ]
    },
    {
      "mode": "managed",
      "type": "lovi_interface_attachment",
      "name": "bastion200-team490",
      "provider": "provider.lovi",
      "instances": [
        {
          "schema_version": 0,
          "attributes": {
            "average": 125000,
            "bridge_id": "fbd7a8ab-c653-423d-b597-d6182a5dacfa",
            "id": "7baa74f2-6253-4881-bfb8-43ed5ce6ecff",
            "lease_id": "a77164c9-bbbc-4e1d-af8f-412b51bb9ed5",
            "name": "t490-ba200",
            "timeouts": null,
            "virtual_machine_id": "dc26d657-c690-4764-9796-316347a4b361"
          },
          "private": "eyJlMmJmYjczMC1lY2FhLTExZTYtOGY4OC0zNDM2M2JjN2M0YzAiOnsiY3JlYXRlIjo2MDAwMDAwMDAwMCwiZGVmYXVsdCI6NjAwMDAwMDAwMDAsImRlbGV0ZSI6NjAwMDAwMDAwMDAsInJlYWQiOjYwMDAwMDAwMDAwLCJ1cGRhdGUiOjYwMDAwMDAwMDAwfX0=",
          "dependencies": [
            "lovi_address.bastion200-team490",
            "lovi_bridge.team490",
            "lovi_cpu_pinning_group.team490",
            "lovi_lease.bastion200-team490",
            "lovi_subnet.team490",
            "lovi_virtual_machine.bastion200-team490",
            "lovi_virtual_machine.problem-team490"
          ]
        }
      ]
    },
    {
      "mode": "managed",
      "type": "lovi_interface_attachment",
      "name": "bench-team490",
      "provider": "provider.lovi",
      "instances": [
        {
          "schema_version": 0,
          "attributes": {
            "average": 12500,
            "bridge_id": "fbd7a8ab-c653-423d-b597-d6182a5dacfa",
            "id": "61679058-ecd1-4507-be58-896342b41b53",
            "lease_id": "9508f4d4-a46e-4475-a0aa-5d8f0284b678",
            "name": "t490-be",
            "timeouts": null,
            "virtual_machine_id": "ddf22cea-b976-4797-bf36-e2565f6802a3"
          },
          "private": "eyJlMmJmYjczMC1lY2FhLTExZTYtOGY4OC0zNDM2M2JjN2M0YzAiOnsiY3JlYXRlIjo2MDAwMDAwMDAwMCwiZGVmYXVsdCI6NjAwMDAwMDAwMDAsImRlbGV0ZSI6NjAwMDAwMDAwMDAsInJlYWQiOjYwMDAwMDAwMDAwLCJ1cGRhdGUiOjYwMDAwMDAwMDAwfX0=",
          "dependencies": [
            "lovi_address.bench-team490",
            "lovi_bridge.team490",
            "lovi_cpu_pinning_group.team490",
            "lovi_lease.bench-team490",
            "lovi_subnet.team490",
            "lovi_virtual_machine.bench-team490",
            "lovi_virtual_machine.problem-team490"
          ]
        }
      ]
    },
    {
      "mode": "managed",
      "type": "lovi_interface_attachment",
      "name": "problem-team490",
      "each": "list",
      "provider": "provider.lovi",
      "instances": [
        {
          "index_key": 0,
          "schema_version": 0,
          "attributes": {
            "average": 125000,
            "bridge_id": "fbd7a8ab-c653-423d-b597-d6182a5dacfa",
            "id": "0305442a-b096-4e4b-83f4-5a3671e22840",
            "lease_id": "c072856e-38e3-4359-b986-b1ea09823314",
            "name": "t490-001",
            "timeouts": null,
            "virtual_machine_id": "21c8d0c1-d405-43db-aacd-2cf14bc12a7b"
          },
          "private": "eyJlMmJmYjczMC1lY2FhLTExZTYtOGY4OC0zNDM2M2JjN2M0YzAiOnsiY3JlYXRlIjo2MDAwMDAwMDAwMCwiZGVmYXVsdCI6NjAwMDAwMDAwMDAsImRlbGV0ZSI6NjAwMDAwMDAwMDAsInJlYWQiOjYwMDAwMDAwMDAwLCJ1cGRhdGUiOjYwMDAwMDAwMDAwfX0=",
          "dependencies": [
            "lovi_address.problem-team490",
            "lovi_bridge.team490",
            "lovi_cpu_pinning_group.team490",
            "lovi_lease.problem-team490",
            "lovi_subnet.team490",
            "lovi_virtual_machine.problem-team490"
          ]
        },
        {
          "index_key": 1,
          "schema_version": 0,
          "attributes": {
            "average": 125000,
            "bridge_id": "fbd7a8ab-c653-423d-b597-d6182a5dacfa",
            "id": "629aab01-e0b0-41c5-9b09-38943fc1bd27",
            "lease_id": "647ffa87-2342-4b07-bf52-6fe893ddc78d",
            "name": "t490-002",
            "timeouts": null,
            "virtual_machine_id": "f333135a-4603-4e21-831e-fbc5a609f3f2"
          },
          "private": "eyJlMmJmYjczMC1lY2FhLTExZTYtOGY4OC0zNDM2M2JjN2M0YzAiOnsiY3JlYXRlIjo2MDAwMDAwMDAwMCwiZGVmYXVsdCI6NjAwMDAwMDAwMDAsImRlbGV0ZSI6NjAwMDAwMDAwMDAsInJlYWQiOjYwMDAwMDAwMDAwLCJ1cGRhdGUiOjYwMDAwMDAwMDAwfX0=",
          "dependencies": [
            "lovi_address.problem-team490",
            "lovi_bridge.team490",
            "lovi_cpu_pinning_group.team490",
            "lovi_lease.problem-team490",
            "lovi_subnet.team490",
            "lovi_virtual_machine.problem-team490"
          ]
        },
        {
          "index_key": 2,
          "schema_version": 0,
          "attributes": {
            "average": 125000,
            "bridge_id": "fbd7a8ab-c653-423d-b597-d6182a5dacfa",
            "id": "129a7241-c2dc-4a7f-82b5-d296bca86280",
            "lease_id": "e18c0818-6fdd-4941-87ce-b06ed9e0a335",
            "name": "t490-003",
            "timeouts": null,
            "virtual_machine_id": "8e971fb0-8f7e-42dd-993f-a6b7353363d5"
          },
          "private": "eyJlMmJmYjczMC1lY2FhLTExZTYtOGY4OC0zNDM2M2JjN2M0YzAiOnsiY3JlYXRlIjo2MDAwMDAwMDAwMCwiZGVmYXVsdCI6NjAwMDAwMDAwMDAsImRlbGV0ZSI6NjAwMDAwMDAwMDAsInJlYWQiOjYwMDAwMDAwMDAwLCJ1cGRhdGUiOjYwMDAwMDAwMDAwfX0=",
          "dependencies": [
            "lovi_address.problem-team490",
            "lovi_bridge.team490",
            "lovi_cpu_pinning_group.team490",
            "lovi_lease.problem-team490",
            "lovi_subnet.team490",
            "lovi_virtual_machine.problem-team490"
          ]
        }
      ]
    },
    {
      "mode": "managed",
      "type": "lovi_internal_bridge",
      "name": "team490",
      "provider": "provider.lovi",
      "instances": [
        {
          "schema_version": 0,
          "attributes": {
            "id": "4f45ff57-fdd1-4609-a1b4-0240cf73b20e",
            "name": "team490-in",
            "timeouts": null
          },
          "private": "eyJlMmJmYjczMC1lY2FhLTExZTYtOGY4OC0zNDM2M2JjN2M0YzAiOnsiY3JlYXRlIjo2MDAwMDAwMDAwMCwiZGVmYXVsdCI6NjAwMDAwMDAwMDAsImRlbGV0ZSI6NjAwMDAwMDAwMDAsInJlYWQiOjYwMDAwMDAwMDAwLCJ1cGRhdGUiOjYwMDAwMDAwMDAwfX0="
        }
      ]
    },
    {
      "mode": "managed",
      "type": "lovi_lease",
      "name": "bastion100-team490",
      "provider": "provider.lovi",
      "instances": [
        {
          "schema_version": 0,
          "attributes": {
            "address_id": "c2f0c2c8-6858-4b56-b7f8-16442e7a209e",
            "id": "38462c04-1404-4cae-aaec-b56befcf3ba3",
            "mac_address": "ca:03:18:5b:09:69",
            "timeouts": null
          },
          "private": "eyJlMmJmYjczMC1lY2FhLTExZTYtOGY4OC0zNDM2M2JjN2M0YzAiOnsiY3JlYXRlIjo2MDAwMDAwMDAwMCwiZGVmYXVsdCI6NjAwMDAwMDAwMDAsImRlbGV0ZSI6NjAwMDAwMDAwMDAsInJlYWQiOjYwMDAwMDAwMDAwLCJ1cGRhdGUiOjYwMDAwMDAwMDAwfX0=",
          "dependencies": [
            "lovi_address.bastion100-team490",
            "lovi_subnet.team490"
          ]
        }
      ]
    },
    {
      "mode": "managed",
      "type": "lovi_lease",
      "name": "bastion200-team490",
      "provider": "provider.lovi",
      "instances": [
        {
          "schema_version": 0,
          "attributes": {
            "address_id": "414992a2-8d89-4276-949d-00528dc80f90",
            "id": "a77164c9-bbbc-4e1d-af8f-412b51bb9ed5",
            "mac_address": "ca:03:18:0f:e0:b7",
            "timeouts": null
          },
          "private": "eyJlMmJmYjczMC1lY2FhLTExZTYtOGY4OC0zNDM2M2JjN2M0YzAiOnsiY3JlYXRlIjo2MDAwMDAwMDAwMCwiZGVmYXVsdCI6NjAwMDAwMDAwMDAsImRlbGV0ZSI6NjAwMDAwMDAwMDAsInJlYWQiOjYwMDAwMDAwMDAwLCJ1cGRhdGUiOjYwMDAwMDAwMDAwfX0=",
          "dependencies": [
            "lovi_address.bastion200-team490",
            "lovi_subnet.team490"
          ]
        }
      ]
    },
    {
      "mode": "managed",
      "type": "lovi_lease",
      "name": "bench-team490",
      "provider": "provider.lovi",
      "instances": [
        {
          "schema_version": 0,
          "attributes": {
            "address_id": "7bad65d4-bdc6-4ba9-ad42-7b4c2befcaf1",
            "id": "9508f4d4-a46e-4475-a0aa-5d8f0284b678",
            "mac_address": "ca:03:18:76:bb:b7",
            "timeouts": null
          },
          "private": "eyJlMmJmYjczMC1lY2FhLTExZTYtOGY4OC0zNDM2M2JjN2M0YzAiOnsiY3JlYXRlIjo2MDAwMDAwMDAwMCwiZGVmYXVsdCI6NjAwMDAwMDAwMDAsImRlbGV0ZSI6NjAwMDAwMDAwMDAsInJlYWQiOjYwMDAwMDAwMDAwLCJ1cGRhdGUiOjYwMDAwMDAwMDAwfX0=",
          "dependencies": [
            "lovi_address.bench-team490",
            "lovi_subnet.team490"
          ]
        }
      ]
    },
    {
      "mode": "managed",
      "type": "lovi_lease",
      "name": "problem-team490",
      "each": "list",
      "provider": "provider.lovi",
      "instances": [
        {
          "index_key": 0,
          "schema_version": 0,
          "attributes": {
            "address_id": "19fa300b-2183-4e08-b1ba-2e4893a6afd0",
            "id": "c072856e-38e3-4359-b986-b1ea09823314",
            "mac_address": "ca:03:18:6f:40:d1",
            "timeouts": null
          },
          "private": "eyJlMmJmYjczMC1lY2FhLTExZTYtOGY4OC0zNDM2M2JjN2M0YzAiOnsiY3JlYXRlIjo2MDAwMDAwMDAwMCwiZGVmYXVsdCI6NjAwMDAwMDAwMDAsImRlbGV0ZSI6NjAwMDAwMDAwMDAsInJlYWQiOjYwMDAwMDAwMDAwLCJ1cGRhdGUiOjYwMDAwMDAwMDAwfX0=",
          "dependencies": [
            "lovi_address.problem-team490",
            "lovi_subnet.team490"
          ]
        },
        {
          "index_key": 1,
          "schema_version": 0,
          "attributes": {
            "address_id": "6b2d1228-64da-44f9-a504-64f8eb29ff06",
            "id": "647ffa87-2342-4b07-bf52-6fe893ddc78d",
            "mac_address": "ca:03:18:eb:09:5b",
            "timeouts": null
          },
          "private": "eyJlMmJmYjczMC1lY2FhLTExZTYtOGY4OC0zNDM2M2JjN2M0YzAiOnsiY3JlYXRlIjo2MDAwMDAwMDAwMCwiZGVmYXVsdCI6NjAwMDAwMDAwMDAsImRlbGV0ZSI6NjAwMDAwMDAwMDAsInJlYWQiOjYwMDAwMDAwMDAwLCJ1cGRhdGUiOjYwMDAwMDAwMDAwfX0=",
          "dependencies": [
            "lovi_address.problem-team490",
            "lovi_subnet.team490"
          ]
        },
        {
          "index_key": 2,
          "schema_version": 0,
          "attributes": {
            "address_id": "67588b78-b63b-4e4c-914a-4a9ebe170b29",
            "id": "e18c0818-6fdd-4941-87ce-b06ed9e0a335",
            "mac_address": "ca:03:18:f1:f6:de",
            "timeouts": null
          },
          "private": "eyJlMmJmYjczMC1lY2FhLTExZTYtOGY4OC0zNDM2M2JjN2M0YzAiOnsiY3JlYXRlIjo2MDAwMDAwMDAwMCwiZGVmYXVsdCI6NjAwMDAwMDAwMDAsImRlbGV0ZSI6NjAwMDAwMDAwMDAsInJlYWQiOjYwMDAwMDAwMDAwLCJ1cGRhdGUiOjYwMDAwMDAwMDAwfX0=",
          "dependencies": [
            "lovi_address.problem-team490",
            "lovi_subnet.team490"
          ]
        }
      ]
    },
    {
      "mode": "managed",
      "type": "lovi_subnet",
      "name": "team490",
      "provider": "provider.lovi",
      "instances": [
        {
          "schema_version": 0,
          "attributes": {
            "dns_server": "8.8.8.8",
            "end": "10.164.90.200",
            "gateway": "10.164.90.254",
            "id": "5c63ee02-47ac-4774-98c5-a5ed3af25755",
            "metadata_server": "10.164.90.1",
            "name": "team490",
            "network": "10.164.90.0/24",
            "start": "10.164.90.100",
            "timeouts": null,
            "vlan_id": 1490
          },
          "private": "eyJlMmJmYjczMC1lY2FhLTExZTYtOGY4OC0zNDM2M2JjN2M0YzAiOnsiY3JlYXRlIjo2MDAwMDAwMDAwMCwiZGVmYXVsdCI6NjAwMDAwMDAwMDAsImRlbGV0ZSI6NjAwMDAwMDAwMDAsInJlYWQiOjYwMDAwMDAwMDAwLCJ1cGRhdGUiOjYwMDAwMDAwMDAwfX0="
        }
      ]
    },
    {
      "mode": "managed",
      "type": "lovi_virtual_machine",
      "name": "bastion100-team490",
      "provider": "provider.lovi",
      "instances": [
        {
          "schema_version": 0,
          "attributes": {
            "cpu_pinning_group_name": "",
            "europa_backend_name": "dorado002",
            "hypervisor_name": "isuadm0002",
            "id": "cab6f863-27d9-4742-85b8-4330687ea3b5",
            "memory_kib": 2097152,
            "name": "team490-bastion100",
            "read_bytes_sec": 0,
            "read_iops_sec": 0,
            "root_volume_gb": 10,
            "source_image_id": "c453a2ef-9865-4b14-bff2-0a78416ebea5",
            "vcpus": 1,
            "write_bytes_sec": 0,
            "write_iops_sec": 0
          },
          "private": "bnVsbA==",
          "dependencies": [
            "lovi_cpu_pinning_group.team490",
            "lovi_virtual_machine.problem-team490"
          ]
        }
      ]
    },
    {
      "mode": "managed",
      "type": "lovi_virtual_machine",
      "name": "bastion200-team490",
      "provider": "provider.lovi",
      "instances": [
        {
          "schema_version": 0,
          "attributes": {
            "cpu_pinning_group_name": "",
            "europa_backend_name": "dorado002",
            "hypervisor_name": "isuadm0006",
            "id": "dc26d657-c690-4764-9796-316347a4b361",
            "memory_kib": 2097152,
            "name": "team490-bastion200",
            "read_bytes_sec": 0,
            "read_iops_sec": 0,
            "root_volume_gb": 10,
            "source_image_id": "c453a2ef-9865-4b14-bff2-0a78416ebea5",
            "vcpus": 1,
            "write_bytes_sec": 0,
            "write_iops_sec": 0
          },
          "private": "bnVsbA==",
          "dependencies": [
            "lovi_cpu_pinning_group.team490",
            "lovi_virtual_machine.problem-team490"
          ]
        }
      ]
    },
    {
      "mode": "managed",
      "type": "lovi_virtual_machine",
      "name": "bench-team490",
      "provider": "provider.lovi",
      "instances": [
        {
          "schema_version": 0,
          "attributes": {
            "cpu_pinning_group_name": "team490",
            "europa_backend_name": "dorado002",
            "hypervisor_name": "isucn0022",
            "id": "ddf22cea-b976-4797-bf36-e2565f6802a3",
            "memory_kib": 16777216,
            "name": "team490-bench",
            "read_bytes_sec": 100000000,
            "read_iops_sec": 200,
            "root_volume_gb": 10,
            "source_image_id": "8dea495b-373e-49ca-9b79-caa63e842c7f",
            "vcpus": 1,
            "write_bytes_sec": 100000000,
            "write_iops_sec": 200
          },
          "private": "bnVsbA==",
          "dependencies": [
            "lovi_cpu_pinning_group.team490",
            "lovi_virtual_machine.problem-team490"
          ]
        }
      ]
    },
    {
      "mode": "managed",
      "type": "lovi_virtual_machine",
      "name": "problem-team490",
      "each": "list",
      "provider": "provider.lovi",
      "instances": [
        {
          "index_key": 0,
          "schema_version": 0,
          "attributes": {
            "cpu_pinning_group_name": "team490",
            "europa_backend_name": "dorado002",
            "hypervisor_name": "isucn0022",
            "id": "21c8d0c1-d405-43db-aacd-2cf14bc12a7b",
            "memory_kib": 2097152,
            "name": "team490-001",
            "read_bytes_sec": 100000000,
            "read_iops_sec": 200,
            "root_volume_gb": 10,
            "source_image_id": "23e33fcd-1951-4185-ba47-0a6fb1dcf50e",
            "vcpus": 1,
            "write_bytes_sec": 100000000,
            "write_iops_sec": 200
          },
          "private": "bnVsbA==",
          "dependencies": [
            "lovi_cpu_pinning_group.team490"
          ]
        },
        {
          "index_key": 1,
          "schema_version": 0,
          "attributes": {
            "cpu_pinning_group_name": "team490",
            "europa_backend_name": "dorado002",
            "hypervisor_name": "isucn0022",
            "id": "f333135a-4603-4e21-831e-fbc5a609f3f2",
            "memory_kib": 2097152,
            "name": "team490-002",
            "read_bytes_sec": 100000000,
            "read_iops_sec": 200,
            "root_volume_gb": 10,
            "source_image_id": "23e33fcd-1951-4185-ba47-0a6fb1dcf50e",
            "vcpus": 1,
            "write_bytes_sec": 100000000,
            "write_iops_sec": 200
          },
          "private": "bnVsbA==",
          "dependencies": [
            "lovi_cpu_pinning_group.team490"
          ]
        },
        {
          "index_key": 2,
          "schema_version": 0,
          "attributes": {
            "cpu_pinning_group_name": "team490",
            "europa_backend_name": "dorado002",
            "hypervisor_name": "isucn0022",
            "id": "8e971fb0-8f7e-42dd-993f-a6b7353363d5",
            "memory_kib": 2097152,
            "name": "team490-003",
            "read_bytes_sec": 100000000,
            "read_iops_sec": 200,
            "root_volume_gb": 10,
            "source_image_id": "23e33fcd-1951-4185-ba47-0a6fb1dcf50e",
            "vcpus": 1,
            "write_bytes_sec": 100000000,
            "write_iops_sec": 200
          },
          "private": "bnVsbA==",
          "dependencies": [
            "lovi_cpu_pinning_group.team490"
          ]
        }
      ]
    }
  ]
}
