{
  "version": 4,
  "terraform_version": "0.12.24",
  "serial": 29,
  "lineage": "d0c6021b-dff4-386a-0aaf-f69b04ec88f6",
  "outputs": {},
  "resources": [
    {
      "mode": "managed",
      "type": "lovi_address",
      "name": "bastion100-team119",
      "provider": "provider.lovi",
      "instances": [
        {
          "schema_version": 0,
          "attributes": {
            "fixed_ip": "10.161.19.100",
            "id": "3971b1c5-605e-4892-a825-d22480eccd8d",
            "ip": "10.161.19.100",
            "subnet_id": "1e087562-782a-4c54-b6de-c60be1d1cff0",
            "timeouts": null
          },
          "private": "eyJlMmJmYjczMC1lY2FhLTExZTYtOGY4OC0zNDM2M2JjN2M0YzAiOnsiY3JlYXRlIjo2MDAwMDAwMDAwMCwiZGVmYXVsdCI6NjAwMDAwMDAwMDAsImRlbGV0ZSI6NjAwMDAwMDAwMDAsInJlYWQiOjYwMDAwMDAwMDAwLCJ1cGRhdGUiOjYwMDAwMDAwMDAwfX0=",
          "dependencies": [
            "lovi_subnet.team119"
          ]
        }
      ]
    },
    {
      "mode": "managed",
      "type": "lovi_address",
      "name": "bastion200-team119",
      "provider": "provider.lovi",
      "instances": [
        {
          "schema_version": 0,
          "attributes": {
            "fixed_ip": "10.161.19.200",
            "id": "f7f3d80e-4e70-4129-a997-fac95902569b",
            "ip": "10.161.19.200",
            "subnet_id": "1e087562-782a-4c54-b6de-c60be1d1cff0",
            "timeouts": null
          },
          "private": "eyJlMmJmYjczMC1lY2FhLTExZTYtOGY4OC0zNDM2M2JjN2M0YzAiOnsiY3JlYXRlIjo2MDAwMDAwMDAwMCwiZGVmYXVsdCI6NjAwMDAwMDAwMDAsImRlbGV0ZSI6NjAwMDAwMDAwMDAsInJlYWQiOjYwMDAwMDAwMDAwLCJ1cGRhdGUiOjYwMDAwMDAwMDAwfX0=",
          "dependencies": [
            "lovi_subnet.team119"
          ]
        }
      ]
    },
    {
      "mode": "managed",
      "type": "lovi_address",
      "name": "bench-team119",
      "provider": "provider.lovi",
      "instances": [
        {
          "schema_version": 0,
          "attributes": {
            "fixed_ip": "10.161.19.104",
            "id": "9f76c377-6e23-4d2c-a7b6-c275ac24c8f0",
            "ip": "10.161.19.104",
            "subnet_id": "1e087562-782a-4c54-b6de-c60be1d1cff0",
            "timeouts": null
          },
          "private": "eyJlMmJmYjczMC1lY2FhLTExZTYtOGY4OC0zNDM2M2JjN2M0YzAiOnsiY3JlYXRlIjo2MDAwMDAwMDAwMCwiZGVmYXVsdCI6NjAwMDAwMDAwMDAsImRlbGV0ZSI6NjAwMDAwMDAwMDAsInJlYWQiOjYwMDAwMDAwMDAwLCJ1cGRhdGUiOjYwMDAwMDAwMDAwfX0=",
          "dependencies": [
            "lovi_subnet.team119"
          ]
        }
      ]
    },
    {
      "mode": "managed",
      "type": "lovi_address",
      "name": "problem-team119",
      "each": "list",
      "provider": "provider.lovi",
      "instances": [
        {
          "index_key": 0,
          "schema_version": 0,
          "attributes": {
            "fixed_ip": "10.161.19.101",
            "id": "54bd0014-2dc8-4ecd-9b5e-aa51581dac5d",
            "ip": "10.161.19.101",
            "subnet_id": "1e087562-782a-4c54-b6de-c60be1d1cff0",
            "timeouts": null
          },
          "private": "eyJlMmJmYjczMC1lY2FhLTExZTYtOGY4OC0zNDM2M2JjN2M0YzAiOnsiY3JlYXRlIjo2MDAwMDAwMDAwMCwiZGVmYXVsdCI6NjAwMDAwMDAwMDAsImRlbGV0ZSI6NjAwMDAwMDAwMDAsInJlYWQiOjYwMDAwMDAwMDAwLCJ1cGRhdGUiOjYwMDAwMDAwMDAwfX0=",
          "dependencies": [
            "lovi_subnet.team119"
          ]
        },
        {
          "index_key": 1,
          "schema_version": 0,
          "attributes": {
            "fixed_ip": "10.161.19.102",
            "id": "23bc78a8-51cf-456a-8fd1-64c939d4af33",
            "ip": "10.161.19.102",
            "subnet_id": "1e087562-782a-4c54-b6de-c60be1d1cff0",
            "timeouts": null
          },
          "private": "eyJlMmJmYjczMC1lY2FhLTExZTYtOGY4OC0zNDM2M2JjN2M0YzAiOnsiY3JlYXRlIjo2MDAwMDAwMDAwMCwiZGVmYXVsdCI6NjAwMDAwMDAwMDAsImRlbGV0ZSI6NjAwMDAwMDAwMDAsInJlYWQiOjYwMDAwMDAwMDAwLCJ1cGRhdGUiOjYwMDAwMDAwMDAwfX0=",
          "dependencies": [
            "lovi_subnet.team119"
          ]
        },
        {
          "index_key": 2,
          "schema_version": 0,
          "attributes": {
            "fixed_ip": "10.161.19.103",
            "id": "5f63a1a8-dba3-4ab3-ad0d-17b7cbf48eb8",
            "ip": "10.161.19.103",
            "subnet_id": "1e087562-782a-4c54-b6de-c60be1d1cff0",
            "timeouts": null
          },
          "private": "eyJlMmJmYjczMC1lY2FhLTExZTYtOGY4OC0zNDM2M2JjN2M0YzAiOnsiY3JlYXRlIjo2MDAwMDAwMDAwMCwiZGVmYXVsdCI6NjAwMDAwMDAwMDAsImRlbGV0ZSI6NjAwMDAwMDAwMDAsInJlYWQiOjYwMDAwMDAwMDAwLCJ1cGRhdGUiOjYwMDAwMDAwMDAwfX0=",
          "dependencies": [
            "lovi_subnet.team119"
          ]
        }
      ]
    },
    {
      "mode": "managed",
      "type": "lovi_bridge",
      "name": "team119",
      "provider": "provider.lovi",
      "instances": [
        {
          "schema_version": 0,
          "attributes": {
            "id": "3e40446c-c370-4ca8-9e00-f85b61c0aa7c",
            "name": "team119",
            "timeouts": null,
            "vlan_id": 1119
          },
          "private": "eyJlMmJmYjczMC1lY2FhLTExZTYtOGY4OC0zNDM2M2JjN2M0YzAiOnsiY3JlYXRlIjo2MDAwMDAwMDAwMCwiZGVmYXVsdCI6NjAwMDAwMDAwMDAsImRlbGV0ZSI6NjAwMDAwMDAwMDAsInJlYWQiOjYwMDAwMDAwMDAwLCJ1cGRhdGUiOjYwMDAwMDAwMDAwfX0=",
          "dependencies": [
            "lovi_subnet.team119"
          ]
        }
      ]
    },
    {
      "mode": "managed",
      "type": "lovi_cpu_pinning_group",
      "name": "team119",
      "provider": "provider.lovi",
      "instances": [
        {
          "schema_version": 0,
          "attributes": {
            "count_of_core": 4,
            "hypervisor_name": "isucn0006",
            "id": "2f05d551-d762-4edc-bb39-dc1e9046552b",
            "name": "team119"
          },
          "private": "bnVsbA=="
        }
      ]
    },
    {
      "mode": "managed",
      "type": "lovi_interface_attachment",
      "name": "bastion100-team119",
      "provider": "provider.lovi",
      "instances": [
        {
          "schema_version": 0,
          "attributes": {
            "average": 125000,
            "bridge_id": "3e40446c-c370-4ca8-9e00-f85b61c0aa7c",
            "id": "37b49e52-0b2d-4b31-851c-fe240462e06a",
            "lease_id": "f2952139-a7d6-4ff2-9093-18acd27fbade",
            "name": "t119-ba100",
            "timeouts": null,
            "virtual_machine_id": "32e2ffaa-54c0-492f-a1ee-9c1e7da7cf65"
          },
          "private": "eyJlMmJmYjczMC1lY2FhLTExZTYtOGY4OC0zNDM2M2JjN2M0YzAiOnsiY3JlYXRlIjo2MDAwMDAwMDAwMCwiZGVmYXVsdCI6NjAwMDAwMDAwMDAsImRlbGV0ZSI6NjAwMDAwMDAwMDAsInJlYWQiOjYwMDAwMDAwMDAwLCJ1cGRhdGUiOjYwMDAwMDAwMDAwfX0=",
          "dependencies": [
            "lovi_address.bastion100-team119",
            "lovi_bridge.team119",
            "lovi_cpu_pinning_group.team119",
            "lovi_lease.bastion100-team119",
            "lovi_subnet.team119",
            "lovi_virtual_machine.bastion100-team119",
            "lovi_virtual_machine.problem-team119"
          ]
        }
      ]
    },
    {
      "mode": "managed",
      "type": "lovi_interface_attachment",
      "name": "bastion200-team119",
      "provider": "provider.lovi",
      "instances": [
        {
          "schema_version": 0,
          "attributes": {
            "average": 125000,
            "bridge_id": "3e40446c-c370-4ca8-9e00-f85b61c0aa7c",
            "id": "2a95bd03-b78a-4d88-b5ce-ee47ddc2f3ca",
            "lease_id": "c2825dc5-892e-4cab-9334-5f79727e859e",
            "name": "t119-ba200",
            "timeouts": null,
            "virtual_machine_id": "29335b86-d676-4649-b8f0-841827c68906"
          },
          "private": "eyJlMmJmYjczMC1lY2FhLTExZTYtOGY4OC0zNDM2M2JjN2M0YzAiOnsiY3JlYXRlIjo2MDAwMDAwMDAwMCwiZGVmYXVsdCI6NjAwMDAwMDAwMDAsImRlbGV0ZSI6NjAwMDAwMDAwMDAsInJlYWQiOjYwMDAwMDAwMDAwLCJ1cGRhdGUiOjYwMDAwMDAwMDAwfX0=",
          "dependencies": [
            "lovi_address.bastion200-team119",
            "lovi_bridge.team119",
            "lovi_cpu_pinning_group.team119",
            "lovi_lease.bastion200-team119",
            "lovi_subnet.team119",
            "lovi_virtual_machine.bastion200-team119",
            "lovi_virtual_machine.problem-team119"
          ]
        }
      ]
    },
    {
      "mode": "managed",
      "type": "lovi_interface_attachment",
      "name": "bench-team119",
      "provider": "provider.lovi",
      "instances": [
        {
          "schema_version": 0,
          "attributes": {
            "average": 12500,
            "bridge_id": "3e40446c-c370-4ca8-9e00-f85b61c0aa7c",
            "id": "745f5a02-adcc-4d8b-9bbb-0fe0425e8fde",
            "lease_id": "51fb8bc6-a320-4da1-b210-0987adfb15ba",
            "name": "t119-be",
            "timeouts": null,
            "virtual_machine_id": "cd9c9d6b-c382-428e-8fd7-f5a2d645a9cf"
          },
          "private": "eyJlMmJmYjczMC1lY2FhLTExZTYtOGY4OC0zNDM2M2JjN2M0YzAiOnsiY3JlYXRlIjo2MDAwMDAwMDAwMCwiZGVmYXVsdCI6NjAwMDAwMDAwMDAsImRlbGV0ZSI6NjAwMDAwMDAwMDAsInJlYWQiOjYwMDAwMDAwMDAwLCJ1cGRhdGUiOjYwMDAwMDAwMDAwfX0=",
          "dependencies": [
            "lovi_address.bench-team119",
            "lovi_bridge.team119",
            "lovi_cpu_pinning_group.team119",
            "lovi_lease.bench-team119",
            "lovi_subnet.team119",
            "lovi_virtual_machine.bench-team119",
            "lovi_virtual_machine.problem-team119"
          ]
        }
      ]
    },
    {
      "mode": "managed",
      "type": "lovi_interface_attachment",
      "name": "problem-team119",
      "each": "list",
      "provider": "provider.lovi",
      "instances": [
        {
          "index_key": 0,
          "schema_version": 0,
          "attributes": {
            "average": 125000,
            "bridge_id": "3e40446c-c370-4ca8-9e00-f85b61c0aa7c",
            "id": "60877104-af6a-4f34-b8e6-b63c89a9952c",
            "lease_id": "1db1a060-87ee-4945-a390-25ea30a055ce",
            "name": "t119-001",
            "timeouts": null,
            "virtual_machine_id": "d1f7629a-5771-45ce-91a4-2c29de809c9b"
          },
          "private": "eyJlMmJmYjczMC1lY2FhLTExZTYtOGY4OC0zNDM2M2JjN2M0YzAiOnsiY3JlYXRlIjo2MDAwMDAwMDAwMCwiZGVmYXVsdCI6NjAwMDAwMDAwMDAsImRlbGV0ZSI6NjAwMDAwMDAwMDAsInJlYWQiOjYwMDAwMDAwMDAwLCJ1cGRhdGUiOjYwMDAwMDAwMDAwfX0=",
          "dependencies": [
            "lovi_address.problem-team119",
            "lovi_bridge.team119",
            "lovi_cpu_pinning_group.team119",
            "lovi_lease.problem-team119",
            "lovi_subnet.team119",
            "lovi_virtual_machine.problem-team119"
          ]
        },
        {
          "index_key": 1,
          "schema_version": 0,
          "attributes": {
            "average": 125000,
            "bridge_id": "3e40446c-c370-4ca8-9e00-f85b61c0aa7c",
            "id": "b3848d13-0f42-44d4-8838-78b3e8e827ed",
            "lease_id": "fd114489-dcd7-4b46-b204-ebd865e3bc5c",
            "name": "t119-002",
            "timeouts": null,
            "virtual_machine_id": "1b029257-4faa-4c3e-9407-e1f60f70ce2e"
          },
          "private": "eyJlMmJmYjczMC1lY2FhLTExZTYtOGY4OC0zNDM2M2JjN2M0YzAiOnsiY3JlYXRlIjo2MDAwMDAwMDAwMCwiZGVmYXVsdCI6NjAwMDAwMDAwMDAsImRlbGV0ZSI6NjAwMDAwMDAwMDAsInJlYWQiOjYwMDAwMDAwMDAwLCJ1cGRhdGUiOjYwMDAwMDAwMDAwfX0=",
          "dependencies": [
            "lovi_address.problem-team119",
            "lovi_bridge.team119",
            "lovi_cpu_pinning_group.team119",
            "lovi_lease.problem-team119",
            "lovi_subnet.team119",
            "lovi_virtual_machine.problem-team119"
          ]
        },
        {
          "index_key": 2,
          "schema_version": 0,
          "attributes": {
            "average": 125000,
            "bridge_id": "3e40446c-c370-4ca8-9e00-f85b61c0aa7c",
            "id": "e5c995d8-426b-4737-8825-c28f147b620d",
            "lease_id": "e1479c52-af3c-47a5-acdc-5458763ec4e9",
            "name": "t119-003",
            "timeouts": null,
            "virtual_machine_id": "3bbe78ae-04ff-4645-ad5b-6273f2b3220e"
          },
          "private": "eyJlMmJmYjczMC1lY2FhLTExZTYtOGY4OC0zNDM2M2JjN2M0YzAiOnsiY3JlYXRlIjo2MDAwMDAwMDAwMCwiZGVmYXVsdCI6NjAwMDAwMDAwMDAsImRlbGV0ZSI6NjAwMDAwMDAwMDAsInJlYWQiOjYwMDAwMDAwMDAwLCJ1cGRhdGUiOjYwMDAwMDAwMDAwfX0=",
          "dependencies": [
            "lovi_address.problem-team119",
            "lovi_bridge.team119",
            "lovi_cpu_pinning_group.team119",
            "lovi_lease.problem-team119",
            "lovi_subnet.team119",
            "lovi_virtual_machine.problem-team119"
          ]
        }
      ]
    },
    {
      "mode": "managed",
      "type": "lovi_internal_bridge",
      "name": "team119",
      "provider": "provider.lovi",
      "instances": [
        {
          "schema_version": 0,
          "attributes": {
            "id": "eaf8613e-b255-434f-8759-90b7b846d09a",
            "name": "team119-in",
            "timeouts": null
          },
          "private": "eyJlMmJmYjczMC1lY2FhLTExZTYtOGY4OC0zNDM2M2JjN2M0YzAiOnsiY3JlYXRlIjo2MDAwMDAwMDAwMCwiZGVmYXVsdCI6NjAwMDAwMDAwMDAsImRlbGV0ZSI6NjAwMDAwMDAwMDAsInJlYWQiOjYwMDAwMDAwMDAwLCJ1cGRhdGUiOjYwMDAwMDAwMDAwfX0="
        }
      ]
    },
    {
      "mode": "managed",
      "type": "lovi_lease",
      "name": "bastion100-team119",
      "provider": "provider.lovi",
      "instances": [
        {
          "schema_version": 0,
          "attributes": {
            "address_id": "3971b1c5-605e-4892-a825-d22480eccd8d",
            "id": "f2952139-a7d6-4ff2-9093-18acd27fbade",
            "mac_address": "ca:03:18:93:db:da",
            "timeouts": null
          },
          "private": "eyJlMmJmYjczMC1lY2FhLTExZTYtOGY4OC0zNDM2M2JjN2M0YzAiOnsiY3JlYXRlIjo2MDAwMDAwMDAwMCwiZGVmYXVsdCI6NjAwMDAwMDAwMDAsImRlbGV0ZSI6NjAwMDAwMDAwMDAsInJlYWQiOjYwMDAwMDAwMDAwLCJ1cGRhdGUiOjYwMDAwMDAwMDAwfX0=",
          "dependencies": [
            "lovi_address.bastion100-team119",
            "lovi_subnet.team119"
          ]
        }
      ]
    },
    {
      "mode": "managed",
      "type": "lovi_lease",
      "name": "bastion200-team119",
      "provider": "provider.lovi",
      "instances": [
        {
          "schema_version": 0,
          "attributes": {
            "address_id": "f7f3d80e-4e70-4129-a997-fac95902569b",
            "id": "c2825dc5-892e-4cab-9334-5f79727e859e",
            "mac_address": "ca:03:18:af:0b:50",
            "timeouts": null
          },
          "private": "eyJlMmJmYjczMC1lY2FhLTExZTYtOGY4OC0zNDM2M2JjN2M0YzAiOnsiY3JlYXRlIjo2MDAwMDAwMDAwMCwiZGVmYXVsdCI6NjAwMDAwMDAwMDAsImRlbGV0ZSI6NjAwMDAwMDAwMDAsInJlYWQiOjYwMDAwMDAwMDAwLCJ1cGRhdGUiOjYwMDAwMDAwMDAwfX0=",
          "dependencies": [
            "lovi_address.bastion200-team119",
            "lovi_subnet.team119"
          ]
        }
      ]
    },
    {
      "mode": "managed",
      "type": "lovi_lease",
      "name": "bench-team119",
      "provider": "provider.lovi",
      "instances": [
        {
          "schema_version": 0,
          "attributes": {
            "address_id": "9f76c377-6e23-4d2c-a7b6-c275ac24c8f0",
            "id": "51fb8bc6-a320-4da1-b210-0987adfb15ba",
            "mac_address": "ca:03:18:b5:dd:1f",
            "timeouts": null
          },
          "private": "eyJlMmJmYjczMC1lY2FhLTExZTYtOGY4OC0zNDM2M2JjN2M0YzAiOnsiY3JlYXRlIjo2MDAwMDAwMDAwMCwiZGVmYXVsdCI6NjAwMDAwMDAwMDAsImRlbGV0ZSI6NjAwMDAwMDAwMDAsInJlYWQiOjYwMDAwMDAwMDAwLCJ1cGRhdGUiOjYwMDAwMDAwMDAwfX0=",
          "dependencies": [
            "lovi_address.bench-team119",
            "lovi_subnet.team119"
          ]
        }
      ]
    },
    {
      "mode": "managed",
      "type": "lovi_lease",
      "name": "problem-team119",
      "each": "list",
      "provider": "provider.lovi",
      "instances": [
        {
          "index_key": 0,
          "schema_version": 0,
          "attributes": {
            "address_id": "54bd0014-2dc8-4ecd-9b5e-aa51581dac5d",
            "id": "1db1a060-87ee-4945-a390-25ea30a055ce",
            "mac_address": "ca:03:18:f0:3e:b6",
            "timeouts": null
          },
          "private": "eyJlMmJmYjczMC1lY2FhLTExZTYtOGY4OC0zNDM2M2JjN2M0YzAiOnsiY3JlYXRlIjo2MDAwMDAwMDAwMCwiZGVmYXVsdCI6NjAwMDAwMDAwMDAsImRlbGV0ZSI6NjAwMDAwMDAwMDAsInJlYWQiOjYwMDAwMDAwMDAwLCJ1cGRhdGUiOjYwMDAwMDAwMDAwfX0=",
          "dependencies": [
            "lovi_address.problem-team119",
            "lovi_subnet.team119"
          ]
        },
        {
          "index_key": 1,
          "schema_version": 0,
          "attributes": {
            "address_id": "23bc78a8-51cf-456a-8fd1-64c939d4af33",
            "id": "fd114489-dcd7-4b46-b204-ebd865e3bc5c",
            "mac_address": "ca:03:18:7d:4f:57",
            "timeouts": null
          },
          "private": "eyJlMmJmYjczMC1lY2FhLTExZTYtOGY4OC0zNDM2M2JjN2M0YzAiOnsiY3JlYXRlIjo2MDAwMDAwMDAwMCwiZGVmYXVsdCI6NjAwMDAwMDAwMDAsImRlbGV0ZSI6NjAwMDAwMDAwMDAsInJlYWQiOjYwMDAwMDAwMDAwLCJ1cGRhdGUiOjYwMDAwMDAwMDAwfX0=",
          "dependencies": [
            "lovi_address.problem-team119",
            "lovi_subnet.team119"
          ]
        },
        {
          "index_key": 2,
          "schema_version": 0,
          "attributes": {
            "address_id": "5f63a1a8-dba3-4ab3-ad0d-17b7cbf48eb8",
            "id": "e1479c52-af3c-47a5-acdc-5458763ec4e9",
            "mac_address": "ca:03:18:ef:52:36",
            "timeouts": null
          },
          "private": "eyJlMmJmYjczMC1lY2FhLTExZTYtOGY4OC0zNDM2M2JjN2M0YzAiOnsiY3JlYXRlIjo2MDAwMDAwMDAwMCwiZGVmYXVsdCI6NjAwMDAwMDAwMDAsImRlbGV0ZSI6NjAwMDAwMDAwMDAsInJlYWQiOjYwMDAwMDAwMDAwLCJ1cGRhdGUiOjYwMDAwMDAwMDAwfX0=",
          "dependencies": [
            "lovi_address.problem-team119",
            "lovi_subnet.team119"
          ]
        }
      ]
    },
    {
      "mode": "managed",
      "type": "lovi_subnet",
      "name": "team119",
      "provider": "provider.lovi",
      "instances": [
        {
          "schema_version": 0,
          "attributes": {
            "dns_server": "8.8.8.8",
            "end": "10.161.19.200",
            "gateway": "10.161.19.254",
            "id": "1e087562-782a-4c54-b6de-c60be1d1cff0",
            "metadata_server": "10.161.19.1",
            "name": "team119",
            "network": "10.161.19.0/24",
            "start": "10.161.19.100",
            "timeouts": null,
            "vlan_id": 1119
          },
          "private": "eyJlMmJmYjczMC1lY2FhLTExZTYtOGY4OC0zNDM2M2JjN2M0YzAiOnsiY3JlYXRlIjo2MDAwMDAwMDAwMCwiZGVmYXVsdCI6NjAwMDAwMDAwMDAsImRlbGV0ZSI6NjAwMDAwMDAwMDAsInJlYWQiOjYwMDAwMDAwMDAwLCJ1cGRhdGUiOjYwMDAwMDAwMDAwfX0="
        }
      ]
    },
    {
      "mode": "managed",
      "type": "lovi_virtual_machine",
      "name": "bastion100-team119",
      "provider": "provider.lovi",
      "instances": [
        {
          "schema_version": 0,
          "attributes": {
            "cpu_pinning_group_name": "",
            "europa_backend_name": "dorado001",
            "hypervisor_name": "isuadm0002",
            "id": "32e2ffaa-54c0-492f-a1ee-9c1e7da7cf65",
            "memory_kib": 2097152,
            "name": "team119-bastion100",
            "read_bytes_sec": 0,
            "read_iops_sec": 0,
            "root_volume_gb": 10,
            "source_image_id": "5138fee8-59a1-407a-bb84-2937d9705143",
            "vcpus": 1,
            "write_bytes_sec": 0,
            "write_iops_sec": 0
          },
          "private": "bnVsbA==",
          "dependencies": [
            "lovi_cpu_pinning_group.team119",
            "lovi_virtual_machine.problem-team119"
          ]
        }
      ]
    },
    {
      "mode": "managed",
      "type": "lovi_virtual_machine",
      "name": "bastion200-team119",
      "provider": "provider.lovi",
      "instances": [
        {
          "schema_version": 0,
          "attributes": {
            "cpu_pinning_group_name": "",
            "europa_backend_name": "dorado001",
            "hypervisor_name": "isuadm0006",
            "id": "29335b86-d676-4649-b8f0-841827c68906",
            "memory_kib": 2097152,
            "name": "team119-bastion200",
            "read_bytes_sec": 0,
            "read_iops_sec": 0,
            "root_volume_gb": 10,
            "source_image_id": "5138fee8-59a1-407a-bb84-2937d9705143",
            "vcpus": 1,
            "write_bytes_sec": 0,
            "write_iops_sec": 0
          },
          "private": "bnVsbA==",
          "dependencies": [
            "lovi_cpu_pinning_group.team119",
            "lovi_virtual_machine.problem-team119"
          ]
        }
      ]
    },
    {
      "mode": "managed",
      "type": "lovi_virtual_machine",
      "name": "bench-team119",
      "provider": "provider.lovi",
      "instances": [
        {
          "schema_version": 0,
          "attributes": {
            "cpu_pinning_group_name": "team119",
            "europa_backend_name": "dorado001",
            "hypervisor_name": "isucn0006",
            "id": "cd9c9d6b-c382-428e-8fd7-f5a2d645a9cf",
            "memory_kib": 16777216,
            "name": "team119-bench",
            "read_bytes_sec": 100000000,
            "read_iops_sec": 200,
            "root_volume_gb": 10,
            "source_image_id": "10eee589-725b-4686-a424-1df5e161b031",
            "vcpus": 1,
            "write_bytes_sec": 100000000,
            "write_iops_sec": 200
          },
          "private": "bnVsbA==",
          "dependencies": [
            "lovi_cpu_pinning_group.team119",
            "lovi_virtual_machine.problem-team119"
          ]
        }
      ]
    },
    {
      "mode": "managed",
      "type": "lovi_virtual_machine",
      "name": "problem-team119",
      "each": "list",
      "provider": "provider.lovi",
      "instances": [
        {
          "index_key": 0,
          "schema_version": 0,
          "attributes": {
            "cpu_pinning_group_name": "team119",
            "europa_backend_name": "dorado001",
            "hypervisor_name": "isucn0006",
            "id": "d1f7629a-5771-45ce-91a4-2c29de809c9b",
            "memory_kib": 2097152,
            "name": "team119-001",
            "read_bytes_sec": 100000000,
            "read_iops_sec": 200,
            "root_volume_gb": 10,
            "source_image_id": "1ab68dff-7d0d-40b5-abff-3ef0db2618b1",
            "vcpus": 1,
            "write_bytes_sec": 100000000,
            "write_iops_sec": 200
          },
          "private": "bnVsbA==",
          "dependencies": [
            "lovi_cpu_pinning_group.team119"
          ]
        },
        {
          "index_key": 1,
          "schema_version": 0,
          "attributes": {
            "cpu_pinning_group_name": "team119",
            "europa_backend_name": "dorado001",
            "hypervisor_name": "isucn0006",
            "id": "1b029257-4faa-4c3e-9407-e1f60f70ce2e",
            "memory_kib": 2097152,
            "name": "team119-002",
            "read_bytes_sec": 100000000,
            "read_iops_sec": 200,
            "root_volume_gb": 10,
            "source_image_id": "1ab68dff-7d0d-40b5-abff-3ef0db2618b1",
            "vcpus": 1,
            "write_bytes_sec": 100000000,
            "write_iops_sec": 200
          },
          "private": "bnVsbA==",
          "dependencies": [
            "lovi_cpu_pinning_group.team119"
          ]
        },
        {
          "index_key": 2,
          "schema_version": 0,
          "attributes": {
            "cpu_pinning_group_name": "team119",
            "europa_backend_name": "dorado001",
            "hypervisor_name": "isucn0006",
            "id": "3bbe78ae-04ff-4645-ad5b-6273f2b3220e",
            "memory_kib": 2097152,
            "name": "team119-003",
            "read_bytes_sec": 100000000,
            "read_iops_sec": 200,
            "root_volume_gb": 10,
            "source_image_id": "1ab68dff-7d0d-40b5-abff-3ef0db2618b1",
            "vcpus": 1,
            "write_bytes_sec": 100000000,
            "write_iops_sec": 200
          },
          "private": "bnVsbA==",
          "dependencies": [
            "lovi_cpu_pinning_group.team119"
          ]
        }
      ]
    }
  ]
}
