{
  "version": 4,
  "terraform_version": "0.12.24",
  "serial": 59,
  "lineage": "5d90076b-3a5d-4c38-632a-5a3b8423e541",
  "outputs": {},
  "resources": [
    {
      "mode": "managed",
      "type": "lovi_address",
      "name": "bastion100-team003",
      "provider": "provider.lovi",
      "instances": [
        {
          "schema_version": 0,
          "attributes": {
            "fixed_ip": "10.160.3.100",
            "id": "aa36aac1-1787-4041-af8d-c2ee71370251",
            "ip": "10.160.3.100",
            "subnet_id": "d58da918-c9b2-44f9-af06-9074cb84d2fe",
            "timeouts": null
          },
          "private": "eyJlMmJmYjczMC1lY2FhLTExZTYtOGY4OC0zNDM2M2JjN2M0YzAiOnsiY3JlYXRlIjo2MDAwMDAwMDAwMCwiZGVmYXVsdCI6NjAwMDAwMDAwMDAsImRlbGV0ZSI6NjAwMDAwMDAwMDAsInJlYWQiOjYwMDAwMDAwMDAwLCJ1cGRhdGUiOjYwMDAwMDAwMDAwfX0=",
          "dependencies": [
            "lovi_subnet.team003"
          ]
        }
      ]
    },
    {
      "mode": "managed",
      "type": "lovi_address",
      "name": "problem-team003",
      "each": "list",
      "provider": "provider.lovi",
      "instances": []
    },
    {
      "mode": "managed",
      "type": "lovi_bridge",
      "name": "team003",
      "provider": "provider.lovi",
      "instances": [
        {
          "schema_version": 0,
          "attributes": {
            "id": "37541475-3e9f-46b0-b95d-0e4df7e174dd",
            "name": "team003",
            "timeouts": null,
            "vlan_id": 1003
          },
          "private": "eyJlMmJmYjczMC1lY2FhLTExZTYtOGY4OC0zNDM2M2JjN2M0YzAiOnsiY3JlYXRlIjo2MDAwMDAwMDAwMCwiZGVmYXVsdCI6NjAwMDAwMDAwMDAsImRlbGV0ZSI6NjAwMDAwMDAwMDAsInJlYWQiOjYwMDAwMDAwMDAwLCJ1cGRhdGUiOjYwMDAwMDAwMDAwfX0=",
          "dependencies": [
            "lovi_subnet.team003"
          ]
        }
      ]
    },
    {
      "mode": "managed",
      "type": "lovi_cpu_pinning_group",
      "name": "team003",
      "provider": "provider.lovi",
      "instances": [
        {
          "schema_version": 0,
          "attributes": {
            "count_of_core": 4,
            "hypervisor_name": "isucn0001",
            "id": "e0afa7cd-2870-43fb-8460-90e0c9a0418f",
            "name": "team003"
          },
          "private": "bnVsbA=="
        }
      ]
    },
    {
      "mode": "managed",
      "type": "lovi_interface_attachment",
      "name": "bastion100-team003",
      "provider": "provider.lovi",
      "instances": [
        {
          "schema_version": 0,
          "attributes": {
            "average": 125000,
            "bridge_id": "37541475-3e9f-46b0-b95d-0e4df7e174dd",
            "id": "7c08febc-2055-49d8-aca1-2ef0822b11dc",
            "lease_id": "ca007725-38ed-423b-87fe-1adae7740d93",
            "name": "t003-ba100",
            "timeouts": null,
            "virtual_machine_id": "c2fd7016-9eb5-4a17-8769-fc12971fc7c8"
          }
        }
      ]
    },
    {
      "mode": "managed",
      "type": "lovi_interface_attachment",
      "name": "problem-team003",
      "each": "list",
      "provider": "provider.lovi",
      "instances": []
    },
    {
      "mode": "managed",
      "type": "lovi_internal_bridge",
      "name": "team003",
      "provider": "provider.lovi",
      "instances": [
        {
          "schema_version": 0,
          "attributes": {
            "id": "ea295bed-a91f-4f2d-afb6-186b20de258a",
            "name": "team003-in",
            "timeouts": null
          }
        }
      ]
    },
    {
      "mode": "managed",
      "type": "lovi_lease",
      "name": "bastion100-team003",
      "provider": "provider.lovi",
      "instances": [
        {
          "schema_version": 0,
          "attributes": {
            "address_id": "aa36aac1-1787-4041-af8d-c2ee71370251",
            "id": "ca007725-38ed-423b-87fe-1adae7740d93",
            "mac_address": "ca:03:18:0f:94:9c",
            "timeouts": null
          },
          "private": "eyJlMmJmYjczMC1lY2FhLTExZTYtOGY4OC0zNDM2M2JjN2M0YzAiOnsiY3JlYXRlIjo2MDAwMDAwMDAwMCwiZGVmYXVsdCI6NjAwMDAwMDAwMDAsImRlbGV0ZSI6NjAwMDAwMDAwMDAsInJlYWQiOjYwMDAwMDAwMDAwLCJ1cGRhdGUiOjYwMDAwMDAwMDAwfX0=",
          "dependencies": [
            "lovi_address.bastion100-team003",
            "lovi_subnet.team003"
          ]
        }
      ]
    },
    {
      "mode": "managed",
      "type": "lovi_lease",
      "name": "problem-team003",
      "each": "list",
      "provider": "provider.lovi",
      "instances": []
    },
    {
      "mode": "managed",
      "type": "lovi_subnet",
      "name": "team003",
      "provider": "provider.lovi",
      "instances": [
        {
          "schema_version": 0,
          "attributes": {
            "dns_server": "8.8.8.8",
            "end": "10.160.3.200",
            "gateway": "10.160.3.254",
            "id": "d58da918-c9b2-44f9-af06-9074cb84d2fe",
            "metadata_server": "10.160.3.1",
            "name": "team003",
            "network": "10.160.3.0/24",
            "start": "10.160.3.100",
            "timeouts": null,
            "vlan_id": 1003
          },
          "private": "eyJlMmJmYjczMC1lY2FhLTExZTYtOGY4OC0zNDM2M2JjN2M0YzAiOnsiY3JlYXRlIjo2MDAwMDAwMDAwMCwiZGVmYXVsdCI6NjAwMDAwMDAwMDAsImRlbGV0ZSI6NjAwMDAwMDAwMDAsInJlYWQiOjYwMDAwMDAwMDAwLCJ1cGRhdGUiOjYwMDAwMDAwMDAwfX0="
        }
      ]
    },
    {
      "mode": "managed",
      "type": "lovi_virtual_machine",
      "name": "bastion100-team003",
      "provider": "provider.lovi",
      "instances": [
        {
          "schema_version": 0,
          "attributes": {
            "cpu_pinning_group_name": "",
            "europa_backend_name": "dorado001",
            "hypervisor_name": "isuadm0002",
            "id": "c2fd7016-9eb5-4a17-8769-fc12971fc7c8",
            "memory_kib": 2097152,
            "name": "team003-bastion100",
            "read_bytes_sec": 0,
            "read_iops_sec": 0,
            "root_volume_gb": 10,
            "source_image_id": "5138fee8-59a1-407a-bb84-2937d9705143",
            "vcpus": 1,
            "write_bytes_sec": 0,
            "write_iops_sec": 0
          },
          "private": "bnVsbA==",
          "dependencies": [
            "lovi_virtual_machine.problem-team003"
          ]
        }
      ]
    },
    {
      "mode": "managed",
      "type": "lovi_virtual_machine",
      "name": "problem-team003",
      "each": "list",
      "provider": "provider.lovi",
      "instances": [
        {
          "index_key": 0,
          "schema_version": 0,
          "attributes": {
            "cpu_pinning_group_name": "team003",
            "europa_backend_name": "dorado001",
            "hypervisor_name": "isucn0001",
            "id": "93e199ad-86a9-4256-8501-db08d0a3d4a0",
            "memory_kib": 2097152,
            "name": "team003-001",
            "read_bytes_sec": 100000000,
            "read_iops_sec": 200,
            "root_volume_gb": 10,
            "source_image_id": "1ab68dff-7d0d-40b5-abff-3ef0db2618b1",
            "vcpus": 1,
            "write_bytes_sec": 100000000,
            "write_iops_sec": 200
          },
          "private": "bnVsbA==",
          "dependencies": [
            "lovi_cpu_pinning_group.team003"
          ]
        },
        {
          "index_key": 1,
          "schema_version": 0,
          "attributes": {
            "cpu_pinning_group_name": "team003",
            "europa_backend_name": "dorado001",
            "hypervisor_name": "isucn0001",
            "id": "09e68dbb-dc96-4e58-9e37-e80ea4611a57",
            "memory_kib": 2097152,
            "name": "team003-002",
            "read_bytes_sec": 100000000,
            "read_iops_sec": 200,
            "root_volume_gb": 10,
            "source_image_id": "1ab68dff-7d0d-40b5-abff-3ef0db2618b1",
            "vcpus": 1,
            "write_bytes_sec": 100000000,
            "write_iops_sec": 200
          },
          "private": "bnVsbA==",
          "dependencies": [
            "lovi_cpu_pinning_group.team003"
          ]
        },
        {
          "index_key": 2,
          "schema_version": 0,
          "attributes": {
            "cpu_pinning_group_name": "team003",
            "europa_backend_name": "dorado001",
            "hypervisor_name": "isucn0001",
            "id": "0b7099a5-4d53-4e77-a19b-5c126ec7b298",
            "memory_kib": 2097152,
            "name": "team003-003",
            "read_bytes_sec": 100000000,
            "read_iops_sec": 200,
            "root_volume_gb": 10,
            "source_image_id": "1ab68dff-7d0d-40b5-abff-3ef0db2618b1",
            "vcpus": 1,
            "write_bytes_sec": 100000000,
            "write_iops_sec": 200
          },
          "private": "bnVsbA==",
          "dependencies": [
            "lovi_cpu_pinning_group.team003"
          ]
        }
      ]
    }
  ]
}
