{
  "version": 4,
  "terraform_version": "0.12.24",
  "serial": 25,
  "lineage": "9b57dc97-c76c-924d-321c-c2fdc1b7de11",
  "outputs": {},
  "resources": [
    {
      "mode": "managed",
      "type": "lovi_address",
      "name": "bastion-team054",
      "provider": "provider.lovi",
      "instances": [
        {
          "schema_version": 0,
          "attributes": {
            "fixed_ip": "10.160.54.100",
            "id": "73272cb0-00c8-4eae-b44b-cdf6b1f1ff4e",
            "ip": "10.160.54.100",
            "subnet_id": "89fb0204-565e-497f-afaa-08974d173805",
            "timeouts": null
          },
          "private": "eyJlMmJmYjczMC1lY2FhLTExZTYtOGY4OC0zNDM2M2JjN2M0YzAiOnsiY3JlYXRlIjo2MDAwMDAwMDAwMCwiZGVmYXVsdCI6NjAwMDAwMDAwMDAsImRlbGV0ZSI6NjAwMDAwMDAwMDAsInJlYWQiOjYwMDAwMDAwMDAwLCJ1cGRhdGUiOjYwMDAwMDAwMDAwfX0=",
          "dependencies": [
            "lovi_subnet.team054"
          ]
        }
      ]
    },
    {
      "mode": "managed",
      "type": "lovi_address",
      "name": "bench-team054",
      "provider": "provider.lovi",
      "instances": [
        {
          "schema_version": 0,
          "attributes": {
            "fixed_ip": "10.160.54.104",
            "id": "4e5601d9-036f-4631-905c-c27d3b9bfd25",
            "ip": "10.160.54.104",
            "subnet_id": "89fb0204-565e-497f-afaa-08974d173805",
            "timeouts": null
          },
          "private": "eyJlMmJmYjczMC1lY2FhLTExZTYtOGY4OC0zNDM2M2JjN2M0YzAiOnsiY3JlYXRlIjo2MDAwMDAwMDAwMCwiZGVmYXVsdCI6NjAwMDAwMDAwMDAsImRlbGV0ZSI6NjAwMDAwMDAwMDAsInJlYWQiOjYwMDAwMDAwMDAwLCJ1cGRhdGUiOjYwMDAwMDAwMDAwfX0=",
          "dependencies": [
            "lovi_subnet.team054"
          ]
        }
      ]
    },
    {
      "mode": "managed",
      "type": "lovi_address",
      "name": "problem-team054",
      "each": "list",
      "provider": "provider.lovi",
      "instances": [
        {
          "index_key": 0,
          "schema_version": 0,
          "attributes": {
            "fixed_ip": "10.160.54.101",
            "id": "da817f08-5640-4b20-afa4-0cc8c42f4c4c",
            "ip": "10.160.54.101",
            "subnet_id": "89fb0204-565e-497f-afaa-08974d173805",
            "timeouts": null
          },
          "private": "eyJlMmJmYjczMC1lY2FhLTExZTYtOGY4OC0zNDM2M2JjN2M0YzAiOnsiY3JlYXRlIjo2MDAwMDAwMDAwMCwiZGVmYXVsdCI6NjAwMDAwMDAwMDAsImRlbGV0ZSI6NjAwMDAwMDAwMDAsInJlYWQiOjYwMDAwMDAwMDAwLCJ1cGRhdGUiOjYwMDAwMDAwMDAwfX0=",
          "dependencies": [
            "lovi_subnet.team054"
          ]
        },
        {
          "index_key": 1,
          "schema_version": 0,
          "attributes": {
            "fixed_ip": "10.160.54.102",
            "id": "b888e2bd-c7e3-435c-8a4c-02ef566d8511",
            "ip": "10.160.54.102",
            "subnet_id": "89fb0204-565e-497f-afaa-08974d173805",
            "timeouts": null
          },
          "private": "eyJlMmJmYjczMC1lY2FhLTExZTYtOGY4OC0zNDM2M2JjN2M0YzAiOnsiY3JlYXRlIjo2MDAwMDAwMDAwMCwiZGVmYXVsdCI6NjAwMDAwMDAwMDAsImRlbGV0ZSI6NjAwMDAwMDAwMDAsInJlYWQiOjYwMDAwMDAwMDAwLCJ1cGRhdGUiOjYwMDAwMDAwMDAwfX0=",
          "dependencies": [
            "lovi_subnet.team054"
          ]
        },
        {
          "index_key": 2,
          "schema_version": 0,
          "attributes": {
            "fixed_ip": "10.160.54.103",
            "id": "d2cca6ae-4323-4e3e-be57-8fa8762a1372",
            "ip": "10.160.54.103",
            "subnet_id": "89fb0204-565e-497f-afaa-08974d173805",
            "timeouts": null
          },
          "private": "eyJlMmJmYjczMC1lY2FhLTExZTYtOGY4OC0zNDM2M2JjN2M0YzAiOnsiY3JlYXRlIjo2MDAwMDAwMDAwMCwiZGVmYXVsdCI6NjAwMDAwMDAwMDAsImRlbGV0ZSI6NjAwMDAwMDAwMDAsInJlYWQiOjYwMDAwMDAwMDAwLCJ1cGRhdGUiOjYwMDAwMDAwMDAwfX0=",
          "dependencies": [
            "lovi_subnet.team054"
          ]
        }
      ]
    },
    {
      "mode": "managed",
      "type": "lovi_bridge",
      "name": "team054",
      "provider": "provider.lovi",
      "instances": [
        {
          "schema_version": 0,
          "attributes": {
            "id": "081bb32a-a311-4ef7-8cc0-b104879334df",
            "name": "team054",
            "timeouts": null,
            "vlan_id": 1054
          },
          "private": "eyJlMmJmYjczMC1lY2FhLTExZTYtOGY4OC0zNDM2M2JjN2M0YzAiOnsiY3JlYXRlIjo2MDAwMDAwMDAwMCwiZGVmYXVsdCI6NjAwMDAwMDAwMDAsImRlbGV0ZSI6NjAwMDAwMDAwMDAsInJlYWQiOjYwMDAwMDAwMDAwLCJ1cGRhdGUiOjYwMDAwMDAwMDAwfX0=",
          "dependencies": [
            "lovi_subnet.team054"
          ]
        }
      ]
    },
    {
      "mode": "managed",
      "type": "lovi_cpu_pinning_group",
      "name": "team054",
      "provider": "provider.lovi",
      "instances": [
        {
          "schema_version": 0,
          "attributes": {
            "count_of_core": 4,
            "hypervisor_name": "isucn0003",
            "id": "cae7202e-711b-4724-8566-6ca10f03cf2b",
            "name": "team054"
          },
          "private": "bnVsbA=="
        }
      ]
    },
    {
      "mode": "managed",
      "type": "lovi_interface_attachment",
      "name": "bastion-team054",
      "provider": "provider.lovi",
      "instances": [
        {
          "schema_version": 0,
          "attributes": {
            "average": 125000,
            "bridge_id": "081bb32a-a311-4ef7-8cc0-b104879334df",
            "id": "46e2c0ef-6c2e-49d6-9f61-8cba282adb88",
            "lease_id": "4a232673-411c-44c9-80cc-66d22a6925ce",
            "name": "t054-ba",
            "timeouts": null,
            "virtual_machine_id": "61522230-8f7c-462f-aa5e-8467ebc2726f"
          },
          "private": "eyJlMmJmYjczMC1lY2FhLTExZTYtOGY4OC0zNDM2M2JjN2M0YzAiOnsiY3JlYXRlIjo2MDAwMDAwMDAwMCwiZGVmYXVsdCI6NjAwMDAwMDAwMDAsImRlbGV0ZSI6NjAwMDAwMDAwMDAsInJlYWQiOjYwMDAwMDAwMDAwLCJ1cGRhdGUiOjYwMDAwMDAwMDAwfX0=",
          "dependencies": [
            "lovi_address.bastion-team054",
            "lovi_bridge.team054",
            "lovi_cpu_pinning_group.team054",
            "lovi_lease.bastion-team054",
            "lovi_subnet.team054",
            "lovi_virtual_machine.bastion-team054",
            "lovi_virtual_machine.problem-team054"
          ]
        }
      ]
    },
    {
      "mode": "managed",
      "type": "lovi_interface_attachment",
      "name": "bench-team054",
      "provider": "provider.lovi",
      "instances": [
        {
          "schema_version": 0,
          "attributes": {
            "average": 12500,
            "bridge_id": "081bb32a-a311-4ef7-8cc0-b104879334df",
            "id": "4769a437-0ecf-4e8f-9f1f-e3004666d39e",
            "lease_id": "7831d547-5bcf-4909-8a2b-118841798968",
            "name": "t054-be",
            "timeouts": null,
            "virtual_machine_id": "5fa10e23-e953-403a-b22c-9e779dd95826"
          },
          "private": "eyJlMmJmYjczMC1lY2FhLTExZTYtOGY4OC0zNDM2M2JjN2M0YzAiOnsiY3JlYXRlIjo2MDAwMDAwMDAwMCwiZGVmYXVsdCI6NjAwMDAwMDAwMDAsImRlbGV0ZSI6NjAwMDAwMDAwMDAsInJlYWQiOjYwMDAwMDAwMDAwLCJ1cGRhdGUiOjYwMDAwMDAwMDAwfX0=",
          "dependencies": [
            "lovi_address.bench-team054",
            "lovi_bridge.team054",
            "lovi_cpu_pinning_group.team054",
            "lovi_lease.bench-team054",
            "lovi_subnet.team054",
            "lovi_virtual_machine.bench-team054",
            "lovi_virtual_machine.problem-team054"
          ]
        }
      ]
    },
    {
      "mode": "managed",
      "type": "lovi_interface_attachment",
      "name": "problem-team054",
      "each": "list",
      "provider": "provider.lovi",
      "instances": [
        {
          "index_key": 0,
          "schema_version": 0,
          "attributes": {
            "average": 125000,
            "bridge_id": "081bb32a-a311-4ef7-8cc0-b104879334df",
            "id": "dd6fb90f-9786-418c-a936-90ffe39c8f46",
            "lease_id": "62ad8e30-b3e8-40f4-8864-3ec8ed277701",
            "name": "t054-001",
            "timeouts": null,
            "virtual_machine_id": "d61b3d6f-d50d-4c43-84d2-39f33286a5da"
          },
          "private": "eyJlMmJmYjczMC1lY2FhLTExZTYtOGY4OC0zNDM2M2JjN2M0YzAiOnsiY3JlYXRlIjo2MDAwMDAwMDAwMCwiZGVmYXVsdCI6NjAwMDAwMDAwMDAsImRlbGV0ZSI6NjAwMDAwMDAwMDAsInJlYWQiOjYwMDAwMDAwMDAwLCJ1cGRhdGUiOjYwMDAwMDAwMDAwfX0=",
          "dependencies": [
            "lovi_address.problem-team054",
            "lovi_bridge.team054",
            "lovi_cpu_pinning_group.team054",
            "lovi_lease.problem-team054",
            "lovi_subnet.team054",
            "lovi_virtual_machine.problem-team054"
          ]
        },
        {
          "index_key": 1,
          "schema_version": 0,
          "attributes": {
            "average": 125000,
            "bridge_id": "081bb32a-a311-4ef7-8cc0-b104879334df",
            "id": "1606b0db-d6f9-4fc7-9807-8f82bfa5652b",
            "lease_id": "7d0f69dd-c967-48c1-9238-294be78f5f0f",
            "name": "t054-002",
            "timeouts": null,
            "virtual_machine_id": "f5ac37e0-0c1c-455d-8bbe-c8266e3cec34"
          },
          "private": "eyJlMmJmYjczMC1lY2FhLTExZTYtOGY4OC0zNDM2M2JjN2M0YzAiOnsiY3JlYXRlIjo2MDAwMDAwMDAwMCwiZGVmYXVsdCI6NjAwMDAwMDAwMDAsImRlbGV0ZSI6NjAwMDAwMDAwMDAsInJlYWQiOjYwMDAwMDAwMDAwLCJ1cGRhdGUiOjYwMDAwMDAwMDAwfX0=",
          "dependencies": [
            "lovi_address.problem-team054",
            "lovi_bridge.team054",
            "lovi_cpu_pinning_group.team054",
            "lovi_lease.problem-team054",
            "lovi_subnet.team054",
            "lovi_virtual_machine.problem-team054"
          ]
        },
        {
          "index_key": 2,
          "schema_version": 0,
          "attributes": {
            "average": 125000,
            "bridge_id": "081bb32a-a311-4ef7-8cc0-b104879334df",
            "id": "d0b09fa2-e261-4e7c-a137-c2426fd54656",
            "lease_id": "7592b874-469f-4cd6-8c59-f890e82e9fe2",
            "name": "t054-003",
            "timeouts": null,
            "virtual_machine_id": "ce3b2eb5-ff8c-4c9a-8c1b-72dd44a484f7"
          },
          "private": "eyJlMmJmYjczMC1lY2FhLTExZTYtOGY4OC0zNDM2M2JjN2M0YzAiOnsiY3JlYXRlIjo2MDAwMDAwMDAwMCwiZGVmYXVsdCI6NjAwMDAwMDAwMDAsImRlbGV0ZSI6NjAwMDAwMDAwMDAsInJlYWQiOjYwMDAwMDAwMDAwLCJ1cGRhdGUiOjYwMDAwMDAwMDAwfX0=",
          "dependencies": [
            "lovi_address.problem-team054",
            "lovi_bridge.team054",
            "lovi_cpu_pinning_group.team054",
            "lovi_lease.problem-team054",
            "lovi_subnet.team054",
            "lovi_virtual_machine.problem-team054"
          ]
        }
      ]
    },
    {
      "mode": "managed",
      "type": "lovi_internal_bridge",
      "name": "team054",
      "provider": "provider.lovi",
      "instances": [
        {
          "schema_version": 0,
          "attributes": {
            "id": "da1de7b7-74f2-4e83-873b-6e0f2e3032f9",
            "name": "team054-in",
            "timeouts": null
          },
          "private": "eyJlMmJmYjczMC1lY2FhLTExZTYtOGY4OC0zNDM2M2JjN2M0YzAiOnsiY3JlYXRlIjo2MDAwMDAwMDAwMCwiZGVmYXVsdCI6NjAwMDAwMDAwMDAsImRlbGV0ZSI6NjAwMDAwMDAwMDAsInJlYWQiOjYwMDAwMDAwMDAwLCJ1cGRhdGUiOjYwMDAwMDAwMDAwfX0="
        }
      ]
    },
    {
      "mode": "managed",
      "type": "lovi_lease",
      "name": "bastion-team054",
      "provider": "provider.lovi",
      "instances": [
        {
          "schema_version": 0,
          "attributes": {
            "address_id": "73272cb0-00c8-4eae-b44b-cdf6b1f1ff4e",
            "id": "4a232673-411c-44c9-80cc-66d22a6925ce",
            "mac_address": "ca:03:18:46:f8:5d",
            "timeouts": null
          },
          "private": "eyJlMmJmYjczMC1lY2FhLTExZTYtOGY4OC0zNDM2M2JjN2M0YzAiOnsiY3JlYXRlIjo2MDAwMDAwMDAwMCwiZGVmYXVsdCI6NjAwMDAwMDAwMDAsImRlbGV0ZSI6NjAwMDAwMDAwMDAsInJlYWQiOjYwMDAwMDAwMDAwLCJ1cGRhdGUiOjYwMDAwMDAwMDAwfX0=",
          "dependencies": [
            "lovi_address.bastion-team054",
            "lovi_subnet.team054"
          ]
        }
      ]
    },
    {
      "mode": "managed",
      "type": "lovi_lease",
      "name": "bench-team054",
      "provider": "provider.lovi",
      "instances": [
        {
          "schema_version": 0,
          "attributes": {
            "address_id": "4e5601d9-036f-4631-905c-c27d3b9bfd25",
            "id": "7831d547-5bcf-4909-8a2b-118841798968",
            "mac_address": "ca:03:18:ee:b0:64",
            "timeouts": null
          },
          "private": "eyJlMmJmYjczMC1lY2FhLTExZTYtOGY4OC0zNDM2M2JjN2M0YzAiOnsiY3JlYXRlIjo2MDAwMDAwMDAwMCwiZGVmYXVsdCI6NjAwMDAwMDAwMDAsImRlbGV0ZSI6NjAwMDAwMDAwMDAsInJlYWQiOjYwMDAwMDAwMDAwLCJ1cGRhdGUiOjYwMDAwMDAwMDAwfX0=",
          "dependencies": [
            "lovi_address.bench-team054",
            "lovi_subnet.team054"
          ]
        }
      ]
    },
    {
      "mode": "managed",
      "type": "lovi_lease",
      "name": "problem-team054",
      "each": "list",
      "provider": "provider.lovi",
      "instances": [
        {
          "index_key": 0,
          "schema_version": 0,
          "attributes": {
            "address_id": "da817f08-5640-4b20-afa4-0cc8c42f4c4c",
            "id": "62ad8e30-b3e8-40f4-8864-3ec8ed277701",
            "mac_address": "ca:03:18:a2:76:2c",
            "timeouts": null
          },
          "private": "eyJlMmJmYjczMC1lY2FhLTExZTYtOGY4OC0zNDM2M2JjN2M0YzAiOnsiY3JlYXRlIjo2MDAwMDAwMDAwMCwiZGVmYXVsdCI6NjAwMDAwMDAwMDAsImRlbGV0ZSI6NjAwMDAwMDAwMDAsInJlYWQiOjYwMDAwMDAwMDAwLCJ1cGRhdGUiOjYwMDAwMDAwMDAwfX0=",
          "dependencies": [
            "lovi_address.problem-team054",
            "lovi_subnet.team054"
          ]
        },
        {
          "index_key": 1,
          "schema_version": 0,
          "attributes": {
            "address_id": "b888e2bd-c7e3-435c-8a4c-02ef566d8511",
            "id": "7d0f69dd-c967-48c1-9238-294be78f5f0f",
            "mac_address": "ca:03:18:09:cd:3b",
            "timeouts": null
          },
          "private": "eyJlMmJmYjczMC1lY2FhLTExZTYtOGY4OC0zNDM2M2JjN2M0YzAiOnsiY3JlYXRlIjo2MDAwMDAwMDAwMCwiZGVmYXVsdCI6NjAwMDAwMDAwMDAsImRlbGV0ZSI6NjAwMDAwMDAwMDAsInJlYWQiOjYwMDAwMDAwMDAwLCJ1cGRhdGUiOjYwMDAwMDAwMDAwfX0=",
          "dependencies": [
            "lovi_address.problem-team054",
            "lovi_subnet.team054"
          ]
        },
        {
          "index_key": 2,
          "schema_version": 0,
          "attributes": {
            "address_id": "d2cca6ae-4323-4e3e-be57-8fa8762a1372",
            "id": "7592b874-469f-4cd6-8c59-f890e82e9fe2",
            "mac_address": "ca:03:18:17:2e:16",
            "timeouts": null
          },
          "private": "eyJlMmJmYjczMC1lY2FhLTExZTYtOGY4OC0zNDM2M2JjN2M0YzAiOnsiY3JlYXRlIjo2MDAwMDAwMDAwMCwiZGVmYXVsdCI6NjAwMDAwMDAwMDAsImRlbGV0ZSI6NjAwMDAwMDAwMDAsInJlYWQiOjYwMDAwMDAwMDAwLCJ1cGRhdGUiOjYwMDAwMDAwMDAwfX0=",
          "dependencies": [
            "lovi_address.problem-team054",
            "lovi_subnet.team054"
          ]
        }
      ]
    },
    {
      "mode": "managed",
      "type": "lovi_subnet",
      "name": "team054",
      "provider": "provider.lovi",
      "instances": [
        {
          "schema_version": 0,
          "attributes": {
            "dns_server": "8.8.8.8",
            "end": "10.160.54.200",
            "gateway": "10.160.54.254",
            "id": "89fb0204-565e-497f-afaa-08974d173805",
            "metadata_server": "10.160.54.1",
            "name": "team054",
            "network": "10.160.54.0/24",
            "start": "10.160.54.100",
            "timeouts": null,
            "vlan_id": 1054
          },
          "private": "eyJlMmJmYjczMC1lY2FhLTExZTYtOGY4OC0zNDM2M2JjN2M0YzAiOnsiY3JlYXRlIjo2MDAwMDAwMDAwMCwiZGVmYXVsdCI6NjAwMDAwMDAwMDAsImRlbGV0ZSI6NjAwMDAwMDAwMDAsInJlYWQiOjYwMDAwMDAwMDAwLCJ1cGRhdGUiOjYwMDAwMDAwMDAwfX0="
        }
      ]
    },
    {
      "mode": "managed",
      "type": "lovi_virtual_machine",
      "name": "bastion-team054",
      "provider": "provider.lovi",
      "instances": [
        {
          "schema_version": 0,
          "attributes": {
            "cpu_pinning_group_name": "",
            "hypervisor_name": "isuadm0002",
            "id": "61522230-8f7c-462f-aa5e-8467ebc2726f",
            "memory_kib": 2097152,
            "name": "team054-bastion",
            "read_bytes_sec": 0,
            "read_iops_sec": 0,
            "root_volume_gb": 10,
            "source_image_id": "bab847e2-b14f-4463-80ee-8cfb36392ea9",
            "vcpus": 1,
            "write_bytes_sec": 0,
            "write_iops_sec": 0
          },
          "private": "bnVsbA==",
          "dependencies": [
            "lovi_cpu_pinning_group.team054",
            "lovi_virtual_machine.problem-team054"
          ]
        }
      ]
    },
    {
      "mode": "managed",
      "type": "lovi_virtual_machine",
      "name": "bench-team054",
      "provider": "provider.lovi",
      "instances": [
        {
          "schema_version": 0,
          "attributes": {
            "cpu_pinning_group_name": "team054",
            "hypervisor_name": "isucn0003",
            "id": "5fa10e23-e953-403a-b22c-9e779dd95826",
            "memory_kib": 16777216,
            "name": "team054-bench",
            "read_bytes_sec": 100000000,
            "read_iops_sec": 200,
            "root_volume_gb": 10,
            "source_image_id": "2c56bd7b-f594-43f7-baa0-6863d9eb4348",
            "vcpus": 1,
            "write_bytes_sec": 100000000,
            "write_iops_sec": 200
          },
          "private": "bnVsbA==",
          "dependencies": [
            "lovi_cpu_pinning_group.team054",
            "lovi_virtual_machine.problem-team054"
          ]
        }
      ]
    },
    {
      "mode": "managed",
      "type": "lovi_virtual_machine",
      "name": "problem-team054",
      "each": "list",
      "provider": "provider.lovi",
      "instances": [
        {
          "index_key": 0,
          "schema_version": 0,
          "attributes": {
            "cpu_pinning_group_name": "team054",
            "hypervisor_name": "isucn0003",
            "id": "d61b3d6f-d50d-4c43-84d2-39f33286a5da",
            "memory_kib": 2097152,
            "name": "team054-001",
            "read_bytes_sec": 100000000,
            "read_iops_sec": 200,
            "root_volume_gb": 10,
            "source_image_id": "30afbf08-a9d2-4245-ab7f-a4c1a83bf062",
            "vcpus": 1,
            "write_bytes_sec": 100000000,
            "write_iops_sec": 200
          },
          "private": "bnVsbA==",
          "dependencies": [
            "lovi_cpu_pinning_group.team054"
          ]
        },
        {
          "index_key": 1,
          "schema_version": 0,
          "attributes": {
            "cpu_pinning_group_name": "team054",
            "hypervisor_name": "isucn0003",
            "id": "f5ac37e0-0c1c-455d-8bbe-c8266e3cec34",
            "memory_kib": 2097152,
            "name": "team054-002",
            "read_bytes_sec": 100000000,
            "read_iops_sec": 200,
            "root_volume_gb": 10,
            "source_image_id": "30afbf08-a9d2-4245-ab7f-a4c1a83bf062",
            "vcpus": 1,
            "write_bytes_sec": 100000000,
            "write_iops_sec": 200
          },
          "private": "bnVsbA==",
          "dependencies": [
            "lovi_cpu_pinning_group.team054"
          ]
        },
        {
          "index_key": 2,
          "schema_version": 0,
          "attributes": {
            "cpu_pinning_group_name": "team054",
            "hypervisor_name": "isucn0003",
            "id": "ce3b2eb5-ff8c-4c9a-8c1b-72dd44a484f7",
            "memory_kib": 2097152,
            "name": "team054-003",
            "read_bytes_sec": 100000000,
            "read_iops_sec": 200,
            "root_volume_gb": 10,
            "source_image_id": "30afbf08-a9d2-4245-ab7f-a4c1a83bf062",
            "vcpus": 1,
            "write_bytes_sec": 100000000,
            "write_iops_sec": 200
          },
          "private": "bnVsbA==",
          "dependencies": [
            "lovi_cpu_pinning_group.team054"
          ]
        }
      ]
    }
  ]
}
