{
  "version": 4,
  "terraform_version": "0.12.24",
  "serial": 29,
  "lineage": "d80f0e52-29e0-5454-414f-bdc01da11a9f",
  "outputs": {},
  "resources": [
    {
      "mode": "managed",
      "type": "lovi_address",
      "name": "bastion100-team473",
      "provider": "provider.lovi",
      "instances": [
        {
          "schema_version": 0,
          "attributes": {
            "fixed_ip": "10.164.73.100",
            "id": "834e89f6-c9f8-4f1f-b073-5f2816729ecf",
            "ip": "10.164.73.100",
            "subnet_id": "94ae9a9f-2ca8-4c6c-b8d8-eda88d86825b",
            "timeouts": null
          },
          "private": "eyJlMmJmYjczMC1lY2FhLTExZTYtOGY4OC0zNDM2M2JjN2M0YzAiOnsiY3JlYXRlIjo2MDAwMDAwMDAwMCwiZGVmYXVsdCI6NjAwMDAwMDAwMDAsImRlbGV0ZSI6NjAwMDAwMDAwMDAsInJlYWQiOjYwMDAwMDAwMDAwLCJ1cGRhdGUiOjYwMDAwMDAwMDAwfX0=",
          "dependencies": [
            "lovi_subnet.team473"
          ]
        }
      ]
    },
    {
      "mode": "managed",
      "type": "lovi_address",
      "name": "bastion200-team473",
      "provider": "provider.lovi",
      "instances": [
        {
          "schema_version": 0,
          "attributes": {
            "fixed_ip": "10.164.73.200",
            "id": "11f6e37c-eaab-4351-8187-a679c3bb7e3f",
            "ip": "10.164.73.200",
            "subnet_id": "94ae9a9f-2ca8-4c6c-b8d8-eda88d86825b",
            "timeouts": null
          },
          "private": "eyJlMmJmYjczMC1lY2FhLTExZTYtOGY4OC0zNDM2M2JjN2M0YzAiOnsiY3JlYXRlIjo2MDAwMDAwMDAwMCwiZGVmYXVsdCI6NjAwMDAwMDAwMDAsImRlbGV0ZSI6NjAwMDAwMDAwMDAsInJlYWQiOjYwMDAwMDAwMDAwLCJ1cGRhdGUiOjYwMDAwMDAwMDAwfX0=",
          "dependencies": [
            "lovi_subnet.team473"
          ]
        }
      ]
    },
    {
      "mode": "managed",
      "type": "lovi_address",
      "name": "bench-team473",
      "provider": "provider.lovi",
      "instances": [
        {
          "schema_version": 0,
          "attributes": {
            "fixed_ip": "10.164.73.104",
            "id": "c0fc5f39-2713-4fb7-bce1-f037a427a4c7",
            "ip": "10.164.73.104",
            "subnet_id": "94ae9a9f-2ca8-4c6c-b8d8-eda88d86825b",
            "timeouts": null
          },
          "private": "eyJlMmJmYjczMC1lY2FhLTExZTYtOGY4OC0zNDM2M2JjN2M0YzAiOnsiY3JlYXRlIjo2MDAwMDAwMDAwMCwiZGVmYXVsdCI6NjAwMDAwMDAwMDAsImRlbGV0ZSI6NjAwMDAwMDAwMDAsInJlYWQiOjYwMDAwMDAwMDAwLCJ1cGRhdGUiOjYwMDAwMDAwMDAwfX0=",
          "dependencies": [
            "lovi_subnet.team473"
          ]
        }
      ]
    },
    {
      "mode": "managed",
      "type": "lovi_address",
      "name": "problem-team473-1",
      "provider": "provider.lovi",
      "instances": [
        {
          "schema_version": 0,
          "attributes": {
            "fixed_ip": "10.164.73.101",
            "id": "dbb3895d-5127-42c1-91da-f2d340d0b8da",
            "ip": "10.164.73.101",
            "subnet_id": "94ae9a9f-2ca8-4c6c-b8d8-eda88d86825b",
            "timeouts": null
          },
          "private": "eyJlMmJmYjczMC1lY2FhLTExZTYtOGY4OC0zNDM2M2JjN2M0YzAiOnsiY3JlYXRlIjo2MDAwMDAwMDAwMCwiZGVmYXVsdCI6NjAwMDAwMDAwMDAsImRlbGV0ZSI6NjAwMDAwMDAwMDAsInJlYWQiOjYwMDAwMDAwMDAwLCJ1cGRhdGUiOjYwMDAwMDAwMDAwfX0=",
          "dependencies": [
            "lovi_subnet.team473"
          ]
        }
      ]
    },
    {
      "mode": "managed",
      "type": "lovi_address",
      "name": "problem-team473-2",
      "provider": "provider.lovi",
      "instances": [
        {
          "schema_version": 0,
          "attributes": {
            "fixed_ip": "10.164.73.102",
            "id": "fba360b1-11e4-45d8-8d92-747d1eb9c8d0",
            "ip": "10.164.73.102",
            "subnet_id": "94ae9a9f-2ca8-4c6c-b8d8-eda88d86825b",
            "timeouts": null
          },
          "private": "eyJlMmJmYjczMC1lY2FhLTExZTYtOGY4OC0zNDM2M2JjN2M0YzAiOnsiY3JlYXRlIjo2MDAwMDAwMDAwMCwiZGVmYXVsdCI6NjAwMDAwMDAwMDAsImRlbGV0ZSI6NjAwMDAwMDAwMDAsInJlYWQiOjYwMDAwMDAwMDAwLCJ1cGRhdGUiOjYwMDAwMDAwMDAwfX0=",
          "dependencies": [
            "lovi_subnet.team473"
          ]
        }
      ]
    },
    {
      "mode": "managed",
      "type": "lovi_address",
      "name": "problem-team473-3",
      "provider": "provider.lovi",
      "instances": [
        {
          "schema_version": 0,
          "attributes": {
            "fixed_ip": "10.164.73.103",
            "id": "1e1fdabb-3c33-4360-a2fd-1d22ef20ccd0",
            "ip": "10.164.73.103",
            "subnet_id": "94ae9a9f-2ca8-4c6c-b8d8-eda88d86825b",
            "timeouts": null
          },
          "private": "eyJlMmJmYjczMC1lY2FhLTExZTYtOGY4OC0zNDM2M2JjN2M0YzAiOnsiY3JlYXRlIjo2MDAwMDAwMDAwMCwiZGVmYXVsdCI6NjAwMDAwMDAwMDAsImRlbGV0ZSI6NjAwMDAwMDAwMDAsInJlYWQiOjYwMDAwMDAwMDAwLCJ1cGRhdGUiOjYwMDAwMDAwMDAwfX0=",
          "dependencies": [
            "lovi_subnet.team473"
          ]
        }
      ]
    },
    {
      "mode": "managed",
      "type": "lovi_bridge",
      "name": "team473",
      "provider": "provider.lovi",
      "instances": [
        {
          "schema_version": 0,
          "attributes": {
            "id": "8fbfb0c9-bb67-4e29-a6fb-7dd88f531990",
            "name": "team473",
            "timeouts": null,
            "vlan_id": 1473
          },
          "private": "eyJlMmJmYjczMC1lY2FhLTExZTYtOGY4OC0zNDM2M2JjN2M0YzAiOnsiY3JlYXRlIjo2MDAwMDAwMDAwMCwiZGVmYXVsdCI6NjAwMDAwMDAwMDAsImRlbGV0ZSI6NjAwMDAwMDAwMDAsInJlYWQiOjYwMDAwMDAwMDAwLCJ1cGRhdGUiOjYwMDAwMDAwMDAwfX0=",
          "dependencies": [
            "lovi_subnet.team473"
          ]
        }
      ]
    },
    {
      "mode": "managed",
      "type": "lovi_cpu_pinning_group",
      "name": "team473",
      "provider": "provider.lovi",
      "instances": [
        {
          "schema_version": 0,
          "attributes": {
            "count_of_core": 12,
            "hypervisor_name": "isucn0017",
            "id": "2ec67a2d-c0c7-4181-80a8-9315303d0492",
            "name": "team473"
          },
          "private": "bnVsbA=="
        }
      ]
    },
    {
      "mode": "managed",
      "type": "lovi_interface_attachment",
      "name": "bastion100-team473",
      "provider": "provider.lovi",
      "instances": [
        {
          "schema_version": 0,
          "attributes": {
            "average": 125000,
            "bridge_id": "8fbfb0c9-bb67-4e29-a6fb-7dd88f531990",
            "id": "1048fa50-f716-4111-b259-27a855440eef",
            "lease_id": "6ae69a10-4de7-4224-becb-e11b3c082493",
            "name": "t473-ba100",
            "timeouts": null,
            "virtual_machine_id": "c07da97e-7701-4cdc-ad65-1b150704ab9e"
          },
          "private": "eyJlMmJmYjczMC1lY2FhLTExZTYtOGY4OC0zNDM2M2JjN2M0YzAiOnsiY3JlYXRlIjo2MDAwMDAwMDAwMCwiZGVmYXVsdCI6NjAwMDAwMDAwMDAsImRlbGV0ZSI6NjAwMDAwMDAwMDAsInJlYWQiOjYwMDAwMDAwMDAwLCJ1cGRhdGUiOjYwMDAwMDAwMDAwfX0=",
          "dependencies": [
            "lovi_address.bastion100-team473",
            "lovi_bridge.team473",
            "lovi_cpu_pinning_group.team473",
            "lovi_lease.bastion100-team473",
            "lovi_subnet.team473",
            "lovi_virtual_machine.bastion100-team473"
          ]
        }
      ]
    },
    {
      "mode": "managed",
      "type": "lovi_interface_attachment",
      "name": "bastion200-team473",
      "provider": "provider.lovi",
      "instances": [
        {
          "schema_version": 0,
          "attributes": {
            "average": 125000,
            "bridge_id": "8fbfb0c9-bb67-4e29-a6fb-7dd88f531990",
            "id": "18a8979c-f400-4772-9f2d-1844aaeb0a07",
            "lease_id": "a1595cd4-0803-4560-8e62-b9397be27255",
            "name": "t473-ba200",
            "timeouts": null,
            "virtual_machine_id": "2eded889-48dc-4a90-9dc2-13bf2fb26bdb"
          },
          "private": "eyJlMmJmYjczMC1lY2FhLTExZTYtOGY4OC0zNDM2M2JjN2M0YzAiOnsiY3JlYXRlIjo2MDAwMDAwMDAwMCwiZGVmYXVsdCI6NjAwMDAwMDAwMDAsImRlbGV0ZSI6NjAwMDAwMDAwMDAsInJlYWQiOjYwMDAwMDAwMDAwLCJ1cGRhdGUiOjYwMDAwMDAwMDAwfX0=",
          "dependencies": [
            "lovi_address.bastion200-team473",
            "lovi_bridge.team473",
            "lovi_cpu_pinning_group.team473",
            "lovi_lease.bastion200-team473",
            "lovi_subnet.team473",
            "lovi_virtual_machine.bastion200-team473"
          ]
        }
      ]
    },
    {
      "mode": "managed",
      "type": "lovi_interface_attachment",
      "name": "bench-team473",
      "provider": "provider.lovi",
      "instances": [
        {
          "schema_version": 0,
          "attributes": {
            "average": 125000,
            "bridge_id": "8fbfb0c9-bb67-4e29-a6fb-7dd88f531990",
            "id": "10a43a85-5300-4bc0-89b7-cf1011f37f8a",
            "lease_id": "b22886cf-caa6-4908-82f3-97eb249727be",
            "name": "t473-be",
            "timeouts": null,
            "virtual_machine_id": "5b189e2c-11f6-4cfc-9904-c38f6ffbbae2"
          },
          "private": "eyJlMmJmYjczMC1lY2FhLTExZTYtOGY4OC0zNDM2M2JjN2M0YzAiOnsiY3JlYXRlIjo2MDAwMDAwMDAwMCwiZGVmYXVsdCI6NjAwMDAwMDAwMDAsImRlbGV0ZSI6NjAwMDAwMDAwMDAsInJlYWQiOjYwMDAwMDAwMDAwLCJ1cGRhdGUiOjYwMDAwMDAwMDAwfX0=",
          "dependencies": [
            "lovi_address.bench-team473",
            "lovi_bridge.team473",
            "lovi_cpu_pinning_group.team473",
            "lovi_lease.bench-team473",
            "lovi_subnet.team473",
            "lovi_virtual_machine.bench-team473"
          ]
        }
      ]
    },
    {
      "mode": "managed",
      "type": "lovi_interface_attachment",
      "name": "problem-team473-1",
      "provider": "provider.lovi",
      "instances": [
        {
          "schema_version": 0,
          "attributes": {
            "average": 125000,
            "bridge_id": "8fbfb0c9-bb67-4e29-a6fb-7dd88f531990",
            "id": "6ffa11d9-71f7-4ec8-ae52-90db59dfcc42",
            "lease_id": "a98add86-60ad-430a-8386-1f69b8e04c41",
            "name": "t473-001",
            "timeouts": null,
            "virtual_machine_id": "7b9c199b-21e2-4381-939e-0fd67caf20da"
          },
          "private": "eyJlMmJmYjczMC1lY2FhLTExZTYtOGY4OC0zNDM2M2JjN2M0YzAiOnsiY3JlYXRlIjo2MDAwMDAwMDAwMCwiZGVmYXVsdCI6NjAwMDAwMDAwMDAsImRlbGV0ZSI6NjAwMDAwMDAwMDAsInJlYWQiOjYwMDAwMDAwMDAwLCJ1cGRhdGUiOjYwMDAwMDAwMDAwfX0=",
          "dependencies": [
            "lovi_address.problem-team473-1",
            "lovi_bridge.team473",
            "lovi_cpu_pinning_group.team473",
            "lovi_lease.problem-team473-1",
            "lovi_subnet.team473",
            "lovi_virtual_machine.problem-team473-1"
          ]
        }
      ]
    },
    {
      "mode": "managed",
      "type": "lovi_interface_attachment",
      "name": "problem-team473-2",
      "provider": "provider.lovi",
      "instances": [
        {
          "schema_version": 0,
          "attributes": {
            "average": 125000,
            "bridge_id": "8fbfb0c9-bb67-4e29-a6fb-7dd88f531990",
            "id": "09b8d1f7-a4d0-4e76-8343-bf704ef032f9",
            "lease_id": "0624c4e5-c974-4393-b9dc-7cb15de0731f",
            "name": "t473-002",
            "timeouts": null,
            "virtual_machine_id": "c9853246-54c8-48d8-a6c5-0c732e87ae8f"
          },
          "private": "eyJlMmJmYjczMC1lY2FhLTExZTYtOGY4OC0zNDM2M2JjN2M0YzAiOnsiY3JlYXRlIjo2MDAwMDAwMDAwMCwiZGVmYXVsdCI6NjAwMDAwMDAwMDAsImRlbGV0ZSI6NjAwMDAwMDAwMDAsInJlYWQiOjYwMDAwMDAwMDAwLCJ1cGRhdGUiOjYwMDAwMDAwMDAwfX0=",
          "dependencies": [
            "lovi_address.problem-team473-2",
            "lovi_bridge.team473",
            "lovi_cpu_pinning_group.team473",
            "lovi_lease.problem-team473-2",
            "lovi_subnet.team473",
            "lovi_virtual_machine.problem-team473-2"
          ]
        }
      ]
    },
    {
      "mode": "managed",
      "type": "lovi_interface_attachment",
      "name": "problem-team473-3",
      "provider": "provider.lovi",
      "instances": [
        {
          "schema_version": 0,
          "attributes": {
            "average": 125000,
            "bridge_id": "8fbfb0c9-bb67-4e29-a6fb-7dd88f531990",
            "id": "d880899f-f3c1-4e64-845e-f672007ad9aa",
            "lease_id": "06cc3383-373a-45a7-9ee9-66041a4aa202",
            "name": "t473-003",
            "timeouts": null,
            "virtual_machine_id": "ed8ea8ca-0dd9-4452-bfb9-c06b1744822c"
          },
          "private": "eyJlMmJmYjczMC1lY2FhLTExZTYtOGY4OC0zNDM2M2JjN2M0YzAiOnsiY3JlYXRlIjo2MDAwMDAwMDAwMCwiZGVmYXVsdCI6NjAwMDAwMDAwMDAsImRlbGV0ZSI6NjAwMDAwMDAwMDAsInJlYWQiOjYwMDAwMDAwMDAwLCJ1cGRhdGUiOjYwMDAwMDAwMDAwfX0=",
          "dependencies": [
            "lovi_address.problem-team473-3",
            "lovi_bridge.team473",
            "lovi_cpu_pinning_group.team473",
            "lovi_lease.problem-team473-3",
            "lovi_subnet.team473",
            "lovi_virtual_machine.problem-team473-3"
          ]
        }
      ]
    },
    {
      "mode": "managed",
      "type": "lovi_internal_bridge",
      "name": "team473",
      "provider": "provider.lovi",
      "instances": [
        {
          "schema_version": 0,
          "attributes": {
            "id": "0b55082c-9457-46d8-8076-8bc47200d9f2",
            "name": "team473-in",
            "timeouts": null
          },
          "private": "eyJlMmJmYjczMC1lY2FhLTExZTYtOGY4OC0zNDM2M2JjN2M0YzAiOnsiY3JlYXRlIjo2MDAwMDAwMDAwMCwiZGVmYXVsdCI6NjAwMDAwMDAwMDAsImRlbGV0ZSI6NjAwMDAwMDAwMDAsInJlYWQiOjYwMDAwMDAwMDAwLCJ1cGRhdGUiOjYwMDAwMDAwMDAwfX0="
        }
      ]
    },
    {
      "mode": "managed",
      "type": "lovi_lease",
      "name": "bastion100-team473",
      "provider": "provider.lovi",
      "instances": [
        {
          "schema_version": 0,
          "attributes": {
            "address_id": "834e89f6-c9f8-4f1f-b073-5f2816729ecf",
            "id": "6ae69a10-4de7-4224-becb-e11b3c082493",
            "mac_address": "ca:03:18:29:49:59",
            "timeouts": null
          },
          "private": "eyJlMmJmYjczMC1lY2FhLTExZTYtOGY4OC0zNDM2M2JjN2M0YzAiOnsiY3JlYXRlIjo2MDAwMDAwMDAwMCwiZGVmYXVsdCI6NjAwMDAwMDAwMDAsImRlbGV0ZSI6NjAwMDAwMDAwMDAsInJlYWQiOjYwMDAwMDAwMDAwLCJ1cGRhdGUiOjYwMDAwMDAwMDAwfX0=",
          "dependencies": [
            "lovi_address.bastion100-team473",
            "lovi_subnet.team473"
          ]
        }
      ]
    },
    {
      "mode": "managed",
      "type": "lovi_lease",
      "name": "bastion200-team473",
      "provider": "provider.lovi",
      "instances": [
        {
          "schema_version": 0,
          "attributes": {
            "address_id": "11f6e37c-eaab-4351-8187-a679c3bb7e3f",
            "id": "a1595cd4-0803-4560-8e62-b9397be27255",
            "mac_address": "ca:03:18:7f:a9:53",
            "timeouts": null
          },
          "private": "eyJlMmJmYjczMC1lY2FhLTExZTYtOGY4OC0zNDM2M2JjN2M0YzAiOnsiY3JlYXRlIjo2MDAwMDAwMDAwMCwiZGVmYXVsdCI6NjAwMDAwMDAwMDAsImRlbGV0ZSI6NjAwMDAwMDAwMDAsInJlYWQiOjYwMDAwMDAwMDAwLCJ1cGRhdGUiOjYwMDAwMDAwMDAwfX0=",
          "dependencies": [
            "lovi_address.bastion200-team473",
            "lovi_subnet.team473"
          ]
        }
      ]
    },
    {
      "mode": "managed",
      "type": "lovi_lease",
      "name": "bench-team473",
      "provider": "provider.lovi",
      "instances": [
        {
          "schema_version": 0,
          "attributes": {
            "address_id": "c0fc5f39-2713-4fb7-bce1-f037a427a4c7",
            "id": "b22886cf-caa6-4908-82f3-97eb249727be",
            "mac_address": "ca:03:18:bc:a3:ae",
            "timeouts": null
          },
          "private": "eyJlMmJmYjczMC1lY2FhLTExZTYtOGY4OC0zNDM2M2JjN2M0YzAiOnsiY3JlYXRlIjo2MDAwMDAwMDAwMCwiZGVmYXVsdCI6NjAwMDAwMDAwMDAsImRlbGV0ZSI6NjAwMDAwMDAwMDAsInJlYWQiOjYwMDAwMDAwMDAwLCJ1cGRhdGUiOjYwMDAwMDAwMDAwfX0=",
          "dependencies": [
            "lovi_address.bench-team473",
            "lovi_subnet.team473"
          ]
        }
      ]
    },
    {
      "mode": "managed",
      "type": "lovi_lease",
      "name": "problem-team473-1",
      "provider": "provider.lovi",
      "instances": [
        {
          "schema_version": 0,
          "attributes": {
            "address_id": "dbb3895d-5127-42c1-91da-f2d340d0b8da",
            "id": "a98add86-60ad-430a-8386-1f69b8e04c41",
            "mac_address": "ca:03:18:ba:18:26",
            "timeouts": null
          },
          "private": "eyJlMmJmYjczMC1lY2FhLTExZTYtOGY4OC0zNDM2M2JjN2M0YzAiOnsiY3JlYXRlIjo2MDAwMDAwMDAwMCwiZGVmYXVsdCI6NjAwMDAwMDAwMDAsImRlbGV0ZSI6NjAwMDAwMDAwMDAsInJlYWQiOjYwMDAwMDAwMDAwLCJ1cGRhdGUiOjYwMDAwMDAwMDAwfX0=",
          "dependencies": [
            "lovi_address.problem-team473-1",
            "lovi_subnet.team473"
          ]
        }
      ]
    },
    {
      "mode": "managed",
      "type": "lovi_lease",
      "name": "problem-team473-2",
      "provider": "provider.lovi",
      "instances": [
        {
          "schema_version": 0,
          "attributes": {
            "address_id": "fba360b1-11e4-45d8-8d92-747d1eb9c8d0",
            "id": "0624c4e5-c974-4393-b9dc-7cb15de0731f",
            "mac_address": "ca:03:18:5b:e1:9a",
            "timeouts": null
          },
          "private": "eyJlMmJmYjczMC1lY2FhLTExZTYtOGY4OC0zNDM2M2JjN2M0YzAiOnsiY3JlYXRlIjo2MDAwMDAwMDAwMCwiZGVmYXVsdCI6NjAwMDAwMDAwMDAsImRlbGV0ZSI6NjAwMDAwMDAwMDAsInJlYWQiOjYwMDAwMDAwMDAwLCJ1cGRhdGUiOjYwMDAwMDAwMDAwfX0=",
          "dependencies": [
            "lovi_address.problem-team473-2",
            "lovi_subnet.team473"
          ]
        }
      ]
    },
    {
      "mode": "managed",
      "type": "lovi_lease",
      "name": "problem-team473-3",
      "provider": "provider.lovi",
      "instances": [
        {
          "schema_version": 0,
          "attributes": {
            "address_id": "1e1fdabb-3c33-4360-a2fd-1d22ef20ccd0",
            "id": "06cc3383-373a-45a7-9ee9-66041a4aa202",
            "mac_address": "ca:03:18:7f:6f:e0",
            "timeouts": null
          },
          "private": "eyJlMmJmYjczMC1lY2FhLTExZTYtOGY4OC0zNDM2M2JjN2M0YzAiOnsiY3JlYXRlIjo2MDAwMDAwMDAwMCwiZGVmYXVsdCI6NjAwMDAwMDAwMDAsImRlbGV0ZSI6NjAwMDAwMDAwMDAsInJlYWQiOjYwMDAwMDAwMDAwLCJ1cGRhdGUiOjYwMDAwMDAwMDAwfX0=",
          "dependencies": [
            "lovi_address.problem-team473-3",
            "lovi_subnet.team473"
          ]
        }
      ]
    },
    {
      "mode": "managed",
      "type": "lovi_subnet",
      "name": "team473",
      "provider": "provider.lovi",
      "instances": [
        {
          "schema_version": 0,
          "attributes": {
            "dns_server": "8.8.8.8",
            "end": "10.164.73.200",
            "gateway": "10.164.73.254",
            "id": "94ae9a9f-2ca8-4c6c-b8d8-eda88d86825b",
            "metadata_server": "10.164.73.1",
            "name": "team473",
            "network": "10.164.73.0/24",
            "start": "10.164.73.100",
            "timeouts": null,
            "vlan_id": 1473
          },
          "private": "eyJlMmJmYjczMC1lY2FhLTExZTYtOGY4OC0zNDM2M2JjN2M0YzAiOnsiY3JlYXRlIjo2MDAwMDAwMDAwMCwiZGVmYXVsdCI6NjAwMDAwMDAwMDAsImRlbGV0ZSI6NjAwMDAwMDAwMDAsInJlYWQiOjYwMDAwMDAwMDAwLCJ1cGRhdGUiOjYwMDAwMDAwMDAwfX0="
        }
      ]
    },
    {
      "mode": "managed",
      "type": "lovi_virtual_machine",
      "name": "bastion100-team473",
      "provider": "provider.lovi",
      "instances": [
        {
          "schema_version": 0,
          "attributes": {
            "cpu_pinning_group_name": "",
            "europa_backend_name": "dorado002",
            "hypervisor_name": "isuadm0002",
            "id": "c07da97e-7701-4cdc-ad65-1b150704ab9e",
            "memory_kib": 2097152,
            "name": "team473-bastion100",
            "read_bytes_sec": 0,
            "read_iops_sec": 0,
            "root_volume_gb": 10,
            "source_image_id": "c453a2ef-9865-4b14-bff2-0a78416ebea5",
            "vcpus": 1,
            "write_bytes_sec": 0,
            "write_iops_sec": 0
          },
          "private": "bnVsbA==",
          "dependencies": [
            "lovi_cpu_pinning_group.team473"
          ]
        }
      ]
    },
    {
      "mode": "managed",
      "type": "lovi_virtual_machine",
      "name": "bastion200-team473",
      "provider": "provider.lovi",
      "instances": [
        {
          "schema_version": 0,
          "attributes": {
            "cpu_pinning_group_name": "",
            "europa_backend_name": "dorado002",
            "hypervisor_name": "isuadm0006",
            "id": "2eded889-48dc-4a90-9dc2-13bf2fb26bdb",
            "memory_kib": 2097152,
            "name": "team473-bastion200",
            "read_bytes_sec": 0,
            "read_iops_sec": 0,
            "root_volume_gb": 10,
            "source_image_id": "c453a2ef-9865-4b14-bff2-0a78416ebea5",
            "vcpus": 1,
            "write_bytes_sec": 0,
            "write_iops_sec": 0
          },
          "private": "bnVsbA==",
          "dependencies": [
            "lovi_cpu_pinning_group.team473"
          ]
        }
      ]
    },
    {
      "mode": "managed",
      "type": "lovi_virtual_machine",
      "name": "bench-team473",
      "provider": "provider.lovi",
      "instances": [
        {
          "schema_version": 0,
          "attributes": {
            "cpu_pinning_group_name": "team473",
            "europa_backend_name": "dorado002",
            "hypervisor_name": "isucn0017",
            "id": "5b189e2c-11f6-4cfc-9904-c38f6ffbbae2",
            "memory_kib": 16777216,
            "name": "team473-bench",
            "read_bytes_sec": 1000000000,
            "read_iops_sec": 800,
            "root_volume_gb": 30,
            "source_image_id": "7b4d093f-7e9a-4488-9d77-93c8e3556a64",
            "vcpus": 8,
            "write_bytes_sec": 1000000000,
            "write_iops_sec": 800
          },
          "private": "bnVsbA==",
          "dependencies": [
            "lovi_cpu_pinning_group.team473"
          ]
        }
      ]
    },
    {
      "mode": "managed",
      "type": "lovi_virtual_machine",
      "name": "problem-team473-1",
      "provider": "provider.lovi",
      "instances": [
        {
          "schema_version": 0,
          "attributes": {
            "cpu_pinning_group_name": "team473",
            "europa_backend_name": "dorado002",
            "hypervisor_name": "isucn0017",
            "id": "7b9c199b-21e2-4381-939e-0fd67caf20da",
            "memory_kib": 1048576,
            "name": "team473-001",
            "read_bytes_sec": 1000000000,
            "read_iops_sec": 800,
            "root_volume_gb": 30,
            "source_image_id": "18295a50-6ec0-4a6f-8dc7-f19d28d2057e",
            "vcpus": 2,
            "write_bytes_sec": 1000000000,
            "write_iops_sec": 800
          },
          "private": "bnVsbA==",
          "dependencies": [
            "lovi_cpu_pinning_group.team473"
          ]
        }
      ]
    },
    {
      "mode": "managed",
      "type": "lovi_virtual_machine",
      "name": "problem-team473-2",
      "provider": "provider.lovi",
      "instances": [
        {
          "schema_version": 0,
          "attributes": {
            "cpu_pinning_group_name": "team473",
            "europa_backend_name": "dorado002",
            "hypervisor_name": "isucn0017",
            "id": "c9853246-54c8-48d8-a6c5-0c732e87ae8f",
            "memory_kib": 2097152,
            "name": "team473-002",
            "read_bytes_sec": 1000000000,
            "read_iops_sec": 800,
            "root_volume_gb": 30,
            "source_image_id": "18295a50-6ec0-4a6f-8dc7-f19d28d2057e",
            "vcpus": 2,
            "write_bytes_sec": 1000000000,
            "write_iops_sec": 800
          },
          "private": "bnVsbA==",
          "dependencies": [
            "lovi_cpu_pinning_group.team473"
          ]
        }
      ]
    },
    {
      "mode": "managed",
      "type": "lovi_virtual_machine",
      "name": "problem-team473-3",
      "provider": "provider.lovi",
      "instances": [
        {
          "schema_version": 0,
          "attributes": {
            "cpu_pinning_group_name": "team473",
            "europa_backend_name": "dorado002",
            "hypervisor_name": "isucn0017",
            "id": "ed8ea8ca-0dd9-4452-bfb9-c06b1744822c",
            "memory_kib": 1048576,
            "name": "team473-003",
            "read_bytes_sec": 1000000000,
            "read_iops_sec": 800,
            "root_volume_gb": 30,
            "source_image_id": "18295a50-6ec0-4a6f-8dc7-f19d28d2057e",
            "vcpus": 4,
            "write_bytes_sec": 1000000000,
            "write_iops_sec": 800
          },
          "private": "bnVsbA==",
          "dependencies": [
            "lovi_cpu_pinning_group.team473"
          ]
        }
      ]
    }
  ]
}
